{
  "version": 4,
  "terraform_version": "1.10.5",
  "serial": 312,
  "lineage": "24e9d1ba-5975-2492-9844-398ee06659db",
  "outputs": {},
  "resources": [
    {
      "mode": "data",
      "type": "aws_availability_zones",
      "name": "available",
      "provider": "provider[\"registry.terraform.io/hashicorp/aws\"]",
      "instances": [
        {
          "schema_version": 0,
          "attributes": {
            "all_availability_zones": null,
            "exclude_names": null,
            "exclude_zone_ids": null,
            "filter": null,
            "group_names": [
              "us-east-1-zg-1"
            ],
            "id": "us-east-1",
            "names": [
              "us-east-1a",
              "us-east-1b",
              "us-east-1c",
              "us-east-1d",
              "us-east-1e",
              "us-east-1f"
            ],
            "state": null,
            "timeouts": null,
            "zone_ids": [
              "use1-az6",
              "use1-az1",
              "use1-az2",
              "use1-az4",
              "use1-az3",
              "use1-az5"
            ]
          },
          "sensitive_attributes": []
        }
      ]
    },
    {
      "mode": "data",
      "type": "aws_caller_identity",
      "name": "current",
      "provider": "provider[\"registry.terraform.io/hashicorp/aws\"]",
      "instances": [
        {
          "schema_version": 0,
          "attributes": {
            "account_id": "654654523718",
            "arn": "arn:aws:iam::654654523718:user/vinicius.hoffelder@ezops.cloud",
            "id": "654654523718",
            "user_id": "AIDAZQ3DTJFDPAOADUNBL"
          },
          "sensitive_attributes": []
        }
      ]
    },
    {
      "mode": "data",
      "type": "aws_region",
      "name": "current",
      "provider": "provider[\"registry.terraform.io/hashicorp/aws\"]",
      "instances": [
        {
          "schema_version": 0,
          "attributes": {
            "description": "US East (N. Virginia)",
            "endpoint": "ec2.us-east-1.amazonaws.com",
            "id": "us-east-1",
            "name": "us-east-1"
          },
          "sensitive_attributes": []
        }
      ]
    },
    {
      "mode": "managed",
      "type": "aws_iam_role",
      "name": "ecs_execution_role",
      "provider": "provider[\"registry.terraform.io/hashicorp/aws\"]",
      "instances": [
        {
          "schema_version": 0,
          "attributes": {
            "arn": "arn:aws:iam::654654523718:role/walterwrites-PROD-ecs-execution-role",
            "assume_role_policy": "{\"Statement\":[{\"Action\":\"sts:AssumeRole\",\"Effect\":\"Allow\",\"Principal\":{\"Service\":\"ecs-tasks.amazonaws.com\"}}],\"Version\":\"2012-10-17\"}",
            "create_date": "2025-02-21T15:05:58Z",
            "description": "",
            "force_detach_policies": false,
            "id": "walterwrites-PROD-ecs-execution-role",
            "inline_policy": [],
            "managed_policy_arns": [
              "arn:aws:iam::aws:policy/service-role/AmazonECSTaskExecutionRolePolicy"
            ],
            "max_session_duration": 3600,
            "name": "walterwrites-PROD-ecs-execution-role",
            "name_prefix": "",
            "path": "/",
            "permissions_boundary": "",
            "tags": {},
            "tags_all": {},
            "unique_id": "AROAZQ3DTJFDAYDYZE543"
          },
          "sensitive_attributes": [],
          "private": "bnVsbA=="
        }
      ]
    },
    {
      "mode": "managed",
      "type": "aws_iam_role_policy_attachment",
      "name": "ecs_execution_role_policy",
      "provider": "provider[\"registry.terraform.io/hashicorp/aws\"]",
      "instances": [
        {
          "schema_version": 0,
          "attributes": {
            "id": "walterwrites-PROD-ecs-execution-role-20250221150600379400000006",
            "policy_arn": "arn:aws:iam::aws:policy/service-role/AmazonECSTaskExecutionRolePolicy",
            "role": "walterwrites-PROD-ecs-execution-role"
          },
          "sensitive_attributes": [],
          "private": "bnVsbA==",
          "dependencies": [
            "aws_iam_role.ecs_execution_role"
          ]
        }
      ]
    },
    {
      "module": "module.acm",
      "mode": "data",
      "type": "aws_acm_certificate",
      "name": "cert",
      "provider": "provider[\"registry.terraform.io/hashicorp/aws\"]",
      "instances": [
        {
          "schema_version": 0,
          "attributes": {
            "arn": "arn:aws:acm:us-east-1:654654523718:certificate/ce586be9-fce9-4421-b0f7-dc9f91f5194a",
            "certificate": "-----BEGIN CERTIFICATE-----\nMIIF3jCCBMagAwIBAgIQBMIgRep1YzSjhnO30ZgOoTANBgkqhkiG9w0BAQsFADA8\nMQswCQYDVQQGEwJVUzEPMA0GA1UEChMGQW1hem9uMRwwGgYDVQQDExNBbWF6b24g\nUlNBIDIwNDggTTAyMB4XDTI1MDIxMTAwMDAwMFoXDTI2MDMxMjIzNTk1OVowGjEY\nMBYGA1UEAxMPd2FsdGVyd3JpdGVzLmFpMIIBIjANBgkqhkiG9w0BAQEFAAOCAQ8A\nMIIBCgKCAQEAnlLTM2MwY9GDwJ4ZpV113/dvrDBPY24n3vKkEZH5jGgZJdNMy/8w\n0bgFPCtK/0I3Km9COjBnsNXOYC7Vy/WkWjxc04oCpgCQ2a7KdHMnx7OjbcW+D8U0\nm75aF2zqZhl0F+miUe6pg5ECpSWKQf9m+vvBUbHeMvjMJEfHGzci+//zdkTcaVYw\n8YiHLAwrhquNFQrcIqTBcuNB/ALBC2a1yWBHecZW5J/ko/I56Vm7kZDxS3kPYZPp\nOyo6T8A1SSL3aGbWr5QUh/uiUyhHr90w1S6KNuGT94ZMhAHRcD/Z8KR8i0vttdcH\nTUHdfTqYuCvo3e0ivAo3Ce6H1agRIACQOQIDAQABo4IC/DCCAvgwHwYDVR0jBBgw\nFoAUwDFSzVpQw4J8dHHOy+mc+XrrguIwHQYDVR0OBBYEFG95FEdNy2Fh7zYadxfC\ntNtuOzGPMC0GA1UdEQQmMCSCD3dhbHRlcndyaXRlcy5haYIRKi53YWx0ZXJ3cml0\nZXMuYWkwEwYDVR0gBAwwCjAIBgZngQwBAgEwDgYDVR0PAQH/BAQDAgWgMB0GA1Ud\nJQQWMBQGCCsGAQUFBwMBBggrBgEFBQcDAjA7BgNVHR8ENDAyMDCgLqAshipodHRw\nOi8vY3JsLnIybTAyLmFtYXpvbnRydXN0LmNvbS9yMm0wMi5jcmwwdQYIKwYBBQUH\nAQEEaTBnMC0GCCsGAQUFBzABhiFodHRwOi8vb2NzcC5yMm0wMi5hbWF6b250cnVz\ndC5jb20wNgYIKwYBBQUHMAKGKmh0dHA6Ly9jcnQucjJtMDIuYW1hem9udHJ1c3Qu\nY29tL3IybTAyLmNlcjAMBgNVHRMBAf8EAjAAMIIBfwYKKwYBBAHWeQIEAgSCAW8E\nggFrAWkAdgCWl2S/VViXrfdDh2g3CEJ36fA61fak8zZuRqQ/D8qpxgAAAZT29jdc\nAAAEAwBHMEUCIQCvwEW7eDUZzDCRp9m1ekT7URM4dOwnr/Re5QxJZOtHUQIgWyVN\n8eS0OMgcixhJw6gvuULLk1OGTL6niGLTtMItiNsAdgBkEcRspBLsp4kcogIuALyr\nTygH1B41J6vq/tUDyX3N8AAAAZT29jdiAAAEAwBHMEUCIQDdZi+sb3WEnxZWJeqY\nQv14N/q5Bs2RR0AQ50M1YCRgsAIgYC3xncS4bzlyGmgalKPbRKBhbscmjkw1ramN\ngz2vAvkAdwBJnJtp3h187Pw23s2HZKa4W68Kh4AZ0VVS++nrKd34wwAAAZT29jdz\nAAAEAwBIMEYCIQDGU06gtcEGar+lnmpfv+hBPpT/RjacPN0DoyBpnILvhQIhAIhQ\n326kdrqbXLJ0qrD/5grXf8YS1V+CRsVSJ+9ahb90MA0GCSqGSIb3DQEBCwUAA4IB\nAQBEhOHNYExG78qedqf4Zh4O399lc1YUCGAS6XXR7PtAf+zcT7l3jh15+eRHWcSI\ne7bUNSGpvnUXq+19tXdiC2DTeXiUhLP16UjYLruISR1bPLSKLxhQxRamqUOsj2M2\nAvFzy54uxo3dh0eFepHZTzaRNWsrg0bbEgzZJPCVjx2C8KdIgF4Xno5OsYJvHefh\nqgXJhJfTfoZ+5G9+9pfkbwK9ZuXpKep5yBIESouRx+ukLCKlm6Jfh5jucoAzlGI4\nSzQnwmXam2C007qOGp1bRPdIkEAl4P69/4ALmU3xs5WlrqUhuGVTTGS4O0DXNYv8\nd7v8MDDuXK2hm8aJm+WVtJaM\n-----END CERTIFICATE-----\n",
            "certificate_chain": "-----BEGIN CERTIFICATE-----\nMIIEXjCCA0agAwIBAgITB3MSSkvL1E7HtTvq8ZSELToPoTANBgkqhkiG9w0BAQsF\nADA5MQswCQYDVQQGEwJVUzEPMA0GA1UEChMGQW1hem9uMRkwFwYDVQQDExBBbWF6\nb24gUm9vdCBDQSAxMB4XDTIyMDgyMzIyMjUzMFoXDTMwMDgyMzIyMjUzMFowPDEL\nMAkGA1UEBhMCVVMxDzANBgNVBAoTBkFtYXpvbjEcMBoGA1UEAxMTQW1hem9uIFJT\nQSAyMDQ4IE0wMjCCASIwDQYJKoZIhvcNAQEBBQADggEPADCCAQoCggEBALtDGMZa\nqHneKei1by6+pUPPLljTB143Si6VpEWPc6mSkFhZb/6qrkZyoHlQLbDYnI2D7hD0\nsdzEqfnuAjIsuXQLG3A8TvX6V3oFNBFVe8NlLJHvBseKY88saLwufxkZVwk74g4n\nWlNMXzla9Y5F3wwRHwMVH443xGz6UtGSZSqQ94eFx5X7Tlqt8whi8qCaKdZ5rNak\n+r9nUThOeClqFd4oXych//Rc7Y0eX1KNWHYSI1Nk31mYgiK3JvH063g+K9tHA63Z\neTgKgndlh+WI+zv7i44HepRZjA1FYwYZ9Vv/9UkC5Yz8/yU65fgjaE+wVHM4e/Yy\nC2osrPWE7gJ+dXMCAwEAAaOCAVowggFWMBIGA1UdEwEB/wQIMAYBAf8CAQAwDgYD\nVR0PAQH/BAQDAgGGMB0GA1UdJQQWMBQGCCsGAQUFBwMBBggrBgEFBQcDAjAdBgNV\nHQ4EFgQUwDFSzVpQw4J8dHHOy+mc+XrrguIwHwYDVR0jBBgwFoAUhBjMhTTsvAyU\nlC4IWZzHshBOCggwewYIKwYBBQUHAQEEbzBtMC8GCCsGAQUFBzABhiNodHRwOi8v\nb2NzcC5yb290Y2ExLmFtYXpvbnRydXN0LmNvbTA6BggrBgEFBQcwAoYuaHR0cDov\nL2NydC5yb290Y2ExLmFtYXpvbnRydXN0LmNvbS9yb290Y2ExLmNlcjA/BgNVHR8E\nODA2MDSgMqAwhi5odHRwOi8vY3JsLnJvb3RjYTEuYW1hem9udHJ1c3QuY29tL3Jv\nb3RjYTEuY3JsMBMGA1UdIAQMMAowCAYGZ4EMAQIBMA0GCSqGSIb3DQEBCwUAA4IB\nAQAtTi6Fs0Azfi+iwm7jrz+CSxHH+uHl7Law3MQSXVtR8RV53PtR6r/6gNpqlzdo\nZq4FKbADi1v9Bun8RY8D51uedRfjsbeodizeBB8nXmeyD33Ep7VATj4ozcd31YFV\nfgRhvTSxNrrTlNpWkUk0m3BMPv8sg381HhA6uEYokE5q9uws/3YkKqRiEz3TsaWm\nJqIRZhMbgAfp7O7FUwFIb7UIspogZSKxPIWJpxiPo3TcBambbVtQOcNRWz5qCQdD\nslI2yayq0n2TXoHyNCLEH8rpsJRVILFsg0jc7BaFrMnF462+ajSehgj12IidNeRN\n4zl+EoNaWdpnWndvSpAEkq2P\n-----END CERTIFICATE-----\n-----BEGIN CERTIFICATE-----\nMIIEkjCCA3qgAwIBAgITBn+USionzfP6wq4rAfkI7rnExjANBgkqhkiG9w0BAQsF\nADCBmDELMAkGA1UEBhMCVVMxEDAOBgNVBAgTB0FyaXpvbmExEzARBgNVBAcTClNj\nb3R0c2RhbGUxJTAjBgNVBAoTHFN0YXJmaWVsZCBUZWNobm9sb2dpZXMsIEluYy4x\nOzA5BgNVBAMTMlN0YXJmaWVsZCBTZXJ2aWNlcyBSb290IENlcnRpZmljYXRlIEF1\ndGhvcml0eSAtIEcyMB4XDTE1MDUyNTEyMDAwMFoXDTM3MTIzMTAxMDAwMFowOTEL\nMAkGA1UEBhMCVVMxDzANBgNVBAoTBkFtYXpvbjEZMBcGA1UEAxMQQW1hem9uIFJv\nb3QgQ0EgMTCCASIwDQYJKoZIhvcNAQEBBQADggEPADCCAQoCggEBALJ4gHHKeNXj\nca9HgFB0fW7Y14h29Jlo91ghYPl0hAEvrAIthtOgQ3pOsqTQNroBvo3bSMgHFzZM\n9O6II8c+6zf1tRn4SWiw3te5djgdYZ6k/oI2peVKVuRF4fn9tBb6dNqcmzU5L/qw\nIFAGbHrQgLKm+a/sRxmPUDgH3KKHOVj4utWp+UhnMJbulHheb4mjUcAwhmahRWa6\nVOujw5H5SNz/0egwLX0tdHA114gk957EWW67c4cX8jJGKLhD+rcdqsq08p8kDi1L\n93FcXmn/6pUCyziKrlA4b9v7LWIbxcceVOF34GfID5yHI9Y/QCB/IIDEgEw+OyQm\njgSubJrIqg0CAwEAAaOCATEwggEtMA8GA1UdEwEB/wQFMAMBAf8wDgYDVR0PAQH/\nBAQDAgGGMB0GA1UdDgQWBBSEGMyFNOy8DJSULghZnMeyEE4KCDAfBgNVHSMEGDAW\ngBScXwDfqgHXMCs4iKK4bUqc8hGRgzB4BggrBgEFBQcBAQRsMGowLgYIKwYBBQUH\nMAGGImh0dHA6Ly9vY3NwLnJvb3RnMi5hbWF6b250cnVzdC5jb20wOAYIKwYBBQUH\nMAKGLGh0dHA6Ly9jcnQucm9vdGcyLmFtYXpvbnRydXN0LmNvbS9yb290ZzIuY2Vy\nMD0GA1UdHwQ2MDQwMqAwoC6GLGh0dHA6Ly9jcmwucm9vdGcyLmFtYXpvbnRydXN0\nLmNvbS9yb290ZzIuY3JsMBEGA1UdIAQKMAgwBgYEVR0gADANBgkqhkiG9w0BAQsF\nAAOCAQEAYjdCXLwQtT6LLOkMm2xF4gcAevnFWAu5CIw+7bMlPLVvUOTNNWqnkzSW\nMiGpSESrnO09tKpzbeR/FoCJbM8oAxiDR3mjEH4wW6w7sGDgd9QIpuEdfF7Au/ma\neyKdpwAJfqxGF4PcnCZXmTA5YpaP7dreqsXMGz7KQ2hsVxa81Q4gLv7/wmpdLqBK\nbRRYh5TmOTFffHPLkIhqhBGWJ6bt2YFGpn6jcgAKUj6DiAdjd4lpFw85hdKrCEVN\n0FE6/V1dN2RMfjCyVSRCnTawXZwXgWHxyvkQAiSr6w10kY17RSlQOYiypok1JR4U\nakcjMS9cmvqtmg5iUaQqqcT5NJ0hGA==\n-----END CERTIFICATE-----\n",
            "domain": "walterwrites.ai",
            "id": "arn:aws:acm:us-east-1:654654523718:certificate/ce586be9-fce9-4421-b0f7-dc9f91f5194a",
            "key_types": null,
            "most_recent": false,
            "status": "ISSUED",
            "statuses": [
              "ISSUED"
            ],
            "tags": {
              "Name": "walterwrites-ai-cert"
            },
            "types": null
          },
          "sensitive_attributes": []
        }
      ]
    },
    {
      "module": "module.acm",
      "mode": "managed",
      "type": "aws_acm_certificate",
      "name": "cert",
      "provider": "provider[\"registry.terraform.io/hashicorp/aws\"]",
      "instances": [
        {
          "schema_version": 0,
          "attributes": {
            "arn": "arn:aws:acm:us-east-1:654654523718:certificate/6f876ebf-d681-4417-9cdb-56ca2df75340",
            "certificate_authority_arn": "",
            "certificate_body": null,
            "certificate_chain": null,
            "domain_name": "walterwrites.ai",
            "domain_validation_options": [
              {
                "domain_name": "walterwrites.ai",
                "resource_record_name": "_f5076ac1910f5b0532c3f05c8f8ecc53.walterwrites.ai.",
                "resource_record_type": "CNAME",
                "resource_record_value": "_4392b2900f0e13fd3de49414a589a4a6.zfyfvmchrl.acm-validations.aws."
              }
            ],
            "early_renewal_duration": "",
            "id": "arn:aws:acm:us-east-1:654654523718:certificate/6f876ebf-d681-4417-9cdb-56ca2df75340",
            "key_algorithm": "RSA_2048",
            "not_after": "",
            "not_before": "",
            "options": [
              {
                "certificate_transparency_logging_preference": "ENABLED"
              }
            ],
            "pending_renewal": false,
            "private_key": null,
            "renewal_eligibility": "INELIGIBLE",
            "renewal_summary": [],
            "status": "PENDING_VALIDATION",
            "subject_alternative_names": [
              "walterwrites.ai"
            ],
            "tags": {},
            "tags_all": {},
            "type": "AMAZON_ISSUED",
            "validation_emails": [],
            "validation_method": "DNS",
            "validation_option": []
          },
          "sensitive_attributes": [
            [
              {
                "type": "get_attr",
                "value": "private_key"
              }
            ]
          ],
          "private": "bnVsbA==",
          "create_before_destroy": true
        }
      ]
    },
    {
      "module": "module.acm",
      "mode": "managed",
      "type": "aws_acm_certificate_validation",
      "name": "cert",
      "provider": "provider[\"registry.terraform.io/hashicorp/aws\"]",
      "instances": []
    },
    {
      "module": "module.acm",
      "mode": "managed",
      "type": "aws_route53_record",
      "name": "cert_validation",
      "provider": "provider[\"registry.terraform.io/hashicorp/aws\"]",
      "instances": []
    },
    {
      "module": "module.cloudflare",
      "mode": "managed",
      "type": "cloudflare_record",
      "name": "walterwrites_dns",
      "provider": "module.cloudflare.provider[\"registry.terraform.io/cloudflare/cloudflare\"]",
      "instances": [
        {
          "schema_version": 3,
          "attributes": {
            "allow_overwrite": true,
            "comment": "",
            "content": "prod-walterwrites-alb-1452373298.us-east-1.elb.amazonaws.com",
            "created_on": "2025-02-21T15:09:31.075678Z",
            "data": [],
            "hostname": "ecs.walterwrites.ai",
            "id": "c1ca3bd30ceb816a05f7d342307a2970",
            "metadata": {},
            "modified_on": "2025-02-25T06:07:52.968235Z",
            "name": "ecs",
            "priority": null,
            "proxiable": true,
            "proxied": false,
            "tags": [],
            "timeouts": null,
            "ttl": 1,
            "type": "CNAME",
            "value": null,
            "zone_id": "fc57356aefc0864a13c55d0d5c922b31"
          },
          "sensitive_attributes": [],
          "private": "eyJlMmJmYjczMC1lY2FhLTExZTYtOGY4OC0zNDM2M2JjN2M0YzAiOnsiY3JlYXRlIjozMDAwMDAwMDAwMCwidXBkYXRlIjozMDAwMDAwMDAwMH0sInNjaGVtYV92ZXJzaW9uIjoiMyJ9",
          "dependencies": [
            "data.aws_availability_zones.available",
            "module.firewall.module.service_sg.aws_security_group.this",
            "module.firewall.module.service_sg.aws_security_group.this_name_prefix",
            "module.load_balancer.aws_lb.main",
            "module.vpc.aws_subnet.private",
            "module.vpc.aws_vpc.this"
          ]
        }
      ]
    },
    {
      "module": "module.cloudflare",
      "mode": "managed",
      "type": "cloudflare_zone_settings_override",
      "name": "ssl_tls_settings",
      "provider": "module.cloudflare.provider[\"registry.terraform.io/cloudflare/cloudflare\"]",
      "instances": [
        {
          "schema_version": 2,
          "attributes": {
            "id": "fc57356aefc0864a13c55d0d5c922b31",
            "initial_settings": [
              {
                "aegis": [
                  {
                    "enabled": false,
                    "pool_id": ""
                  }
                ],
                "always_online": "off",
                "always_use_https": "on",
                "automatic_https_rewrites": "off",
                "binary_ast": "off",
                "brotli": "on",
                "browser_cache_ttl": 14400,
                "browser_check": "on",
                "cache_level": "aggressive",
                "challenge_ttl": 1800,
                "ciphers": [],
                "cname_flattening": "flatten_at_root",
                "development_mode": "off",
                "early_hints": "off",
                "email_obfuscation": "on",
                "filter_logs_to_cloudflare": "off",
                "fonts": "off",
                "h2_prioritization": "on",
                "hotlink_protection": "off",
                "http2": "on",
                "http3": "off",
                "image_resizing": "off",
                "ip_geolocation": "on",
                "ipv6": "on",
                "log_to_cloudflare": "on",
                "max_upload": 100,
                "min_tls_version": "1.0",
                "minify": [],
                "mirage": "off",
                "mobile_redirect": [],
                "nel": [
                  {
                    "enabled": true
                  }
                ],
                "opportunistic_encryption": "on",
                "opportunistic_onion": "on",
                "orange_to_orange": "off",
                "origin_error_page_pass_thru": "off",
                "origin_max_http_version": "2",
                "polish": "off",
                "prefetch_preload": "off",
                "privacy_pass": "on",
                "proxy_read_timeout": "100",
                "pseudo_ipv4": "off",
                "replace_insecure_js": "on",
                "response_buffering": "off",
                "rocket_loader": "off",
                "security_header": [
                  {
                    "enabled": false,
                    "include_subdomains": false,
                    "max_age": 0,
                    "nosniff": false,
                    "preload": false
                  }
                ],
                "security_level": "medium",
                "server_side_exclude": "on",
                "sort_query_string_for_cache": "off",
                "speed_brain": "off",
                "ssl": "full",
                "ssl_automatic_mode": "custom",
                "tls_1_2_only": "off",
                "tls_1_3": "on",
                "tls_client_auth": "off",
                "true_client_ip_header": "off",
                "universal_ssl": "",
                "visitor_ip": "on",
                "waf": "off",
                "webp": "off",
                "websockets": "on",
                "zero_rtt": "off"
              }
            ],
            "initial_settings_read_at": "2025-02-21T15:06:02.845860041Z",
            "readonly_settings": [
              "advanced_ddos",
              "long_lived_grpc",
              "origin_error_page_pass_thru",
              "prefetch_preload",
              "proxy_read_timeout",
              "response_buffering",
              "sort_query_string_for_cache",
              "true_client_ip_header",
              "image_resizing"
            ],
            "settings": [
              {
                "aegis": [
                  {
                    "enabled": false,
                    "pool_id": ""
                  }
                ],
                "always_online": "off",
                "always_use_https": "on",
                "automatic_https_rewrites": "off",
                "binary_ast": "off",
                "brotli": "on",
                "browser_cache_ttl": 14400,
                "browser_check": "on",
                "cache_level": "aggressive",
                "challenge_ttl": 1800,
                "ciphers": [],
                "cname_flattening": "flatten_at_root",
                "development_mode": "off",
                "early_hints": "off",
                "email_obfuscation": "on",
                "filter_logs_to_cloudflare": "off",
                "fonts": "off",
                "h2_prioritization": "on",
                "hotlink_protection": "off",
                "http2": "on",
                "http3": "off",
                "image_resizing": "off",
                "ip_geolocation": "on",
                "ipv6": "on",
                "log_to_cloudflare": "on",
                "max_upload": 100,
                "min_tls_version": "1.0",
                "minify": [],
                "mirage": "off",
                "mobile_redirect": [],
                "nel": [
                  {
                    "enabled": true
                  }
                ],
                "opportunistic_encryption": "on",
                "opportunistic_onion": "on",
                "orange_to_orange": "off",
                "origin_error_page_pass_thru": "off",
                "origin_max_http_version": "2",
                "polish": "off",
                "prefetch_preload": "off",
                "privacy_pass": "on",
                "proxy_read_timeout": "100",
                "pseudo_ipv4": "off",
                "replace_insecure_js": "on",
                "response_buffering": "off",
                "rocket_loader": "off",
                "security_header": [
                  {
                    "enabled": false,
                    "include_subdomains": false,
                    "max_age": 0,
                    "nosniff": false,
                    "preload": false
                  }
                ],
                "security_level": "medium",
                "server_side_exclude": "on",
                "sort_query_string_for_cache": "off",
                "speed_brain": "off",
                "ssl": "full",
                "ssl_automatic_mode": "custom",
                "tls_1_2_only": "off",
                "tls_1_3": "on",
                "tls_client_auth": "off",
                "true_client_ip_header": "off",
                "universal_ssl": "",
                "visitor_ip": "on",
                "waf": "off",
                "webp": "",
                "websockets": "on",
                "zero_rtt": "off"
              }
            ],
            "zone_id": "fc57356aefc0864a13c55d0d5c922b31",
            "zone_status": "active",
            "zone_type": "full"
          },
          "sensitive_attributes": [],
          "private": "eyJzY2hlbWFfdmVyc2lvbiI6IjIifQ=="
        }
      ]
    },
    {
      "module": "module.ecr",
      "mode": "managed",
      "type": "aws_ecr_repository",
      "name": "this",
      "provider": "provider[\"registry.terraform.io/hashicorp/aws\"]",
      "instances": [
        {
          "schema_version": 0,
          "attributes": {
            "arn": "arn:aws:ecr:us-east-1:654654523718:repository/walter-image-repository",
            "encryption_configuration": [
              {
                "encryption_type": "AES256",
                "kms_key": ""
              }
            ],
            "force_delete": null,
            "id": "walter-image-repository",
            "image_scanning_configuration": [
              {
                "scan_on_push": true
              }
            ],
            "image_tag_mutability": "MUTABLE",
            "name": "walter-image-repository",
            "registry_id": "654654523718",
            "repository_url": "654654523718.dkr.ecr.us-east-1.amazonaws.com/walter-image-repository",
            "tags": {
              "Name": "walter-image-repository"
            },
            "tags_all": {
              "Name": "walter-image-repository"
            },
            "timeouts": null
          },
          "sensitive_attributes": [],
          "private": "eyJlMmJmYjczMC1lY2FhLTExZTYtOGY4OC0zNDM2M2JjN2M0YzAiOnsiZGVsZXRlIjoxMjAwMDAwMDAwMDAwfX0="
        }
      ]
    },
    {
      "module": "module.ecs",
      "mode": "data",
      "type": "aws_iam_policy_document",
      "name": "task_exec",
      "provider": "provider[\"registry.terraform.io/hashicorp/aws\"]",
      "instances": [
        {
          "index_key": 0,
          "schema_version": 0,
          "attributes": {
            "id": "1625326219",
            "json": "{\n  \"Version\": \"2012-10-17\",\n  \"Statement\": [\n    {\n      \"Effect\": \"Allow\",\n      \"Action\": [\n        \"logs:PutLogEvents\",\n        \"logs:CreateLogStream\",\n        \"ecr:GetDownloadUrlForLayer\",\n        \"ecr:GetAuthorizationToken\",\n        \"ecr:BatchGetImage\",\n        \"ecr:BatchCheckLayerAvailability\"\n      ],\n      \"Resource\": \"*\"\n    }\n  ]\n}",
            "override_json": null,
            "override_policy_documents": null,
            "policy_id": null,
            "source_json": null,
            "source_policy_documents": null,
            "statement": [
              {
                "actions": [
                  "ecr:BatchCheckLayerAvailability",
                  "ecr:BatchGetImage",
                  "ecr:GetAuthorizationToken",
                  "ecr:GetDownloadUrlForLayer",
                  "logs:CreateLogStream",
                  "logs:PutLogEvents"
                ],
                "condition": [],
                "effect": "Allow",
                "not_actions": [],
                "not_principals": [],
                "not_resources": [],
                "principals": [],
                "resources": [
                  "*"
                ],
                "sid": ""
              }
            ],
            "version": "2012-10-17"
          },
          "sensitive_attributes": []
        }
      ]
    },
    {
      "module": "module.ecs",
      "mode": "data",
      "type": "aws_partition",
      "name": "current",
      "provider": "provider[\"registry.terraform.io/hashicorp/aws\"]",
      "instances": [
        {
          "schema_version": 0,
          "attributes": {
            "dns_suffix": "amazonaws.com",
            "id": "aws",
            "partition": "aws",
            "reverse_dns_prefix": "com.amazonaws"
          },
          "sensitive_attributes": []
        }
      ]
    },
    {
      "module": "module.ecs",
      "mode": "data",
      "type": "aws_region",
      "name": "current",
      "provider": "provider[\"registry.terraform.io/hashicorp/aws\"]",
      "instances": [
        {
          "schema_version": 0,
          "attributes": {
            "description": "US East (N. Virginia)",
            "endpoint": "ec2.us-east-1.amazonaws.com",
            "id": "us-east-1",
            "name": "us-east-1"
          },
          "sensitive_attributes": []
        }
      ]
    },
    {
      "module": "module.ecs",
      "mode": "managed",
      "type": "aws_cloudwatch_log_group",
      "name": "this",
      "provider": "provider[\"registry.terraform.io/hashicorp/aws\"]",
      "instances": [
        {
          "index_key": 0,
          "schema_version": 0,
          "attributes": {
            "arn": "arn:aws:logs:us-east-1:654654523718:log-group:/aws/ecs/walter-cluster",
            "id": "/aws/ecs/walter-cluster",
            "kms_key_id": "",
            "log_group_class": "STANDARD",
            "name": "/aws/ecs/walter-cluster",
            "name_prefix": "",
            "retention_in_days": 90,
            "skip_destroy": false,
            "tags": {
              "CreatedBy": "Terraform"
            },
            "tags_all": {
              "CreatedBy": "Terraform"
            }
          },
          "sensitive_attributes": [],
          "private": "bnVsbA==",
          "dependencies": [
            "data.aws_availability_zones.available",
            "module.firewall.module.bastion_sg.aws_security_group.this",
            "module.firewall.module.bastion_sg.aws_security_group.this_name_prefix",
            "module.firewall.module.bastion_sg.aws_security_group_rule.computed_egress_rules",
            "module.firewall.module.bastion_sg.aws_security_group_rule.computed_egress_with_cidr_blocks",
            "module.firewall.module.bastion_sg.aws_security_group_rule.computed_egress_with_ipv6_cidr_blocks",
            "module.firewall.module.bastion_sg.aws_security_group_rule.computed_egress_with_prefix_list_ids",
            "module.firewall.module.bastion_sg.aws_security_group_rule.computed_egress_with_self",
            "module.firewall.module.bastion_sg.aws_security_group_rule.computed_egress_with_source_security_group_id",
            "module.firewall.module.bastion_sg.aws_security_group_rule.computed_ingress_rules",
            "module.firewall.module.bastion_sg.aws_security_group_rule.computed_ingress_with_cidr_blocks",
            "module.firewall.module.bastion_sg.aws_security_group_rule.computed_ingress_with_ipv6_cidr_blocks",
            "module.firewall.module.bastion_sg.aws_security_group_rule.computed_ingress_with_prefix_list_ids",
            "module.firewall.module.bastion_sg.aws_security_group_rule.computed_ingress_with_self",
            "module.firewall.module.bastion_sg.aws_security_group_rule.computed_ingress_with_source_security_group_id",
            "module.firewall.module.bastion_sg.aws_security_group_rule.egress_rules",
            "module.firewall.module.bastion_sg.aws_security_group_rule.egress_with_cidr_blocks",
            "module.firewall.module.bastion_sg.aws_security_group_rule.egress_with_ipv6_cidr_blocks",
            "module.firewall.module.bastion_sg.aws_security_group_rule.egress_with_prefix_list_ids",
            "module.firewall.module.bastion_sg.aws_security_group_rule.egress_with_self",
            "module.firewall.module.bastion_sg.aws_security_group_rule.egress_with_source_security_group_id",
            "module.firewall.module.bastion_sg.aws_security_group_rule.ingress_rules",
            "module.firewall.module.bastion_sg.aws_security_group_rule.ingress_with_cidr_blocks",
            "module.firewall.module.bastion_sg.aws_security_group_rule.ingress_with_ipv6_cidr_blocks",
            "module.firewall.module.bastion_sg.aws_security_group_rule.ingress_with_prefix_list_ids",
            "module.firewall.module.bastion_sg.aws_security_group_rule.ingress_with_self",
            "module.firewall.module.bastion_sg.aws_security_group_rule.ingress_with_source_security_group_id",
            "module.firewall.module.documentdb_sg.aws_security_group.this",
            "module.firewall.module.documentdb_sg.aws_security_group.this_name_prefix",
            "module.firewall.module.documentdb_sg.aws_security_group_rule.computed_egress_rules",
            "module.firewall.module.documentdb_sg.aws_security_group_rule.computed_egress_with_cidr_blocks",
            "module.firewall.module.documentdb_sg.aws_security_group_rule.computed_egress_with_ipv6_cidr_blocks",
            "module.firewall.module.documentdb_sg.aws_security_group_rule.computed_egress_with_prefix_list_ids",
            "module.firewall.module.documentdb_sg.aws_security_group_rule.computed_egress_with_self",
            "module.firewall.module.documentdb_sg.aws_security_group_rule.computed_egress_with_source_security_group_id",
            "module.firewall.module.documentdb_sg.aws_security_group_rule.computed_ingress_rules",
            "module.firewall.module.documentdb_sg.aws_security_group_rule.computed_ingress_with_cidr_blocks",
            "module.firewall.module.documentdb_sg.aws_security_group_rule.computed_ingress_with_ipv6_cidr_blocks",
            "module.firewall.module.documentdb_sg.aws_security_group_rule.computed_ingress_with_prefix_list_ids",
            "module.firewall.module.documentdb_sg.aws_security_group_rule.computed_ingress_with_self",
            "module.firewall.module.documentdb_sg.aws_security_group_rule.computed_ingress_with_source_security_group_id",
            "module.firewall.module.documentdb_sg.aws_security_group_rule.egress_rules",
            "module.firewall.module.documentdb_sg.aws_security_group_rule.egress_with_cidr_blocks",
            "module.firewall.module.documentdb_sg.aws_security_group_rule.egress_with_ipv6_cidr_blocks",
            "module.firewall.module.documentdb_sg.aws_security_group_rule.egress_with_prefix_list_ids",
            "module.firewall.module.documentdb_sg.aws_security_group_rule.egress_with_self",
            "module.firewall.module.documentdb_sg.aws_security_group_rule.egress_with_source_security_group_id",
            "module.firewall.module.documentdb_sg.aws_security_group_rule.ingress_rules",
            "module.firewall.module.documentdb_sg.aws_security_group_rule.ingress_with_cidr_blocks",
            "module.firewall.module.documentdb_sg.aws_security_group_rule.ingress_with_ipv6_cidr_blocks",
            "module.firewall.module.documentdb_sg.aws_security_group_rule.ingress_with_prefix_list_ids",
            "module.firewall.module.documentdb_sg.aws_security_group_rule.ingress_with_self",
            "module.firewall.module.documentdb_sg.aws_security_group_rule.ingress_with_source_security_group_id",
            "module.firewall.module.ecs_sg.aws_security_group.this",
            "module.firewall.module.ecs_sg.aws_security_group.this_name_prefix",
            "module.firewall.module.ecs_sg.aws_security_group_rule.computed_egress_rules",
            "module.firewall.module.ecs_sg.aws_security_group_rule.computed_egress_with_cidr_blocks",
            "module.firewall.module.ecs_sg.aws_security_group_rule.computed_egress_with_ipv6_cidr_blocks",
            "module.firewall.module.ecs_sg.aws_security_group_rule.computed_egress_with_prefix_list_ids",
            "module.firewall.module.ecs_sg.aws_security_group_rule.computed_egress_with_self",
            "module.firewall.module.ecs_sg.aws_security_group_rule.computed_egress_with_source_security_group_id",
            "module.firewall.module.ecs_sg.aws_security_group_rule.computed_ingress_rules",
            "module.firewall.module.ecs_sg.aws_security_group_rule.computed_ingress_with_cidr_blocks",
            "module.firewall.module.ecs_sg.aws_security_group_rule.computed_ingress_with_ipv6_cidr_blocks",
            "module.firewall.module.ecs_sg.aws_security_group_rule.computed_ingress_with_prefix_list_ids",
            "module.firewall.module.ecs_sg.aws_security_group_rule.computed_ingress_with_self",
            "module.firewall.module.ecs_sg.aws_security_group_rule.computed_ingress_with_source_security_group_id",
            "module.firewall.module.ecs_sg.aws_security_group_rule.egress_rules",
            "module.firewall.module.ecs_sg.aws_security_group_rule.egress_with_cidr_blocks",
            "module.firewall.module.ecs_sg.aws_security_group_rule.egress_with_ipv6_cidr_blocks",
            "module.firewall.module.ecs_sg.aws_security_group_rule.egress_with_prefix_list_ids",
            "module.firewall.module.ecs_sg.aws_security_group_rule.egress_with_self",
            "module.firewall.module.ecs_sg.aws_security_group_rule.egress_with_source_security_group_id",
            "module.firewall.module.ecs_sg.aws_security_group_rule.ingress_rules",
            "module.firewall.module.ecs_sg.aws_security_group_rule.ingress_with_cidr_blocks",
            "module.firewall.module.ecs_sg.aws_security_group_rule.ingress_with_ipv6_cidr_blocks",
            "module.firewall.module.ecs_sg.aws_security_group_rule.ingress_with_prefix_list_ids",
            "module.firewall.module.ecs_sg.aws_security_group_rule.ingress_with_self",
            "module.firewall.module.ecs_sg.aws_security_group_rule.ingress_with_source_security_group_id",
            "module.firewall.module.load_balancer_sg.aws_security_group.this",
            "module.firewall.module.load_balancer_sg.aws_security_group.this_name_prefix",
            "module.firewall.module.load_balancer_sg.aws_security_group_rule.computed_egress_rules",
            "module.firewall.module.load_balancer_sg.aws_security_group_rule.computed_egress_with_cidr_blocks",
            "module.firewall.module.load_balancer_sg.aws_security_group_rule.computed_egress_with_ipv6_cidr_blocks",
            "module.firewall.module.load_balancer_sg.aws_security_group_rule.computed_egress_with_prefix_list_ids",
            "module.firewall.module.load_balancer_sg.aws_security_group_rule.computed_egress_with_self",
            "module.firewall.module.load_balancer_sg.aws_security_group_rule.computed_egress_with_source_security_group_id",
            "module.firewall.module.load_balancer_sg.aws_security_group_rule.computed_ingress_rules",
            "module.firewall.module.load_balancer_sg.aws_security_group_rule.computed_ingress_with_cidr_blocks",
            "module.firewall.module.load_balancer_sg.aws_security_group_rule.computed_ingress_with_ipv6_cidr_blocks",
            "module.firewall.module.load_balancer_sg.aws_security_group_rule.computed_ingress_with_prefix_list_ids",
            "module.firewall.module.load_balancer_sg.aws_security_group_rule.computed_ingress_with_self",
            "module.firewall.module.load_balancer_sg.aws_security_group_rule.computed_ingress_with_source_security_group_id",
            "module.firewall.module.load_balancer_sg.aws_security_group_rule.egress_rules",
            "module.firewall.module.load_balancer_sg.aws_security_group_rule.egress_with_cidr_blocks",
            "module.firewall.module.load_balancer_sg.aws_security_group_rule.egress_with_ipv6_cidr_blocks",
            "module.firewall.module.load_balancer_sg.aws_security_group_rule.egress_with_prefix_list_ids",
            "module.firewall.module.load_balancer_sg.aws_security_group_rule.egress_with_self",
            "module.firewall.module.load_balancer_sg.aws_security_group_rule.egress_with_source_security_group_id",
            "module.firewall.module.load_balancer_sg.aws_security_group_rule.ingress_rules",
            "module.firewall.module.load_balancer_sg.aws_security_group_rule.ingress_with_cidr_blocks",
            "module.firewall.module.load_balancer_sg.aws_security_group_rule.ingress_with_ipv6_cidr_blocks",
            "module.firewall.module.load_balancer_sg.aws_security_group_rule.ingress_with_prefix_list_ids",
            "module.firewall.module.load_balancer_sg.aws_security_group_rule.ingress_with_self",
            "module.firewall.module.load_balancer_sg.aws_security_group_rule.ingress_with_source_security_group_id",
            "module.firewall.module.service_sg.aws_security_group.this",
            "module.firewall.module.service_sg.aws_security_group.this_name_prefix",
            "module.firewall.module.service_sg.aws_security_group_rule.computed_egress_rules",
            "module.firewall.module.service_sg.aws_security_group_rule.computed_egress_with_cidr_blocks",
            "module.firewall.module.service_sg.aws_security_group_rule.computed_egress_with_ipv6_cidr_blocks",
            "module.firewall.module.service_sg.aws_security_group_rule.computed_egress_with_prefix_list_ids",
            "module.firewall.module.service_sg.aws_security_group_rule.computed_egress_with_self",
            "module.firewall.module.service_sg.aws_security_group_rule.computed_egress_with_source_security_group_id",
            "module.firewall.module.service_sg.aws_security_group_rule.computed_ingress_rules",
            "module.firewall.module.service_sg.aws_security_group_rule.computed_ingress_with_cidr_blocks",
            "module.firewall.module.service_sg.aws_security_group_rule.computed_ingress_with_ipv6_cidr_blocks",
            "module.firewall.module.service_sg.aws_security_group_rule.computed_ingress_with_prefix_list_ids",
            "module.firewall.module.service_sg.aws_security_group_rule.computed_ingress_with_self",
            "module.firewall.module.service_sg.aws_security_group_rule.computed_ingress_with_source_security_group_id",
            "module.firewall.module.service_sg.aws_security_group_rule.egress_rules",
            "module.firewall.module.service_sg.aws_security_group_rule.egress_with_cidr_blocks",
            "module.firewall.module.service_sg.aws_security_group_rule.egress_with_ipv6_cidr_blocks",
            "module.firewall.module.service_sg.aws_security_group_rule.egress_with_prefix_list_ids",
            "module.firewall.module.service_sg.aws_security_group_rule.egress_with_self",
            "module.firewall.module.service_sg.aws_security_group_rule.egress_with_source_security_group_id",
            "module.firewall.module.service_sg.aws_security_group_rule.ingress_rules",
            "module.firewall.module.service_sg.aws_security_group_rule.ingress_with_cidr_blocks",
            "module.firewall.module.service_sg.aws_security_group_rule.ingress_with_ipv6_cidr_blocks",
            "module.firewall.module.service_sg.aws_security_group_rule.ingress_with_prefix_list_ids",
            "module.firewall.module.service_sg.aws_security_group_rule.ingress_with_self",
            "module.firewall.module.service_sg.aws_security_group_rule.ingress_with_source_security_group_id",
            "module.scaling.aws_autoscaling_group.this",
            "module.scaling.aws_iam_instance_profile.ecs_profile",
            "module.scaling.aws_iam_role.role",
            "module.scaling.aws_iam_role_policy.attach_role_policy",
            "module.scaling.aws_iam_role_policy_attachment.ecs_node_role_policy",
            "module.scaling.aws_launch_template.this",
            "module.scaling.data.aws_ami.amazon_linux",
            "module.scaling.data.aws_iam_policy_document.assume_role",
            "module.scaling.data.aws_iam_policy_document.workloads",
            "module.vpc.aws_eip.nat",
            "module.vpc.aws_internet_gateway.gw",
            "module.vpc.aws_nat_gateway.nat",
            "module.vpc.aws_route_table.private",
            "module.vpc.aws_route_table.public",
            "module.vpc.aws_route_table_association.private",
            "module.vpc.aws_route_table_association.public",
            "module.vpc.aws_subnet.private",
            "module.vpc.aws_subnet.public",
            "module.vpc.aws_vpc.this"
          ]
        }
      ]
    },
    {
      "module": "module.ecs",
      "mode": "managed",
      "type": "aws_ecs_capacity_provider",
      "name": "main",
      "provider": "provider[\"registry.terraform.io/hashicorp/aws\"]",
      "instances": [
        {
          "schema_version": 0,
          "attributes": {
            "arn": "arn:aws:ecs:us-east-1:654654523718:capacity-provider/walter-cluster-capacity-provider",
            "auto_scaling_group_provider": [
              {
                "auto_scaling_group_arn": "arn:aws:autoscaling:us-east-1:654654523718:autoScalingGroup:40226ecc-ead0-4189-a0fe-9f8fdfe888d0:autoScalingGroupName/walterwrites",
                "managed_draining": "ENABLED",
                "managed_scaling": [
                  {
                    "instance_warmup_period": 0,
                    "maximum_scaling_step_size": 1000,
                    "minimum_scaling_step_size": 1,
                    "status": "ENABLED",
                    "target_capacity": 100
                  }
                ],
                "managed_termination_protection": "ENABLED"
              }
            ],
            "id": "arn:aws:ecs:us-east-1:654654523718:capacity-provider/walter-cluster-capacity-provider",
            "name": "walter-cluster-capacity-provider",
            "tags": {
              "CreatedBy": "Terraform",
              "Environment": "migration",
              "Name": "walter-capacity-provider",
              "Project": "walterwrites"
            },
            "tags_all": {
              "CreatedBy": "Terraform",
              "Environment": "migration",
              "Name": "walter-capacity-provider",
              "Project": "walterwrites"
            }
          },
          "sensitive_attributes": [],
          "private": "bnVsbA==",
          "dependencies": [
            "data.aws_availability_zones.available",
            "module.firewall.module.bastion_sg.aws_security_group.this",
            "module.firewall.module.bastion_sg.aws_security_group.this_name_prefix",
            "module.firewall.module.bastion_sg.aws_security_group_rule.computed_egress_rules",
            "module.firewall.module.bastion_sg.aws_security_group_rule.computed_egress_with_cidr_blocks",
            "module.firewall.module.bastion_sg.aws_security_group_rule.computed_egress_with_ipv6_cidr_blocks",
            "module.firewall.module.bastion_sg.aws_security_group_rule.computed_egress_with_prefix_list_ids",
            "module.firewall.module.bastion_sg.aws_security_group_rule.computed_egress_with_self",
            "module.firewall.module.bastion_sg.aws_security_group_rule.computed_egress_with_source_security_group_id",
            "module.firewall.module.bastion_sg.aws_security_group_rule.computed_ingress_rules",
            "module.firewall.module.bastion_sg.aws_security_group_rule.computed_ingress_with_cidr_blocks",
            "module.firewall.module.bastion_sg.aws_security_group_rule.computed_ingress_with_ipv6_cidr_blocks",
            "module.firewall.module.bastion_sg.aws_security_group_rule.computed_ingress_with_prefix_list_ids",
            "module.firewall.module.bastion_sg.aws_security_group_rule.computed_ingress_with_self",
            "module.firewall.module.bastion_sg.aws_security_group_rule.computed_ingress_with_source_security_group_id",
            "module.firewall.module.bastion_sg.aws_security_group_rule.egress_rules",
            "module.firewall.module.bastion_sg.aws_security_group_rule.egress_with_cidr_blocks",
            "module.firewall.module.bastion_sg.aws_security_group_rule.egress_with_ipv6_cidr_blocks",
            "module.firewall.module.bastion_sg.aws_security_group_rule.egress_with_prefix_list_ids",
            "module.firewall.module.bastion_sg.aws_security_group_rule.egress_with_self",
            "module.firewall.module.bastion_sg.aws_security_group_rule.egress_with_source_security_group_id",
            "module.firewall.module.bastion_sg.aws_security_group_rule.ingress_rules",
            "module.firewall.module.bastion_sg.aws_security_group_rule.ingress_with_cidr_blocks",
            "module.firewall.module.bastion_sg.aws_security_group_rule.ingress_with_ipv6_cidr_blocks",
            "module.firewall.module.bastion_sg.aws_security_group_rule.ingress_with_prefix_list_ids",
            "module.firewall.module.bastion_sg.aws_security_group_rule.ingress_with_self",
            "module.firewall.module.bastion_sg.aws_security_group_rule.ingress_with_source_security_group_id",
            "module.firewall.module.documentdb_sg.aws_security_group.this",
            "module.firewall.module.documentdb_sg.aws_security_group.this_name_prefix",
            "module.firewall.module.documentdb_sg.aws_security_group_rule.computed_egress_rules",
            "module.firewall.module.documentdb_sg.aws_security_group_rule.computed_egress_with_cidr_blocks",
            "module.firewall.module.documentdb_sg.aws_security_group_rule.computed_egress_with_ipv6_cidr_blocks",
            "module.firewall.module.documentdb_sg.aws_security_group_rule.computed_egress_with_prefix_list_ids",
            "module.firewall.module.documentdb_sg.aws_security_group_rule.computed_egress_with_self",
            "module.firewall.module.documentdb_sg.aws_security_group_rule.computed_egress_with_source_security_group_id",
            "module.firewall.module.documentdb_sg.aws_security_group_rule.computed_ingress_rules",
            "module.firewall.module.documentdb_sg.aws_security_group_rule.computed_ingress_with_cidr_blocks",
            "module.firewall.module.documentdb_sg.aws_security_group_rule.computed_ingress_with_ipv6_cidr_blocks",
            "module.firewall.module.documentdb_sg.aws_security_group_rule.computed_ingress_with_prefix_list_ids",
            "module.firewall.module.documentdb_sg.aws_security_group_rule.computed_ingress_with_self",
            "module.firewall.module.documentdb_sg.aws_security_group_rule.computed_ingress_with_source_security_group_id",
            "module.firewall.module.documentdb_sg.aws_security_group_rule.egress_rules",
            "module.firewall.module.documentdb_sg.aws_security_group_rule.egress_with_cidr_blocks",
            "module.firewall.module.documentdb_sg.aws_security_group_rule.egress_with_ipv6_cidr_blocks",
            "module.firewall.module.documentdb_sg.aws_security_group_rule.egress_with_prefix_list_ids",
            "module.firewall.module.documentdb_sg.aws_security_group_rule.egress_with_self",
            "module.firewall.module.documentdb_sg.aws_security_group_rule.egress_with_source_security_group_id",
            "module.firewall.module.documentdb_sg.aws_security_group_rule.ingress_rules",
            "module.firewall.module.documentdb_sg.aws_security_group_rule.ingress_with_cidr_blocks",
            "module.firewall.module.documentdb_sg.aws_security_group_rule.ingress_with_ipv6_cidr_blocks",
            "module.firewall.module.documentdb_sg.aws_security_group_rule.ingress_with_prefix_list_ids",
            "module.firewall.module.documentdb_sg.aws_security_group_rule.ingress_with_self",
            "module.firewall.module.documentdb_sg.aws_security_group_rule.ingress_with_source_security_group_id",
            "module.firewall.module.ecs_sg.aws_security_group.this",
            "module.firewall.module.ecs_sg.aws_security_group.this_name_prefix",
            "module.firewall.module.ecs_sg.aws_security_group_rule.computed_egress_rules",
            "module.firewall.module.ecs_sg.aws_security_group_rule.computed_egress_with_cidr_blocks",
            "module.firewall.module.ecs_sg.aws_security_group_rule.computed_egress_with_ipv6_cidr_blocks",
            "module.firewall.module.ecs_sg.aws_security_group_rule.computed_egress_with_prefix_list_ids",
            "module.firewall.module.ecs_sg.aws_security_group_rule.computed_egress_with_self",
            "module.firewall.module.ecs_sg.aws_security_group_rule.computed_egress_with_source_security_group_id",
            "module.firewall.module.ecs_sg.aws_security_group_rule.computed_ingress_rules",
            "module.firewall.module.ecs_sg.aws_security_group_rule.computed_ingress_with_cidr_blocks",
            "module.firewall.module.ecs_sg.aws_security_group_rule.computed_ingress_with_ipv6_cidr_blocks",
            "module.firewall.module.ecs_sg.aws_security_group_rule.computed_ingress_with_prefix_list_ids",
            "module.firewall.module.ecs_sg.aws_security_group_rule.computed_ingress_with_self",
            "module.firewall.module.ecs_sg.aws_security_group_rule.computed_ingress_with_source_security_group_id",
            "module.firewall.module.ecs_sg.aws_security_group_rule.egress_rules",
            "module.firewall.module.ecs_sg.aws_security_group_rule.egress_with_cidr_blocks",
            "module.firewall.module.ecs_sg.aws_security_group_rule.egress_with_ipv6_cidr_blocks",
            "module.firewall.module.ecs_sg.aws_security_group_rule.egress_with_prefix_list_ids",
            "module.firewall.module.ecs_sg.aws_security_group_rule.egress_with_self",
            "module.firewall.module.ecs_sg.aws_security_group_rule.egress_with_source_security_group_id",
            "module.firewall.module.ecs_sg.aws_security_group_rule.ingress_rules",
            "module.firewall.module.ecs_sg.aws_security_group_rule.ingress_with_cidr_blocks",
            "module.firewall.module.ecs_sg.aws_security_group_rule.ingress_with_ipv6_cidr_blocks",
            "module.firewall.module.ecs_sg.aws_security_group_rule.ingress_with_prefix_list_ids",
            "module.firewall.module.ecs_sg.aws_security_group_rule.ingress_with_self",
            "module.firewall.module.ecs_sg.aws_security_group_rule.ingress_with_source_security_group_id",
            "module.firewall.module.load_balancer_sg.aws_security_group.this",
            "module.firewall.module.load_balancer_sg.aws_security_group.this_name_prefix",
            "module.firewall.module.load_balancer_sg.aws_security_group_rule.computed_egress_rules",
            "module.firewall.module.load_balancer_sg.aws_security_group_rule.computed_egress_with_cidr_blocks",
            "module.firewall.module.load_balancer_sg.aws_security_group_rule.computed_egress_with_ipv6_cidr_blocks",
            "module.firewall.module.load_balancer_sg.aws_security_group_rule.computed_egress_with_prefix_list_ids",
            "module.firewall.module.load_balancer_sg.aws_security_group_rule.computed_egress_with_self",
            "module.firewall.module.load_balancer_sg.aws_security_group_rule.computed_egress_with_source_security_group_id",
            "module.firewall.module.load_balancer_sg.aws_security_group_rule.computed_ingress_rules",
            "module.firewall.module.load_balancer_sg.aws_security_group_rule.computed_ingress_with_cidr_blocks",
            "module.firewall.module.load_balancer_sg.aws_security_group_rule.computed_ingress_with_ipv6_cidr_blocks",
            "module.firewall.module.load_balancer_sg.aws_security_group_rule.computed_ingress_with_prefix_list_ids",
            "module.firewall.module.load_balancer_sg.aws_security_group_rule.computed_ingress_with_self",
            "module.firewall.module.load_balancer_sg.aws_security_group_rule.computed_ingress_with_source_security_group_id",
            "module.firewall.module.load_balancer_sg.aws_security_group_rule.egress_rules",
            "module.firewall.module.load_balancer_sg.aws_security_group_rule.egress_with_cidr_blocks",
            "module.firewall.module.load_balancer_sg.aws_security_group_rule.egress_with_ipv6_cidr_blocks",
            "module.firewall.module.load_balancer_sg.aws_security_group_rule.egress_with_prefix_list_ids",
            "module.firewall.module.load_balancer_sg.aws_security_group_rule.egress_with_self",
            "module.firewall.module.load_balancer_sg.aws_security_group_rule.egress_with_source_security_group_id",
            "module.firewall.module.load_balancer_sg.aws_security_group_rule.ingress_rules",
            "module.firewall.module.load_balancer_sg.aws_security_group_rule.ingress_with_cidr_blocks",
            "module.firewall.module.load_balancer_sg.aws_security_group_rule.ingress_with_ipv6_cidr_blocks",
            "module.firewall.module.load_balancer_sg.aws_security_group_rule.ingress_with_prefix_list_ids",
            "module.firewall.module.load_balancer_sg.aws_security_group_rule.ingress_with_self",
            "module.firewall.module.load_balancer_sg.aws_security_group_rule.ingress_with_source_security_group_id",
            "module.firewall.module.service_sg.aws_security_group.this",
            "module.firewall.module.service_sg.aws_security_group.this_name_prefix",
            "module.firewall.module.service_sg.aws_security_group_rule.computed_egress_rules",
            "module.firewall.module.service_sg.aws_security_group_rule.computed_egress_with_cidr_blocks",
            "module.firewall.module.service_sg.aws_security_group_rule.computed_egress_with_ipv6_cidr_blocks",
            "module.firewall.module.service_sg.aws_security_group_rule.computed_egress_with_prefix_list_ids",
            "module.firewall.module.service_sg.aws_security_group_rule.computed_egress_with_self",
            "module.firewall.module.service_sg.aws_security_group_rule.computed_egress_with_source_security_group_id",
            "module.firewall.module.service_sg.aws_security_group_rule.computed_ingress_rules",
            "module.firewall.module.service_sg.aws_security_group_rule.computed_ingress_with_cidr_blocks",
            "module.firewall.module.service_sg.aws_security_group_rule.computed_ingress_with_ipv6_cidr_blocks",
            "module.firewall.module.service_sg.aws_security_group_rule.computed_ingress_with_prefix_list_ids",
            "module.firewall.module.service_sg.aws_security_group_rule.computed_ingress_with_self",
            "module.firewall.module.service_sg.aws_security_group_rule.computed_ingress_with_source_security_group_id",
            "module.firewall.module.service_sg.aws_security_group_rule.egress_rules",
            "module.firewall.module.service_sg.aws_security_group_rule.egress_with_cidr_blocks",
            "module.firewall.module.service_sg.aws_security_group_rule.egress_with_ipv6_cidr_blocks",
            "module.firewall.module.service_sg.aws_security_group_rule.egress_with_prefix_list_ids",
            "module.firewall.module.service_sg.aws_security_group_rule.egress_with_self",
            "module.firewall.module.service_sg.aws_security_group_rule.egress_with_source_security_group_id",
            "module.firewall.module.service_sg.aws_security_group_rule.ingress_rules",
            "module.firewall.module.service_sg.aws_security_group_rule.ingress_with_cidr_blocks",
            "module.firewall.module.service_sg.aws_security_group_rule.ingress_with_ipv6_cidr_blocks",
            "module.firewall.module.service_sg.aws_security_group_rule.ingress_with_prefix_list_ids",
            "module.firewall.module.service_sg.aws_security_group_rule.ingress_with_self",
            "module.firewall.module.service_sg.aws_security_group_rule.ingress_with_source_security_group_id",
            "module.scaling.aws_autoscaling_group.this",
            "module.scaling.aws_iam_instance_profile.ecs_profile",
            "module.scaling.aws_iam_role.role",
            "module.scaling.aws_iam_role_policy.attach_role_policy",
            "module.scaling.aws_iam_role_policy_attachment.ecs_node_role_policy",
            "module.scaling.aws_launch_template.this",
            "module.scaling.data.aws_ami.amazon_linux",
            "module.scaling.data.aws_iam_policy_document.assume_role",
            "module.scaling.data.aws_iam_policy_document.workloads",
            "module.vpc.aws_eip.nat",
            "module.vpc.aws_internet_gateway.gw",
            "module.vpc.aws_nat_gateway.nat",
            "module.vpc.aws_route_table.private",
            "module.vpc.aws_route_table.public",
            "module.vpc.aws_route_table_association.private",
            "module.vpc.aws_route_table_association.public",
            "module.vpc.aws_subnet.private",
            "module.vpc.aws_subnet.public",
            "module.vpc.aws_vpc.this"
          ]
        }
      ]
    },
    {
      "module": "module.ecs",
      "mode": "managed",
      "type": "aws_ecs_cluster",
      "name": "main",
      "provider": "provider[\"registry.terraform.io/hashicorp/aws\"]",
      "instances": [
        {
          "schema_version": 0,
          "attributes": {
            "arn": "arn:aws:ecs:us-east-1:654654523718:cluster/walter-cluster",
            "configuration": [
              {
                "execute_command_configuration": [
                  {
                    "kms_key_id": "",
                    "log_configuration": [
                      {
                        "cloud_watch_encryption_enabled": false,
                        "cloud_watch_log_group_name": "/aws/ecs/walter-cluster",
                        "s3_bucket_encryption_enabled": false,
                        "s3_bucket_name": "",
                        "s3_key_prefix": ""
                      }
                    ],
                    "logging": "OVERRIDE"
                  }
                ]
              }
            ],
            "id": "arn:aws:ecs:us-east-1:654654523718:cluster/walter-cluster",
            "name": "walter-cluster",
            "service_connect_defaults": [],
            "setting": [
              {
                "name": "containerInsights",
                "value": "enabled"
              }
            ],
            "tags": {
              "CreatedBy": "Terraform",
              "Environment": "migration",
              "Name": "walter-cluster",
              "Project": "walterwrites"
            },
            "tags_all": {
              "CreatedBy": "Terraform",
              "Environment": "migration",
              "Name": "walter-cluster",
              "Project": "walterwrites"
            }
          },
          "sensitive_attributes": [],
          "private": "bnVsbA==",
          "dependencies": [
            "data.aws_availability_zones.available",
            "module.ecs.aws_cloudwatch_log_group.this",
            "module.firewall.module.bastion_sg.aws_security_group.this",
            "module.firewall.module.bastion_sg.aws_security_group.this_name_prefix",
            "module.firewall.module.bastion_sg.aws_security_group_rule.computed_egress_rules",
            "module.firewall.module.bastion_sg.aws_security_group_rule.computed_egress_with_cidr_blocks",
            "module.firewall.module.bastion_sg.aws_security_group_rule.computed_egress_with_ipv6_cidr_blocks",
            "module.firewall.module.bastion_sg.aws_security_group_rule.computed_egress_with_prefix_list_ids",
            "module.firewall.module.bastion_sg.aws_security_group_rule.computed_egress_with_self",
            "module.firewall.module.bastion_sg.aws_security_group_rule.computed_egress_with_source_security_group_id",
            "module.firewall.module.bastion_sg.aws_security_group_rule.computed_ingress_rules",
            "module.firewall.module.bastion_sg.aws_security_group_rule.computed_ingress_with_cidr_blocks",
            "module.firewall.module.bastion_sg.aws_security_group_rule.computed_ingress_with_ipv6_cidr_blocks",
            "module.firewall.module.bastion_sg.aws_security_group_rule.computed_ingress_with_prefix_list_ids",
            "module.firewall.module.bastion_sg.aws_security_group_rule.computed_ingress_with_self",
            "module.firewall.module.bastion_sg.aws_security_group_rule.computed_ingress_with_source_security_group_id",
            "module.firewall.module.bastion_sg.aws_security_group_rule.egress_rules",
            "module.firewall.module.bastion_sg.aws_security_group_rule.egress_with_cidr_blocks",
            "module.firewall.module.bastion_sg.aws_security_group_rule.egress_with_ipv6_cidr_blocks",
            "module.firewall.module.bastion_sg.aws_security_group_rule.egress_with_prefix_list_ids",
            "module.firewall.module.bastion_sg.aws_security_group_rule.egress_with_self",
            "module.firewall.module.bastion_sg.aws_security_group_rule.egress_with_source_security_group_id",
            "module.firewall.module.bastion_sg.aws_security_group_rule.ingress_rules",
            "module.firewall.module.bastion_sg.aws_security_group_rule.ingress_with_cidr_blocks",
            "module.firewall.module.bastion_sg.aws_security_group_rule.ingress_with_ipv6_cidr_blocks",
            "module.firewall.module.bastion_sg.aws_security_group_rule.ingress_with_prefix_list_ids",
            "module.firewall.module.bastion_sg.aws_security_group_rule.ingress_with_self",
            "module.firewall.module.bastion_sg.aws_security_group_rule.ingress_with_source_security_group_id",
            "module.firewall.module.documentdb_sg.aws_security_group.this",
            "module.firewall.module.documentdb_sg.aws_security_group.this_name_prefix",
            "module.firewall.module.documentdb_sg.aws_security_group_rule.computed_egress_rules",
            "module.firewall.module.documentdb_sg.aws_security_group_rule.computed_egress_with_cidr_blocks",
            "module.firewall.module.documentdb_sg.aws_security_group_rule.computed_egress_with_ipv6_cidr_blocks",
            "module.firewall.module.documentdb_sg.aws_security_group_rule.computed_egress_with_prefix_list_ids",
            "module.firewall.module.documentdb_sg.aws_security_group_rule.computed_egress_with_self",
            "module.firewall.module.documentdb_sg.aws_security_group_rule.computed_egress_with_source_security_group_id",
            "module.firewall.module.documentdb_sg.aws_security_group_rule.computed_ingress_rules",
            "module.firewall.module.documentdb_sg.aws_security_group_rule.computed_ingress_with_cidr_blocks",
            "module.firewall.module.documentdb_sg.aws_security_group_rule.computed_ingress_with_ipv6_cidr_blocks",
            "module.firewall.module.documentdb_sg.aws_security_group_rule.computed_ingress_with_prefix_list_ids",
            "module.firewall.module.documentdb_sg.aws_security_group_rule.computed_ingress_with_self",
            "module.firewall.module.documentdb_sg.aws_security_group_rule.computed_ingress_with_source_security_group_id",
            "module.firewall.module.documentdb_sg.aws_security_group_rule.egress_rules",
            "module.firewall.module.documentdb_sg.aws_security_group_rule.egress_with_cidr_blocks",
            "module.firewall.module.documentdb_sg.aws_security_group_rule.egress_with_ipv6_cidr_blocks",
            "module.firewall.module.documentdb_sg.aws_security_group_rule.egress_with_prefix_list_ids",
            "module.firewall.module.documentdb_sg.aws_security_group_rule.egress_with_self",
            "module.firewall.module.documentdb_sg.aws_security_group_rule.egress_with_source_security_group_id",
            "module.firewall.module.documentdb_sg.aws_security_group_rule.ingress_rules",
            "module.firewall.module.documentdb_sg.aws_security_group_rule.ingress_with_cidr_blocks",
            "module.firewall.module.documentdb_sg.aws_security_group_rule.ingress_with_ipv6_cidr_blocks",
            "module.firewall.module.documentdb_sg.aws_security_group_rule.ingress_with_prefix_list_ids",
            "module.firewall.module.documentdb_sg.aws_security_group_rule.ingress_with_self",
            "module.firewall.module.documentdb_sg.aws_security_group_rule.ingress_with_source_security_group_id",
            "module.firewall.module.ecs_sg.aws_security_group.this",
            "module.firewall.module.ecs_sg.aws_security_group.this_name_prefix",
            "module.firewall.module.ecs_sg.aws_security_group_rule.computed_egress_rules",
            "module.firewall.module.ecs_sg.aws_security_group_rule.computed_egress_with_cidr_blocks",
            "module.firewall.module.ecs_sg.aws_security_group_rule.computed_egress_with_ipv6_cidr_blocks",
            "module.firewall.module.ecs_sg.aws_security_group_rule.computed_egress_with_prefix_list_ids",
            "module.firewall.module.ecs_sg.aws_security_group_rule.computed_egress_with_self",
            "module.firewall.module.ecs_sg.aws_security_group_rule.computed_egress_with_source_security_group_id",
            "module.firewall.module.ecs_sg.aws_security_group_rule.computed_ingress_rules",
            "module.firewall.module.ecs_sg.aws_security_group_rule.computed_ingress_with_cidr_blocks",
            "module.firewall.module.ecs_sg.aws_security_group_rule.computed_ingress_with_ipv6_cidr_blocks",
            "module.firewall.module.ecs_sg.aws_security_group_rule.computed_ingress_with_prefix_list_ids",
            "module.firewall.module.ecs_sg.aws_security_group_rule.computed_ingress_with_self",
            "module.firewall.module.ecs_sg.aws_security_group_rule.computed_ingress_with_source_security_group_id",
            "module.firewall.module.ecs_sg.aws_security_group_rule.egress_rules",
            "module.firewall.module.ecs_sg.aws_security_group_rule.egress_with_cidr_blocks",
            "module.firewall.module.ecs_sg.aws_security_group_rule.egress_with_ipv6_cidr_blocks",
            "module.firewall.module.ecs_sg.aws_security_group_rule.egress_with_prefix_list_ids",
            "module.firewall.module.ecs_sg.aws_security_group_rule.egress_with_self",
            "module.firewall.module.ecs_sg.aws_security_group_rule.egress_with_source_security_group_id",
            "module.firewall.module.ecs_sg.aws_security_group_rule.ingress_rules",
            "module.firewall.module.ecs_sg.aws_security_group_rule.ingress_with_cidr_blocks",
            "module.firewall.module.ecs_sg.aws_security_group_rule.ingress_with_ipv6_cidr_blocks",
            "module.firewall.module.ecs_sg.aws_security_group_rule.ingress_with_prefix_list_ids",
            "module.firewall.module.ecs_sg.aws_security_group_rule.ingress_with_self",
            "module.firewall.module.ecs_sg.aws_security_group_rule.ingress_with_source_security_group_id",
            "module.firewall.module.load_balancer_sg.aws_security_group.this",
            "module.firewall.module.load_balancer_sg.aws_security_group.this_name_prefix",
            "module.firewall.module.load_balancer_sg.aws_security_group_rule.computed_egress_rules",
            "module.firewall.module.load_balancer_sg.aws_security_group_rule.computed_egress_with_cidr_blocks",
            "module.firewall.module.load_balancer_sg.aws_security_group_rule.computed_egress_with_ipv6_cidr_blocks",
            "module.firewall.module.load_balancer_sg.aws_security_group_rule.computed_egress_with_prefix_list_ids",
            "module.firewall.module.load_balancer_sg.aws_security_group_rule.computed_egress_with_self",
            "module.firewall.module.load_balancer_sg.aws_security_group_rule.computed_egress_with_source_security_group_id",
            "module.firewall.module.load_balancer_sg.aws_security_group_rule.computed_ingress_rules",
            "module.firewall.module.load_balancer_sg.aws_security_group_rule.computed_ingress_with_cidr_blocks",
            "module.firewall.module.load_balancer_sg.aws_security_group_rule.computed_ingress_with_ipv6_cidr_blocks",
            "module.firewall.module.load_balancer_sg.aws_security_group_rule.computed_ingress_with_prefix_list_ids",
            "module.firewall.module.load_balancer_sg.aws_security_group_rule.computed_ingress_with_self",
            "module.firewall.module.load_balancer_sg.aws_security_group_rule.computed_ingress_with_source_security_group_id",
            "module.firewall.module.load_balancer_sg.aws_security_group_rule.egress_rules",
            "module.firewall.module.load_balancer_sg.aws_security_group_rule.egress_with_cidr_blocks",
            "module.firewall.module.load_balancer_sg.aws_security_group_rule.egress_with_ipv6_cidr_blocks",
            "module.firewall.module.load_balancer_sg.aws_security_group_rule.egress_with_prefix_list_ids",
            "module.firewall.module.load_balancer_sg.aws_security_group_rule.egress_with_self",
            "module.firewall.module.load_balancer_sg.aws_security_group_rule.egress_with_source_security_group_id",
            "module.firewall.module.load_balancer_sg.aws_security_group_rule.ingress_rules",
            "module.firewall.module.load_balancer_sg.aws_security_group_rule.ingress_with_cidr_blocks",
            "module.firewall.module.load_balancer_sg.aws_security_group_rule.ingress_with_ipv6_cidr_blocks",
            "module.firewall.module.load_balancer_sg.aws_security_group_rule.ingress_with_prefix_list_ids",
            "module.firewall.module.load_balancer_sg.aws_security_group_rule.ingress_with_self",
            "module.firewall.module.load_balancer_sg.aws_security_group_rule.ingress_with_source_security_group_id",
            "module.firewall.module.service_sg.aws_security_group.this",
            "module.firewall.module.service_sg.aws_security_group.this_name_prefix",
            "module.firewall.module.service_sg.aws_security_group_rule.computed_egress_rules",
            "module.firewall.module.service_sg.aws_security_group_rule.computed_egress_with_cidr_blocks",
            "module.firewall.module.service_sg.aws_security_group_rule.computed_egress_with_ipv6_cidr_blocks",
            "module.firewall.module.service_sg.aws_security_group_rule.computed_egress_with_prefix_list_ids",
            "module.firewall.module.service_sg.aws_security_group_rule.computed_egress_with_self",
            "module.firewall.module.service_sg.aws_security_group_rule.computed_egress_with_source_security_group_id",
            "module.firewall.module.service_sg.aws_security_group_rule.computed_ingress_rules",
            "module.firewall.module.service_sg.aws_security_group_rule.computed_ingress_with_cidr_blocks",
            "module.firewall.module.service_sg.aws_security_group_rule.computed_ingress_with_ipv6_cidr_blocks",
            "module.firewall.module.service_sg.aws_security_group_rule.computed_ingress_with_prefix_list_ids",
            "module.firewall.module.service_sg.aws_security_group_rule.computed_ingress_with_self",
            "module.firewall.module.service_sg.aws_security_group_rule.computed_ingress_with_source_security_group_id",
            "module.firewall.module.service_sg.aws_security_group_rule.egress_rules",
            "module.firewall.module.service_sg.aws_security_group_rule.egress_with_cidr_blocks",
            "module.firewall.module.service_sg.aws_security_group_rule.egress_with_ipv6_cidr_blocks",
            "module.firewall.module.service_sg.aws_security_group_rule.egress_with_prefix_list_ids",
            "module.firewall.module.service_sg.aws_security_group_rule.egress_with_self",
            "module.firewall.module.service_sg.aws_security_group_rule.egress_with_source_security_group_id",
            "module.firewall.module.service_sg.aws_security_group_rule.ingress_rules",
            "module.firewall.module.service_sg.aws_security_group_rule.ingress_with_cidr_blocks",
            "module.firewall.module.service_sg.aws_security_group_rule.ingress_with_ipv6_cidr_blocks",
            "module.firewall.module.service_sg.aws_security_group_rule.ingress_with_prefix_list_ids",
            "module.firewall.module.service_sg.aws_security_group_rule.ingress_with_self",
            "module.firewall.module.service_sg.aws_security_group_rule.ingress_with_source_security_group_id",
            "module.scaling.aws_autoscaling_group.this",
            "module.scaling.aws_iam_instance_profile.ecs_profile",
            "module.scaling.aws_iam_role.role",
            "module.scaling.aws_iam_role_policy.attach_role_policy",
            "module.scaling.aws_iam_role_policy_attachment.ecs_node_role_policy",
            "module.scaling.aws_launch_template.this",
            "module.scaling.data.aws_ami.amazon_linux",
            "module.scaling.data.aws_iam_policy_document.assume_role",
            "module.scaling.data.aws_iam_policy_document.workloads",
            "module.vpc.aws_eip.nat",
            "module.vpc.aws_internet_gateway.gw",
            "module.vpc.aws_nat_gateway.nat",
            "module.vpc.aws_route_table.private",
            "module.vpc.aws_route_table.public",
            "module.vpc.aws_route_table_association.private",
            "module.vpc.aws_route_table_association.public",
            "module.vpc.aws_subnet.private",
            "module.vpc.aws_subnet.public",
            "module.vpc.aws_vpc.this"
          ]
        }
      ]
    },
    {
      "module": "module.ecs",
      "mode": "managed",
      "type": "aws_ecs_cluster_capacity_providers",
      "name": "main",
      "provider": "provider[\"registry.terraform.io/hashicorp/aws\"]",
      "instances": [
        {
          "schema_version": 0,
          "attributes": {
            "capacity_providers": [
              "walter-cluster-capacity-provider"
            ],
            "cluster_name": "walter-cluster",
            "default_capacity_provider_strategy": [
              {
                "base": 1,
                "capacity_provider": "walter-cluster-capacity-provider",
                "weight": 100
              }
            ],
            "id": "walter-cluster"
          },
          "sensitive_attributes": [],
          "private": "bnVsbA==",
          "dependencies": [
            "data.aws_availability_zones.available",
            "module.ecs.aws_cloudwatch_log_group.this",
            "module.ecs.aws_ecs_capacity_provider.main",
            "module.ecs.aws_ecs_cluster.main",
            "module.firewall.module.bastion_sg.aws_security_group.this",
            "module.firewall.module.bastion_sg.aws_security_group.this_name_prefix",
            "module.firewall.module.bastion_sg.aws_security_group_rule.computed_egress_rules",
            "module.firewall.module.bastion_sg.aws_security_group_rule.computed_egress_with_cidr_blocks",
            "module.firewall.module.bastion_sg.aws_security_group_rule.computed_egress_with_ipv6_cidr_blocks",
            "module.firewall.module.bastion_sg.aws_security_group_rule.computed_egress_with_prefix_list_ids",
            "module.firewall.module.bastion_sg.aws_security_group_rule.computed_egress_with_self",
            "module.firewall.module.bastion_sg.aws_security_group_rule.computed_egress_with_source_security_group_id",
            "module.firewall.module.bastion_sg.aws_security_group_rule.computed_ingress_rules",
            "module.firewall.module.bastion_sg.aws_security_group_rule.computed_ingress_with_cidr_blocks",
            "module.firewall.module.bastion_sg.aws_security_group_rule.computed_ingress_with_ipv6_cidr_blocks",
            "module.firewall.module.bastion_sg.aws_security_group_rule.computed_ingress_with_prefix_list_ids",
            "module.firewall.module.bastion_sg.aws_security_group_rule.computed_ingress_with_self",
            "module.firewall.module.bastion_sg.aws_security_group_rule.computed_ingress_with_source_security_group_id",
            "module.firewall.module.bastion_sg.aws_security_group_rule.egress_rules",
            "module.firewall.module.bastion_sg.aws_security_group_rule.egress_with_cidr_blocks",
            "module.firewall.module.bastion_sg.aws_security_group_rule.egress_with_ipv6_cidr_blocks",
            "module.firewall.module.bastion_sg.aws_security_group_rule.egress_with_prefix_list_ids",
            "module.firewall.module.bastion_sg.aws_security_group_rule.egress_with_self",
            "module.firewall.module.bastion_sg.aws_security_group_rule.egress_with_source_security_group_id",
            "module.firewall.module.bastion_sg.aws_security_group_rule.ingress_rules",
            "module.firewall.module.bastion_sg.aws_security_group_rule.ingress_with_cidr_blocks",
            "module.firewall.module.bastion_sg.aws_security_group_rule.ingress_with_ipv6_cidr_blocks",
            "module.firewall.module.bastion_sg.aws_security_group_rule.ingress_with_prefix_list_ids",
            "module.firewall.module.bastion_sg.aws_security_group_rule.ingress_with_self",
            "module.firewall.module.bastion_sg.aws_security_group_rule.ingress_with_source_security_group_id",
            "module.firewall.module.documentdb_sg.aws_security_group.this",
            "module.firewall.module.documentdb_sg.aws_security_group.this_name_prefix",
            "module.firewall.module.documentdb_sg.aws_security_group_rule.computed_egress_rules",
            "module.firewall.module.documentdb_sg.aws_security_group_rule.computed_egress_with_cidr_blocks",
            "module.firewall.module.documentdb_sg.aws_security_group_rule.computed_egress_with_ipv6_cidr_blocks",
            "module.firewall.module.documentdb_sg.aws_security_group_rule.computed_egress_with_prefix_list_ids",
            "module.firewall.module.documentdb_sg.aws_security_group_rule.computed_egress_with_self",
            "module.firewall.module.documentdb_sg.aws_security_group_rule.computed_egress_with_source_security_group_id",
            "module.firewall.module.documentdb_sg.aws_security_group_rule.computed_ingress_rules",
            "module.firewall.module.documentdb_sg.aws_security_group_rule.computed_ingress_with_cidr_blocks",
            "module.firewall.module.documentdb_sg.aws_security_group_rule.computed_ingress_with_ipv6_cidr_blocks",
            "module.firewall.module.documentdb_sg.aws_security_group_rule.computed_ingress_with_prefix_list_ids",
            "module.firewall.module.documentdb_sg.aws_security_group_rule.computed_ingress_with_self",
            "module.firewall.module.documentdb_sg.aws_security_group_rule.computed_ingress_with_source_security_group_id",
            "module.firewall.module.documentdb_sg.aws_security_group_rule.egress_rules",
            "module.firewall.module.documentdb_sg.aws_security_group_rule.egress_with_cidr_blocks",
            "module.firewall.module.documentdb_sg.aws_security_group_rule.egress_with_ipv6_cidr_blocks",
            "module.firewall.module.documentdb_sg.aws_security_group_rule.egress_with_prefix_list_ids",
            "module.firewall.module.documentdb_sg.aws_security_group_rule.egress_with_self",
            "module.firewall.module.documentdb_sg.aws_security_group_rule.egress_with_source_security_group_id",
            "module.firewall.module.documentdb_sg.aws_security_group_rule.ingress_rules",
            "module.firewall.module.documentdb_sg.aws_security_group_rule.ingress_with_cidr_blocks",
            "module.firewall.module.documentdb_sg.aws_security_group_rule.ingress_with_ipv6_cidr_blocks",
            "module.firewall.module.documentdb_sg.aws_security_group_rule.ingress_with_prefix_list_ids",
            "module.firewall.module.documentdb_sg.aws_security_group_rule.ingress_with_self",
            "module.firewall.module.documentdb_sg.aws_security_group_rule.ingress_with_source_security_group_id",
            "module.firewall.module.ecs_sg.aws_security_group.this",
            "module.firewall.module.ecs_sg.aws_security_group.this_name_prefix",
            "module.firewall.module.ecs_sg.aws_security_group_rule.computed_egress_rules",
            "module.firewall.module.ecs_sg.aws_security_group_rule.computed_egress_with_cidr_blocks",
            "module.firewall.module.ecs_sg.aws_security_group_rule.computed_egress_with_ipv6_cidr_blocks",
            "module.firewall.module.ecs_sg.aws_security_group_rule.computed_egress_with_prefix_list_ids",
            "module.firewall.module.ecs_sg.aws_security_group_rule.computed_egress_with_self",
            "module.firewall.module.ecs_sg.aws_security_group_rule.computed_egress_with_source_security_group_id",
            "module.firewall.module.ecs_sg.aws_security_group_rule.computed_ingress_rules",
            "module.firewall.module.ecs_sg.aws_security_group_rule.computed_ingress_with_cidr_blocks",
            "module.firewall.module.ecs_sg.aws_security_group_rule.computed_ingress_with_ipv6_cidr_blocks",
            "module.firewall.module.ecs_sg.aws_security_group_rule.computed_ingress_with_prefix_list_ids",
            "module.firewall.module.ecs_sg.aws_security_group_rule.computed_ingress_with_self",
            "module.firewall.module.ecs_sg.aws_security_group_rule.computed_ingress_with_source_security_group_id",
            "module.firewall.module.ecs_sg.aws_security_group_rule.egress_rules",
            "module.firewall.module.ecs_sg.aws_security_group_rule.egress_with_cidr_blocks",
            "module.firewall.module.ecs_sg.aws_security_group_rule.egress_with_ipv6_cidr_blocks",
            "module.firewall.module.ecs_sg.aws_security_group_rule.egress_with_prefix_list_ids",
            "module.firewall.module.ecs_sg.aws_security_group_rule.egress_with_self",
            "module.firewall.module.ecs_sg.aws_security_group_rule.egress_with_source_security_group_id",
            "module.firewall.module.ecs_sg.aws_security_group_rule.ingress_rules",
            "module.firewall.module.ecs_sg.aws_security_group_rule.ingress_with_cidr_blocks",
            "module.firewall.module.ecs_sg.aws_security_group_rule.ingress_with_ipv6_cidr_blocks",
            "module.firewall.module.ecs_sg.aws_security_group_rule.ingress_with_prefix_list_ids",
            "module.firewall.module.ecs_sg.aws_security_group_rule.ingress_with_self",
            "module.firewall.module.ecs_sg.aws_security_group_rule.ingress_with_source_security_group_id",
            "module.firewall.module.load_balancer_sg.aws_security_group.this",
            "module.firewall.module.load_balancer_sg.aws_security_group.this_name_prefix",
            "module.firewall.module.load_balancer_sg.aws_security_group_rule.computed_egress_rules",
            "module.firewall.module.load_balancer_sg.aws_security_group_rule.computed_egress_with_cidr_blocks",
            "module.firewall.module.load_balancer_sg.aws_security_group_rule.computed_egress_with_ipv6_cidr_blocks",
            "module.firewall.module.load_balancer_sg.aws_security_group_rule.computed_egress_with_prefix_list_ids",
            "module.firewall.module.load_balancer_sg.aws_security_group_rule.computed_egress_with_self",
            "module.firewall.module.load_balancer_sg.aws_security_group_rule.computed_egress_with_source_security_group_id",
            "module.firewall.module.load_balancer_sg.aws_security_group_rule.computed_ingress_rules",
            "module.firewall.module.load_balancer_sg.aws_security_group_rule.computed_ingress_with_cidr_blocks",
            "module.firewall.module.load_balancer_sg.aws_security_group_rule.computed_ingress_with_ipv6_cidr_blocks",
            "module.firewall.module.load_balancer_sg.aws_security_group_rule.computed_ingress_with_prefix_list_ids",
            "module.firewall.module.load_balancer_sg.aws_security_group_rule.computed_ingress_with_self",
            "module.firewall.module.load_balancer_sg.aws_security_group_rule.computed_ingress_with_source_security_group_id",
            "module.firewall.module.load_balancer_sg.aws_security_group_rule.egress_rules",
            "module.firewall.module.load_balancer_sg.aws_security_group_rule.egress_with_cidr_blocks",
            "module.firewall.module.load_balancer_sg.aws_security_group_rule.egress_with_ipv6_cidr_blocks",
            "module.firewall.module.load_balancer_sg.aws_security_group_rule.egress_with_prefix_list_ids",
            "module.firewall.module.load_balancer_sg.aws_security_group_rule.egress_with_self",
            "module.firewall.module.load_balancer_sg.aws_security_group_rule.egress_with_source_security_group_id",
            "module.firewall.module.load_balancer_sg.aws_security_group_rule.ingress_rules",
            "module.firewall.module.load_balancer_sg.aws_security_group_rule.ingress_with_cidr_blocks",
            "module.firewall.module.load_balancer_sg.aws_security_group_rule.ingress_with_ipv6_cidr_blocks",
            "module.firewall.module.load_balancer_sg.aws_security_group_rule.ingress_with_prefix_list_ids",
            "module.firewall.module.load_balancer_sg.aws_security_group_rule.ingress_with_self",
            "module.firewall.module.load_balancer_sg.aws_security_group_rule.ingress_with_source_security_group_id",
            "module.firewall.module.service_sg.aws_security_group.this",
            "module.firewall.module.service_sg.aws_security_group.this_name_prefix",
            "module.firewall.module.service_sg.aws_security_group_rule.computed_egress_rules",
            "module.firewall.module.service_sg.aws_security_group_rule.computed_egress_with_cidr_blocks",
            "module.firewall.module.service_sg.aws_security_group_rule.computed_egress_with_ipv6_cidr_blocks",
            "module.firewall.module.service_sg.aws_security_group_rule.computed_egress_with_prefix_list_ids",
            "module.firewall.module.service_sg.aws_security_group_rule.computed_egress_with_self",
            "module.firewall.module.service_sg.aws_security_group_rule.computed_egress_with_source_security_group_id",
            "module.firewall.module.service_sg.aws_security_group_rule.computed_ingress_rules",
            "module.firewall.module.service_sg.aws_security_group_rule.computed_ingress_with_cidr_blocks",
            "module.firewall.module.service_sg.aws_security_group_rule.computed_ingress_with_ipv6_cidr_blocks",
            "module.firewall.module.service_sg.aws_security_group_rule.computed_ingress_with_prefix_list_ids",
            "module.firewall.module.service_sg.aws_security_group_rule.computed_ingress_with_self",
            "module.firewall.module.service_sg.aws_security_group_rule.computed_ingress_with_source_security_group_id",
            "module.firewall.module.service_sg.aws_security_group_rule.egress_rules",
            "module.firewall.module.service_sg.aws_security_group_rule.egress_with_cidr_blocks",
            "module.firewall.module.service_sg.aws_security_group_rule.egress_with_ipv6_cidr_blocks",
            "module.firewall.module.service_sg.aws_security_group_rule.egress_with_prefix_list_ids",
            "module.firewall.module.service_sg.aws_security_group_rule.egress_with_self",
            "module.firewall.module.service_sg.aws_security_group_rule.egress_with_source_security_group_id",
            "module.firewall.module.service_sg.aws_security_group_rule.ingress_rules",
            "module.firewall.module.service_sg.aws_security_group_rule.ingress_with_cidr_blocks",
            "module.firewall.module.service_sg.aws_security_group_rule.ingress_with_ipv6_cidr_blocks",
            "module.firewall.module.service_sg.aws_security_group_rule.ingress_with_prefix_list_ids",
            "module.firewall.module.service_sg.aws_security_group_rule.ingress_with_self",
            "module.firewall.module.service_sg.aws_security_group_rule.ingress_with_source_security_group_id",
            "module.scaling.aws_autoscaling_group.this",
            "module.scaling.aws_iam_instance_profile.ecs_profile",
            "module.scaling.aws_iam_role.role",
            "module.scaling.aws_iam_role_policy.attach_role_policy",
            "module.scaling.aws_iam_role_policy_attachment.ecs_node_role_policy",
            "module.scaling.aws_launch_template.this",
            "module.scaling.data.aws_ami.amazon_linux",
            "module.scaling.data.aws_iam_policy_document.assume_role",
            "module.scaling.data.aws_iam_policy_document.workloads",
            "module.vpc.aws_eip.nat",
            "module.vpc.aws_internet_gateway.gw",
            "module.vpc.aws_nat_gateway.nat",
            "module.vpc.aws_route_table.private",
            "module.vpc.aws_route_table.public",
            "module.vpc.aws_route_table_association.private",
            "module.vpc.aws_route_table_association.public",
            "module.vpc.aws_subnet.private",
            "module.vpc.aws_subnet.public",
            "module.vpc.aws_vpc.this"
          ]
        }
      ]
    },
    {
      "module": "module.ecs",
      "mode": "managed",
      "type": "aws_ecs_service",
      "name": "services",
      "provider": "provider[\"registry.terraform.io/hashicorp/aws\"]",
      "instances": [
        {
          "index_key": "walter-app",
          "schema_version": 0,
          "attributes": {
            "alarms": [],
            "capacity_provider_strategy": [],
            "cluster": "arn:aws:ecs:us-east-1:654654523718:cluster/walter-cluster",
            "deployment_circuit_breaker": [
              {
                "enable": false,
                "rollback": false
              }
            ],
            "deployment_controller": [
              {
                "type": "ECS"
              }
            ],
            "deployment_maximum_percent": 100,
            "deployment_minimum_healthy_percent": 50,
            "desired_count": 2,
            "enable_ecs_managed_tags": false,
            "enable_execute_command": false,
            "force_new_deployment": null,
            "health_check_grace_period_seconds": 300,
            "iam_role": "/aws-service-role/ecs.amazonaws.com/AWSServiceRoleForECS",
            "id": "arn:aws:ecs:us-east-1:654654523718:service/walter-cluster/walter-app-service",
            "launch_type": "EC2",
            "load_balancer": [
              {
                "container_name": "walter-app",
                "container_port": 3001,
                "elb_name": "",
                "target_group_arn": "arn:aws:elasticloadbalancing:us-east-1:654654523718:targetgroup/prod-walterwrites-backend-tg/d74578d330009d8e"
              },
              {
                "container_name": "walter-app",
                "container_port": 3001,
                "elb_name": "",
                "target_group_arn": "arn:aws:elasticloadbalancing:us-east-1:654654523718:targetgroup/prod-walterwrites-frontend-tg/e2c43d19d788f763"
              },
              {
                "container_name": "walter-app",
                "container_port": 3001,
                "elb_name": "",
                "target_group_arn": "arn:aws:elasticloadbalancing:us-east-1:654654523718:targetgroup/prod-walterwrites-humanizer-tg/e31dbc6ff45942b6"
              },
              {
                "container_name": "walter-app",
                "container_port": 3001,
                "elb_name": "",
                "target_group_arn": "arn:aws:elasticloadbalancing:us-east-1:654654523718:targetgroup/prod-walterwrites-walter-app-tg/9c20d5f462a4cd3d"
              }
            ],
            "name": "walter-app-service",
            "network_configuration": [],
            "ordered_placement_strategy": [
              {
                "field": "instanceId",
                "type": "spread"
              }
            ],
            "placement_constraints": [],
            "platform_version": "",
            "propagate_tags": "NONE",
            "scheduling_strategy": "REPLICA",
            "service_connect_configuration": [],
            "service_registries": [],
            "tags": {},
            "tags_all": {},
            "task_definition": "arn:aws:ecs:us-east-1:654654523718:task-definition/walter-walter-app:7",
            "timeouts": null,
            "triggers": {},
            "wait_for_steady_state": false
          },
          "sensitive_attributes": [],
          "private": "eyJlMmJmYjczMC1lY2FhLTExZTYtOGY4OC0zNDM2M2JjN2M0YzAiOnsiY3JlYXRlIjoxMjAwMDAwMDAwMDAwLCJkZWxldGUiOjEyMDAwMDAwMDAwMDAsInVwZGF0ZSI6MTIwMDAwMDAwMDAwMH19",
          "dependencies": [
            "data.aws_availability_zones.available",
            "module.ecr.aws_ecr_repository.this",
            "module.ecs.aws_cloudwatch_log_group.this",
            "module.ecs.aws_ecs_cluster.main",
            "module.ecs.aws_ecs_task_definition.services",
            "module.ecs.aws_iam_role.task_exec",
            "module.ecs.data.aws_region.current",
            "module.firewall.module.bastion_sg.aws_security_group.this",
            "module.firewall.module.bastion_sg.aws_security_group.this_name_prefix",
            "module.firewall.module.bastion_sg.aws_security_group_rule.computed_egress_rules",
            "module.firewall.module.bastion_sg.aws_security_group_rule.computed_egress_with_cidr_blocks",
            "module.firewall.module.bastion_sg.aws_security_group_rule.computed_egress_with_ipv6_cidr_blocks",
            "module.firewall.module.bastion_sg.aws_security_group_rule.computed_egress_with_prefix_list_ids",
            "module.firewall.module.bastion_sg.aws_security_group_rule.computed_egress_with_self",
            "module.firewall.module.bastion_sg.aws_security_group_rule.computed_egress_with_source_security_group_id",
            "module.firewall.module.bastion_sg.aws_security_group_rule.computed_ingress_rules",
            "module.firewall.module.bastion_sg.aws_security_group_rule.computed_ingress_with_cidr_blocks",
            "module.firewall.module.bastion_sg.aws_security_group_rule.computed_ingress_with_ipv6_cidr_blocks",
            "module.firewall.module.bastion_sg.aws_security_group_rule.computed_ingress_with_prefix_list_ids",
            "module.firewall.module.bastion_sg.aws_security_group_rule.computed_ingress_with_self",
            "module.firewall.module.bastion_sg.aws_security_group_rule.computed_ingress_with_source_security_group_id",
            "module.firewall.module.bastion_sg.aws_security_group_rule.egress_rules",
            "module.firewall.module.bastion_sg.aws_security_group_rule.egress_with_cidr_blocks",
            "module.firewall.module.bastion_sg.aws_security_group_rule.egress_with_ipv6_cidr_blocks",
            "module.firewall.module.bastion_sg.aws_security_group_rule.egress_with_prefix_list_ids",
            "module.firewall.module.bastion_sg.aws_security_group_rule.egress_with_self",
            "module.firewall.module.bastion_sg.aws_security_group_rule.egress_with_source_security_group_id",
            "module.firewall.module.bastion_sg.aws_security_group_rule.ingress_rules",
            "module.firewall.module.bastion_sg.aws_security_group_rule.ingress_with_cidr_blocks",
            "module.firewall.module.bastion_sg.aws_security_group_rule.ingress_with_ipv6_cidr_blocks",
            "module.firewall.module.bastion_sg.aws_security_group_rule.ingress_with_prefix_list_ids",
            "module.firewall.module.bastion_sg.aws_security_group_rule.ingress_with_self",
            "module.firewall.module.bastion_sg.aws_security_group_rule.ingress_with_source_security_group_id",
            "module.firewall.module.documentdb_sg.aws_security_group.this",
            "module.firewall.module.documentdb_sg.aws_security_group.this_name_prefix",
            "module.firewall.module.documentdb_sg.aws_security_group_rule.computed_egress_rules",
            "module.firewall.module.documentdb_sg.aws_security_group_rule.computed_egress_with_cidr_blocks",
            "module.firewall.module.documentdb_sg.aws_security_group_rule.computed_egress_with_ipv6_cidr_blocks",
            "module.firewall.module.documentdb_sg.aws_security_group_rule.computed_egress_with_prefix_list_ids",
            "module.firewall.module.documentdb_sg.aws_security_group_rule.computed_egress_with_self",
            "module.firewall.module.documentdb_sg.aws_security_group_rule.computed_egress_with_source_security_group_id",
            "module.firewall.module.documentdb_sg.aws_security_group_rule.computed_ingress_rules",
            "module.firewall.module.documentdb_sg.aws_security_group_rule.computed_ingress_with_cidr_blocks",
            "module.firewall.module.documentdb_sg.aws_security_group_rule.computed_ingress_with_ipv6_cidr_blocks",
            "module.firewall.module.documentdb_sg.aws_security_group_rule.computed_ingress_with_prefix_list_ids",
            "module.firewall.module.documentdb_sg.aws_security_group_rule.computed_ingress_with_self",
            "module.firewall.module.documentdb_sg.aws_security_group_rule.computed_ingress_with_source_security_group_id",
            "module.firewall.module.documentdb_sg.aws_security_group_rule.egress_rules",
            "module.firewall.module.documentdb_sg.aws_security_group_rule.egress_with_cidr_blocks",
            "module.firewall.module.documentdb_sg.aws_security_group_rule.egress_with_ipv6_cidr_blocks",
            "module.firewall.module.documentdb_sg.aws_security_group_rule.egress_with_prefix_list_ids",
            "module.firewall.module.documentdb_sg.aws_security_group_rule.egress_with_self",
            "module.firewall.module.documentdb_sg.aws_security_group_rule.egress_with_source_security_group_id",
            "module.firewall.module.documentdb_sg.aws_security_group_rule.ingress_rules",
            "module.firewall.module.documentdb_sg.aws_security_group_rule.ingress_with_cidr_blocks",
            "module.firewall.module.documentdb_sg.aws_security_group_rule.ingress_with_ipv6_cidr_blocks",
            "module.firewall.module.documentdb_sg.aws_security_group_rule.ingress_with_prefix_list_ids",
            "module.firewall.module.documentdb_sg.aws_security_group_rule.ingress_with_self",
            "module.firewall.module.documentdb_sg.aws_security_group_rule.ingress_with_source_security_group_id",
            "module.firewall.module.ecs_sg.aws_security_group.this",
            "module.firewall.module.ecs_sg.aws_security_group.this_name_prefix",
            "module.firewall.module.ecs_sg.aws_security_group_rule.computed_egress_rules",
            "module.firewall.module.ecs_sg.aws_security_group_rule.computed_egress_with_cidr_blocks",
            "module.firewall.module.ecs_sg.aws_security_group_rule.computed_egress_with_ipv6_cidr_blocks",
            "module.firewall.module.ecs_sg.aws_security_group_rule.computed_egress_with_prefix_list_ids",
            "module.firewall.module.ecs_sg.aws_security_group_rule.computed_egress_with_self",
            "module.firewall.module.ecs_sg.aws_security_group_rule.computed_egress_with_source_security_group_id",
            "module.firewall.module.ecs_sg.aws_security_group_rule.computed_ingress_rules",
            "module.firewall.module.ecs_sg.aws_security_group_rule.computed_ingress_with_cidr_blocks",
            "module.firewall.module.ecs_sg.aws_security_group_rule.computed_ingress_with_ipv6_cidr_blocks",
            "module.firewall.module.ecs_sg.aws_security_group_rule.computed_ingress_with_prefix_list_ids",
            "module.firewall.module.ecs_sg.aws_security_group_rule.computed_ingress_with_self",
            "module.firewall.module.ecs_sg.aws_security_group_rule.computed_ingress_with_source_security_group_id",
            "module.firewall.module.ecs_sg.aws_security_group_rule.egress_rules",
            "module.firewall.module.ecs_sg.aws_security_group_rule.egress_with_cidr_blocks",
            "module.firewall.module.ecs_sg.aws_security_group_rule.egress_with_ipv6_cidr_blocks",
            "module.firewall.module.ecs_sg.aws_security_group_rule.egress_with_prefix_list_ids",
            "module.firewall.module.ecs_sg.aws_security_group_rule.egress_with_self",
            "module.firewall.module.ecs_sg.aws_security_group_rule.egress_with_source_security_group_id",
            "module.firewall.module.ecs_sg.aws_security_group_rule.ingress_rules",
            "module.firewall.module.ecs_sg.aws_security_group_rule.ingress_with_cidr_blocks",
            "module.firewall.module.ecs_sg.aws_security_group_rule.ingress_with_ipv6_cidr_blocks",
            "module.firewall.module.ecs_sg.aws_security_group_rule.ingress_with_prefix_list_ids",
            "module.firewall.module.ecs_sg.aws_security_group_rule.ingress_with_self",
            "module.firewall.module.ecs_sg.aws_security_group_rule.ingress_with_source_security_group_id",
            "module.firewall.module.load_balancer_sg.aws_security_group.this",
            "module.firewall.module.load_balancer_sg.aws_security_group.this_name_prefix",
            "module.firewall.module.load_balancer_sg.aws_security_group_rule.computed_egress_rules",
            "module.firewall.module.load_balancer_sg.aws_security_group_rule.computed_egress_with_cidr_blocks",
            "module.firewall.module.load_balancer_sg.aws_security_group_rule.computed_egress_with_ipv6_cidr_blocks",
            "module.firewall.module.load_balancer_sg.aws_security_group_rule.computed_egress_with_prefix_list_ids",
            "module.firewall.module.load_balancer_sg.aws_security_group_rule.computed_egress_with_self",
            "module.firewall.module.load_balancer_sg.aws_security_group_rule.computed_egress_with_source_security_group_id",
            "module.firewall.module.load_balancer_sg.aws_security_group_rule.computed_ingress_rules",
            "module.firewall.module.load_balancer_sg.aws_security_group_rule.computed_ingress_with_cidr_blocks",
            "module.firewall.module.load_balancer_sg.aws_security_group_rule.computed_ingress_with_ipv6_cidr_blocks",
            "module.firewall.module.load_balancer_sg.aws_security_group_rule.computed_ingress_with_prefix_list_ids",
            "module.firewall.module.load_balancer_sg.aws_security_group_rule.computed_ingress_with_self",
            "module.firewall.module.load_balancer_sg.aws_security_group_rule.computed_ingress_with_source_security_group_id",
            "module.firewall.module.load_balancer_sg.aws_security_group_rule.egress_rules",
            "module.firewall.module.load_balancer_sg.aws_security_group_rule.egress_with_cidr_blocks",
            "module.firewall.module.load_balancer_sg.aws_security_group_rule.egress_with_ipv6_cidr_blocks",
            "module.firewall.module.load_balancer_sg.aws_security_group_rule.egress_with_prefix_list_ids",
            "module.firewall.module.load_balancer_sg.aws_security_group_rule.egress_with_self",
            "module.firewall.module.load_balancer_sg.aws_security_group_rule.egress_with_source_security_group_id",
            "module.firewall.module.load_balancer_sg.aws_security_group_rule.ingress_rules",
            "module.firewall.module.load_balancer_sg.aws_security_group_rule.ingress_with_cidr_blocks",
            "module.firewall.module.load_balancer_sg.aws_security_group_rule.ingress_with_ipv6_cidr_blocks",
            "module.firewall.module.load_balancer_sg.aws_security_group_rule.ingress_with_prefix_list_ids",
            "module.firewall.module.load_balancer_sg.aws_security_group_rule.ingress_with_self",
            "module.firewall.module.load_balancer_sg.aws_security_group_rule.ingress_with_source_security_group_id",
            "module.firewall.module.service_sg.aws_security_group.this",
            "module.firewall.module.service_sg.aws_security_group.this_name_prefix",
            "module.firewall.module.service_sg.aws_security_group_rule.computed_egress_rules",
            "module.firewall.module.service_sg.aws_security_group_rule.computed_egress_with_cidr_blocks",
            "module.firewall.module.service_sg.aws_security_group_rule.computed_egress_with_ipv6_cidr_blocks",
            "module.firewall.module.service_sg.aws_security_group_rule.computed_egress_with_prefix_list_ids",
            "module.firewall.module.service_sg.aws_security_group_rule.computed_egress_with_self",
            "module.firewall.module.service_sg.aws_security_group_rule.computed_egress_with_source_security_group_id",
            "module.firewall.module.service_sg.aws_security_group_rule.computed_ingress_rules",
            "module.firewall.module.service_sg.aws_security_group_rule.computed_ingress_with_cidr_blocks",
            "module.firewall.module.service_sg.aws_security_group_rule.computed_ingress_with_ipv6_cidr_blocks",
            "module.firewall.module.service_sg.aws_security_group_rule.computed_ingress_with_prefix_list_ids",
            "module.firewall.module.service_sg.aws_security_group_rule.computed_ingress_with_self",
            "module.firewall.module.service_sg.aws_security_group_rule.computed_ingress_with_source_security_group_id",
            "module.firewall.module.service_sg.aws_security_group_rule.egress_rules",
            "module.firewall.module.service_sg.aws_security_group_rule.egress_with_cidr_blocks",
            "module.firewall.module.service_sg.aws_security_group_rule.egress_with_ipv6_cidr_blocks",
            "module.firewall.module.service_sg.aws_security_group_rule.egress_with_prefix_list_ids",
            "module.firewall.module.service_sg.aws_security_group_rule.egress_with_self",
            "module.firewall.module.service_sg.aws_security_group_rule.egress_with_source_security_group_id",
            "module.firewall.module.service_sg.aws_security_group_rule.ingress_rules",
            "module.firewall.module.service_sg.aws_security_group_rule.ingress_with_cidr_blocks",
            "module.firewall.module.service_sg.aws_security_group_rule.ingress_with_ipv6_cidr_blocks",
            "module.firewall.module.service_sg.aws_security_group_rule.ingress_with_prefix_list_ids",
            "module.firewall.module.service_sg.aws_security_group_rule.ingress_with_self",
            "module.firewall.module.service_sg.aws_security_group_rule.ingress_with_source_security_group_id",
            "module.load_balancer.aws_lb_target_group.backend",
            "module.load_balancer.aws_lb_target_group.frontend",
            "module.load_balancer.aws_lb_target_group.walter_app",
            "module.load_balancer.aws_lb_target_group.wds_humanizer",
            "module.scaling.aws_autoscaling_group.this",
            "module.scaling.aws_iam_instance_profile.ecs_profile",
            "module.scaling.aws_iam_role.role",
            "module.scaling.aws_iam_role_policy.attach_role_policy",
            "module.scaling.aws_iam_role_policy_attachment.ecs_node_role_policy",
            "module.scaling.aws_launch_template.this",
            "module.scaling.data.aws_ami.amazon_linux",
            "module.scaling.data.aws_iam_policy_document.assume_role",
            "module.scaling.data.aws_iam_policy_document.workloads",
            "module.vpc.aws_eip.nat",
            "module.vpc.aws_internet_gateway.gw",
            "module.vpc.aws_nat_gateway.nat",
            "module.vpc.aws_route_table.private",
            "module.vpc.aws_route_table.public",
            "module.vpc.aws_route_table_association.private",
            "module.vpc.aws_route_table_association.public",
            "module.vpc.aws_subnet.private",
            "module.vpc.aws_subnet.public",
            "module.vpc.aws_vpc.this"
          ]
        },
        {
          "index_key": "walter-backend",
          "schema_version": 0,
          "attributes": {
            "alarms": [],
            "capacity_provider_strategy": [],
            "cluster": "arn:aws:ecs:us-east-1:654654523718:cluster/walter-cluster",
            "deployment_circuit_breaker": [
              {
                "enable": false,
                "rollback": false
              }
            ],
            "deployment_controller": [
              {
                "type": "ECS"
              }
            ],
            "deployment_maximum_percent": 100,
            "deployment_minimum_healthy_percent": 50,
            "desired_count": 6,
            "enable_ecs_managed_tags": false,
            "enable_execute_command": false,
            "force_new_deployment": null,
            "health_check_grace_period_seconds": 300,
            "iam_role": "/aws-service-role/ecs.amazonaws.com/AWSServiceRoleForECS",
            "id": "arn:aws:ecs:us-east-1:654654523718:service/walter-cluster/walter-backend-service",
            "launch_type": "EC2",
            "load_balancer": [
              {
                "container_name": "walter-backend",
                "container_port": 8000,
                "elb_name": "",
                "target_group_arn": "arn:aws:elasticloadbalancing:us-east-1:654654523718:targetgroup/prod-walterwrites-backend-tg/d74578d330009d8e"
              },
              {
                "container_name": "walter-backend",
                "container_port": 8000,
                "elb_name": "",
                "target_group_arn": "arn:aws:elasticloadbalancing:us-east-1:654654523718:targetgroup/prod-walterwrites-frontend-tg/e2c43d19d788f763"
              },
              {
                "container_name": "walter-backend",
                "container_port": 8000,
                "elb_name": "",
                "target_group_arn": "arn:aws:elasticloadbalancing:us-east-1:654654523718:targetgroup/prod-walterwrites-humanizer-tg/e31dbc6ff45942b6"
              },
              {
                "container_name": "walter-backend",
                "container_port": 8000,
                "elb_name": "",
                "target_group_arn": "arn:aws:elasticloadbalancing:us-east-1:654654523718:targetgroup/prod-walterwrites-walter-app-tg/9c20d5f462a4cd3d"
              }
            ],
            "name": "walter-backend-service",
            "network_configuration": [],
            "ordered_placement_strategy": [
              {
                "field": "instanceId",
                "type": "spread"
              }
            ],
            "placement_constraints": [],
            "platform_version": "",
            "propagate_tags": "NONE",
            "scheduling_strategy": "REPLICA",
            "service_connect_configuration": [],
            "service_registries": [],
            "tags": {},
            "tags_all": {},
            "task_definition": "arn:aws:ecs:us-east-1:654654523718:task-definition/walter-walter-backend:12",
            "timeouts": null,
            "triggers": {},
            "wait_for_steady_state": false
          },
          "sensitive_attributes": [],
          "private": "eyJlMmJmYjczMC1lY2FhLTExZTYtOGY4OC0zNDM2M2JjN2M0YzAiOnsiY3JlYXRlIjoxMjAwMDAwMDAwMDAwLCJkZWxldGUiOjEyMDAwMDAwMDAwMDAsInVwZGF0ZSI6MTIwMDAwMDAwMDAwMH19",
          "dependencies": [
            "data.aws_availability_zones.available",
            "module.ecr.aws_ecr_repository.this",
            "module.ecs.aws_cloudwatch_log_group.this",
            "module.ecs.aws_ecs_cluster.main",
            "module.ecs.aws_ecs_task_definition.services",
            "module.ecs.aws_iam_role.task_exec",
            "module.ecs.data.aws_region.current",
            "module.firewall.module.bastion_sg.aws_security_group.this",
            "module.firewall.module.bastion_sg.aws_security_group.this_name_prefix",
            "module.firewall.module.bastion_sg.aws_security_group_rule.computed_egress_rules",
            "module.firewall.module.bastion_sg.aws_security_group_rule.computed_egress_with_cidr_blocks",
            "module.firewall.module.bastion_sg.aws_security_group_rule.computed_egress_with_ipv6_cidr_blocks",
            "module.firewall.module.bastion_sg.aws_security_group_rule.computed_egress_with_prefix_list_ids",
            "module.firewall.module.bastion_sg.aws_security_group_rule.computed_egress_with_self",
            "module.firewall.module.bastion_sg.aws_security_group_rule.computed_egress_with_source_security_group_id",
            "module.firewall.module.bastion_sg.aws_security_group_rule.computed_ingress_rules",
            "module.firewall.module.bastion_sg.aws_security_group_rule.computed_ingress_with_cidr_blocks",
            "module.firewall.module.bastion_sg.aws_security_group_rule.computed_ingress_with_ipv6_cidr_blocks",
            "module.firewall.module.bastion_sg.aws_security_group_rule.computed_ingress_with_prefix_list_ids",
            "module.firewall.module.bastion_sg.aws_security_group_rule.computed_ingress_with_self",
            "module.firewall.module.bastion_sg.aws_security_group_rule.computed_ingress_with_source_security_group_id",
            "module.firewall.module.bastion_sg.aws_security_group_rule.egress_rules",
            "module.firewall.module.bastion_sg.aws_security_group_rule.egress_with_cidr_blocks",
            "module.firewall.module.bastion_sg.aws_security_group_rule.egress_with_ipv6_cidr_blocks",
            "module.firewall.module.bastion_sg.aws_security_group_rule.egress_with_prefix_list_ids",
            "module.firewall.module.bastion_sg.aws_security_group_rule.egress_with_self",
            "module.firewall.module.bastion_sg.aws_security_group_rule.egress_with_source_security_group_id",
            "module.firewall.module.bastion_sg.aws_security_group_rule.ingress_rules",
            "module.firewall.module.bastion_sg.aws_security_group_rule.ingress_with_cidr_blocks",
            "module.firewall.module.bastion_sg.aws_security_group_rule.ingress_with_ipv6_cidr_blocks",
            "module.firewall.module.bastion_sg.aws_security_group_rule.ingress_with_prefix_list_ids",
            "module.firewall.module.bastion_sg.aws_security_group_rule.ingress_with_self",
            "module.firewall.module.bastion_sg.aws_security_group_rule.ingress_with_source_security_group_id",
            "module.firewall.module.documentdb_sg.aws_security_group.this",
            "module.firewall.module.documentdb_sg.aws_security_group.this_name_prefix",
            "module.firewall.module.documentdb_sg.aws_security_group_rule.computed_egress_rules",
            "module.firewall.module.documentdb_sg.aws_security_group_rule.computed_egress_with_cidr_blocks",
            "module.firewall.module.documentdb_sg.aws_security_group_rule.computed_egress_with_ipv6_cidr_blocks",
            "module.firewall.module.documentdb_sg.aws_security_group_rule.computed_egress_with_prefix_list_ids",
            "module.firewall.module.documentdb_sg.aws_security_group_rule.computed_egress_with_self",
            "module.firewall.module.documentdb_sg.aws_security_group_rule.computed_egress_with_source_security_group_id",
            "module.firewall.module.documentdb_sg.aws_security_group_rule.computed_ingress_rules",
            "module.firewall.module.documentdb_sg.aws_security_group_rule.computed_ingress_with_cidr_blocks",
            "module.firewall.module.documentdb_sg.aws_security_group_rule.computed_ingress_with_ipv6_cidr_blocks",
            "module.firewall.module.documentdb_sg.aws_security_group_rule.computed_ingress_with_prefix_list_ids",
            "module.firewall.module.documentdb_sg.aws_security_group_rule.computed_ingress_with_self",
            "module.firewall.module.documentdb_sg.aws_security_group_rule.computed_ingress_with_source_security_group_id",
            "module.firewall.module.documentdb_sg.aws_security_group_rule.egress_rules",
            "module.firewall.module.documentdb_sg.aws_security_group_rule.egress_with_cidr_blocks",
            "module.firewall.module.documentdb_sg.aws_security_group_rule.egress_with_ipv6_cidr_blocks",
            "module.firewall.module.documentdb_sg.aws_security_group_rule.egress_with_prefix_list_ids",
            "module.firewall.module.documentdb_sg.aws_security_group_rule.egress_with_self",
            "module.firewall.module.documentdb_sg.aws_security_group_rule.egress_with_source_security_group_id",
            "module.firewall.module.documentdb_sg.aws_security_group_rule.ingress_rules",
            "module.firewall.module.documentdb_sg.aws_security_group_rule.ingress_with_cidr_blocks",
            "module.firewall.module.documentdb_sg.aws_security_group_rule.ingress_with_ipv6_cidr_blocks",
            "module.firewall.module.documentdb_sg.aws_security_group_rule.ingress_with_prefix_list_ids",
            "module.firewall.module.documentdb_sg.aws_security_group_rule.ingress_with_self",
            "module.firewall.module.documentdb_sg.aws_security_group_rule.ingress_with_source_security_group_id",
            "module.firewall.module.ecs_sg.aws_security_group.this",
            "module.firewall.module.ecs_sg.aws_security_group.this_name_prefix",
            "module.firewall.module.ecs_sg.aws_security_group_rule.computed_egress_rules",
            "module.firewall.module.ecs_sg.aws_security_group_rule.computed_egress_with_cidr_blocks",
            "module.firewall.module.ecs_sg.aws_security_group_rule.computed_egress_with_ipv6_cidr_blocks",
            "module.firewall.module.ecs_sg.aws_security_group_rule.computed_egress_with_prefix_list_ids",
            "module.firewall.module.ecs_sg.aws_security_group_rule.computed_egress_with_self",
            "module.firewall.module.ecs_sg.aws_security_group_rule.computed_egress_with_source_security_group_id",
            "module.firewall.module.ecs_sg.aws_security_group_rule.computed_ingress_rules",
            "module.firewall.module.ecs_sg.aws_security_group_rule.computed_ingress_with_cidr_blocks",
            "module.firewall.module.ecs_sg.aws_security_group_rule.computed_ingress_with_ipv6_cidr_blocks",
            "module.firewall.module.ecs_sg.aws_security_group_rule.computed_ingress_with_prefix_list_ids",
            "module.firewall.module.ecs_sg.aws_security_group_rule.computed_ingress_with_self",
            "module.firewall.module.ecs_sg.aws_security_group_rule.computed_ingress_with_source_security_group_id",
            "module.firewall.module.ecs_sg.aws_security_group_rule.egress_rules",
            "module.firewall.module.ecs_sg.aws_security_group_rule.egress_with_cidr_blocks",
            "module.firewall.module.ecs_sg.aws_security_group_rule.egress_with_ipv6_cidr_blocks",
            "module.firewall.module.ecs_sg.aws_security_group_rule.egress_with_prefix_list_ids",
            "module.firewall.module.ecs_sg.aws_security_group_rule.egress_with_self",
            "module.firewall.module.ecs_sg.aws_security_group_rule.egress_with_source_security_group_id",
            "module.firewall.module.ecs_sg.aws_security_group_rule.ingress_rules",
            "module.firewall.module.ecs_sg.aws_security_group_rule.ingress_with_cidr_blocks",
            "module.firewall.module.ecs_sg.aws_security_group_rule.ingress_with_ipv6_cidr_blocks",
            "module.firewall.module.ecs_sg.aws_security_group_rule.ingress_with_prefix_list_ids",
            "module.firewall.module.ecs_sg.aws_security_group_rule.ingress_with_self",
            "module.firewall.module.ecs_sg.aws_security_group_rule.ingress_with_source_security_group_id",
            "module.firewall.module.load_balancer_sg.aws_security_group.this",
            "module.firewall.module.load_balancer_sg.aws_security_group.this_name_prefix",
            "module.firewall.module.load_balancer_sg.aws_security_group_rule.computed_egress_rules",
            "module.firewall.module.load_balancer_sg.aws_security_group_rule.computed_egress_with_cidr_blocks",
            "module.firewall.module.load_balancer_sg.aws_security_group_rule.computed_egress_with_ipv6_cidr_blocks",
            "module.firewall.module.load_balancer_sg.aws_security_group_rule.computed_egress_with_prefix_list_ids",
            "module.firewall.module.load_balancer_sg.aws_security_group_rule.computed_egress_with_self",
            "module.firewall.module.load_balancer_sg.aws_security_group_rule.computed_egress_with_source_security_group_id",
            "module.firewall.module.load_balancer_sg.aws_security_group_rule.computed_ingress_rules",
            "module.firewall.module.load_balancer_sg.aws_security_group_rule.computed_ingress_with_cidr_blocks",
            "module.firewall.module.load_balancer_sg.aws_security_group_rule.computed_ingress_with_ipv6_cidr_blocks",
            "module.firewall.module.load_balancer_sg.aws_security_group_rule.computed_ingress_with_prefix_list_ids",
            "module.firewall.module.load_balancer_sg.aws_security_group_rule.computed_ingress_with_self",
            "module.firewall.module.load_balancer_sg.aws_security_group_rule.computed_ingress_with_source_security_group_id",
            "module.firewall.module.load_balancer_sg.aws_security_group_rule.egress_rules",
            "module.firewall.module.load_balancer_sg.aws_security_group_rule.egress_with_cidr_blocks",
            "module.firewall.module.load_balancer_sg.aws_security_group_rule.egress_with_ipv6_cidr_blocks",
            "module.firewall.module.load_balancer_sg.aws_security_group_rule.egress_with_prefix_list_ids",
            "module.firewall.module.load_balancer_sg.aws_security_group_rule.egress_with_self",
            "module.firewall.module.load_balancer_sg.aws_security_group_rule.egress_with_source_security_group_id",
            "module.firewall.module.load_balancer_sg.aws_security_group_rule.ingress_rules",
            "module.firewall.module.load_balancer_sg.aws_security_group_rule.ingress_with_cidr_blocks",
            "module.firewall.module.load_balancer_sg.aws_security_group_rule.ingress_with_ipv6_cidr_blocks",
            "module.firewall.module.load_balancer_sg.aws_security_group_rule.ingress_with_prefix_list_ids",
            "module.firewall.module.load_balancer_sg.aws_security_group_rule.ingress_with_self",
            "module.firewall.module.load_balancer_sg.aws_security_group_rule.ingress_with_source_security_group_id",
            "module.firewall.module.service_sg.aws_security_group.this",
            "module.firewall.module.service_sg.aws_security_group.this_name_prefix",
            "module.firewall.module.service_sg.aws_security_group_rule.computed_egress_rules",
            "module.firewall.module.service_sg.aws_security_group_rule.computed_egress_with_cidr_blocks",
            "module.firewall.module.service_sg.aws_security_group_rule.computed_egress_with_ipv6_cidr_blocks",
            "module.firewall.module.service_sg.aws_security_group_rule.computed_egress_with_prefix_list_ids",
            "module.firewall.module.service_sg.aws_security_group_rule.computed_egress_with_self",
            "module.firewall.module.service_sg.aws_security_group_rule.computed_egress_with_source_security_group_id",
            "module.firewall.module.service_sg.aws_security_group_rule.computed_ingress_rules",
            "module.firewall.module.service_sg.aws_security_group_rule.computed_ingress_with_cidr_blocks",
            "module.firewall.module.service_sg.aws_security_group_rule.computed_ingress_with_ipv6_cidr_blocks",
            "module.firewall.module.service_sg.aws_security_group_rule.computed_ingress_with_prefix_list_ids",
            "module.firewall.module.service_sg.aws_security_group_rule.computed_ingress_with_self",
            "module.firewall.module.service_sg.aws_security_group_rule.computed_ingress_with_source_security_group_id",
            "module.firewall.module.service_sg.aws_security_group_rule.egress_rules",
            "module.firewall.module.service_sg.aws_security_group_rule.egress_with_cidr_blocks",
            "module.firewall.module.service_sg.aws_security_group_rule.egress_with_ipv6_cidr_blocks",
            "module.firewall.module.service_sg.aws_security_group_rule.egress_with_prefix_list_ids",
            "module.firewall.module.service_sg.aws_security_group_rule.egress_with_self",
            "module.firewall.module.service_sg.aws_security_group_rule.egress_with_source_security_group_id",
            "module.firewall.module.service_sg.aws_security_group_rule.ingress_rules",
            "module.firewall.module.service_sg.aws_security_group_rule.ingress_with_cidr_blocks",
            "module.firewall.module.service_sg.aws_security_group_rule.ingress_with_ipv6_cidr_blocks",
            "module.firewall.module.service_sg.aws_security_group_rule.ingress_with_prefix_list_ids",
            "module.firewall.module.service_sg.aws_security_group_rule.ingress_with_self",
            "module.firewall.module.service_sg.aws_security_group_rule.ingress_with_source_security_group_id",
            "module.load_balancer.aws_lb_target_group.backend",
            "module.load_balancer.aws_lb_target_group.frontend",
            "module.load_balancer.aws_lb_target_group.walter_app",
            "module.load_balancer.aws_lb_target_group.wds_humanizer",
            "module.scaling.aws_autoscaling_group.this",
            "module.scaling.aws_iam_instance_profile.ecs_profile",
            "module.scaling.aws_iam_role.role",
            "module.scaling.aws_iam_role_policy.attach_role_policy",
            "module.scaling.aws_iam_role_policy_attachment.ecs_node_role_policy",
            "module.scaling.aws_launch_template.this",
            "module.scaling.data.aws_ami.amazon_linux",
            "module.scaling.data.aws_iam_policy_document.assume_role",
            "module.scaling.data.aws_iam_policy_document.workloads",
            "module.vpc.aws_eip.nat",
            "module.vpc.aws_internet_gateway.gw",
            "module.vpc.aws_nat_gateway.nat",
            "module.vpc.aws_route_table.private",
            "module.vpc.aws_route_table.public",
            "module.vpc.aws_route_table_association.private",
            "module.vpc.aws_route_table_association.public",
            "module.vpc.aws_subnet.private",
            "module.vpc.aws_subnet.public",
            "module.vpc.aws_vpc.this"
          ]
        },
        {
          "index_key": "walter-frontend",
          "schema_version": 0,
          "attributes": {
            "alarms": [],
            "capacity_provider_strategy": [],
            "cluster": "arn:aws:ecs:us-east-1:654654523718:cluster/walter-cluster",
            "deployment_circuit_breaker": [
              {
                "enable": false,
                "rollback": false
              }
            ],
            "deployment_controller": [
              {
                "type": "ECS"
              }
            ],
            "deployment_maximum_percent": 100,
            "deployment_minimum_healthy_percent": 50,
            "desired_count": 1,
            "enable_ecs_managed_tags": false,
            "enable_execute_command": false,
            "force_new_deployment": null,
            "health_check_grace_period_seconds": 300,
            "iam_role": "/aws-service-role/ecs.amazonaws.com/AWSServiceRoleForECS",
            "id": "arn:aws:ecs:us-east-1:654654523718:service/walter-cluster/walter-frontend-service",
            "launch_type": "EC2",
            "load_balancer": [
              {
                "container_name": "walter-frontend",
                "container_port": 3000,
                "elb_name": "",
                "target_group_arn": "arn:aws:elasticloadbalancing:us-east-1:654654523718:targetgroup/prod-walterwrites-backend-tg/d74578d330009d8e"
              },
              {
                "container_name": "walter-frontend",
                "container_port": 3000,
                "elb_name": "",
                "target_group_arn": "arn:aws:elasticloadbalancing:us-east-1:654654523718:targetgroup/prod-walterwrites-frontend-tg/e2c43d19d788f763"
              },
              {
                "container_name": "walter-frontend",
                "container_port": 3000,
                "elb_name": "",
                "target_group_arn": "arn:aws:elasticloadbalancing:us-east-1:654654523718:targetgroup/prod-walterwrites-humanizer-tg/e31dbc6ff45942b6"
              },
              {
                "container_name": "walter-frontend",
                "container_port": 3000,
                "elb_name": "",
                "target_group_arn": "arn:aws:elasticloadbalancing:us-east-1:654654523718:targetgroup/prod-walterwrites-walter-app-tg/9c20d5f462a4cd3d"
              }
            ],
            "name": "walter-frontend-service",
            "network_configuration": [],
            "ordered_placement_strategy": [
              {
                "field": "instanceId",
                "type": "spread"
              }
            ],
            "placement_constraints": [],
            "platform_version": "",
            "propagate_tags": "NONE",
            "scheduling_strategy": "REPLICA",
            "service_connect_configuration": [],
            "service_registries": [],
            "tags": {},
            "tags_all": {},
            "task_definition": "arn:aws:ecs:us-east-1:654654523718:task-definition/walter-walter-frontend:7",
            "timeouts": null,
            "triggers": {},
            "wait_for_steady_state": false
          },
          "sensitive_attributes": [],
          "private": "eyJlMmJmYjczMC1lY2FhLTExZTYtOGY4OC0zNDM2M2JjN2M0YzAiOnsiY3JlYXRlIjoxMjAwMDAwMDAwMDAwLCJkZWxldGUiOjEyMDAwMDAwMDAwMDAsInVwZGF0ZSI6MTIwMDAwMDAwMDAwMH19",
          "dependencies": [
            "data.aws_availability_zones.available",
            "module.ecr.aws_ecr_repository.this",
            "module.ecs.aws_cloudwatch_log_group.this",
            "module.ecs.aws_ecs_cluster.main",
            "module.ecs.aws_ecs_task_definition.services",
            "module.ecs.aws_iam_role.task_exec",
            "module.ecs.data.aws_region.current",
            "module.firewall.module.bastion_sg.aws_security_group.this",
            "module.firewall.module.bastion_sg.aws_security_group.this_name_prefix",
            "module.firewall.module.bastion_sg.aws_security_group_rule.computed_egress_rules",
            "module.firewall.module.bastion_sg.aws_security_group_rule.computed_egress_with_cidr_blocks",
            "module.firewall.module.bastion_sg.aws_security_group_rule.computed_egress_with_ipv6_cidr_blocks",
            "module.firewall.module.bastion_sg.aws_security_group_rule.computed_egress_with_prefix_list_ids",
            "module.firewall.module.bastion_sg.aws_security_group_rule.computed_egress_with_self",
            "module.firewall.module.bastion_sg.aws_security_group_rule.computed_egress_with_source_security_group_id",
            "module.firewall.module.bastion_sg.aws_security_group_rule.computed_ingress_rules",
            "module.firewall.module.bastion_sg.aws_security_group_rule.computed_ingress_with_cidr_blocks",
            "module.firewall.module.bastion_sg.aws_security_group_rule.computed_ingress_with_ipv6_cidr_blocks",
            "module.firewall.module.bastion_sg.aws_security_group_rule.computed_ingress_with_prefix_list_ids",
            "module.firewall.module.bastion_sg.aws_security_group_rule.computed_ingress_with_self",
            "module.firewall.module.bastion_sg.aws_security_group_rule.computed_ingress_with_source_security_group_id",
            "module.firewall.module.bastion_sg.aws_security_group_rule.egress_rules",
            "module.firewall.module.bastion_sg.aws_security_group_rule.egress_with_cidr_blocks",
            "module.firewall.module.bastion_sg.aws_security_group_rule.egress_with_ipv6_cidr_blocks",
            "module.firewall.module.bastion_sg.aws_security_group_rule.egress_with_prefix_list_ids",
            "module.firewall.module.bastion_sg.aws_security_group_rule.egress_with_self",
            "module.firewall.module.bastion_sg.aws_security_group_rule.egress_with_source_security_group_id",
            "module.firewall.module.bastion_sg.aws_security_group_rule.ingress_rules",
            "module.firewall.module.bastion_sg.aws_security_group_rule.ingress_with_cidr_blocks",
            "module.firewall.module.bastion_sg.aws_security_group_rule.ingress_with_ipv6_cidr_blocks",
            "module.firewall.module.bastion_sg.aws_security_group_rule.ingress_with_prefix_list_ids",
            "module.firewall.module.bastion_sg.aws_security_group_rule.ingress_with_self",
            "module.firewall.module.bastion_sg.aws_security_group_rule.ingress_with_source_security_group_id",
            "module.firewall.module.documentdb_sg.aws_security_group.this",
            "module.firewall.module.documentdb_sg.aws_security_group.this_name_prefix",
            "module.firewall.module.documentdb_sg.aws_security_group_rule.computed_egress_rules",
            "module.firewall.module.documentdb_sg.aws_security_group_rule.computed_egress_with_cidr_blocks",
            "module.firewall.module.documentdb_sg.aws_security_group_rule.computed_egress_with_ipv6_cidr_blocks",
            "module.firewall.module.documentdb_sg.aws_security_group_rule.computed_egress_with_prefix_list_ids",
            "module.firewall.module.documentdb_sg.aws_security_group_rule.computed_egress_with_self",
            "module.firewall.module.documentdb_sg.aws_security_group_rule.computed_egress_with_source_security_group_id",
            "module.firewall.module.documentdb_sg.aws_security_group_rule.computed_ingress_rules",
            "module.firewall.module.documentdb_sg.aws_security_group_rule.computed_ingress_with_cidr_blocks",
            "module.firewall.module.documentdb_sg.aws_security_group_rule.computed_ingress_with_ipv6_cidr_blocks",
            "module.firewall.module.documentdb_sg.aws_security_group_rule.computed_ingress_with_prefix_list_ids",
            "module.firewall.module.documentdb_sg.aws_security_group_rule.computed_ingress_with_self",
            "module.firewall.module.documentdb_sg.aws_security_group_rule.computed_ingress_with_source_security_group_id",
            "module.firewall.module.documentdb_sg.aws_security_group_rule.egress_rules",
            "module.firewall.module.documentdb_sg.aws_security_group_rule.egress_with_cidr_blocks",
            "module.firewall.module.documentdb_sg.aws_security_group_rule.egress_with_ipv6_cidr_blocks",
            "module.firewall.module.documentdb_sg.aws_security_group_rule.egress_with_prefix_list_ids",
            "module.firewall.module.documentdb_sg.aws_security_group_rule.egress_with_self",
            "module.firewall.module.documentdb_sg.aws_security_group_rule.egress_with_source_security_group_id",
            "module.firewall.module.documentdb_sg.aws_security_group_rule.ingress_rules",
            "module.firewall.module.documentdb_sg.aws_security_group_rule.ingress_with_cidr_blocks",
            "module.firewall.module.documentdb_sg.aws_security_group_rule.ingress_with_ipv6_cidr_blocks",
            "module.firewall.module.documentdb_sg.aws_security_group_rule.ingress_with_prefix_list_ids",
            "module.firewall.module.documentdb_sg.aws_security_group_rule.ingress_with_self",
            "module.firewall.module.documentdb_sg.aws_security_group_rule.ingress_with_source_security_group_id",
            "module.firewall.module.ecs_sg.aws_security_group.this",
            "module.firewall.module.ecs_sg.aws_security_group.this_name_prefix",
            "module.firewall.module.ecs_sg.aws_security_group_rule.computed_egress_rules",
            "module.firewall.module.ecs_sg.aws_security_group_rule.computed_egress_with_cidr_blocks",
            "module.firewall.module.ecs_sg.aws_security_group_rule.computed_egress_with_ipv6_cidr_blocks",
            "module.firewall.module.ecs_sg.aws_security_group_rule.computed_egress_with_prefix_list_ids",
            "module.firewall.module.ecs_sg.aws_security_group_rule.computed_egress_with_self",
            "module.firewall.module.ecs_sg.aws_security_group_rule.computed_egress_with_source_security_group_id",
            "module.firewall.module.ecs_sg.aws_security_group_rule.computed_ingress_rules",
            "module.firewall.module.ecs_sg.aws_security_group_rule.computed_ingress_with_cidr_blocks",
            "module.firewall.module.ecs_sg.aws_security_group_rule.computed_ingress_with_ipv6_cidr_blocks",
            "module.firewall.module.ecs_sg.aws_security_group_rule.computed_ingress_with_prefix_list_ids",
            "module.firewall.module.ecs_sg.aws_security_group_rule.computed_ingress_with_self",
            "module.firewall.module.ecs_sg.aws_security_group_rule.computed_ingress_with_source_security_group_id",
            "module.firewall.module.ecs_sg.aws_security_group_rule.egress_rules",
            "module.firewall.module.ecs_sg.aws_security_group_rule.egress_with_cidr_blocks",
            "module.firewall.module.ecs_sg.aws_security_group_rule.egress_with_ipv6_cidr_blocks",
            "module.firewall.module.ecs_sg.aws_security_group_rule.egress_with_prefix_list_ids",
            "module.firewall.module.ecs_sg.aws_security_group_rule.egress_with_self",
            "module.firewall.module.ecs_sg.aws_security_group_rule.egress_with_source_security_group_id",
            "module.firewall.module.ecs_sg.aws_security_group_rule.ingress_rules",
            "module.firewall.module.ecs_sg.aws_security_group_rule.ingress_with_cidr_blocks",
            "module.firewall.module.ecs_sg.aws_security_group_rule.ingress_with_ipv6_cidr_blocks",
            "module.firewall.module.ecs_sg.aws_security_group_rule.ingress_with_prefix_list_ids",
            "module.firewall.module.ecs_sg.aws_security_group_rule.ingress_with_self",
            "module.firewall.module.ecs_sg.aws_security_group_rule.ingress_with_source_security_group_id",
            "module.firewall.module.load_balancer_sg.aws_security_group.this",
            "module.firewall.module.load_balancer_sg.aws_security_group.this_name_prefix",
            "module.firewall.module.load_balancer_sg.aws_security_group_rule.computed_egress_rules",
            "module.firewall.module.load_balancer_sg.aws_security_group_rule.computed_egress_with_cidr_blocks",
            "module.firewall.module.load_balancer_sg.aws_security_group_rule.computed_egress_with_ipv6_cidr_blocks",
            "module.firewall.module.load_balancer_sg.aws_security_group_rule.computed_egress_with_prefix_list_ids",
            "module.firewall.module.load_balancer_sg.aws_security_group_rule.computed_egress_with_self",
            "module.firewall.module.load_balancer_sg.aws_security_group_rule.computed_egress_with_source_security_group_id",
            "module.firewall.module.load_balancer_sg.aws_security_group_rule.computed_ingress_rules",
            "module.firewall.module.load_balancer_sg.aws_security_group_rule.computed_ingress_with_cidr_blocks",
            "module.firewall.module.load_balancer_sg.aws_security_group_rule.computed_ingress_with_ipv6_cidr_blocks",
            "module.firewall.module.load_balancer_sg.aws_security_group_rule.computed_ingress_with_prefix_list_ids",
            "module.firewall.module.load_balancer_sg.aws_security_group_rule.computed_ingress_with_self",
            "module.firewall.module.load_balancer_sg.aws_security_group_rule.computed_ingress_with_source_security_group_id",
            "module.firewall.module.load_balancer_sg.aws_security_group_rule.egress_rules",
            "module.firewall.module.load_balancer_sg.aws_security_group_rule.egress_with_cidr_blocks",
            "module.firewall.module.load_balancer_sg.aws_security_group_rule.egress_with_ipv6_cidr_blocks",
            "module.firewall.module.load_balancer_sg.aws_security_group_rule.egress_with_prefix_list_ids",
            "module.firewall.module.load_balancer_sg.aws_security_group_rule.egress_with_self",
            "module.firewall.module.load_balancer_sg.aws_security_group_rule.egress_with_source_security_group_id",
            "module.firewall.module.load_balancer_sg.aws_security_group_rule.ingress_rules",
            "module.firewall.module.load_balancer_sg.aws_security_group_rule.ingress_with_cidr_blocks",
            "module.firewall.module.load_balancer_sg.aws_security_group_rule.ingress_with_ipv6_cidr_blocks",
            "module.firewall.module.load_balancer_sg.aws_security_group_rule.ingress_with_prefix_list_ids",
            "module.firewall.module.load_balancer_sg.aws_security_group_rule.ingress_with_self",
            "module.firewall.module.load_balancer_sg.aws_security_group_rule.ingress_with_source_security_group_id",
            "module.firewall.module.service_sg.aws_security_group.this",
            "module.firewall.module.service_sg.aws_security_group.this_name_prefix",
            "module.firewall.module.service_sg.aws_security_group_rule.computed_egress_rules",
            "module.firewall.module.service_sg.aws_security_group_rule.computed_egress_with_cidr_blocks",
            "module.firewall.module.service_sg.aws_security_group_rule.computed_egress_with_ipv6_cidr_blocks",
            "module.firewall.module.service_sg.aws_security_group_rule.computed_egress_with_prefix_list_ids",
            "module.firewall.module.service_sg.aws_security_group_rule.computed_egress_with_self",
            "module.firewall.module.service_sg.aws_security_group_rule.computed_egress_with_source_security_group_id",
            "module.firewall.module.service_sg.aws_security_group_rule.computed_ingress_rules",
            "module.firewall.module.service_sg.aws_security_group_rule.computed_ingress_with_cidr_blocks",
            "module.firewall.module.service_sg.aws_security_group_rule.computed_ingress_with_ipv6_cidr_blocks",
            "module.firewall.module.service_sg.aws_security_group_rule.computed_ingress_with_prefix_list_ids",
            "module.firewall.module.service_sg.aws_security_group_rule.computed_ingress_with_self",
            "module.firewall.module.service_sg.aws_security_group_rule.computed_ingress_with_source_security_group_id",
            "module.firewall.module.service_sg.aws_security_group_rule.egress_rules",
            "module.firewall.module.service_sg.aws_security_group_rule.egress_with_cidr_blocks",
            "module.firewall.module.service_sg.aws_security_group_rule.egress_with_ipv6_cidr_blocks",
            "module.firewall.module.service_sg.aws_security_group_rule.egress_with_prefix_list_ids",
            "module.firewall.module.service_sg.aws_security_group_rule.egress_with_self",
            "module.firewall.module.service_sg.aws_security_group_rule.egress_with_source_security_group_id",
            "module.firewall.module.service_sg.aws_security_group_rule.ingress_rules",
            "module.firewall.module.service_sg.aws_security_group_rule.ingress_with_cidr_blocks",
            "module.firewall.module.service_sg.aws_security_group_rule.ingress_with_ipv6_cidr_blocks",
            "module.firewall.module.service_sg.aws_security_group_rule.ingress_with_prefix_list_ids",
            "module.firewall.module.service_sg.aws_security_group_rule.ingress_with_self",
            "module.firewall.module.service_sg.aws_security_group_rule.ingress_with_source_security_group_id",
            "module.load_balancer.aws_lb_target_group.backend",
            "module.load_balancer.aws_lb_target_group.frontend",
            "module.load_balancer.aws_lb_target_group.walter_app",
            "module.load_balancer.aws_lb_target_group.wds_humanizer",
            "module.scaling.aws_autoscaling_group.this",
            "module.scaling.aws_iam_instance_profile.ecs_profile",
            "module.scaling.aws_iam_role.role",
            "module.scaling.aws_iam_role_policy.attach_role_policy",
            "module.scaling.aws_iam_role_policy_attachment.ecs_node_role_policy",
            "module.scaling.aws_launch_template.this",
            "module.scaling.data.aws_ami.amazon_linux",
            "module.scaling.data.aws_iam_policy_document.assume_role",
            "module.scaling.data.aws_iam_policy_document.workloads",
            "module.vpc.aws_eip.nat",
            "module.vpc.aws_internet_gateway.gw",
            "module.vpc.aws_nat_gateway.nat",
            "module.vpc.aws_route_table.private",
            "module.vpc.aws_route_table.public",
            "module.vpc.aws_route_table_association.private",
            "module.vpc.aws_route_table_association.public",
            "module.vpc.aws_subnet.private",
            "module.vpc.aws_subnet.public",
            "module.vpc.aws_vpc.this"
          ]
        },
        {
          "index_key": "wds-humanizer",
          "schema_version": 0,
          "attributes": {
            "alarms": [],
            "capacity_provider_strategy": [],
            "cluster": "arn:aws:ecs:us-east-1:654654523718:cluster/walter-cluster",
            "deployment_circuit_breaker": [
              {
                "enable": false,
                "rollback": false
              }
            ],
            "deployment_controller": [
              {
                "type": "ECS"
              }
            ],
            "deployment_maximum_percent": 100,
            "deployment_minimum_healthy_percent": 50,
            "desired_count": 2,
            "enable_ecs_managed_tags": false,
            "enable_execute_command": false,
            "force_new_deployment": null,
            "health_check_grace_period_seconds": 300,
            "iam_role": "/aws-service-role/ecs.amazonaws.com/AWSServiceRoleForECS",
            "id": "arn:aws:ecs:us-east-1:654654523718:service/walter-cluster/wds-humanizer-service",
            "launch_type": "EC2",
            "load_balancer": [
              {
                "container_name": "wds-humanizer",
                "container_port": 8001,
                "elb_name": "",
                "target_group_arn": "arn:aws:elasticloadbalancing:us-east-1:654654523718:targetgroup/prod-walterwrites-backend-tg/d74578d330009d8e"
              },
              {
                "container_name": "wds-humanizer",
                "container_port": 8001,
                "elb_name": "",
                "target_group_arn": "arn:aws:elasticloadbalancing:us-east-1:654654523718:targetgroup/prod-walterwrites-frontend-tg/e2c43d19d788f763"
              },
              {
                "container_name": "wds-humanizer",
                "container_port": 8001,
                "elb_name": "",
                "target_group_arn": "arn:aws:elasticloadbalancing:us-east-1:654654523718:targetgroup/prod-walterwrites-humanizer-tg/e31dbc6ff45942b6"
              },
              {
                "container_name": "wds-humanizer",
                "container_port": 8001,
                "elb_name": "",
                "target_group_arn": "arn:aws:elasticloadbalancing:us-east-1:654654523718:targetgroup/prod-walterwrites-walter-app-tg/9c20d5f462a4cd3d"
              }
            ],
            "name": "wds-humanizer-service",
            "network_configuration": [],
            "ordered_placement_strategy": [
              {
                "field": "instanceId",
                "type": "spread"
              }
            ],
            "placement_constraints": [],
            "platform_version": "",
            "propagate_tags": "NONE",
            "scheduling_strategy": "REPLICA",
            "service_connect_configuration": [],
            "service_registries": [],
            "tags": {},
            "tags_all": {},
            "task_definition": "arn:aws:ecs:us-east-1:654654523718:task-definition/walter-wds-humanizer:9",
            "timeouts": null,
            "triggers": {},
            "wait_for_steady_state": false
          },
          "sensitive_attributes": [],
          "private": "eyJlMmJmYjczMC1lY2FhLTExZTYtOGY4OC0zNDM2M2JjN2M0YzAiOnsiY3JlYXRlIjoxMjAwMDAwMDAwMDAwLCJkZWxldGUiOjEyMDAwMDAwMDAwMDAsInVwZGF0ZSI6MTIwMDAwMDAwMDAwMH19",
          "dependencies": [
            "data.aws_availability_zones.available",
            "module.ecr.aws_ecr_repository.this",
            "module.ecs.aws_cloudwatch_log_group.this",
            "module.ecs.aws_ecs_cluster.main",
            "module.ecs.aws_ecs_task_definition.services",
            "module.ecs.aws_iam_role.task_exec",
            "module.ecs.data.aws_region.current",
            "module.firewall.module.bastion_sg.aws_security_group.this",
            "module.firewall.module.bastion_sg.aws_security_group.this_name_prefix",
            "module.firewall.module.bastion_sg.aws_security_group_rule.computed_egress_rules",
            "module.firewall.module.bastion_sg.aws_security_group_rule.computed_egress_with_cidr_blocks",
            "module.firewall.module.bastion_sg.aws_security_group_rule.computed_egress_with_ipv6_cidr_blocks",
            "module.firewall.module.bastion_sg.aws_security_group_rule.computed_egress_with_prefix_list_ids",
            "module.firewall.module.bastion_sg.aws_security_group_rule.computed_egress_with_self",
            "module.firewall.module.bastion_sg.aws_security_group_rule.computed_egress_with_source_security_group_id",
            "module.firewall.module.bastion_sg.aws_security_group_rule.computed_ingress_rules",
            "module.firewall.module.bastion_sg.aws_security_group_rule.computed_ingress_with_cidr_blocks",
            "module.firewall.module.bastion_sg.aws_security_group_rule.computed_ingress_with_ipv6_cidr_blocks",
            "module.firewall.module.bastion_sg.aws_security_group_rule.computed_ingress_with_prefix_list_ids",
            "module.firewall.module.bastion_sg.aws_security_group_rule.computed_ingress_with_self",
            "module.firewall.module.bastion_sg.aws_security_group_rule.computed_ingress_with_source_security_group_id",
            "module.firewall.module.bastion_sg.aws_security_group_rule.egress_rules",
            "module.firewall.module.bastion_sg.aws_security_group_rule.egress_with_cidr_blocks",
            "module.firewall.module.bastion_sg.aws_security_group_rule.egress_with_ipv6_cidr_blocks",
            "module.firewall.module.bastion_sg.aws_security_group_rule.egress_with_prefix_list_ids",
            "module.firewall.module.bastion_sg.aws_security_group_rule.egress_with_self",
            "module.firewall.module.bastion_sg.aws_security_group_rule.egress_with_source_security_group_id",
            "module.firewall.module.bastion_sg.aws_security_group_rule.ingress_rules",
            "module.firewall.module.bastion_sg.aws_security_group_rule.ingress_with_cidr_blocks",
            "module.firewall.module.bastion_sg.aws_security_group_rule.ingress_with_ipv6_cidr_blocks",
            "module.firewall.module.bastion_sg.aws_security_group_rule.ingress_with_prefix_list_ids",
            "module.firewall.module.bastion_sg.aws_security_group_rule.ingress_with_self",
            "module.firewall.module.bastion_sg.aws_security_group_rule.ingress_with_source_security_group_id",
            "module.firewall.module.documentdb_sg.aws_security_group.this",
            "module.firewall.module.documentdb_sg.aws_security_group.this_name_prefix",
            "module.firewall.module.documentdb_sg.aws_security_group_rule.computed_egress_rules",
            "module.firewall.module.documentdb_sg.aws_security_group_rule.computed_egress_with_cidr_blocks",
            "module.firewall.module.documentdb_sg.aws_security_group_rule.computed_egress_with_ipv6_cidr_blocks",
            "module.firewall.module.documentdb_sg.aws_security_group_rule.computed_egress_with_prefix_list_ids",
            "module.firewall.module.documentdb_sg.aws_security_group_rule.computed_egress_with_self",
            "module.firewall.module.documentdb_sg.aws_security_group_rule.computed_egress_with_source_security_group_id",
            "module.firewall.module.documentdb_sg.aws_security_group_rule.computed_ingress_rules",
            "module.firewall.module.documentdb_sg.aws_security_group_rule.computed_ingress_with_cidr_blocks",
            "module.firewall.module.documentdb_sg.aws_security_group_rule.computed_ingress_with_ipv6_cidr_blocks",
            "module.firewall.module.documentdb_sg.aws_security_group_rule.computed_ingress_with_prefix_list_ids",
            "module.firewall.module.documentdb_sg.aws_security_group_rule.computed_ingress_with_self",
            "module.firewall.module.documentdb_sg.aws_security_group_rule.computed_ingress_with_source_security_group_id",
            "module.firewall.module.documentdb_sg.aws_security_group_rule.egress_rules",
            "module.firewall.module.documentdb_sg.aws_security_group_rule.egress_with_cidr_blocks",
            "module.firewall.module.documentdb_sg.aws_security_group_rule.egress_with_ipv6_cidr_blocks",
            "module.firewall.module.documentdb_sg.aws_security_group_rule.egress_with_prefix_list_ids",
            "module.firewall.module.documentdb_sg.aws_security_group_rule.egress_with_self",
            "module.firewall.module.documentdb_sg.aws_security_group_rule.egress_with_source_security_group_id",
            "module.firewall.module.documentdb_sg.aws_security_group_rule.ingress_rules",
            "module.firewall.module.documentdb_sg.aws_security_group_rule.ingress_with_cidr_blocks",
            "module.firewall.module.documentdb_sg.aws_security_group_rule.ingress_with_ipv6_cidr_blocks",
            "module.firewall.module.documentdb_sg.aws_security_group_rule.ingress_with_prefix_list_ids",
            "module.firewall.module.documentdb_sg.aws_security_group_rule.ingress_with_self",
            "module.firewall.module.documentdb_sg.aws_security_group_rule.ingress_with_source_security_group_id",
            "module.firewall.module.ecs_sg.aws_security_group.this",
            "module.firewall.module.ecs_sg.aws_security_group.this_name_prefix",
            "module.firewall.module.ecs_sg.aws_security_group_rule.computed_egress_rules",
            "module.firewall.module.ecs_sg.aws_security_group_rule.computed_egress_with_cidr_blocks",
            "module.firewall.module.ecs_sg.aws_security_group_rule.computed_egress_with_ipv6_cidr_blocks",
            "module.firewall.module.ecs_sg.aws_security_group_rule.computed_egress_with_prefix_list_ids",
            "module.firewall.module.ecs_sg.aws_security_group_rule.computed_egress_with_self",
            "module.firewall.module.ecs_sg.aws_security_group_rule.computed_egress_with_source_security_group_id",
            "module.firewall.module.ecs_sg.aws_security_group_rule.computed_ingress_rules",
            "module.firewall.module.ecs_sg.aws_security_group_rule.computed_ingress_with_cidr_blocks",
            "module.firewall.module.ecs_sg.aws_security_group_rule.computed_ingress_with_ipv6_cidr_blocks",
            "module.firewall.module.ecs_sg.aws_security_group_rule.computed_ingress_with_prefix_list_ids",
            "module.firewall.module.ecs_sg.aws_security_group_rule.computed_ingress_with_self",
            "module.firewall.module.ecs_sg.aws_security_group_rule.computed_ingress_with_source_security_group_id",
            "module.firewall.module.ecs_sg.aws_security_group_rule.egress_rules",
            "module.firewall.module.ecs_sg.aws_security_group_rule.egress_with_cidr_blocks",
            "module.firewall.module.ecs_sg.aws_security_group_rule.egress_with_ipv6_cidr_blocks",
            "module.firewall.module.ecs_sg.aws_security_group_rule.egress_with_prefix_list_ids",
            "module.firewall.module.ecs_sg.aws_security_group_rule.egress_with_self",
            "module.firewall.module.ecs_sg.aws_security_group_rule.egress_with_source_security_group_id",
            "module.firewall.module.ecs_sg.aws_security_group_rule.ingress_rules",
            "module.firewall.module.ecs_sg.aws_security_group_rule.ingress_with_cidr_blocks",
            "module.firewall.module.ecs_sg.aws_security_group_rule.ingress_with_ipv6_cidr_blocks",
            "module.firewall.module.ecs_sg.aws_security_group_rule.ingress_with_prefix_list_ids",
            "module.firewall.module.ecs_sg.aws_security_group_rule.ingress_with_self",
            "module.firewall.module.ecs_sg.aws_security_group_rule.ingress_with_source_security_group_id",
            "module.firewall.module.load_balancer_sg.aws_security_group.this",
            "module.firewall.module.load_balancer_sg.aws_security_group.this_name_prefix",
            "module.firewall.module.load_balancer_sg.aws_security_group_rule.computed_egress_rules",
            "module.firewall.module.load_balancer_sg.aws_security_group_rule.computed_egress_with_cidr_blocks",
            "module.firewall.module.load_balancer_sg.aws_security_group_rule.computed_egress_with_ipv6_cidr_blocks",
            "module.firewall.module.load_balancer_sg.aws_security_group_rule.computed_egress_with_prefix_list_ids",
            "module.firewall.module.load_balancer_sg.aws_security_group_rule.computed_egress_with_self",
            "module.firewall.module.load_balancer_sg.aws_security_group_rule.computed_egress_with_source_security_group_id",
            "module.firewall.module.load_balancer_sg.aws_security_group_rule.computed_ingress_rules",
            "module.firewall.module.load_balancer_sg.aws_security_group_rule.computed_ingress_with_cidr_blocks",
            "module.firewall.module.load_balancer_sg.aws_security_group_rule.computed_ingress_with_ipv6_cidr_blocks",
            "module.firewall.module.load_balancer_sg.aws_security_group_rule.computed_ingress_with_prefix_list_ids",
            "module.firewall.module.load_balancer_sg.aws_security_group_rule.computed_ingress_with_self",
            "module.firewall.module.load_balancer_sg.aws_security_group_rule.computed_ingress_with_source_security_group_id",
            "module.firewall.module.load_balancer_sg.aws_security_group_rule.egress_rules",
            "module.firewall.module.load_balancer_sg.aws_security_group_rule.egress_with_cidr_blocks",
            "module.firewall.module.load_balancer_sg.aws_security_group_rule.egress_with_ipv6_cidr_blocks",
            "module.firewall.module.load_balancer_sg.aws_security_group_rule.egress_with_prefix_list_ids",
            "module.firewall.module.load_balancer_sg.aws_security_group_rule.egress_with_self",
            "module.firewall.module.load_balancer_sg.aws_security_group_rule.egress_with_source_security_group_id",
            "module.firewall.module.load_balancer_sg.aws_security_group_rule.ingress_rules",
            "module.firewall.module.load_balancer_sg.aws_security_group_rule.ingress_with_cidr_blocks",
            "module.firewall.module.load_balancer_sg.aws_security_group_rule.ingress_with_ipv6_cidr_blocks",
            "module.firewall.module.load_balancer_sg.aws_security_group_rule.ingress_with_prefix_list_ids",
            "module.firewall.module.load_balancer_sg.aws_security_group_rule.ingress_with_self",
            "module.firewall.module.load_balancer_sg.aws_security_group_rule.ingress_with_source_security_group_id",
            "module.firewall.module.service_sg.aws_security_group.this",
            "module.firewall.module.service_sg.aws_security_group.this_name_prefix",
            "module.firewall.module.service_sg.aws_security_group_rule.computed_egress_rules",
            "module.firewall.module.service_sg.aws_security_group_rule.computed_egress_with_cidr_blocks",
            "module.firewall.module.service_sg.aws_security_group_rule.computed_egress_with_ipv6_cidr_blocks",
            "module.firewall.module.service_sg.aws_security_group_rule.computed_egress_with_prefix_list_ids",
            "module.firewall.module.service_sg.aws_security_group_rule.computed_egress_with_self",
            "module.firewall.module.service_sg.aws_security_group_rule.computed_egress_with_source_security_group_id",
            "module.firewall.module.service_sg.aws_security_group_rule.computed_ingress_rules",
            "module.firewall.module.service_sg.aws_security_group_rule.computed_ingress_with_cidr_blocks",
            "module.firewall.module.service_sg.aws_security_group_rule.computed_ingress_with_ipv6_cidr_blocks",
            "module.firewall.module.service_sg.aws_security_group_rule.computed_ingress_with_prefix_list_ids",
            "module.firewall.module.service_sg.aws_security_group_rule.computed_ingress_with_self",
            "module.firewall.module.service_sg.aws_security_group_rule.computed_ingress_with_source_security_group_id",
            "module.firewall.module.service_sg.aws_security_group_rule.egress_rules",
            "module.firewall.module.service_sg.aws_security_group_rule.egress_with_cidr_blocks",
            "module.firewall.module.service_sg.aws_security_group_rule.egress_with_ipv6_cidr_blocks",
            "module.firewall.module.service_sg.aws_security_group_rule.egress_with_prefix_list_ids",
            "module.firewall.module.service_sg.aws_security_group_rule.egress_with_self",
            "module.firewall.module.service_sg.aws_security_group_rule.egress_with_source_security_group_id",
            "module.firewall.module.service_sg.aws_security_group_rule.ingress_rules",
            "module.firewall.module.service_sg.aws_security_group_rule.ingress_with_cidr_blocks",
            "module.firewall.module.service_sg.aws_security_group_rule.ingress_with_ipv6_cidr_blocks",
            "module.firewall.module.service_sg.aws_security_group_rule.ingress_with_prefix_list_ids",
            "module.firewall.module.service_sg.aws_security_group_rule.ingress_with_self",
            "module.firewall.module.service_sg.aws_security_group_rule.ingress_with_source_security_group_id",
            "module.load_balancer.aws_lb_target_group.backend",
            "module.load_balancer.aws_lb_target_group.frontend",
            "module.load_balancer.aws_lb_target_group.walter_app",
            "module.load_balancer.aws_lb_target_group.wds_humanizer",
            "module.scaling.aws_autoscaling_group.this",
            "module.scaling.aws_iam_instance_profile.ecs_profile",
            "module.scaling.aws_iam_role.role",
            "module.scaling.aws_iam_role_policy.attach_role_policy",
            "module.scaling.aws_iam_role_policy_attachment.ecs_node_role_policy",
            "module.scaling.aws_launch_template.this",
            "module.scaling.data.aws_ami.amazon_linux",
            "module.scaling.data.aws_iam_policy_document.assume_role",
            "module.scaling.data.aws_iam_policy_document.workloads",
            "module.vpc.aws_eip.nat",
            "module.vpc.aws_internet_gateway.gw",
            "module.vpc.aws_nat_gateway.nat",
            "module.vpc.aws_route_table.private",
            "module.vpc.aws_route_table.public",
            "module.vpc.aws_route_table_association.private",
            "module.vpc.aws_route_table_association.public",
            "module.vpc.aws_subnet.private",
            "module.vpc.aws_subnet.public",
            "module.vpc.aws_vpc.this"
          ]
        }
      ]
    },
    {
      "module": "module.ecs",
      "mode": "managed",
      "type": "aws_ecs_task_definition",
      "name": "services",
      "provider": "provider[\"registry.terraform.io/hashicorp/aws\"]",
      "instances": [
        {
          "index_key": "walter-app",
          "schema_version": 1,
          "attributes": {
            "arn": "arn:aws:ecs:us-east-1:654654523718:task-definition/walter-walter-app:7",
            "arn_without_revision": "arn:aws:ecs:us-east-1:654654523718:task-definition/walter-walter-app",
            "container_definitions": "[{\"cpu\":0,\"environment\":[],\"essential\":true,\"image\":\"654654523718.dkr.ecr.us-east-1.amazonaws.com/walter-image-repository/walter-app:latest\",\"logConfiguration\":{\"logDriver\":\"awslogs\",\"options\":{\"awslogs-group\":\"/aws/ecs/walter-cluster\",\"awslogs-region\":\"us-east-1\",\"awslogs-stream-prefix\":\"ecs-walter-app\"}},\"mountPoints\":[],\"name\":\"walter-app\",\"portMappings\":[{\"containerPort\":3001,\"hostPort\":0,\"protocol\":\"tcp\"}],\"systemControls\":[],\"volumesFrom\":[]}]",
            "cpu": "1024",
            "ephemeral_storage": [],
            "execution_role_arn": "arn:aws:iam::654654523718:role/walter-cluster-task-exec-role",
            "family": "walter-walter-app",
            "id": "walter-walter-app",
            "inference_accelerator": [],
            "ipc_mode": "",
            "memory": "2048",
            "network_mode": "bridge",
            "pid_mode": "",
            "placement_constraints": [],
            "proxy_configuration": [],
            "requires_compatibilities": [],
            "revision": 7,
            "runtime_platform": [],
            "skip_destroy": false,
            "tags": {},
            "tags_all": {},
            "task_role_arn": "arn:aws:iam::654654523718:role/walter-cluster-task-exec-role",
            "track_latest": false,
            "volume": []
          },
          "sensitive_attributes": [],
          "private": "eyJzY2hlbWFfdmVyc2lvbiI6IjEifQ==",
          "dependencies": [
            "data.aws_availability_zones.available",
            "module.ecr.aws_ecr_repository.this",
            "module.ecs.aws_cloudwatch_log_group.this",
            "module.ecs.aws_iam_role.task_exec",
            "module.ecs.data.aws_region.current",
            "module.firewall.module.bastion_sg.aws_security_group.this",
            "module.firewall.module.bastion_sg.aws_security_group.this_name_prefix",
            "module.firewall.module.bastion_sg.aws_security_group_rule.computed_egress_rules",
            "module.firewall.module.bastion_sg.aws_security_group_rule.computed_egress_with_cidr_blocks",
            "module.firewall.module.bastion_sg.aws_security_group_rule.computed_egress_with_ipv6_cidr_blocks",
            "module.firewall.module.bastion_sg.aws_security_group_rule.computed_egress_with_prefix_list_ids",
            "module.firewall.module.bastion_sg.aws_security_group_rule.computed_egress_with_self",
            "module.firewall.module.bastion_sg.aws_security_group_rule.computed_egress_with_source_security_group_id",
            "module.firewall.module.bastion_sg.aws_security_group_rule.computed_ingress_rules",
            "module.firewall.module.bastion_sg.aws_security_group_rule.computed_ingress_with_cidr_blocks",
            "module.firewall.module.bastion_sg.aws_security_group_rule.computed_ingress_with_ipv6_cidr_blocks",
            "module.firewall.module.bastion_sg.aws_security_group_rule.computed_ingress_with_prefix_list_ids",
            "module.firewall.module.bastion_sg.aws_security_group_rule.computed_ingress_with_self",
            "module.firewall.module.bastion_sg.aws_security_group_rule.computed_ingress_with_source_security_group_id",
            "module.firewall.module.bastion_sg.aws_security_group_rule.egress_rules",
            "module.firewall.module.bastion_sg.aws_security_group_rule.egress_with_cidr_blocks",
            "module.firewall.module.bastion_sg.aws_security_group_rule.egress_with_ipv6_cidr_blocks",
            "module.firewall.module.bastion_sg.aws_security_group_rule.egress_with_prefix_list_ids",
            "module.firewall.module.bastion_sg.aws_security_group_rule.egress_with_self",
            "module.firewall.module.bastion_sg.aws_security_group_rule.egress_with_source_security_group_id",
            "module.firewall.module.bastion_sg.aws_security_group_rule.ingress_rules",
            "module.firewall.module.bastion_sg.aws_security_group_rule.ingress_with_cidr_blocks",
            "module.firewall.module.bastion_sg.aws_security_group_rule.ingress_with_ipv6_cidr_blocks",
            "module.firewall.module.bastion_sg.aws_security_group_rule.ingress_with_prefix_list_ids",
            "module.firewall.module.bastion_sg.aws_security_group_rule.ingress_with_self",
            "module.firewall.module.bastion_sg.aws_security_group_rule.ingress_with_source_security_group_id",
            "module.firewall.module.documentdb_sg.aws_security_group.this",
            "module.firewall.module.documentdb_sg.aws_security_group.this_name_prefix",
            "module.firewall.module.documentdb_sg.aws_security_group_rule.computed_egress_rules",
            "module.firewall.module.documentdb_sg.aws_security_group_rule.computed_egress_with_cidr_blocks",
            "module.firewall.module.documentdb_sg.aws_security_group_rule.computed_egress_with_ipv6_cidr_blocks",
            "module.firewall.module.documentdb_sg.aws_security_group_rule.computed_egress_with_prefix_list_ids",
            "module.firewall.module.documentdb_sg.aws_security_group_rule.computed_egress_with_self",
            "module.firewall.module.documentdb_sg.aws_security_group_rule.computed_egress_with_source_security_group_id",
            "module.firewall.module.documentdb_sg.aws_security_group_rule.computed_ingress_rules",
            "module.firewall.module.documentdb_sg.aws_security_group_rule.computed_ingress_with_cidr_blocks",
            "module.firewall.module.documentdb_sg.aws_security_group_rule.computed_ingress_with_ipv6_cidr_blocks",
            "module.firewall.module.documentdb_sg.aws_security_group_rule.computed_ingress_with_prefix_list_ids",
            "module.firewall.module.documentdb_sg.aws_security_group_rule.computed_ingress_with_self",
            "module.firewall.module.documentdb_sg.aws_security_group_rule.computed_ingress_with_source_security_group_id",
            "module.firewall.module.documentdb_sg.aws_security_group_rule.egress_rules",
            "module.firewall.module.documentdb_sg.aws_security_group_rule.egress_with_cidr_blocks",
            "module.firewall.module.documentdb_sg.aws_security_group_rule.egress_with_ipv6_cidr_blocks",
            "module.firewall.module.documentdb_sg.aws_security_group_rule.egress_with_prefix_list_ids",
            "module.firewall.module.documentdb_sg.aws_security_group_rule.egress_with_self",
            "module.firewall.module.documentdb_sg.aws_security_group_rule.egress_with_source_security_group_id",
            "module.firewall.module.documentdb_sg.aws_security_group_rule.ingress_rules",
            "module.firewall.module.documentdb_sg.aws_security_group_rule.ingress_with_cidr_blocks",
            "module.firewall.module.documentdb_sg.aws_security_group_rule.ingress_with_ipv6_cidr_blocks",
            "module.firewall.module.documentdb_sg.aws_security_group_rule.ingress_with_prefix_list_ids",
            "module.firewall.module.documentdb_sg.aws_security_group_rule.ingress_with_self",
            "module.firewall.module.documentdb_sg.aws_security_group_rule.ingress_with_source_security_group_id",
            "module.firewall.module.ecs_sg.aws_security_group.this",
            "module.firewall.module.ecs_sg.aws_security_group.this_name_prefix",
            "module.firewall.module.ecs_sg.aws_security_group_rule.computed_egress_rules",
            "module.firewall.module.ecs_sg.aws_security_group_rule.computed_egress_with_cidr_blocks",
            "module.firewall.module.ecs_sg.aws_security_group_rule.computed_egress_with_ipv6_cidr_blocks",
            "module.firewall.module.ecs_sg.aws_security_group_rule.computed_egress_with_prefix_list_ids",
            "module.firewall.module.ecs_sg.aws_security_group_rule.computed_egress_with_self",
            "module.firewall.module.ecs_sg.aws_security_group_rule.computed_egress_with_source_security_group_id",
            "module.firewall.module.ecs_sg.aws_security_group_rule.computed_ingress_rules",
            "module.firewall.module.ecs_sg.aws_security_group_rule.computed_ingress_with_cidr_blocks",
            "module.firewall.module.ecs_sg.aws_security_group_rule.computed_ingress_with_ipv6_cidr_blocks",
            "module.firewall.module.ecs_sg.aws_security_group_rule.computed_ingress_with_prefix_list_ids",
            "module.firewall.module.ecs_sg.aws_security_group_rule.computed_ingress_with_self",
            "module.firewall.module.ecs_sg.aws_security_group_rule.computed_ingress_with_source_security_group_id",
            "module.firewall.module.ecs_sg.aws_security_group_rule.egress_rules",
            "module.firewall.module.ecs_sg.aws_security_group_rule.egress_with_cidr_blocks",
            "module.firewall.module.ecs_sg.aws_security_group_rule.egress_with_ipv6_cidr_blocks",
            "module.firewall.module.ecs_sg.aws_security_group_rule.egress_with_prefix_list_ids",
            "module.firewall.module.ecs_sg.aws_security_group_rule.egress_with_self",
            "module.firewall.module.ecs_sg.aws_security_group_rule.egress_with_source_security_group_id",
            "module.firewall.module.ecs_sg.aws_security_group_rule.ingress_rules",
            "module.firewall.module.ecs_sg.aws_security_group_rule.ingress_with_cidr_blocks",
            "module.firewall.module.ecs_sg.aws_security_group_rule.ingress_with_ipv6_cidr_blocks",
            "module.firewall.module.ecs_sg.aws_security_group_rule.ingress_with_prefix_list_ids",
            "module.firewall.module.ecs_sg.aws_security_group_rule.ingress_with_self",
            "module.firewall.module.ecs_sg.aws_security_group_rule.ingress_with_source_security_group_id",
            "module.firewall.module.load_balancer_sg.aws_security_group.this",
            "module.firewall.module.load_balancer_sg.aws_security_group.this_name_prefix",
            "module.firewall.module.load_balancer_sg.aws_security_group_rule.computed_egress_rules",
            "module.firewall.module.load_balancer_sg.aws_security_group_rule.computed_egress_with_cidr_blocks",
            "module.firewall.module.load_balancer_sg.aws_security_group_rule.computed_egress_with_ipv6_cidr_blocks",
            "module.firewall.module.load_balancer_sg.aws_security_group_rule.computed_egress_with_prefix_list_ids",
            "module.firewall.module.load_balancer_sg.aws_security_group_rule.computed_egress_with_self",
            "module.firewall.module.load_balancer_sg.aws_security_group_rule.computed_egress_with_source_security_group_id",
            "module.firewall.module.load_balancer_sg.aws_security_group_rule.computed_ingress_rules",
            "module.firewall.module.load_balancer_sg.aws_security_group_rule.computed_ingress_with_cidr_blocks",
            "module.firewall.module.load_balancer_sg.aws_security_group_rule.computed_ingress_with_ipv6_cidr_blocks",
            "module.firewall.module.load_balancer_sg.aws_security_group_rule.computed_ingress_with_prefix_list_ids",
            "module.firewall.module.load_balancer_sg.aws_security_group_rule.computed_ingress_with_self",
            "module.firewall.module.load_balancer_sg.aws_security_group_rule.computed_ingress_with_source_security_group_id",
            "module.firewall.module.load_balancer_sg.aws_security_group_rule.egress_rules",
            "module.firewall.module.load_balancer_sg.aws_security_group_rule.egress_with_cidr_blocks",
            "module.firewall.module.load_balancer_sg.aws_security_group_rule.egress_with_ipv6_cidr_blocks",
            "module.firewall.module.load_balancer_sg.aws_security_group_rule.egress_with_prefix_list_ids",
            "module.firewall.module.load_balancer_sg.aws_security_group_rule.egress_with_self",
            "module.firewall.module.load_balancer_sg.aws_security_group_rule.egress_with_source_security_group_id",
            "module.firewall.module.load_balancer_sg.aws_security_group_rule.ingress_rules",
            "module.firewall.module.load_balancer_sg.aws_security_group_rule.ingress_with_cidr_blocks",
            "module.firewall.module.load_balancer_sg.aws_security_group_rule.ingress_with_ipv6_cidr_blocks",
            "module.firewall.module.load_balancer_sg.aws_security_group_rule.ingress_with_prefix_list_ids",
            "module.firewall.module.load_balancer_sg.aws_security_group_rule.ingress_with_self",
            "module.firewall.module.load_balancer_sg.aws_security_group_rule.ingress_with_source_security_group_id",
            "module.firewall.module.service_sg.aws_security_group.this",
            "module.firewall.module.service_sg.aws_security_group.this_name_prefix",
            "module.firewall.module.service_sg.aws_security_group_rule.computed_egress_rules",
            "module.firewall.module.service_sg.aws_security_group_rule.computed_egress_with_cidr_blocks",
            "module.firewall.module.service_sg.aws_security_group_rule.computed_egress_with_ipv6_cidr_blocks",
            "module.firewall.module.service_sg.aws_security_group_rule.computed_egress_with_prefix_list_ids",
            "module.firewall.module.service_sg.aws_security_group_rule.computed_egress_with_self",
            "module.firewall.module.service_sg.aws_security_group_rule.computed_egress_with_source_security_group_id",
            "module.firewall.module.service_sg.aws_security_group_rule.computed_ingress_rules",
            "module.firewall.module.service_sg.aws_security_group_rule.computed_ingress_with_cidr_blocks",
            "module.firewall.module.service_sg.aws_security_group_rule.computed_ingress_with_ipv6_cidr_blocks",
            "module.firewall.module.service_sg.aws_security_group_rule.computed_ingress_with_prefix_list_ids",
            "module.firewall.module.service_sg.aws_security_group_rule.computed_ingress_with_self",
            "module.firewall.module.service_sg.aws_security_group_rule.computed_ingress_with_source_security_group_id",
            "module.firewall.module.service_sg.aws_security_group_rule.egress_rules",
            "module.firewall.module.service_sg.aws_security_group_rule.egress_with_cidr_blocks",
            "module.firewall.module.service_sg.aws_security_group_rule.egress_with_ipv6_cidr_blocks",
            "module.firewall.module.service_sg.aws_security_group_rule.egress_with_prefix_list_ids",
            "module.firewall.module.service_sg.aws_security_group_rule.egress_with_self",
            "module.firewall.module.service_sg.aws_security_group_rule.egress_with_source_security_group_id",
            "module.firewall.module.service_sg.aws_security_group_rule.ingress_rules",
            "module.firewall.module.service_sg.aws_security_group_rule.ingress_with_cidr_blocks",
            "module.firewall.module.service_sg.aws_security_group_rule.ingress_with_ipv6_cidr_blocks",
            "module.firewall.module.service_sg.aws_security_group_rule.ingress_with_prefix_list_ids",
            "module.firewall.module.service_sg.aws_security_group_rule.ingress_with_self",
            "module.firewall.module.service_sg.aws_security_group_rule.ingress_with_source_security_group_id",
            "module.scaling.aws_autoscaling_group.this",
            "module.scaling.aws_iam_instance_profile.ecs_profile",
            "module.scaling.aws_iam_role.role",
            "module.scaling.aws_iam_role_policy.attach_role_policy",
            "module.scaling.aws_iam_role_policy_attachment.ecs_node_role_policy",
            "module.scaling.aws_launch_template.this",
            "module.scaling.data.aws_ami.amazon_linux",
            "module.scaling.data.aws_iam_policy_document.assume_role",
            "module.scaling.data.aws_iam_policy_document.workloads",
            "module.vpc.aws_eip.nat",
            "module.vpc.aws_internet_gateway.gw",
            "module.vpc.aws_nat_gateway.nat",
            "module.vpc.aws_route_table.private",
            "module.vpc.aws_route_table.public",
            "module.vpc.aws_route_table_association.private",
            "module.vpc.aws_route_table_association.public",
            "module.vpc.aws_subnet.private",
            "module.vpc.aws_subnet.public",
            "module.vpc.aws_vpc.this"
          ]
        },
        {
          "index_key": "walter-backend",
          "schema_version": 1,
          "attributes": {
            "arn": "arn:aws:ecs:us-east-1:654654523718:task-definition/walter-walter-backend:12",
            "arn_without_revision": "arn:aws:ecs:us-east-1:654654523718:task-definition/walter-walter-backend",
            "container_definitions": "[{\"cpu\":0,\"environment\":[],\"essential\":true,\"image\":\"654654523718.dkr.ecr.us-east-1.amazonaws.com/walter-image-repository/walter-backend:latest\",\"logConfiguration\":{\"logDriver\":\"awslogs\",\"options\":{\"awslogs-group\":\"/aws/ecs/walter-cluster\",\"awslogs-region\":\"us-east-1\",\"awslogs-stream-prefix\":\"ecs-walter-backend\"}},\"mountPoints\":[],\"name\":\"walter-backend\",\"portMappings\":[{\"containerPort\":8000,\"hostPort\":0,\"protocol\":\"tcp\"}],\"systemControls\":[],\"volumesFrom\":[]}]",
            "cpu": "2048",
            "ephemeral_storage": [],
            "execution_role_arn": "arn:aws:iam::654654523718:role/walter-cluster-task-exec-role",
            "family": "walter-walter-backend",
            "id": "walter-walter-backend",
            "inference_accelerator": [],
            "ipc_mode": "",
            "memory": "3500",
            "network_mode": "bridge",
            "pid_mode": "",
            "placement_constraints": [],
            "proxy_configuration": [],
            "requires_compatibilities": [],
            "revision": 12,
            "runtime_platform": [],
            "skip_destroy": false,
            "tags": {},
            "tags_all": {},
            "task_role_arn": "arn:aws:iam::654654523718:role/walter-cluster-task-exec-role",
            "track_latest": false,
            "volume": []
          },
          "sensitive_attributes": [],
          "private": "eyJzY2hlbWFfdmVyc2lvbiI6IjEifQ==",
          "dependencies": [
            "data.aws_availability_zones.available",
            "module.ecr.aws_ecr_repository.this",
            "module.ecs.aws_cloudwatch_log_group.this",
            "module.ecs.aws_iam_role.task_exec",
            "module.ecs.data.aws_region.current",
            "module.firewall.module.bastion_sg.aws_security_group.this",
            "module.firewall.module.bastion_sg.aws_security_group.this_name_prefix",
            "module.firewall.module.bastion_sg.aws_security_group_rule.computed_egress_rules",
            "module.firewall.module.bastion_sg.aws_security_group_rule.computed_egress_with_cidr_blocks",
            "module.firewall.module.bastion_sg.aws_security_group_rule.computed_egress_with_ipv6_cidr_blocks",
            "module.firewall.module.bastion_sg.aws_security_group_rule.computed_egress_with_prefix_list_ids",
            "module.firewall.module.bastion_sg.aws_security_group_rule.computed_egress_with_self",
            "module.firewall.module.bastion_sg.aws_security_group_rule.computed_egress_with_source_security_group_id",
            "module.firewall.module.bastion_sg.aws_security_group_rule.computed_ingress_rules",
            "module.firewall.module.bastion_sg.aws_security_group_rule.computed_ingress_with_cidr_blocks",
            "module.firewall.module.bastion_sg.aws_security_group_rule.computed_ingress_with_ipv6_cidr_blocks",
            "module.firewall.module.bastion_sg.aws_security_group_rule.computed_ingress_with_prefix_list_ids",
            "module.firewall.module.bastion_sg.aws_security_group_rule.computed_ingress_with_self",
            "module.firewall.module.bastion_sg.aws_security_group_rule.computed_ingress_with_source_security_group_id",
            "module.firewall.module.bastion_sg.aws_security_group_rule.egress_rules",
            "module.firewall.module.bastion_sg.aws_security_group_rule.egress_with_cidr_blocks",
            "module.firewall.module.bastion_sg.aws_security_group_rule.egress_with_ipv6_cidr_blocks",
            "module.firewall.module.bastion_sg.aws_security_group_rule.egress_with_prefix_list_ids",
            "module.firewall.module.bastion_sg.aws_security_group_rule.egress_with_self",
            "module.firewall.module.bastion_sg.aws_security_group_rule.egress_with_source_security_group_id",
            "module.firewall.module.bastion_sg.aws_security_group_rule.ingress_rules",
            "module.firewall.module.bastion_sg.aws_security_group_rule.ingress_with_cidr_blocks",
            "module.firewall.module.bastion_sg.aws_security_group_rule.ingress_with_ipv6_cidr_blocks",
            "module.firewall.module.bastion_sg.aws_security_group_rule.ingress_with_prefix_list_ids",
            "module.firewall.module.bastion_sg.aws_security_group_rule.ingress_with_self",
            "module.firewall.module.bastion_sg.aws_security_group_rule.ingress_with_source_security_group_id",
            "module.firewall.module.documentdb_sg.aws_security_group.this",
            "module.firewall.module.documentdb_sg.aws_security_group.this_name_prefix",
            "module.firewall.module.documentdb_sg.aws_security_group_rule.computed_egress_rules",
            "module.firewall.module.documentdb_sg.aws_security_group_rule.computed_egress_with_cidr_blocks",
            "module.firewall.module.documentdb_sg.aws_security_group_rule.computed_egress_with_ipv6_cidr_blocks",
            "module.firewall.module.documentdb_sg.aws_security_group_rule.computed_egress_with_prefix_list_ids",
            "module.firewall.module.documentdb_sg.aws_security_group_rule.computed_egress_with_self",
            "module.firewall.module.documentdb_sg.aws_security_group_rule.computed_egress_with_source_security_group_id",
            "module.firewall.module.documentdb_sg.aws_security_group_rule.computed_ingress_rules",
            "module.firewall.module.documentdb_sg.aws_security_group_rule.computed_ingress_with_cidr_blocks",
            "module.firewall.module.documentdb_sg.aws_security_group_rule.computed_ingress_with_ipv6_cidr_blocks",
            "module.firewall.module.documentdb_sg.aws_security_group_rule.computed_ingress_with_prefix_list_ids",
            "module.firewall.module.documentdb_sg.aws_security_group_rule.computed_ingress_with_self",
            "module.firewall.module.documentdb_sg.aws_security_group_rule.computed_ingress_with_source_security_group_id",
            "module.firewall.module.documentdb_sg.aws_security_group_rule.egress_rules",
            "module.firewall.module.documentdb_sg.aws_security_group_rule.egress_with_cidr_blocks",
            "module.firewall.module.documentdb_sg.aws_security_group_rule.egress_with_ipv6_cidr_blocks",
            "module.firewall.module.documentdb_sg.aws_security_group_rule.egress_with_prefix_list_ids",
            "module.firewall.module.documentdb_sg.aws_security_group_rule.egress_with_self",
            "module.firewall.module.documentdb_sg.aws_security_group_rule.egress_with_source_security_group_id",
            "module.firewall.module.documentdb_sg.aws_security_group_rule.ingress_rules",
            "module.firewall.module.documentdb_sg.aws_security_group_rule.ingress_with_cidr_blocks",
            "module.firewall.module.documentdb_sg.aws_security_group_rule.ingress_with_ipv6_cidr_blocks",
            "module.firewall.module.documentdb_sg.aws_security_group_rule.ingress_with_prefix_list_ids",
            "module.firewall.module.documentdb_sg.aws_security_group_rule.ingress_with_self",
            "module.firewall.module.documentdb_sg.aws_security_group_rule.ingress_with_source_security_group_id",
            "module.firewall.module.ecs_sg.aws_security_group.this",
            "module.firewall.module.ecs_sg.aws_security_group.this_name_prefix",
            "module.firewall.module.ecs_sg.aws_security_group_rule.computed_egress_rules",
            "module.firewall.module.ecs_sg.aws_security_group_rule.computed_egress_with_cidr_blocks",
            "module.firewall.module.ecs_sg.aws_security_group_rule.computed_egress_with_ipv6_cidr_blocks",
            "module.firewall.module.ecs_sg.aws_security_group_rule.computed_egress_with_prefix_list_ids",
            "module.firewall.module.ecs_sg.aws_security_group_rule.computed_egress_with_self",
            "module.firewall.module.ecs_sg.aws_security_group_rule.computed_egress_with_source_security_group_id",
            "module.firewall.module.ecs_sg.aws_security_group_rule.computed_ingress_rules",
            "module.firewall.module.ecs_sg.aws_security_group_rule.computed_ingress_with_cidr_blocks",
            "module.firewall.module.ecs_sg.aws_security_group_rule.computed_ingress_with_ipv6_cidr_blocks",
            "module.firewall.module.ecs_sg.aws_security_group_rule.computed_ingress_with_prefix_list_ids",
            "module.firewall.module.ecs_sg.aws_security_group_rule.computed_ingress_with_self",
            "module.firewall.module.ecs_sg.aws_security_group_rule.computed_ingress_with_source_security_group_id",
            "module.firewall.module.ecs_sg.aws_security_group_rule.egress_rules",
            "module.firewall.module.ecs_sg.aws_security_group_rule.egress_with_cidr_blocks",
            "module.firewall.module.ecs_sg.aws_security_group_rule.egress_with_ipv6_cidr_blocks",
            "module.firewall.module.ecs_sg.aws_security_group_rule.egress_with_prefix_list_ids",
            "module.firewall.module.ecs_sg.aws_security_group_rule.egress_with_self",
            "module.firewall.module.ecs_sg.aws_security_group_rule.egress_with_source_security_group_id",
            "module.firewall.module.ecs_sg.aws_security_group_rule.ingress_rules",
            "module.firewall.module.ecs_sg.aws_security_group_rule.ingress_with_cidr_blocks",
            "module.firewall.module.ecs_sg.aws_security_group_rule.ingress_with_ipv6_cidr_blocks",
            "module.firewall.module.ecs_sg.aws_security_group_rule.ingress_with_prefix_list_ids",
            "module.firewall.module.ecs_sg.aws_security_group_rule.ingress_with_self",
            "module.firewall.module.ecs_sg.aws_security_group_rule.ingress_with_source_security_group_id",
            "module.firewall.module.load_balancer_sg.aws_security_group.this",
            "module.firewall.module.load_balancer_sg.aws_security_group.this_name_prefix",
            "module.firewall.module.load_balancer_sg.aws_security_group_rule.computed_egress_rules",
            "module.firewall.module.load_balancer_sg.aws_security_group_rule.computed_egress_with_cidr_blocks",
            "module.firewall.module.load_balancer_sg.aws_security_group_rule.computed_egress_with_ipv6_cidr_blocks",
            "module.firewall.module.load_balancer_sg.aws_security_group_rule.computed_egress_with_prefix_list_ids",
            "module.firewall.module.load_balancer_sg.aws_security_group_rule.computed_egress_with_self",
            "module.firewall.module.load_balancer_sg.aws_security_group_rule.computed_egress_with_source_security_group_id",
            "module.firewall.module.load_balancer_sg.aws_security_group_rule.computed_ingress_rules",
            "module.firewall.module.load_balancer_sg.aws_security_group_rule.computed_ingress_with_cidr_blocks",
            "module.firewall.module.load_balancer_sg.aws_security_group_rule.computed_ingress_with_ipv6_cidr_blocks",
            "module.firewall.module.load_balancer_sg.aws_security_group_rule.computed_ingress_with_prefix_list_ids",
            "module.firewall.module.load_balancer_sg.aws_security_group_rule.computed_ingress_with_self",
            "module.firewall.module.load_balancer_sg.aws_security_group_rule.computed_ingress_with_source_security_group_id",
            "module.firewall.module.load_balancer_sg.aws_security_group_rule.egress_rules",
            "module.firewall.module.load_balancer_sg.aws_security_group_rule.egress_with_cidr_blocks",
            "module.firewall.module.load_balancer_sg.aws_security_group_rule.egress_with_ipv6_cidr_blocks",
            "module.firewall.module.load_balancer_sg.aws_security_group_rule.egress_with_prefix_list_ids",
            "module.firewall.module.load_balancer_sg.aws_security_group_rule.egress_with_self",
            "module.firewall.module.load_balancer_sg.aws_security_group_rule.egress_with_source_security_group_id",
            "module.firewall.module.load_balancer_sg.aws_security_group_rule.ingress_rules",
            "module.firewall.module.load_balancer_sg.aws_security_group_rule.ingress_with_cidr_blocks",
            "module.firewall.module.load_balancer_sg.aws_security_group_rule.ingress_with_ipv6_cidr_blocks",
            "module.firewall.module.load_balancer_sg.aws_security_group_rule.ingress_with_prefix_list_ids",
            "module.firewall.module.load_balancer_sg.aws_security_group_rule.ingress_with_self",
            "module.firewall.module.load_balancer_sg.aws_security_group_rule.ingress_with_source_security_group_id",
            "module.firewall.module.service_sg.aws_security_group.this",
            "module.firewall.module.service_sg.aws_security_group.this_name_prefix",
            "module.firewall.module.service_sg.aws_security_group_rule.computed_egress_rules",
            "module.firewall.module.service_sg.aws_security_group_rule.computed_egress_with_cidr_blocks",
            "module.firewall.module.service_sg.aws_security_group_rule.computed_egress_with_ipv6_cidr_blocks",
            "module.firewall.module.service_sg.aws_security_group_rule.computed_egress_with_prefix_list_ids",
            "module.firewall.module.service_sg.aws_security_group_rule.computed_egress_with_self",
            "module.firewall.module.service_sg.aws_security_group_rule.computed_egress_with_source_security_group_id",
            "module.firewall.module.service_sg.aws_security_group_rule.computed_ingress_rules",
            "module.firewall.module.service_sg.aws_security_group_rule.computed_ingress_with_cidr_blocks",
            "module.firewall.module.service_sg.aws_security_group_rule.computed_ingress_with_ipv6_cidr_blocks",
            "module.firewall.module.service_sg.aws_security_group_rule.computed_ingress_with_prefix_list_ids",
            "module.firewall.module.service_sg.aws_security_group_rule.computed_ingress_with_self",
            "module.firewall.module.service_sg.aws_security_group_rule.computed_ingress_with_source_security_group_id",
            "module.firewall.module.service_sg.aws_security_group_rule.egress_rules",
            "module.firewall.module.service_sg.aws_security_group_rule.egress_with_cidr_blocks",
            "module.firewall.module.service_sg.aws_security_group_rule.egress_with_ipv6_cidr_blocks",
            "module.firewall.module.service_sg.aws_security_group_rule.egress_with_prefix_list_ids",
            "module.firewall.module.service_sg.aws_security_group_rule.egress_with_self",
            "module.firewall.module.service_sg.aws_security_group_rule.egress_with_source_security_group_id",
            "module.firewall.module.service_sg.aws_security_group_rule.ingress_rules",
            "module.firewall.module.service_sg.aws_security_group_rule.ingress_with_cidr_blocks",
            "module.firewall.module.service_sg.aws_security_group_rule.ingress_with_ipv6_cidr_blocks",
            "module.firewall.module.service_sg.aws_security_group_rule.ingress_with_prefix_list_ids",
            "module.firewall.module.service_sg.aws_security_group_rule.ingress_with_self",
            "module.firewall.module.service_sg.aws_security_group_rule.ingress_with_source_security_group_id",
            "module.scaling.aws_autoscaling_group.this",
            "module.scaling.aws_iam_instance_profile.ecs_profile",
            "module.scaling.aws_iam_role.role",
            "module.scaling.aws_iam_role_policy.attach_role_policy",
            "module.scaling.aws_iam_role_policy_attachment.ecs_node_role_policy",
            "module.scaling.aws_launch_template.this",
            "module.scaling.data.aws_ami.amazon_linux",
            "module.scaling.data.aws_iam_policy_document.assume_role",
            "module.scaling.data.aws_iam_policy_document.workloads",
            "module.vpc.aws_eip.nat",
            "module.vpc.aws_internet_gateway.gw",
            "module.vpc.aws_nat_gateway.nat",
            "module.vpc.aws_route_table.private",
            "module.vpc.aws_route_table.public",
            "module.vpc.aws_route_table_association.private",
            "module.vpc.aws_route_table_association.public",
            "module.vpc.aws_subnet.private",
            "module.vpc.aws_subnet.public",
            "module.vpc.aws_vpc.this"
          ]
        },
        {
          "index_key": "walter-frontend",
          "schema_version": 1,
          "attributes": {
            "arn": "arn:aws:ecs:us-east-1:654654523718:task-definition/walter-walter-frontend:7",
            "arn_without_revision": "arn:aws:ecs:us-east-1:654654523718:task-definition/walter-walter-frontend",
            "container_definitions": "[{\"cpu\":0,\"environment\":[],\"essential\":true,\"image\":\"654654523718.dkr.ecr.us-east-1.amazonaws.com/walter-image-repository/walter-frontend:latest\",\"logConfiguration\":{\"logDriver\":\"awslogs\",\"options\":{\"awslogs-group\":\"/aws/ecs/walter-cluster\",\"awslogs-region\":\"us-east-1\",\"awslogs-stream-prefix\":\"ecs-walter-frontend\"}},\"mountPoints\":[],\"name\":\"walter-frontend\",\"portMappings\":[{\"containerPort\":3000,\"hostPort\":0,\"protocol\":\"tcp\"}],\"systemControls\":[],\"volumesFrom\":[]}]",
            "cpu": "512",
            "ephemeral_storage": [],
            "execution_role_arn": "arn:aws:iam::654654523718:role/walter-cluster-task-exec-role",
            "family": "walter-walter-frontend",
            "id": "walter-walter-frontend",
            "inference_accelerator": [],
            "ipc_mode": "",
            "memory": "512",
            "network_mode": "bridge",
            "pid_mode": "",
            "placement_constraints": [],
            "proxy_configuration": [],
            "requires_compatibilities": [],
            "revision": 7,
            "runtime_platform": [],
            "skip_destroy": false,
            "tags": {},
            "tags_all": {},
            "task_role_arn": "arn:aws:iam::654654523718:role/walter-cluster-task-exec-role",
            "track_latest": false,
            "volume": []
          },
          "sensitive_attributes": [],
          "private": "eyJzY2hlbWFfdmVyc2lvbiI6IjEifQ==",
          "dependencies": [
            "data.aws_availability_zones.available",
            "module.ecr.aws_ecr_repository.this",
            "module.ecs.aws_cloudwatch_log_group.this",
            "module.ecs.aws_iam_role.task_exec",
            "module.ecs.data.aws_region.current",
            "module.firewall.module.bastion_sg.aws_security_group.this",
            "module.firewall.module.bastion_sg.aws_security_group.this_name_prefix",
            "module.firewall.module.bastion_sg.aws_security_group_rule.computed_egress_rules",
            "module.firewall.module.bastion_sg.aws_security_group_rule.computed_egress_with_cidr_blocks",
            "module.firewall.module.bastion_sg.aws_security_group_rule.computed_egress_with_ipv6_cidr_blocks",
            "module.firewall.module.bastion_sg.aws_security_group_rule.computed_egress_with_prefix_list_ids",
            "module.firewall.module.bastion_sg.aws_security_group_rule.computed_egress_with_self",
            "module.firewall.module.bastion_sg.aws_security_group_rule.computed_egress_with_source_security_group_id",
            "module.firewall.module.bastion_sg.aws_security_group_rule.computed_ingress_rules",
            "module.firewall.module.bastion_sg.aws_security_group_rule.computed_ingress_with_cidr_blocks",
            "module.firewall.module.bastion_sg.aws_security_group_rule.computed_ingress_with_ipv6_cidr_blocks",
            "module.firewall.module.bastion_sg.aws_security_group_rule.computed_ingress_with_prefix_list_ids",
            "module.firewall.module.bastion_sg.aws_security_group_rule.computed_ingress_with_self",
            "module.firewall.module.bastion_sg.aws_security_group_rule.computed_ingress_with_source_security_group_id",
            "module.firewall.module.bastion_sg.aws_security_group_rule.egress_rules",
            "module.firewall.module.bastion_sg.aws_security_group_rule.egress_with_cidr_blocks",
            "module.firewall.module.bastion_sg.aws_security_group_rule.egress_with_ipv6_cidr_blocks",
            "module.firewall.module.bastion_sg.aws_security_group_rule.egress_with_prefix_list_ids",
            "module.firewall.module.bastion_sg.aws_security_group_rule.egress_with_self",
            "module.firewall.module.bastion_sg.aws_security_group_rule.egress_with_source_security_group_id",
            "module.firewall.module.bastion_sg.aws_security_group_rule.ingress_rules",
            "module.firewall.module.bastion_sg.aws_security_group_rule.ingress_with_cidr_blocks",
            "module.firewall.module.bastion_sg.aws_security_group_rule.ingress_with_ipv6_cidr_blocks",
            "module.firewall.module.bastion_sg.aws_security_group_rule.ingress_with_prefix_list_ids",
            "module.firewall.module.bastion_sg.aws_security_group_rule.ingress_with_self",
            "module.firewall.module.bastion_sg.aws_security_group_rule.ingress_with_source_security_group_id",
            "module.firewall.module.documentdb_sg.aws_security_group.this",
            "module.firewall.module.documentdb_sg.aws_security_group.this_name_prefix",
            "module.firewall.module.documentdb_sg.aws_security_group_rule.computed_egress_rules",
            "module.firewall.module.documentdb_sg.aws_security_group_rule.computed_egress_with_cidr_blocks",
            "module.firewall.module.documentdb_sg.aws_security_group_rule.computed_egress_with_ipv6_cidr_blocks",
            "module.firewall.module.documentdb_sg.aws_security_group_rule.computed_egress_with_prefix_list_ids",
            "module.firewall.module.documentdb_sg.aws_security_group_rule.computed_egress_with_self",
            "module.firewall.module.documentdb_sg.aws_security_group_rule.computed_egress_with_source_security_group_id",
            "module.firewall.module.documentdb_sg.aws_security_group_rule.computed_ingress_rules",
            "module.firewall.module.documentdb_sg.aws_security_group_rule.computed_ingress_with_cidr_blocks",
            "module.firewall.module.documentdb_sg.aws_security_group_rule.computed_ingress_with_ipv6_cidr_blocks",
            "module.firewall.module.documentdb_sg.aws_security_group_rule.computed_ingress_with_prefix_list_ids",
            "module.firewall.module.documentdb_sg.aws_security_group_rule.computed_ingress_with_self",
            "module.firewall.module.documentdb_sg.aws_security_group_rule.computed_ingress_with_source_security_group_id",
            "module.firewall.module.documentdb_sg.aws_security_group_rule.egress_rules",
            "module.firewall.module.documentdb_sg.aws_security_group_rule.egress_with_cidr_blocks",
            "module.firewall.module.documentdb_sg.aws_security_group_rule.egress_with_ipv6_cidr_blocks",
            "module.firewall.module.documentdb_sg.aws_security_group_rule.egress_with_prefix_list_ids",
            "module.firewall.module.documentdb_sg.aws_security_group_rule.egress_with_self",
            "module.firewall.module.documentdb_sg.aws_security_group_rule.egress_with_source_security_group_id",
            "module.firewall.module.documentdb_sg.aws_security_group_rule.ingress_rules",
            "module.firewall.module.documentdb_sg.aws_security_group_rule.ingress_with_cidr_blocks",
            "module.firewall.module.documentdb_sg.aws_security_group_rule.ingress_with_ipv6_cidr_blocks",
            "module.firewall.module.documentdb_sg.aws_security_group_rule.ingress_with_prefix_list_ids",
            "module.firewall.module.documentdb_sg.aws_security_group_rule.ingress_with_self",
            "module.firewall.module.documentdb_sg.aws_security_group_rule.ingress_with_source_security_group_id",
            "module.firewall.module.ecs_sg.aws_security_group.this",
            "module.firewall.module.ecs_sg.aws_security_group.this_name_prefix",
            "module.firewall.module.ecs_sg.aws_security_group_rule.computed_egress_rules",
            "module.firewall.module.ecs_sg.aws_security_group_rule.computed_egress_with_cidr_blocks",
            "module.firewall.module.ecs_sg.aws_security_group_rule.computed_egress_with_ipv6_cidr_blocks",
            "module.firewall.module.ecs_sg.aws_security_group_rule.computed_egress_with_prefix_list_ids",
            "module.firewall.module.ecs_sg.aws_security_group_rule.computed_egress_with_self",
            "module.firewall.module.ecs_sg.aws_security_group_rule.computed_egress_with_source_security_group_id",
            "module.firewall.module.ecs_sg.aws_security_group_rule.computed_ingress_rules",
            "module.firewall.module.ecs_sg.aws_security_group_rule.computed_ingress_with_cidr_blocks",
            "module.firewall.module.ecs_sg.aws_security_group_rule.computed_ingress_with_ipv6_cidr_blocks",
            "module.firewall.module.ecs_sg.aws_security_group_rule.computed_ingress_with_prefix_list_ids",
            "module.firewall.module.ecs_sg.aws_security_group_rule.computed_ingress_with_self",
            "module.firewall.module.ecs_sg.aws_security_group_rule.computed_ingress_with_source_security_group_id",
            "module.firewall.module.ecs_sg.aws_security_group_rule.egress_rules",
            "module.firewall.module.ecs_sg.aws_security_group_rule.egress_with_cidr_blocks",
            "module.firewall.module.ecs_sg.aws_security_group_rule.egress_with_ipv6_cidr_blocks",
            "module.firewall.module.ecs_sg.aws_security_group_rule.egress_with_prefix_list_ids",
            "module.firewall.module.ecs_sg.aws_security_group_rule.egress_with_self",
            "module.firewall.module.ecs_sg.aws_security_group_rule.egress_with_source_security_group_id",
            "module.firewall.module.ecs_sg.aws_security_group_rule.ingress_rules",
            "module.firewall.module.ecs_sg.aws_security_group_rule.ingress_with_cidr_blocks",
            "module.firewall.module.ecs_sg.aws_security_group_rule.ingress_with_ipv6_cidr_blocks",
            "module.firewall.module.ecs_sg.aws_security_group_rule.ingress_with_prefix_list_ids",
            "module.firewall.module.ecs_sg.aws_security_group_rule.ingress_with_self",
            "module.firewall.module.ecs_sg.aws_security_group_rule.ingress_with_source_security_group_id",
            "module.firewall.module.load_balancer_sg.aws_security_group.this",
            "module.firewall.module.load_balancer_sg.aws_security_group.this_name_prefix",
            "module.firewall.module.load_balancer_sg.aws_security_group_rule.computed_egress_rules",
            "module.firewall.module.load_balancer_sg.aws_security_group_rule.computed_egress_with_cidr_blocks",
            "module.firewall.module.load_balancer_sg.aws_security_group_rule.computed_egress_with_ipv6_cidr_blocks",
            "module.firewall.module.load_balancer_sg.aws_security_group_rule.computed_egress_with_prefix_list_ids",
            "module.firewall.module.load_balancer_sg.aws_security_group_rule.computed_egress_with_self",
            "module.firewall.module.load_balancer_sg.aws_security_group_rule.computed_egress_with_source_security_group_id",
            "module.firewall.module.load_balancer_sg.aws_security_group_rule.computed_ingress_rules",
            "module.firewall.module.load_balancer_sg.aws_security_group_rule.computed_ingress_with_cidr_blocks",
            "module.firewall.module.load_balancer_sg.aws_security_group_rule.computed_ingress_with_ipv6_cidr_blocks",
            "module.firewall.module.load_balancer_sg.aws_security_group_rule.computed_ingress_with_prefix_list_ids",
            "module.firewall.module.load_balancer_sg.aws_security_group_rule.computed_ingress_with_self",
            "module.firewall.module.load_balancer_sg.aws_security_group_rule.computed_ingress_with_source_security_group_id",
            "module.firewall.module.load_balancer_sg.aws_security_group_rule.egress_rules",
            "module.firewall.module.load_balancer_sg.aws_security_group_rule.egress_with_cidr_blocks",
            "module.firewall.module.load_balancer_sg.aws_security_group_rule.egress_with_ipv6_cidr_blocks",
            "module.firewall.module.load_balancer_sg.aws_security_group_rule.egress_with_prefix_list_ids",
            "module.firewall.module.load_balancer_sg.aws_security_group_rule.egress_with_self",
            "module.firewall.module.load_balancer_sg.aws_security_group_rule.egress_with_source_security_group_id",
            "module.firewall.module.load_balancer_sg.aws_security_group_rule.ingress_rules",
            "module.firewall.module.load_balancer_sg.aws_security_group_rule.ingress_with_cidr_blocks",
            "module.firewall.module.load_balancer_sg.aws_security_group_rule.ingress_with_ipv6_cidr_blocks",
            "module.firewall.module.load_balancer_sg.aws_security_group_rule.ingress_with_prefix_list_ids",
            "module.firewall.module.load_balancer_sg.aws_security_group_rule.ingress_with_self",
            "module.firewall.module.load_balancer_sg.aws_security_group_rule.ingress_with_source_security_group_id",
            "module.firewall.module.service_sg.aws_security_group.this",
            "module.firewall.module.service_sg.aws_security_group.this_name_prefix",
            "module.firewall.module.service_sg.aws_security_group_rule.computed_egress_rules",
            "module.firewall.module.service_sg.aws_security_group_rule.computed_egress_with_cidr_blocks",
            "module.firewall.module.service_sg.aws_security_group_rule.computed_egress_with_ipv6_cidr_blocks",
            "module.firewall.module.service_sg.aws_security_group_rule.computed_egress_with_prefix_list_ids",
            "module.firewall.module.service_sg.aws_security_group_rule.computed_egress_with_self",
            "module.firewall.module.service_sg.aws_security_group_rule.computed_egress_with_source_security_group_id",
            "module.firewall.module.service_sg.aws_security_group_rule.computed_ingress_rules",
            "module.firewall.module.service_sg.aws_security_group_rule.computed_ingress_with_cidr_blocks",
            "module.firewall.module.service_sg.aws_security_group_rule.computed_ingress_with_ipv6_cidr_blocks",
            "module.firewall.module.service_sg.aws_security_group_rule.computed_ingress_with_prefix_list_ids",
            "module.firewall.module.service_sg.aws_security_group_rule.computed_ingress_with_self",
            "module.firewall.module.service_sg.aws_security_group_rule.computed_ingress_with_source_security_group_id",
            "module.firewall.module.service_sg.aws_security_group_rule.egress_rules",
            "module.firewall.module.service_sg.aws_security_group_rule.egress_with_cidr_blocks",
            "module.firewall.module.service_sg.aws_security_group_rule.egress_with_ipv6_cidr_blocks",
            "module.firewall.module.service_sg.aws_security_group_rule.egress_with_prefix_list_ids",
            "module.firewall.module.service_sg.aws_security_group_rule.egress_with_self",
            "module.firewall.module.service_sg.aws_security_group_rule.egress_with_source_security_group_id",
            "module.firewall.module.service_sg.aws_security_group_rule.ingress_rules",
            "module.firewall.module.service_sg.aws_security_group_rule.ingress_with_cidr_blocks",
            "module.firewall.module.service_sg.aws_security_group_rule.ingress_with_ipv6_cidr_blocks",
            "module.firewall.module.service_sg.aws_security_group_rule.ingress_with_prefix_list_ids",
            "module.firewall.module.service_sg.aws_security_group_rule.ingress_with_self",
            "module.firewall.module.service_sg.aws_security_group_rule.ingress_with_source_security_group_id",
            "module.scaling.aws_autoscaling_group.this",
            "module.scaling.aws_iam_instance_profile.ecs_profile",
            "module.scaling.aws_iam_role.role",
            "module.scaling.aws_iam_role_policy.attach_role_policy",
            "module.scaling.aws_iam_role_policy_attachment.ecs_node_role_policy",
            "module.scaling.aws_launch_template.this",
            "module.scaling.data.aws_ami.amazon_linux",
            "module.scaling.data.aws_iam_policy_document.assume_role",
            "module.scaling.data.aws_iam_policy_document.workloads",
            "module.vpc.aws_eip.nat",
            "module.vpc.aws_internet_gateway.gw",
            "module.vpc.aws_nat_gateway.nat",
            "module.vpc.aws_route_table.private",
            "module.vpc.aws_route_table.public",
            "module.vpc.aws_route_table_association.private",
            "module.vpc.aws_route_table_association.public",
            "module.vpc.aws_subnet.private",
            "module.vpc.aws_subnet.public",
            "module.vpc.aws_vpc.this"
          ]
        },
        {
          "index_key": "wds-humanizer",
          "schema_version": 1,
          "attributes": {
            "arn": "arn:aws:ecs:us-east-1:654654523718:task-definition/walter-wds-humanizer:9",
            "arn_without_revision": "arn:aws:ecs:us-east-1:654654523718:task-definition/walter-wds-humanizer",
            "container_definitions": "[{\"cpu\":0,\"environment\":[],\"essential\":true,\"image\":\"654654523718.dkr.ecr.us-east-1.amazonaws.com/walter-image-repository/wds-humanizer:latest\",\"logConfiguration\":{\"logDriver\":\"awslogs\",\"options\":{\"awslogs-group\":\"/aws/ecs/walter-cluster\",\"awslogs-region\":\"us-east-1\",\"awslogs-stream-prefix\":\"ecs-wds-humanizer\"}},\"mountPoints\":[],\"name\":\"wds-humanizer\",\"portMappings\":[{\"containerPort\":8001,\"hostPort\":0,\"protocol\":\"tcp\"}],\"systemControls\":[],\"volumesFrom\":[]}]",
            "cpu": "1024",
            "ephemeral_storage": [],
            "execution_role_arn": "arn:aws:iam::654654523718:role/walter-cluster-task-exec-role",
            "family": "walter-wds-humanizer",
            "id": "walter-wds-humanizer",
            "inference_accelerator": [],
            "ipc_mode": "",
            "memory": "2048",
            "network_mode": "bridge",
            "pid_mode": "",
            "placement_constraints": [],
            "proxy_configuration": [],
            "requires_compatibilities": [],
            "revision": 9,
            "runtime_platform": [],
            "skip_destroy": false,
            "tags": {},
            "tags_all": {},
            "task_role_arn": "arn:aws:iam::654654523718:role/walter-cluster-task-exec-role",
            "track_latest": false,
            "volume": []
          },
          "sensitive_attributes": [],
          "private": "eyJzY2hlbWFfdmVyc2lvbiI6IjEifQ==",
          "dependencies": [
            "data.aws_availability_zones.available",
            "module.ecr.aws_ecr_repository.this",
            "module.ecs.aws_cloudwatch_log_group.this",
            "module.ecs.aws_iam_role.task_exec",
            "module.ecs.data.aws_region.current",
            "module.firewall.module.bastion_sg.aws_security_group.this",
            "module.firewall.module.bastion_sg.aws_security_group.this_name_prefix",
            "module.firewall.module.bastion_sg.aws_security_group_rule.computed_egress_rules",
            "module.firewall.module.bastion_sg.aws_security_group_rule.computed_egress_with_cidr_blocks",
            "module.firewall.module.bastion_sg.aws_security_group_rule.computed_egress_with_ipv6_cidr_blocks",
            "module.firewall.module.bastion_sg.aws_security_group_rule.computed_egress_with_prefix_list_ids",
            "module.firewall.module.bastion_sg.aws_security_group_rule.computed_egress_with_self",
            "module.firewall.module.bastion_sg.aws_security_group_rule.computed_egress_with_source_security_group_id",
            "module.firewall.module.bastion_sg.aws_security_group_rule.computed_ingress_rules",
            "module.firewall.module.bastion_sg.aws_security_group_rule.computed_ingress_with_cidr_blocks",
            "module.firewall.module.bastion_sg.aws_security_group_rule.computed_ingress_with_ipv6_cidr_blocks",
            "module.firewall.module.bastion_sg.aws_security_group_rule.computed_ingress_with_prefix_list_ids",
            "module.firewall.module.bastion_sg.aws_security_group_rule.computed_ingress_with_self",
            "module.firewall.module.bastion_sg.aws_security_group_rule.computed_ingress_with_source_security_group_id",
            "module.firewall.module.bastion_sg.aws_security_group_rule.egress_rules",
            "module.firewall.module.bastion_sg.aws_security_group_rule.egress_with_cidr_blocks",
            "module.firewall.module.bastion_sg.aws_security_group_rule.egress_with_ipv6_cidr_blocks",
            "module.firewall.module.bastion_sg.aws_security_group_rule.egress_with_prefix_list_ids",
            "module.firewall.module.bastion_sg.aws_security_group_rule.egress_with_self",
            "module.firewall.module.bastion_sg.aws_security_group_rule.egress_with_source_security_group_id",
            "module.firewall.module.bastion_sg.aws_security_group_rule.ingress_rules",
            "module.firewall.module.bastion_sg.aws_security_group_rule.ingress_with_cidr_blocks",
            "module.firewall.module.bastion_sg.aws_security_group_rule.ingress_with_ipv6_cidr_blocks",
            "module.firewall.module.bastion_sg.aws_security_group_rule.ingress_with_prefix_list_ids",
            "module.firewall.module.bastion_sg.aws_security_group_rule.ingress_with_self",
            "module.firewall.module.bastion_sg.aws_security_group_rule.ingress_with_source_security_group_id",
            "module.firewall.module.documentdb_sg.aws_security_group.this",
            "module.firewall.module.documentdb_sg.aws_security_group.this_name_prefix",
            "module.firewall.module.documentdb_sg.aws_security_group_rule.computed_egress_rules",
            "module.firewall.module.documentdb_sg.aws_security_group_rule.computed_egress_with_cidr_blocks",
            "module.firewall.module.documentdb_sg.aws_security_group_rule.computed_egress_with_ipv6_cidr_blocks",
            "module.firewall.module.documentdb_sg.aws_security_group_rule.computed_egress_with_prefix_list_ids",
            "module.firewall.module.documentdb_sg.aws_security_group_rule.computed_egress_with_self",
            "module.firewall.module.documentdb_sg.aws_security_group_rule.computed_egress_with_source_security_group_id",
            "module.firewall.module.documentdb_sg.aws_security_group_rule.computed_ingress_rules",
            "module.firewall.module.documentdb_sg.aws_security_group_rule.computed_ingress_with_cidr_blocks",
            "module.firewall.module.documentdb_sg.aws_security_group_rule.computed_ingress_with_ipv6_cidr_blocks",
            "module.firewall.module.documentdb_sg.aws_security_group_rule.computed_ingress_with_prefix_list_ids",
            "module.firewall.module.documentdb_sg.aws_security_group_rule.computed_ingress_with_self",
            "module.firewall.module.documentdb_sg.aws_security_group_rule.computed_ingress_with_source_security_group_id",
            "module.firewall.module.documentdb_sg.aws_security_group_rule.egress_rules",
            "module.firewall.module.documentdb_sg.aws_security_group_rule.egress_with_cidr_blocks",
            "module.firewall.module.documentdb_sg.aws_security_group_rule.egress_with_ipv6_cidr_blocks",
            "module.firewall.module.documentdb_sg.aws_security_group_rule.egress_with_prefix_list_ids",
            "module.firewall.module.documentdb_sg.aws_security_group_rule.egress_with_self",
            "module.firewall.module.documentdb_sg.aws_security_group_rule.egress_with_source_security_group_id",
            "module.firewall.module.documentdb_sg.aws_security_group_rule.ingress_rules",
            "module.firewall.module.documentdb_sg.aws_security_group_rule.ingress_with_cidr_blocks",
            "module.firewall.module.documentdb_sg.aws_security_group_rule.ingress_with_ipv6_cidr_blocks",
            "module.firewall.module.documentdb_sg.aws_security_group_rule.ingress_with_prefix_list_ids",
            "module.firewall.module.documentdb_sg.aws_security_group_rule.ingress_with_self",
            "module.firewall.module.documentdb_sg.aws_security_group_rule.ingress_with_source_security_group_id",
            "module.firewall.module.ecs_sg.aws_security_group.this",
            "module.firewall.module.ecs_sg.aws_security_group.this_name_prefix",
            "module.firewall.module.ecs_sg.aws_security_group_rule.computed_egress_rules",
            "module.firewall.module.ecs_sg.aws_security_group_rule.computed_egress_with_cidr_blocks",
            "module.firewall.module.ecs_sg.aws_security_group_rule.computed_egress_with_ipv6_cidr_blocks",
            "module.firewall.module.ecs_sg.aws_security_group_rule.computed_egress_with_prefix_list_ids",
            "module.firewall.module.ecs_sg.aws_security_group_rule.computed_egress_with_self",
            "module.firewall.module.ecs_sg.aws_security_group_rule.computed_egress_with_source_security_group_id",
            "module.firewall.module.ecs_sg.aws_security_group_rule.computed_ingress_rules",
            "module.firewall.module.ecs_sg.aws_security_group_rule.computed_ingress_with_cidr_blocks",
            "module.firewall.module.ecs_sg.aws_security_group_rule.computed_ingress_with_ipv6_cidr_blocks",
            "module.firewall.module.ecs_sg.aws_security_group_rule.computed_ingress_with_prefix_list_ids",
            "module.firewall.module.ecs_sg.aws_security_group_rule.computed_ingress_with_self",
            "module.firewall.module.ecs_sg.aws_security_group_rule.computed_ingress_with_source_security_group_id",
            "module.firewall.module.ecs_sg.aws_security_group_rule.egress_rules",
            "module.firewall.module.ecs_sg.aws_security_group_rule.egress_with_cidr_blocks",
            "module.firewall.module.ecs_sg.aws_security_group_rule.egress_with_ipv6_cidr_blocks",
            "module.firewall.module.ecs_sg.aws_security_group_rule.egress_with_prefix_list_ids",
            "module.firewall.module.ecs_sg.aws_security_group_rule.egress_with_self",
            "module.firewall.module.ecs_sg.aws_security_group_rule.egress_with_source_security_group_id",
            "module.firewall.module.ecs_sg.aws_security_group_rule.ingress_rules",
            "module.firewall.module.ecs_sg.aws_security_group_rule.ingress_with_cidr_blocks",
            "module.firewall.module.ecs_sg.aws_security_group_rule.ingress_with_ipv6_cidr_blocks",
            "module.firewall.module.ecs_sg.aws_security_group_rule.ingress_with_prefix_list_ids",
            "module.firewall.module.ecs_sg.aws_security_group_rule.ingress_with_self",
            "module.firewall.module.ecs_sg.aws_security_group_rule.ingress_with_source_security_group_id",
            "module.firewall.module.load_balancer_sg.aws_security_group.this",
            "module.firewall.module.load_balancer_sg.aws_security_group.this_name_prefix",
            "module.firewall.module.load_balancer_sg.aws_security_group_rule.computed_egress_rules",
            "module.firewall.module.load_balancer_sg.aws_security_group_rule.computed_egress_with_cidr_blocks",
            "module.firewall.module.load_balancer_sg.aws_security_group_rule.computed_egress_with_ipv6_cidr_blocks",
            "module.firewall.module.load_balancer_sg.aws_security_group_rule.computed_egress_with_prefix_list_ids",
            "module.firewall.module.load_balancer_sg.aws_security_group_rule.computed_egress_with_self",
            "module.firewall.module.load_balancer_sg.aws_security_group_rule.computed_egress_with_source_security_group_id",
            "module.firewall.module.load_balancer_sg.aws_security_group_rule.computed_ingress_rules",
            "module.firewall.module.load_balancer_sg.aws_security_group_rule.computed_ingress_with_cidr_blocks",
            "module.firewall.module.load_balancer_sg.aws_security_group_rule.computed_ingress_with_ipv6_cidr_blocks",
            "module.firewall.module.load_balancer_sg.aws_security_group_rule.computed_ingress_with_prefix_list_ids",
            "module.firewall.module.load_balancer_sg.aws_security_group_rule.computed_ingress_with_self",
            "module.firewall.module.load_balancer_sg.aws_security_group_rule.computed_ingress_with_source_security_group_id",
            "module.firewall.module.load_balancer_sg.aws_security_group_rule.egress_rules",
            "module.firewall.module.load_balancer_sg.aws_security_group_rule.egress_with_cidr_blocks",
            "module.firewall.module.load_balancer_sg.aws_security_group_rule.egress_with_ipv6_cidr_blocks",
            "module.firewall.module.load_balancer_sg.aws_security_group_rule.egress_with_prefix_list_ids",
            "module.firewall.module.load_balancer_sg.aws_security_group_rule.egress_with_self",
            "module.firewall.module.load_balancer_sg.aws_security_group_rule.egress_with_source_security_group_id",
            "module.firewall.module.load_balancer_sg.aws_security_group_rule.ingress_rules",
            "module.firewall.module.load_balancer_sg.aws_security_group_rule.ingress_with_cidr_blocks",
            "module.firewall.module.load_balancer_sg.aws_security_group_rule.ingress_with_ipv6_cidr_blocks",
            "module.firewall.module.load_balancer_sg.aws_security_group_rule.ingress_with_prefix_list_ids",
            "module.firewall.module.load_balancer_sg.aws_security_group_rule.ingress_with_self",
            "module.firewall.module.load_balancer_sg.aws_security_group_rule.ingress_with_source_security_group_id",
            "module.firewall.module.service_sg.aws_security_group.this",
            "module.firewall.module.service_sg.aws_security_group.this_name_prefix",
            "module.firewall.module.service_sg.aws_security_group_rule.computed_egress_rules",
            "module.firewall.module.service_sg.aws_security_group_rule.computed_egress_with_cidr_blocks",
            "module.firewall.module.service_sg.aws_security_group_rule.computed_egress_with_ipv6_cidr_blocks",
            "module.firewall.module.service_sg.aws_security_group_rule.computed_egress_with_prefix_list_ids",
            "module.firewall.module.service_sg.aws_security_group_rule.computed_egress_with_self",
            "module.firewall.module.service_sg.aws_security_group_rule.computed_egress_with_source_security_group_id",
            "module.firewall.module.service_sg.aws_security_group_rule.computed_ingress_rules",
            "module.firewall.module.service_sg.aws_security_group_rule.computed_ingress_with_cidr_blocks",
            "module.firewall.module.service_sg.aws_security_group_rule.computed_ingress_with_ipv6_cidr_blocks",
            "module.firewall.module.service_sg.aws_security_group_rule.computed_ingress_with_prefix_list_ids",
            "module.firewall.module.service_sg.aws_security_group_rule.computed_ingress_with_self",
            "module.firewall.module.service_sg.aws_security_group_rule.computed_ingress_with_source_security_group_id",
            "module.firewall.module.service_sg.aws_security_group_rule.egress_rules",
            "module.firewall.module.service_sg.aws_security_group_rule.egress_with_cidr_blocks",
            "module.firewall.module.service_sg.aws_security_group_rule.egress_with_ipv6_cidr_blocks",
            "module.firewall.module.service_sg.aws_security_group_rule.egress_with_prefix_list_ids",
            "module.firewall.module.service_sg.aws_security_group_rule.egress_with_self",
            "module.firewall.module.service_sg.aws_security_group_rule.egress_with_source_security_group_id",
            "module.firewall.module.service_sg.aws_security_group_rule.ingress_rules",
            "module.firewall.module.service_sg.aws_security_group_rule.ingress_with_cidr_blocks",
            "module.firewall.module.service_sg.aws_security_group_rule.ingress_with_ipv6_cidr_blocks",
            "module.firewall.module.service_sg.aws_security_group_rule.ingress_with_prefix_list_ids",
            "module.firewall.module.service_sg.aws_security_group_rule.ingress_with_self",
            "module.firewall.module.service_sg.aws_security_group_rule.ingress_with_source_security_group_id",
            "module.scaling.aws_autoscaling_group.this",
            "module.scaling.aws_iam_instance_profile.ecs_profile",
            "module.scaling.aws_iam_role.role",
            "module.scaling.aws_iam_role_policy.attach_role_policy",
            "module.scaling.aws_iam_role_policy_attachment.ecs_node_role_policy",
            "module.scaling.aws_launch_template.this",
            "module.scaling.data.aws_ami.amazon_linux",
            "module.scaling.data.aws_iam_policy_document.assume_role",
            "module.scaling.data.aws_iam_policy_document.workloads",
            "module.vpc.aws_eip.nat",
            "module.vpc.aws_internet_gateway.gw",
            "module.vpc.aws_nat_gateway.nat",
            "module.vpc.aws_route_table.private",
            "module.vpc.aws_route_table.public",
            "module.vpc.aws_route_table_association.private",
            "module.vpc.aws_route_table_association.public",
            "module.vpc.aws_subnet.private",
            "module.vpc.aws_subnet.public",
            "module.vpc.aws_vpc.this"
          ]
        }
      ]
    },
    {
      "module": "module.ecs",
      "mode": "managed",
      "type": "aws_iam_policy",
      "name": "task_exec",
      "provider": "provider[\"registry.terraform.io/hashicorp/aws\"]",
      "instances": []
    },
    {
      "module": "module.ecs",
      "mode": "managed",
      "type": "aws_iam_role",
      "name": "task_exec",
      "provider": "provider[\"registry.terraform.io/hashicorp/aws\"]",
      "instances": [
        {
          "schema_version": 0,
          "attributes": {
            "arn": "arn:aws:iam::654654523718:role/walter-cluster-task-exec-role",
            "assume_role_policy": "{\"Statement\":[{\"Action\":\"sts:AssumeRole\",\"Effect\":\"Allow\",\"Principal\":{\"Service\":\"ecs-tasks.amazonaws.com\"}}],\"Version\":\"2012-10-17\"}",
            "create_date": "2025-02-21T16:23:55Z",
            "description": "Task execution role for walter-cluster",
            "force_detach_policies": true,
            "id": "walter-cluster-task-exec-role",
            "inline_policy": [],
            "managed_policy_arns": [
              "arn:aws:iam::aws:policy/service-role/AmazonECSTaskExecutionRolePolicy"
            ],
            "max_session_duration": 3600,
            "name": "walter-cluster-task-exec-role",
            "name_prefix": "",
            "path": "/",
            "permissions_boundary": "",
            "tags": {},
            "tags_all": {},
            "unique_id": "AROAZQ3DTJFDFC5C5ZL4P"
          },
          "sensitive_attributes": [],
          "private": "bnVsbA==",
          "dependencies": [
            "data.aws_availability_zones.available",
            "module.firewall.module.bastion_sg.aws_security_group.this",
            "module.firewall.module.bastion_sg.aws_security_group.this_name_prefix",
            "module.firewall.module.bastion_sg.aws_security_group_rule.computed_egress_rules",
            "module.firewall.module.bastion_sg.aws_security_group_rule.computed_egress_with_cidr_blocks",
            "module.firewall.module.bastion_sg.aws_security_group_rule.computed_egress_with_ipv6_cidr_blocks",
            "module.firewall.module.bastion_sg.aws_security_group_rule.computed_egress_with_prefix_list_ids",
            "module.firewall.module.bastion_sg.aws_security_group_rule.computed_egress_with_self",
            "module.firewall.module.bastion_sg.aws_security_group_rule.computed_egress_with_source_security_group_id",
            "module.firewall.module.bastion_sg.aws_security_group_rule.computed_ingress_rules",
            "module.firewall.module.bastion_sg.aws_security_group_rule.computed_ingress_with_cidr_blocks",
            "module.firewall.module.bastion_sg.aws_security_group_rule.computed_ingress_with_ipv6_cidr_blocks",
            "module.firewall.module.bastion_sg.aws_security_group_rule.computed_ingress_with_prefix_list_ids",
            "module.firewall.module.bastion_sg.aws_security_group_rule.computed_ingress_with_self",
            "module.firewall.module.bastion_sg.aws_security_group_rule.computed_ingress_with_source_security_group_id",
            "module.firewall.module.bastion_sg.aws_security_group_rule.egress_rules",
            "module.firewall.module.bastion_sg.aws_security_group_rule.egress_with_cidr_blocks",
            "module.firewall.module.bastion_sg.aws_security_group_rule.egress_with_ipv6_cidr_blocks",
            "module.firewall.module.bastion_sg.aws_security_group_rule.egress_with_prefix_list_ids",
            "module.firewall.module.bastion_sg.aws_security_group_rule.egress_with_self",
            "module.firewall.module.bastion_sg.aws_security_group_rule.egress_with_source_security_group_id",
            "module.firewall.module.bastion_sg.aws_security_group_rule.ingress_rules",
            "module.firewall.module.bastion_sg.aws_security_group_rule.ingress_with_cidr_blocks",
            "module.firewall.module.bastion_sg.aws_security_group_rule.ingress_with_ipv6_cidr_blocks",
            "module.firewall.module.bastion_sg.aws_security_group_rule.ingress_with_prefix_list_ids",
            "module.firewall.module.bastion_sg.aws_security_group_rule.ingress_with_self",
            "module.firewall.module.bastion_sg.aws_security_group_rule.ingress_with_source_security_group_id",
            "module.firewall.module.documentdb_sg.aws_security_group.this",
            "module.firewall.module.documentdb_sg.aws_security_group.this_name_prefix",
            "module.firewall.module.documentdb_sg.aws_security_group_rule.computed_egress_rules",
            "module.firewall.module.documentdb_sg.aws_security_group_rule.computed_egress_with_cidr_blocks",
            "module.firewall.module.documentdb_sg.aws_security_group_rule.computed_egress_with_ipv6_cidr_blocks",
            "module.firewall.module.documentdb_sg.aws_security_group_rule.computed_egress_with_prefix_list_ids",
            "module.firewall.module.documentdb_sg.aws_security_group_rule.computed_egress_with_self",
            "module.firewall.module.documentdb_sg.aws_security_group_rule.computed_egress_with_source_security_group_id",
            "module.firewall.module.documentdb_sg.aws_security_group_rule.computed_ingress_rules",
            "module.firewall.module.documentdb_sg.aws_security_group_rule.computed_ingress_with_cidr_blocks",
            "module.firewall.module.documentdb_sg.aws_security_group_rule.computed_ingress_with_ipv6_cidr_blocks",
            "module.firewall.module.documentdb_sg.aws_security_group_rule.computed_ingress_with_prefix_list_ids",
            "module.firewall.module.documentdb_sg.aws_security_group_rule.computed_ingress_with_self",
            "module.firewall.module.documentdb_sg.aws_security_group_rule.computed_ingress_with_source_security_group_id",
            "module.firewall.module.documentdb_sg.aws_security_group_rule.egress_rules",
            "module.firewall.module.documentdb_sg.aws_security_group_rule.egress_with_cidr_blocks",
            "module.firewall.module.documentdb_sg.aws_security_group_rule.egress_with_ipv6_cidr_blocks",
            "module.firewall.module.documentdb_sg.aws_security_group_rule.egress_with_prefix_list_ids",
            "module.firewall.module.documentdb_sg.aws_security_group_rule.egress_with_self",
            "module.firewall.module.documentdb_sg.aws_security_group_rule.egress_with_source_security_group_id",
            "module.firewall.module.documentdb_sg.aws_security_group_rule.ingress_rules",
            "module.firewall.module.documentdb_sg.aws_security_group_rule.ingress_with_cidr_blocks",
            "module.firewall.module.documentdb_sg.aws_security_group_rule.ingress_with_ipv6_cidr_blocks",
            "module.firewall.module.documentdb_sg.aws_security_group_rule.ingress_with_prefix_list_ids",
            "module.firewall.module.documentdb_sg.aws_security_group_rule.ingress_with_self",
            "module.firewall.module.documentdb_sg.aws_security_group_rule.ingress_with_source_security_group_id",
            "module.firewall.module.ecs_sg.aws_security_group.this",
            "module.firewall.module.ecs_sg.aws_security_group.this_name_prefix",
            "module.firewall.module.ecs_sg.aws_security_group_rule.computed_egress_rules",
            "module.firewall.module.ecs_sg.aws_security_group_rule.computed_egress_with_cidr_blocks",
            "module.firewall.module.ecs_sg.aws_security_group_rule.computed_egress_with_ipv6_cidr_blocks",
            "module.firewall.module.ecs_sg.aws_security_group_rule.computed_egress_with_prefix_list_ids",
            "module.firewall.module.ecs_sg.aws_security_group_rule.computed_egress_with_self",
            "module.firewall.module.ecs_sg.aws_security_group_rule.computed_egress_with_source_security_group_id",
            "module.firewall.module.ecs_sg.aws_security_group_rule.computed_ingress_rules",
            "module.firewall.module.ecs_sg.aws_security_group_rule.computed_ingress_with_cidr_blocks",
            "module.firewall.module.ecs_sg.aws_security_group_rule.computed_ingress_with_ipv6_cidr_blocks",
            "module.firewall.module.ecs_sg.aws_security_group_rule.computed_ingress_with_prefix_list_ids",
            "module.firewall.module.ecs_sg.aws_security_group_rule.computed_ingress_with_self",
            "module.firewall.module.ecs_sg.aws_security_group_rule.computed_ingress_with_source_security_group_id",
            "module.firewall.module.ecs_sg.aws_security_group_rule.egress_rules",
            "module.firewall.module.ecs_sg.aws_security_group_rule.egress_with_cidr_blocks",
            "module.firewall.module.ecs_sg.aws_security_group_rule.egress_with_ipv6_cidr_blocks",
            "module.firewall.module.ecs_sg.aws_security_group_rule.egress_with_prefix_list_ids",
            "module.firewall.module.ecs_sg.aws_security_group_rule.egress_with_self",
            "module.firewall.module.ecs_sg.aws_security_group_rule.egress_with_source_security_group_id",
            "module.firewall.module.ecs_sg.aws_security_group_rule.ingress_rules",
            "module.firewall.module.ecs_sg.aws_security_group_rule.ingress_with_cidr_blocks",
            "module.firewall.module.ecs_sg.aws_security_group_rule.ingress_with_ipv6_cidr_blocks",
            "module.firewall.module.ecs_sg.aws_security_group_rule.ingress_with_prefix_list_ids",
            "module.firewall.module.ecs_sg.aws_security_group_rule.ingress_with_self",
            "module.firewall.module.ecs_sg.aws_security_group_rule.ingress_with_source_security_group_id",
            "module.firewall.module.load_balancer_sg.aws_security_group.this",
            "module.firewall.module.load_balancer_sg.aws_security_group.this_name_prefix",
            "module.firewall.module.load_balancer_sg.aws_security_group_rule.computed_egress_rules",
            "module.firewall.module.load_balancer_sg.aws_security_group_rule.computed_egress_with_cidr_blocks",
            "module.firewall.module.load_balancer_sg.aws_security_group_rule.computed_egress_with_ipv6_cidr_blocks",
            "module.firewall.module.load_balancer_sg.aws_security_group_rule.computed_egress_with_prefix_list_ids",
            "module.firewall.module.load_balancer_sg.aws_security_group_rule.computed_egress_with_self",
            "module.firewall.module.load_balancer_sg.aws_security_group_rule.computed_egress_with_source_security_group_id",
            "module.firewall.module.load_balancer_sg.aws_security_group_rule.computed_ingress_rules",
            "module.firewall.module.load_balancer_sg.aws_security_group_rule.computed_ingress_with_cidr_blocks",
            "module.firewall.module.load_balancer_sg.aws_security_group_rule.computed_ingress_with_ipv6_cidr_blocks",
            "module.firewall.module.load_balancer_sg.aws_security_group_rule.computed_ingress_with_prefix_list_ids",
            "module.firewall.module.load_balancer_sg.aws_security_group_rule.computed_ingress_with_self",
            "module.firewall.module.load_balancer_sg.aws_security_group_rule.computed_ingress_with_source_security_group_id",
            "module.firewall.module.load_balancer_sg.aws_security_group_rule.egress_rules",
            "module.firewall.module.load_balancer_sg.aws_security_group_rule.egress_with_cidr_blocks",
            "module.firewall.module.load_balancer_sg.aws_security_group_rule.egress_with_ipv6_cidr_blocks",
            "module.firewall.module.load_balancer_sg.aws_security_group_rule.egress_with_prefix_list_ids",
            "module.firewall.module.load_balancer_sg.aws_security_group_rule.egress_with_self",
            "module.firewall.module.load_balancer_sg.aws_security_group_rule.egress_with_source_security_group_id",
            "module.firewall.module.load_balancer_sg.aws_security_group_rule.ingress_rules",
            "module.firewall.module.load_balancer_sg.aws_security_group_rule.ingress_with_cidr_blocks",
            "module.firewall.module.load_balancer_sg.aws_security_group_rule.ingress_with_ipv6_cidr_blocks",
            "module.firewall.module.load_balancer_sg.aws_security_group_rule.ingress_with_prefix_list_ids",
            "module.firewall.module.load_balancer_sg.aws_security_group_rule.ingress_with_self",
            "module.firewall.module.load_balancer_sg.aws_security_group_rule.ingress_with_source_security_group_id",
            "module.firewall.module.service_sg.aws_security_group.this",
            "module.firewall.module.service_sg.aws_security_group.this_name_prefix",
            "module.firewall.module.service_sg.aws_security_group_rule.computed_egress_rules",
            "module.firewall.module.service_sg.aws_security_group_rule.computed_egress_with_cidr_blocks",
            "module.firewall.module.service_sg.aws_security_group_rule.computed_egress_with_ipv6_cidr_blocks",
            "module.firewall.module.service_sg.aws_security_group_rule.computed_egress_with_prefix_list_ids",
            "module.firewall.module.service_sg.aws_security_group_rule.computed_egress_with_self",
            "module.firewall.module.service_sg.aws_security_group_rule.computed_egress_with_source_security_group_id",
            "module.firewall.module.service_sg.aws_security_group_rule.computed_ingress_rules",
            "module.firewall.module.service_sg.aws_security_group_rule.computed_ingress_with_cidr_blocks",
            "module.firewall.module.service_sg.aws_security_group_rule.computed_ingress_with_ipv6_cidr_blocks",
            "module.firewall.module.service_sg.aws_security_group_rule.computed_ingress_with_prefix_list_ids",
            "module.firewall.module.service_sg.aws_security_group_rule.computed_ingress_with_self",
            "module.firewall.module.service_sg.aws_security_group_rule.computed_ingress_with_source_security_group_id",
            "module.firewall.module.service_sg.aws_security_group_rule.egress_rules",
            "module.firewall.module.service_sg.aws_security_group_rule.egress_with_cidr_blocks",
            "module.firewall.module.service_sg.aws_security_group_rule.egress_with_ipv6_cidr_blocks",
            "module.firewall.module.service_sg.aws_security_group_rule.egress_with_prefix_list_ids",
            "module.firewall.module.service_sg.aws_security_group_rule.egress_with_self",
            "module.firewall.module.service_sg.aws_security_group_rule.egress_with_source_security_group_id",
            "module.firewall.module.service_sg.aws_security_group_rule.ingress_rules",
            "module.firewall.module.service_sg.aws_security_group_rule.ingress_with_cidr_blocks",
            "module.firewall.module.service_sg.aws_security_group_rule.ingress_with_ipv6_cidr_blocks",
            "module.firewall.module.service_sg.aws_security_group_rule.ingress_with_prefix_list_ids",
            "module.firewall.module.service_sg.aws_security_group_rule.ingress_with_self",
            "module.firewall.module.service_sg.aws_security_group_rule.ingress_with_source_security_group_id",
            "module.scaling.aws_autoscaling_group.this",
            "module.scaling.aws_iam_instance_profile.ecs_profile",
            "module.scaling.aws_iam_role.role",
            "module.scaling.aws_iam_role_policy.attach_role_policy",
            "module.scaling.aws_iam_role_policy_attachment.ecs_node_role_policy",
            "module.scaling.aws_launch_template.this",
            "module.scaling.data.aws_ami.amazon_linux",
            "module.scaling.data.aws_iam_policy_document.assume_role",
            "module.scaling.data.aws_iam_policy_document.workloads",
            "module.vpc.aws_eip.nat",
            "module.vpc.aws_internet_gateway.gw",
            "module.vpc.aws_nat_gateway.nat",
            "module.vpc.aws_route_table.private",
            "module.vpc.aws_route_table.public",
            "module.vpc.aws_route_table_association.private",
            "module.vpc.aws_route_table_association.public",
            "module.vpc.aws_subnet.private",
            "module.vpc.aws_subnet.public",
            "module.vpc.aws_vpc.this"
          ]
        }
      ]
    },
    {
      "module": "module.ecs",
      "mode": "managed",
      "type": "aws_iam_role_policy_attachment",
      "name": "task_exec",
      "provider": "provider[\"registry.terraform.io/hashicorp/aws\"]",
      "instances": []
    },
    {
      "module": "module.ecs",
      "mode": "managed",
      "type": "aws_iam_role_policy_attachment",
      "name": "task_exec_additional",
      "provider": "provider[\"registry.terraform.io/hashicorp/aws\"]",
      "instances": []
    },
    {
      "module": "module.ecs",
      "mode": "managed",
      "type": "aws_iam_role_policy_attachment",
      "name": "task_exec_default",
      "provider": "provider[\"registry.terraform.io/hashicorp/aws\"]",
      "instances": [
        {
          "schema_version": 0,
          "attributes": {
            "id": "walter-cluster-task-exec-role-20250221162356358200000002",
            "policy_arn": "arn:aws:iam::aws:policy/service-role/AmazonECSTaskExecutionRolePolicy",
            "role": "walter-cluster-task-exec-role"
          },
          "sensitive_attributes": [],
          "private": "bnVsbA==",
          "dependencies": [
            "data.aws_availability_zones.available",
            "module.ecs.aws_iam_role.task_exec",
            "module.firewall.module.bastion_sg.aws_security_group.this",
            "module.firewall.module.bastion_sg.aws_security_group.this_name_prefix",
            "module.firewall.module.bastion_sg.aws_security_group_rule.computed_egress_rules",
            "module.firewall.module.bastion_sg.aws_security_group_rule.computed_egress_with_cidr_blocks",
            "module.firewall.module.bastion_sg.aws_security_group_rule.computed_egress_with_ipv6_cidr_blocks",
            "module.firewall.module.bastion_sg.aws_security_group_rule.computed_egress_with_prefix_list_ids",
            "module.firewall.module.bastion_sg.aws_security_group_rule.computed_egress_with_self",
            "module.firewall.module.bastion_sg.aws_security_group_rule.computed_egress_with_source_security_group_id",
            "module.firewall.module.bastion_sg.aws_security_group_rule.computed_ingress_rules",
            "module.firewall.module.bastion_sg.aws_security_group_rule.computed_ingress_with_cidr_blocks",
            "module.firewall.module.bastion_sg.aws_security_group_rule.computed_ingress_with_ipv6_cidr_blocks",
            "module.firewall.module.bastion_sg.aws_security_group_rule.computed_ingress_with_prefix_list_ids",
            "module.firewall.module.bastion_sg.aws_security_group_rule.computed_ingress_with_self",
            "module.firewall.module.bastion_sg.aws_security_group_rule.computed_ingress_with_source_security_group_id",
            "module.firewall.module.bastion_sg.aws_security_group_rule.egress_rules",
            "module.firewall.module.bastion_sg.aws_security_group_rule.egress_with_cidr_blocks",
            "module.firewall.module.bastion_sg.aws_security_group_rule.egress_with_ipv6_cidr_blocks",
            "module.firewall.module.bastion_sg.aws_security_group_rule.egress_with_prefix_list_ids",
            "module.firewall.module.bastion_sg.aws_security_group_rule.egress_with_self",
            "module.firewall.module.bastion_sg.aws_security_group_rule.egress_with_source_security_group_id",
            "module.firewall.module.bastion_sg.aws_security_group_rule.ingress_rules",
            "module.firewall.module.bastion_sg.aws_security_group_rule.ingress_with_cidr_blocks",
            "module.firewall.module.bastion_sg.aws_security_group_rule.ingress_with_ipv6_cidr_blocks",
            "module.firewall.module.bastion_sg.aws_security_group_rule.ingress_with_prefix_list_ids",
            "module.firewall.module.bastion_sg.aws_security_group_rule.ingress_with_self",
            "module.firewall.module.bastion_sg.aws_security_group_rule.ingress_with_source_security_group_id",
            "module.firewall.module.documentdb_sg.aws_security_group.this",
            "module.firewall.module.documentdb_sg.aws_security_group.this_name_prefix",
            "module.firewall.module.documentdb_sg.aws_security_group_rule.computed_egress_rules",
            "module.firewall.module.documentdb_sg.aws_security_group_rule.computed_egress_with_cidr_blocks",
            "module.firewall.module.documentdb_sg.aws_security_group_rule.computed_egress_with_ipv6_cidr_blocks",
            "module.firewall.module.documentdb_sg.aws_security_group_rule.computed_egress_with_prefix_list_ids",
            "module.firewall.module.documentdb_sg.aws_security_group_rule.computed_egress_with_self",
            "module.firewall.module.documentdb_sg.aws_security_group_rule.computed_egress_with_source_security_group_id",
            "module.firewall.module.documentdb_sg.aws_security_group_rule.computed_ingress_rules",
            "module.firewall.module.documentdb_sg.aws_security_group_rule.computed_ingress_with_cidr_blocks",
            "module.firewall.module.documentdb_sg.aws_security_group_rule.computed_ingress_with_ipv6_cidr_blocks",
            "module.firewall.module.documentdb_sg.aws_security_group_rule.computed_ingress_with_prefix_list_ids",
            "module.firewall.module.documentdb_sg.aws_security_group_rule.computed_ingress_with_self",
            "module.firewall.module.documentdb_sg.aws_security_group_rule.computed_ingress_with_source_security_group_id",
            "module.firewall.module.documentdb_sg.aws_security_group_rule.egress_rules",
            "module.firewall.module.documentdb_sg.aws_security_group_rule.egress_with_cidr_blocks",
            "module.firewall.module.documentdb_sg.aws_security_group_rule.egress_with_ipv6_cidr_blocks",
            "module.firewall.module.documentdb_sg.aws_security_group_rule.egress_with_prefix_list_ids",
            "module.firewall.module.documentdb_sg.aws_security_group_rule.egress_with_self",
            "module.firewall.module.documentdb_sg.aws_security_group_rule.egress_with_source_security_group_id",
            "module.firewall.module.documentdb_sg.aws_security_group_rule.ingress_rules",
            "module.firewall.module.documentdb_sg.aws_security_group_rule.ingress_with_cidr_blocks",
            "module.firewall.module.documentdb_sg.aws_security_group_rule.ingress_with_ipv6_cidr_blocks",
            "module.firewall.module.documentdb_sg.aws_security_group_rule.ingress_with_prefix_list_ids",
            "module.firewall.module.documentdb_sg.aws_security_group_rule.ingress_with_self",
            "module.firewall.module.documentdb_sg.aws_security_group_rule.ingress_with_source_security_group_id",
            "module.firewall.module.ecs_sg.aws_security_group.this",
            "module.firewall.module.ecs_sg.aws_security_group.this_name_prefix",
            "module.firewall.module.ecs_sg.aws_security_group_rule.computed_egress_rules",
            "module.firewall.module.ecs_sg.aws_security_group_rule.computed_egress_with_cidr_blocks",
            "module.firewall.module.ecs_sg.aws_security_group_rule.computed_egress_with_ipv6_cidr_blocks",
            "module.firewall.module.ecs_sg.aws_security_group_rule.computed_egress_with_prefix_list_ids",
            "module.firewall.module.ecs_sg.aws_security_group_rule.computed_egress_with_self",
            "module.firewall.module.ecs_sg.aws_security_group_rule.computed_egress_with_source_security_group_id",
            "module.firewall.module.ecs_sg.aws_security_group_rule.computed_ingress_rules",
            "module.firewall.module.ecs_sg.aws_security_group_rule.computed_ingress_with_cidr_blocks",
            "module.firewall.module.ecs_sg.aws_security_group_rule.computed_ingress_with_ipv6_cidr_blocks",
            "module.firewall.module.ecs_sg.aws_security_group_rule.computed_ingress_with_prefix_list_ids",
            "module.firewall.module.ecs_sg.aws_security_group_rule.computed_ingress_with_self",
            "module.firewall.module.ecs_sg.aws_security_group_rule.computed_ingress_with_source_security_group_id",
            "module.firewall.module.ecs_sg.aws_security_group_rule.egress_rules",
            "module.firewall.module.ecs_sg.aws_security_group_rule.egress_with_cidr_blocks",
            "module.firewall.module.ecs_sg.aws_security_group_rule.egress_with_ipv6_cidr_blocks",
            "module.firewall.module.ecs_sg.aws_security_group_rule.egress_with_prefix_list_ids",
            "module.firewall.module.ecs_sg.aws_security_group_rule.egress_with_self",
            "module.firewall.module.ecs_sg.aws_security_group_rule.egress_with_source_security_group_id",
            "module.firewall.module.ecs_sg.aws_security_group_rule.ingress_rules",
            "module.firewall.module.ecs_sg.aws_security_group_rule.ingress_with_cidr_blocks",
            "module.firewall.module.ecs_sg.aws_security_group_rule.ingress_with_ipv6_cidr_blocks",
            "module.firewall.module.ecs_sg.aws_security_group_rule.ingress_with_prefix_list_ids",
            "module.firewall.module.ecs_sg.aws_security_group_rule.ingress_with_self",
            "module.firewall.module.ecs_sg.aws_security_group_rule.ingress_with_source_security_group_id",
            "module.firewall.module.load_balancer_sg.aws_security_group.this",
            "module.firewall.module.load_balancer_sg.aws_security_group.this_name_prefix",
            "module.firewall.module.load_balancer_sg.aws_security_group_rule.computed_egress_rules",
            "module.firewall.module.load_balancer_sg.aws_security_group_rule.computed_egress_with_cidr_blocks",
            "module.firewall.module.load_balancer_sg.aws_security_group_rule.computed_egress_with_ipv6_cidr_blocks",
            "module.firewall.module.load_balancer_sg.aws_security_group_rule.computed_egress_with_prefix_list_ids",
            "module.firewall.module.load_balancer_sg.aws_security_group_rule.computed_egress_with_self",
            "module.firewall.module.load_balancer_sg.aws_security_group_rule.computed_egress_with_source_security_group_id",
            "module.firewall.module.load_balancer_sg.aws_security_group_rule.computed_ingress_rules",
            "module.firewall.module.load_balancer_sg.aws_security_group_rule.computed_ingress_with_cidr_blocks",
            "module.firewall.module.load_balancer_sg.aws_security_group_rule.computed_ingress_with_ipv6_cidr_blocks",
            "module.firewall.module.load_balancer_sg.aws_security_group_rule.computed_ingress_with_prefix_list_ids",
            "module.firewall.module.load_balancer_sg.aws_security_group_rule.computed_ingress_with_self",
            "module.firewall.module.load_balancer_sg.aws_security_group_rule.computed_ingress_with_source_security_group_id",
            "module.firewall.module.load_balancer_sg.aws_security_group_rule.egress_rules",
            "module.firewall.module.load_balancer_sg.aws_security_group_rule.egress_with_cidr_blocks",
            "module.firewall.module.load_balancer_sg.aws_security_group_rule.egress_with_ipv6_cidr_blocks",
            "module.firewall.module.load_balancer_sg.aws_security_group_rule.egress_with_prefix_list_ids",
            "module.firewall.module.load_balancer_sg.aws_security_group_rule.egress_with_self",
            "module.firewall.module.load_balancer_sg.aws_security_group_rule.egress_with_source_security_group_id",
            "module.firewall.module.load_balancer_sg.aws_security_group_rule.ingress_rules",
            "module.firewall.module.load_balancer_sg.aws_security_group_rule.ingress_with_cidr_blocks",
            "module.firewall.module.load_balancer_sg.aws_security_group_rule.ingress_with_ipv6_cidr_blocks",
            "module.firewall.module.load_balancer_sg.aws_security_group_rule.ingress_with_prefix_list_ids",
            "module.firewall.module.load_balancer_sg.aws_security_group_rule.ingress_with_self",
            "module.firewall.module.load_balancer_sg.aws_security_group_rule.ingress_with_source_security_group_id",
            "module.firewall.module.service_sg.aws_security_group.this",
            "module.firewall.module.service_sg.aws_security_group.this_name_prefix",
            "module.firewall.module.service_sg.aws_security_group_rule.computed_egress_rules",
            "module.firewall.module.service_sg.aws_security_group_rule.computed_egress_with_cidr_blocks",
            "module.firewall.module.service_sg.aws_security_group_rule.computed_egress_with_ipv6_cidr_blocks",
            "module.firewall.module.service_sg.aws_security_group_rule.computed_egress_with_prefix_list_ids",
            "module.firewall.module.service_sg.aws_security_group_rule.computed_egress_with_self",
            "module.firewall.module.service_sg.aws_security_group_rule.computed_egress_with_source_security_group_id",
            "module.firewall.module.service_sg.aws_security_group_rule.computed_ingress_rules",
            "module.firewall.module.service_sg.aws_security_group_rule.computed_ingress_with_cidr_blocks",
            "module.firewall.module.service_sg.aws_security_group_rule.computed_ingress_with_ipv6_cidr_blocks",
            "module.firewall.module.service_sg.aws_security_group_rule.computed_ingress_with_prefix_list_ids",
            "module.firewall.module.service_sg.aws_security_group_rule.computed_ingress_with_self",
            "module.firewall.module.service_sg.aws_security_group_rule.computed_ingress_with_source_security_group_id",
            "module.firewall.module.service_sg.aws_security_group_rule.egress_rules",
            "module.firewall.module.service_sg.aws_security_group_rule.egress_with_cidr_blocks",
            "module.firewall.module.service_sg.aws_security_group_rule.egress_with_ipv6_cidr_blocks",
            "module.firewall.module.service_sg.aws_security_group_rule.egress_with_prefix_list_ids",
            "module.firewall.module.service_sg.aws_security_group_rule.egress_with_self",
            "module.firewall.module.service_sg.aws_security_group_rule.egress_with_source_security_group_id",
            "module.firewall.module.service_sg.aws_security_group_rule.ingress_rules",
            "module.firewall.module.service_sg.aws_security_group_rule.ingress_with_cidr_blocks",
            "module.firewall.module.service_sg.aws_security_group_rule.ingress_with_ipv6_cidr_blocks",
            "module.firewall.module.service_sg.aws_security_group_rule.ingress_with_prefix_list_ids",
            "module.firewall.module.service_sg.aws_security_group_rule.ingress_with_self",
            "module.firewall.module.service_sg.aws_security_group_rule.ingress_with_source_security_group_id",
            "module.scaling.aws_autoscaling_group.this",
            "module.scaling.aws_iam_instance_profile.ecs_profile",
            "module.scaling.aws_iam_role.role",
            "module.scaling.aws_iam_role_policy.attach_role_policy",
            "module.scaling.aws_iam_role_policy_attachment.ecs_node_role_policy",
            "module.scaling.aws_launch_template.this",
            "module.scaling.data.aws_ami.amazon_linux",
            "module.scaling.data.aws_iam_policy_document.assume_role",
            "module.scaling.data.aws_iam_policy_document.workloads",
            "module.vpc.aws_eip.nat",
            "module.vpc.aws_internet_gateway.gw",
            "module.vpc.aws_nat_gateway.nat",
            "module.vpc.aws_route_table.private",
            "module.vpc.aws_route_table.public",
            "module.vpc.aws_route_table_association.private",
            "module.vpc.aws_route_table_association.public",
            "module.vpc.aws_subnet.private",
            "module.vpc.aws_subnet.public",
            "module.vpc.aws_vpc.this"
          ]
        }
      ]
    },
    {
      "module": "module.ecs",
      "mode": "managed",
      "type": "aws_lb_target_group",
      "name": "backend",
      "provider": "provider[\"registry.terraform.io/hashicorp/aws\"]",
      "instances": [
        {
          "schema_version": 0,
          "attributes": {
            "arn": "arn:aws:elasticloadbalancing:us-east-1:654654523718:targetgroup/walter-cluster-backend-tg/18c5dd0ac459c69d",
            "arn_suffix": "targetgroup/walter-cluster-backend-tg/18c5dd0ac459c69d",
            "connection_termination": null,
            "deregistration_delay": "300",
            "health_check": [
              {
                "enabled": true,
                "healthy_threshold": 5,
                "interval": 30,
                "matcher": "200",
                "path": "/",
                "port": "traffic-port",
                "protocol": "HTTP",
                "timeout": 5,
                "unhealthy_threshold": 2
              }
            ],
            "id": "arn:aws:elasticloadbalancing:us-east-1:654654523718:targetgroup/walter-cluster-backend-tg/18c5dd0ac459c69d",
            "ip_address_type": "ipv4",
            "lambda_multi_value_headers_enabled": false,
            "load_balancer_arns": [],
            "load_balancing_algorithm_type": "round_robin",
            "load_balancing_anomaly_mitigation": "off",
            "load_balancing_cross_zone_enabled": "use_load_balancer_configuration",
            "name": "walter-cluster-backend-tg",
            "name_prefix": "",
            "port": 80,
            "preserve_client_ip": null,
            "protocol": "HTTP",
            "protocol_version": "HTTP1",
            "proxy_protocol_v2": false,
            "slow_start": 0,
            "stickiness": [
              {
                "cookie_duration": 86400,
                "cookie_name": "",
                "enabled": false,
                "type": "lb_cookie"
              }
            ],
            "tags": {},
            "tags_all": {},
            "target_failover": [
              {
                "on_deregistration": null,
                "on_unhealthy": null
              }
            ],
            "target_health_state": [
              {
                "enable_unhealthy_connection_termination": null
              }
            ],
            "target_type": "instance",
            "vpc_id": "vpc-0ca6a1fee11b317af"
          },
          "sensitive_attributes": [],
          "private": "bnVsbA==",
          "dependencies": [
            "data.aws_availability_zones.available",
            "module.firewall.module.bastion_sg.aws_security_group.this",
            "module.firewall.module.bastion_sg.aws_security_group.this_name_prefix",
            "module.firewall.module.bastion_sg.aws_security_group_rule.computed_egress_rules",
            "module.firewall.module.bastion_sg.aws_security_group_rule.computed_egress_with_cidr_blocks",
            "module.firewall.module.bastion_sg.aws_security_group_rule.computed_egress_with_ipv6_cidr_blocks",
            "module.firewall.module.bastion_sg.aws_security_group_rule.computed_egress_with_prefix_list_ids",
            "module.firewall.module.bastion_sg.aws_security_group_rule.computed_egress_with_self",
            "module.firewall.module.bastion_sg.aws_security_group_rule.computed_egress_with_source_security_group_id",
            "module.firewall.module.bastion_sg.aws_security_group_rule.computed_ingress_rules",
            "module.firewall.module.bastion_sg.aws_security_group_rule.computed_ingress_with_cidr_blocks",
            "module.firewall.module.bastion_sg.aws_security_group_rule.computed_ingress_with_ipv6_cidr_blocks",
            "module.firewall.module.bastion_sg.aws_security_group_rule.computed_ingress_with_prefix_list_ids",
            "module.firewall.module.bastion_sg.aws_security_group_rule.computed_ingress_with_self",
            "module.firewall.module.bastion_sg.aws_security_group_rule.computed_ingress_with_source_security_group_id",
            "module.firewall.module.bastion_sg.aws_security_group_rule.egress_rules",
            "module.firewall.module.bastion_sg.aws_security_group_rule.egress_with_cidr_blocks",
            "module.firewall.module.bastion_sg.aws_security_group_rule.egress_with_ipv6_cidr_blocks",
            "module.firewall.module.bastion_sg.aws_security_group_rule.egress_with_prefix_list_ids",
            "module.firewall.module.bastion_sg.aws_security_group_rule.egress_with_self",
            "module.firewall.module.bastion_sg.aws_security_group_rule.egress_with_source_security_group_id",
            "module.firewall.module.bastion_sg.aws_security_group_rule.ingress_rules",
            "module.firewall.module.bastion_sg.aws_security_group_rule.ingress_with_cidr_blocks",
            "module.firewall.module.bastion_sg.aws_security_group_rule.ingress_with_ipv6_cidr_blocks",
            "module.firewall.module.bastion_sg.aws_security_group_rule.ingress_with_prefix_list_ids",
            "module.firewall.module.bastion_sg.aws_security_group_rule.ingress_with_self",
            "module.firewall.module.bastion_sg.aws_security_group_rule.ingress_with_source_security_group_id",
            "module.firewall.module.documentdb_sg.aws_security_group.this",
            "module.firewall.module.documentdb_sg.aws_security_group.this_name_prefix",
            "module.firewall.module.documentdb_sg.aws_security_group_rule.computed_egress_rules",
            "module.firewall.module.documentdb_sg.aws_security_group_rule.computed_egress_with_cidr_blocks",
            "module.firewall.module.documentdb_sg.aws_security_group_rule.computed_egress_with_ipv6_cidr_blocks",
            "module.firewall.module.documentdb_sg.aws_security_group_rule.computed_egress_with_prefix_list_ids",
            "module.firewall.module.documentdb_sg.aws_security_group_rule.computed_egress_with_self",
            "module.firewall.module.documentdb_sg.aws_security_group_rule.computed_egress_with_source_security_group_id",
            "module.firewall.module.documentdb_sg.aws_security_group_rule.computed_ingress_rules",
            "module.firewall.module.documentdb_sg.aws_security_group_rule.computed_ingress_with_cidr_blocks",
            "module.firewall.module.documentdb_sg.aws_security_group_rule.computed_ingress_with_ipv6_cidr_blocks",
            "module.firewall.module.documentdb_sg.aws_security_group_rule.computed_ingress_with_prefix_list_ids",
            "module.firewall.module.documentdb_sg.aws_security_group_rule.computed_ingress_with_self",
            "module.firewall.module.documentdb_sg.aws_security_group_rule.computed_ingress_with_source_security_group_id",
            "module.firewall.module.documentdb_sg.aws_security_group_rule.egress_rules",
            "module.firewall.module.documentdb_sg.aws_security_group_rule.egress_with_cidr_blocks",
            "module.firewall.module.documentdb_sg.aws_security_group_rule.egress_with_ipv6_cidr_blocks",
            "module.firewall.module.documentdb_sg.aws_security_group_rule.egress_with_prefix_list_ids",
            "module.firewall.module.documentdb_sg.aws_security_group_rule.egress_with_self",
            "module.firewall.module.documentdb_sg.aws_security_group_rule.egress_with_source_security_group_id",
            "module.firewall.module.documentdb_sg.aws_security_group_rule.ingress_rules",
            "module.firewall.module.documentdb_sg.aws_security_group_rule.ingress_with_cidr_blocks",
            "module.firewall.module.documentdb_sg.aws_security_group_rule.ingress_with_ipv6_cidr_blocks",
            "module.firewall.module.documentdb_sg.aws_security_group_rule.ingress_with_prefix_list_ids",
            "module.firewall.module.documentdb_sg.aws_security_group_rule.ingress_with_self",
            "module.firewall.module.documentdb_sg.aws_security_group_rule.ingress_with_source_security_group_id",
            "module.firewall.module.ecs_sg.aws_security_group.this",
            "module.firewall.module.ecs_sg.aws_security_group.this_name_prefix",
            "module.firewall.module.ecs_sg.aws_security_group_rule.computed_egress_rules",
            "module.firewall.module.ecs_sg.aws_security_group_rule.computed_egress_with_cidr_blocks",
            "module.firewall.module.ecs_sg.aws_security_group_rule.computed_egress_with_ipv6_cidr_blocks",
            "module.firewall.module.ecs_sg.aws_security_group_rule.computed_egress_with_prefix_list_ids",
            "module.firewall.module.ecs_sg.aws_security_group_rule.computed_egress_with_self",
            "module.firewall.module.ecs_sg.aws_security_group_rule.computed_egress_with_source_security_group_id",
            "module.firewall.module.ecs_sg.aws_security_group_rule.computed_ingress_rules",
            "module.firewall.module.ecs_sg.aws_security_group_rule.computed_ingress_with_cidr_blocks",
            "module.firewall.module.ecs_sg.aws_security_group_rule.computed_ingress_with_ipv6_cidr_blocks",
            "module.firewall.module.ecs_sg.aws_security_group_rule.computed_ingress_with_prefix_list_ids",
            "module.firewall.module.ecs_sg.aws_security_group_rule.computed_ingress_with_self",
            "module.firewall.module.ecs_sg.aws_security_group_rule.computed_ingress_with_source_security_group_id",
            "module.firewall.module.ecs_sg.aws_security_group_rule.egress_rules",
            "module.firewall.module.ecs_sg.aws_security_group_rule.egress_with_cidr_blocks",
            "module.firewall.module.ecs_sg.aws_security_group_rule.egress_with_ipv6_cidr_blocks",
            "module.firewall.module.ecs_sg.aws_security_group_rule.egress_with_prefix_list_ids",
            "module.firewall.module.ecs_sg.aws_security_group_rule.egress_with_self",
            "module.firewall.module.ecs_sg.aws_security_group_rule.egress_with_source_security_group_id",
            "module.firewall.module.ecs_sg.aws_security_group_rule.ingress_rules",
            "module.firewall.module.ecs_sg.aws_security_group_rule.ingress_with_cidr_blocks",
            "module.firewall.module.ecs_sg.aws_security_group_rule.ingress_with_ipv6_cidr_blocks",
            "module.firewall.module.ecs_sg.aws_security_group_rule.ingress_with_prefix_list_ids",
            "module.firewall.module.ecs_sg.aws_security_group_rule.ingress_with_self",
            "module.firewall.module.ecs_sg.aws_security_group_rule.ingress_with_source_security_group_id",
            "module.firewall.module.load_balancer_sg.aws_security_group.this",
            "module.firewall.module.load_balancer_sg.aws_security_group.this_name_prefix",
            "module.firewall.module.load_balancer_sg.aws_security_group_rule.computed_egress_rules",
            "module.firewall.module.load_balancer_sg.aws_security_group_rule.computed_egress_with_cidr_blocks",
            "module.firewall.module.load_balancer_sg.aws_security_group_rule.computed_egress_with_ipv6_cidr_blocks",
            "module.firewall.module.load_balancer_sg.aws_security_group_rule.computed_egress_with_prefix_list_ids",
            "module.firewall.module.load_balancer_sg.aws_security_group_rule.computed_egress_with_self",
            "module.firewall.module.load_balancer_sg.aws_security_group_rule.computed_egress_with_source_security_group_id",
            "module.firewall.module.load_balancer_sg.aws_security_group_rule.computed_ingress_rules",
            "module.firewall.module.load_balancer_sg.aws_security_group_rule.computed_ingress_with_cidr_blocks",
            "module.firewall.module.load_balancer_sg.aws_security_group_rule.computed_ingress_with_ipv6_cidr_blocks",
            "module.firewall.module.load_balancer_sg.aws_security_group_rule.computed_ingress_with_prefix_list_ids",
            "module.firewall.module.load_balancer_sg.aws_security_group_rule.computed_ingress_with_self",
            "module.firewall.module.load_balancer_sg.aws_security_group_rule.computed_ingress_with_source_security_group_id",
            "module.firewall.module.load_balancer_sg.aws_security_group_rule.egress_rules",
            "module.firewall.module.load_balancer_sg.aws_security_group_rule.egress_with_cidr_blocks",
            "module.firewall.module.load_balancer_sg.aws_security_group_rule.egress_with_ipv6_cidr_blocks",
            "module.firewall.module.load_balancer_sg.aws_security_group_rule.egress_with_prefix_list_ids",
            "module.firewall.module.load_balancer_sg.aws_security_group_rule.egress_with_self",
            "module.firewall.module.load_balancer_sg.aws_security_group_rule.egress_with_source_security_group_id",
            "module.firewall.module.load_balancer_sg.aws_security_group_rule.ingress_rules",
            "module.firewall.module.load_balancer_sg.aws_security_group_rule.ingress_with_cidr_blocks",
            "module.firewall.module.load_balancer_sg.aws_security_group_rule.ingress_with_ipv6_cidr_blocks",
            "module.firewall.module.load_balancer_sg.aws_security_group_rule.ingress_with_prefix_list_ids",
            "module.firewall.module.load_balancer_sg.aws_security_group_rule.ingress_with_self",
            "module.firewall.module.load_balancer_sg.aws_security_group_rule.ingress_with_source_security_group_id",
            "module.firewall.module.service_sg.aws_security_group.this",
            "module.firewall.module.service_sg.aws_security_group.this_name_prefix",
            "module.firewall.module.service_sg.aws_security_group_rule.computed_egress_rules",
            "module.firewall.module.service_sg.aws_security_group_rule.computed_egress_with_cidr_blocks",
            "module.firewall.module.service_sg.aws_security_group_rule.computed_egress_with_ipv6_cidr_blocks",
            "module.firewall.module.service_sg.aws_security_group_rule.computed_egress_with_prefix_list_ids",
            "module.firewall.module.service_sg.aws_security_group_rule.computed_egress_with_self",
            "module.firewall.module.service_sg.aws_security_group_rule.computed_egress_with_source_security_group_id",
            "module.firewall.module.service_sg.aws_security_group_rule.computed_ingress_rules",
            "module.firewall.module.service_sg.aws_security_group_rule.computed_ingress_with_cidr_blocks",
            "module.firewall.module.service_sg.aws_security_group_rule.computed_ingress_with_ipv6_cidr_blocks",
            "module.firewall.module.service_sg.aws_security_group_rule.computed_ingress_with_prefix_list_ids",
            "module.firewall.module.service_sg.aws_security_group_rule.computed_ingress_with_self",
            "module.firewall.module.service_sg.aws_security_group_rule.computed_ingress_with_source_security_group_id",
            "module.firewall.module.service_sg.aws_security_group_rule.egress_rules",
            "module.firewall.module.service_sg.aws_security_group_rule.egress_with_cidr_blocks",
            "module.firewall.module.service_sg.aws_security_group_rule.egress_with_ipv6_cidr_blocks",
            "module.firewall.module.service_sg.aws_security_group_rule.egress_with_prefix_list_ids",
            "module.firewall.module.service_sg.aws_security_group_rule.egress_with_self",
            "module.firewall.module.service_sg.aws_security_group_rule.egress_with_source_security_group_id",
            "module.firewall.module.service_sg.aws_security_group_rule.ingress_rules",
            "module.firewall.module.service_sg.aws_security_group_rule.ingress_with_cidr_blocks",
            "module.firewall.module.service_sg.aws_security_group_rule.ingress_with_ipv6_cidr_blocks",
            "module.firewall.module.service_sg.aws_security_group_rule.ingress_with_prefix_list_ids",
            "module.firewall.module.service_sg.aws_security_group_rule.ingress_with_self",
            "module.firewall.module.service_sg.aws_security_group_rule.ingress_with_source_security_group_id",
            "module.scaling.aws_autoscaling_group.this",
            "module.scaling.aws_iam_instance_profile.ecs_profile",
            "module.scaling.aws_iam_role.role",
            "module.scaling.aws_iam_role_policy.attach_role_policy",
            "module.scaling.aws_iam_role_policy_attachment.ecs_node_role_policy",
            "module.scaling.aws_launch_template.this",
            "module.scaling.data.aws_ami.amazon_linux",
            "module.scaling.data.aws_iam_policy_document.assume_role",
            "module.scaling.data.aws_iam_policy_document.workloads",
            "module.vpc.aws_eip.nat",
            "module.vpc.aws_internet_gateway.gw",
            "module.vpc.aws_nat_gateway.nat",
            "module.vpc.aws_route_table.private",
            "module.vpc.aws_route_table.public",
            "module.vpc.aws_route_table_association.private",
            "module.vpc.aws_route_table_association.public",
            "module.vpc.aws_subnet.private",
            "module.vpc.aws_subnet.public",
            "module.vpc.aws_vpc.this"
          ]
        }
      ]
    },
    {
      "module": "module.ecs",
      "mode": "managed",
      "type": "aws_lb_target_group",
      "name": "frontend",
      "provider": "provider[\"registry.terraform.io/hashicorp/aws\"]",
      "instances": [
        {
          "schema_version": 0,
          "attributes": {
            "arn": "arn:aws:elasticloadbalancing:us-east-1:654654523718:targetgroup/walter-cluster-frontend-tg/de0e160420188f1c",
            "arn_suffix": "targetgroup/walter-cluster-frontend-tg/de0e160420188f1c",
            "connection_termination": null,
            "deregistration_delay": "300",
            "health_check": [
              {
                "enabled": true,
                "healthy_threshold": 5,
                "interval": 30,
                "matcher": "200",
                "path": "/",
                "port": "traffic-port",
                "protocol": "HTTP",
                "timeout": 5,
                "unhealthy_threshold": 2
              }
            ],
            "id": "arn:aws:elasticloadbalancing:us-east-1:654654523718:targetgroup/walter-cluster-frontend-tg/de0e160420188f1c",
            "ip_address_type": "ipv4",
            "lambda_multi_value_headers_enabled": false,
            "load_balancer_arns": [],
            "load_balancing_algorithm_type": "round_robin",
            "load_balancing_anomaly_mitigation": "off",
            "load_balancing_cross_zone_enabled": "use_load_balancer_configuration",
            "name": "walter-cluster-frontend-tg",
            "name_prefix": "",
            "port": 80,
            "preserve_client_ip": null,
            "protocol": "HTTP",
            "protocol_version": "HTTP1",
            "proxy_protocol_v2": false,
            "slow_start": 0,
            "stickiness": [
              {
                "cookie_duration": 86400,
                "cookie_name": "",
                "enabled": false,
                "type": "lb_cookie"
              }
            ],
            "tags": {},
            "tags_all": {},
            "target_failover": [
              {
                "on_deregistration": null,
                "on_unhealthy": null
              }
            ],
            "target_health_state": [
              {
                "enable_unhealthy_connection_termination": null
              }
            ],
            "target_type": "instance",
            "vpc_id": "vpc-0ca6a1fee11b317af"
          },
          "sensitive_attributes": [],
          "private": "bnVsbA==",
          "dependencies": [
            "data.aws_availability_zones.available",
            "module.firewall.module.bastion_sg.aws_security_group.this",
            "module.firewall.module.bastion_sg.aws_security_group.this_name_prefix",
            "module.firewall.module.bastion_sg.aws_security_group_rule.computed_egress_rules",
            "module.firewall.module.bastion_sg.aws_security_group_rule.computed_egress_with_cidr_blocks",
            "module.firewall.module.bastion_sg.aws_security_group_rule.computed_egress_with_ipv6_cidr_blocks",
            "module.firewall.module.bastion_sg.aws_security_group_rule.computed_egress_with_prefix_list_ids",
            "module.firewall.module.bastion_sg.aws_security_group_rule.computed_egress_with_self",
            "module.firewall.module.bastion_sg.aws_security_group_rule.computed_egress_with_source_security_group_id",
            "module.firewall.module.bastion_sg.aws_security_group_rule.computed_ingress_rules",
            "module.firewall.module.bastion_sg.aws_security_group_rule.computed_ingress_with_cidr_blocks",
            "module.firewall.module.bastion_sg.aws_security_group_rule.computed_ingress_with_ipv6_cidr_blocks",
            "module.firewall.module.bastion_sg.aws_security_group_rule.computed_ingress_with_prefix_list_ids",
            "module.firewall.module.bastion_sg.aws_security_group_rule.computed_ingress_with_self",
            "module.firewall.module.bastion_sg.aws_security_group_rule.computed_ingress_with_source_security_group_id",
            "module.firewall.module.bastion_sg.aws_security_group_rule.egress_rules",
            "module.firewall.module.bastion_sg.aws_security_group_rule.egress_with_cidr_blocks",
            "module.firewall.module.bastion_sg.aws_security_group_rule.egress_with_ipv6_cidr_blocks",
            "module.firewall.module.bastion_sg.aws_security_group_rule.egress_with_prefix_list_ids",
            "module.firewall.module.bastion_sg.aws_security_group_rule.egress_with_self",
            "module.firewall.module.bastion_sg.aws_security_group_rule.egress_with_source_security_group_id",
            "module.firewall.module.bastion_sg.aws_security_group_rule.ingress_rules",
            "module.firewall.module.bastion_sg.aws_security_group_rule.ingress_with_cidr_blocks",
            "module.firewall.module.bastion_sg.aws_security_group_rule.ingress_with_ipv6_cidr_blocks",
            "module.firewall.module.bastion_sg.aws_security_group_rule.ingress_with_prefix_list_ids",
            "module.firewall.module.bastion_sg.aws_security_group_rule.ingress_with_self",
            "module.firewall.module.bastion_sg.aws_security_group_rule.ingress_with_source_security_group_id",
            "module.firewall.module.documentdb_sg.aws_security_group.this",
            "module.firewall.module.documentdb_sg.aws_security_group.this_name_prefix",
            "module.firewall.module.documentdb_sg.aws_security_group_rule.computed_egress_rules",
            "module.firewall.module.documentdb_sg.aws_security_group_rule.computed_egress_with_cidr_blocks",
            "module.firewall.module.documentdb_sg.aws_security_group_rule.computed_egress_with_ipv6_cidr_blocks",
            "module.firewall.module.documentdb_sg.aws_security_group_rule.computed_egress_with_prefix_list_ids",
            "module.firewall.module.documentdb_sg.aws_security_group_rule.computed_egress_with_self",
            "module.firewall.module.documentdb_sg.aws_security_group_rule.computed_egress_with_source_security_group_id",
            "module.firewall.module.documentdb_sg.aws_security_group_rule.computed_ingress_rules",
            "module.firewall.module.documentdb_sg.aws_security_group_rule.computed_ingress_with_cidr_blocks",
            "module.firewall.module.documentdb_sg.aws_security_group_rule.computed_ingress_with_ipv6_cidr_blocks",
            "module.firewall.module.documentdb_sg.aws_security_group_rule.computed_ingress_with_prefix_list_ids",
            "module.firewall.module.documentdb_sg.aws_security_group_rule.computed_ingress_with_self",
            "module.firewall.module.documentdb_sg.aws_security_group_rule.computed_ingress_with_source_security_group_id",
            "module.firewall.module.documentdb_sg.aws_security_group_rule.egress_rules",
            "module.firewall.module.documentdb_sg.aws_security_group_rule.egress_with_cidr_blocks",
            "module.firewall.module.documentdb_sg.aws_security_group_rule.egress_with_ipv6_cidr_blocks",
            "module.firewall.module.documentdb_sg.aws_security_group_rule.egress_with_prefix_list_ids",
            "module.firewall.module.documentdb_sg.aws_security_group_rule.egress_with_self",
            "module.firewall.module.documentdb_sg.aws_security_group_rule.egress_with_source_security_group_id",
            "module.firewall.module.documentdb_sg.aws_security_group_rule.ingress_rules",
            "module.firewall.module.documentdb_sg.aws_security_group_rule.ingress_with_cidr_blocks",
            "module.firewall.module.documentdb_sg.aws_security_group_rule.ingress_with_ipv6_cidr_blocks",
            "module.firewall.module.documentdb_sg.aws_security_group_rule.ingress_with_prefix_list_ids",
            "module.firewall.module.documentdb_sg.aws_security_group_rule.ingress_with_self",
            "module.firewall.module.documentdb_sg.aws_security_group_rule.ingress_with_source_security_group_id",
            "module.firewall.module.ecs_sg.aws_security_group.this",
            "module.firewall.module.ecs_sg.aws_security_group.this_name_prefix",
            "module.firewall.module.ecs_sg.aws_security_group_rule.computed_egress_rules",
            "module.firewall.module.ecs_sg.aws_security_group_rule.computed_egress_with_cidr_blocks",
            "module.firewall.module.ecs_sg.aws_security_group_rule.computed_egress_with_ipv6_cidr_blocks",
            "module.firewall.module.ecs_sg.aws_security_group_rule.computed_egress_with_prefix_list_ids",
            "module.firewall.module.ecs_sg.aws_security_group_rule.computed_egress_with_self",
            "module.firewall.module.ecs_sg.aws_security_group_rule.computed_egress_with_source_security_group_id",
            "module.firewall.module.ecs_sg.aws_security_group_rule.computed_ingress_rules",
            "module.firewall.module.ecs_sg.aws_security_group_rule.computed_ingress_with_cidr_blocks",
            "module.firewall.module.ecs_sg.aws_security_group_rule.computed_ingress_with_ipv6_cidr_blocks",
            "module.firewall.module.ecs_sg.aws_security_group_rule.computed_ingress_with_prefix_list_ids",
            "module.firewall.module.ecs_sg.aws_security_group_rule.computed_ingress_with_self",
            "module.firewall.module.ecs_sg.aws_security_group_rule.computed_ingress_with_source_security_group_id",
            "module.firewall.module.ecs_sg.aws_security_group_rule.egress_rules",
            "module.firewall.module.ecs_sg.aws_security_group_rule.egress_with_cidr_blocks",
            "module.firewall.module.ecs_sg.aws_security_group_rule.egress_with_ipv6_cidr_blocks",
            "module.firewall.module.ecs_sg.aws_security_group_rule.egress_with_prefix_list_ids",
            "module.firewall.module.ecs_sg.aws_security_group_rule.egress_with_self",
            "module.firewall.module.ecs_sg.aws_security_group_rule.egress_with_source_security_group_id",
            "module.firewall.module.ecs_sg.aws_security_group_rule.ingress_rules",
            "module.firewall.module.ecs_sg.aws_security_group_rule.ingress_with_cidr_blocks",
            "module.firewall.module.ecs_sg.aws_security_group_rule.ingress_with_ipv6_cidr_blocks",
            "module.firewall.module.ecs_sg.aws_security_group_rule.ingress_with_prefix_list_ids",
            "module.firewall.module.ecs_sg.aws_security_group_rule.ingress_with_self",
            "module.firewall.module.ecs_sg.aws_security_group_rule.ingress_with_source_security_group_id",
            "module.firewall.module.load_balancer_sg.aws_security_group.this",
            "module.firewall.module.load_balancer_sg.aws_security_group.this_name_prefix",
            "module.firewall.module.load_balancer_sg.aws_security_group_rule.computed_egress_rules",
            "module.firewall.module.load_balancer_sg.aws_security_group_rule.computed_egress_with_cidr_blocks",
            "module.firewall.module.load_balancer_sg.aws_security_group_rule.computed_egress_with_ipv6_cidr_blocks",
            "module.firewall.module.load_balancer_sg.aws_security_group_rule.computed_egress_with_prefix_list_ids",
            "module.firewall.module.load_balancer_sg.aws_security_group_rule.computed_egress_with_self",
            "module.firewall.module.load_balancer_sg.aws_security_group_rule.computed_egress_with_source_security_group_id",
            "module.firewall.module.load_balancer_sg.aws_security_group_rule.computed_ingress_rules",
            "module.firewall.module.load_balancer_sg.aws_security_group_rule.computed_ingress_with_cidr_blocks",
            "module.firewall.module.load_balancer_sg.aws_security_group_rule.computed_ingress_with_ipv6_cidr_blocks",
            "module.firewall.module.load_balancer_sg.aws_security_group_rule.computed_ingress_with_prefix_list_ids",
            "module.firewall.module.load_balancer_sg.aws_security_group_rule.computed_ingress_with_self",
            "module.firewall.module.load_balancer_sg.aws_security_group_rule.computed_ingress_with_source_security_group_id",
            "module.firewall.module.load_balancer_sg.aws_security_group_rule.egress_rules",
            "module.firewall.module.load_balancer_sg.aws_security_group_rule.egress_with_cidr_blocks",
            "module.firewall.module.load_balancer_sg.aws_security_group_rule.egress_with_ipv6_cidr_blocks",
            "module.firewall.module.load_balancer_sg.aws_security_group_rule.egress_with_prefix_list_ids",
            "module.firewall.module.load_balancer_sg.aws_security_group_rule.egress_with_self",
            "module.firewall.module.load_balancer_sg.aws_security_group_rule.egress_with_source_security_group_id",
            "module.firewall.module.load_balancer_sg.aws_security_group_rule.ingress_rules",
            "module.firewall.module.load_balancer_sg.aws_security_group_rule.ingress_with_cidr_blocks",
            "module.firewall.module.load_balancer_sg.aws_security_group_rule.ingress_with_ipv6_cidr_blocks",
            "module.firewall.module.load_balancer_sg.aws_security_group_rule.ingress_with_prefix_list_ids",
            "module.firewall.module.load_balancer_sg.aws_security_group_rule.ingress_with_self",
            "module.firewall.module.load_balancer_sg.aws_security_group_rule.ingress_with_source_security_group_id",
            "module.firewall.module.service_sg.aws_security_group.this",
            "module.firewall.module.service_sg.aws_security_group.this_name_prefix",
            "module.firewall.module.service_sg.aws_security_group_rule.computed_egress_rules",
            "module.firewall.module.service_sg.aws_security_group_rule.computed_egress_with_cidr_blocks",
            "module.firewall.module.service_sg.aws_security_group_rule.computed_egress_with_ipv6_cidr_blocks",
            "module.firewall.module.service_sg.aws_security_group_rule.computed_egress_with_prefix_list_ids",
            "module.firewall.module.service_sg.aws_security_group_rule.computed_egress_with_self",
            "module.firewall.module.service_sg.aws_security_group_rule.computed_egress_with_source_security_group_id",
            "module.firewall.module.service_sg.aws_security_group_rule.computed_ingress_rules",
            "module.firewall.module.service_sg.aws_security_group_rule.computed_ingress_with_cidr_blocks",
            "module.firewall.module.service_sg.aws_security_group_rule.computed_ingress_with_ipv6_cidr_blocks",
            "module.firewall.module.service_sg.aws_security_group_rule.computed_ingress_with_prefix_list_ids",
            "module.firewall.module.service_sg.aws_security_group_rule.computed_ingress_with_self",
            "module.firewall.module.service_sg.aws_security_group_rule.computed_ingress_with_source_security_group_id",
            "module.firewall.module.service_sg.aws_security_group_rule.egress_rules",
            "module.firewall.module.service_sg.aws_security_group_rule.egress_with_cidr_blocks",
            "module.firewall.module.service_sg.aws_security_group_rule.egress_with_ipv6_cidr_blocks",
            "module.firewall.module.service_sg.aws_security_group_rule.egress_with_prefix_list_ids",
            "module.firewall.module.service_sg.aws_security_group_rule.egress_with_self",
            "module.firewall.module.service_sg.aws_security_group_rule.egress_with_source_security_group_id",
            "module.firewall.module.service_sg.aws_security_group_rule.ingress_rules",
            "module.firewall.module.service_sg.aws_security_group_rule.ingress_with_cidr_blocks",
            "module.firewall.module.service_sg.aws_security_group_rule.ingress_with_ipv6_cidr_blocks",
            "module.firewall.module.service_sg.aws_security_group_rule.ingress_with_prefix_list_ids",
            "module.firewall.module.service_sg.aws_security_group_rule.ingress_with_self",
            "module.firewall.module.service_sg.aws_security_group_rule.ingress_with_source_security_group_id",
            "module.scaling.aws_autoscaling_group.this",
            "module.scaling.aws_iam_instance_profile.ecs_profile",
            "module.scaling.aws_iam_role.role",
            "module.scaling.aws_iam_role_policy.attach_role_policy",
            "module.scaling.aws_iam_role_policy_attachment.ecs_node_role_policy",
            "module.scaling.aws_launch_template.this",
            "module.scaling.data.aws_ami.amazon_linux",
            "module.scaling.data.aws_iam_policy_document.assume_role",
            "module.scaling.data.aws_iam_policy_document.workloads",
            "module.vpc.aws_eip.nat",
            "module.vpc.aws_internet_gateway.gw",
            "module.vpc.aws_nat_gateway.nat",
            "module.vpc.aws_route_table.private",
            "module.vpc.aws_route_table.public",
            "module.vpc.aws_route_table_association.private",
            "module.vpc.aws_route_table_association.public",
            "module.vpc.aws_subnet.private",
            "module.vpc.aws_subnet.public",
            "module.vpc.aws_vpc.this"
          ]
        }
      ]
    },
    {
      "module": "module.ecs",
      "mode": "managed",
      "type": "aws_security_group",
      "name": "ecs",
      "provider": "provider[\"registry.terraform.io/hashicorp/aws\"]",
      "instances": [
        {
          "index_key": 0,
          "schema_version": 1,
          "attributes": {
            "arn": "arn:aws:ec2:us-east-1:654654523718:security-group/sg-011b5f34e713a93fe",
            "description": "Security group for ECS services",
            "egress": [],
            "id": "sg-011b5f34e713a93fe",
            "ingress": [
              {
                "cidr_blocks": [
                  "0.0.0.0/0"
                ],
                "description": "",
                "from_port": 22,
                "ipv6_cidr_blocks": [],
                "prefix_list_ids": [],
                "protocol": "tcp",
                "security_groups": [],
                "self": false,
                "to_port": 22
              },
              {
                "cidr_blocks": [
                  "0.0.0.0/0"
                ],
                "description": "",
                "from_port": 443,
                "ipv6_cidr_blocks": [],
                "prefix_list_ids": [],
                "protocol": "tcp",
                "security_groups": [],
                "self": false,
                "to_port": 443
              },
              {
                "cidr_blocks": [
                  "0.0.0.0/0"
                ],
                "description": "",
                "from_port": 80,
                "ipv6_cidr_blocks": [],
                "prefix_list_ids": [],
                "protocol": "tcp",
                "security_groups": [],
                "self": false,
                "to_port": 80
              }
            ],
            "name": "walter-cluster-ecs-sg",
            "name_prefix": "",
            "owner_id": "654654523718",
            "revoke_rules_on_delete": false,
            "tags": {},
            "tags_all": {},
            "timeouts": null,
            "vpc_id": "vpc-0ca6a1fee11b317af"
          },
          "sensitive_attributes": [],
          "private": "eyJlMmJmYjczMC1lY2FhLTExZTYtOGY4OC0zNDM2M2JjN2M0YzAiOnsiY3JlYXRlIjo2MDAwMDAwMDAwMDAsImRlbGV0ZSI6OTAwMDAwMDAwMDAwfSwic2NoZW1hX3ZlcnNpb24iOiIxIn0=",
          "dependencies": [
            "data.aws_availability_zones.available",
            "module.firewall.module.bastion_sg.aws_security_group.this",
            "module.firewall.module.bastion_sg.aws_security_group.this_name_prefix",
            "module.firewall.module.bastion_sg.aws_security_group_rule.computed_egress_rules",
            "module.firewall.module.bastion_sg.aws_security_group_rule.computed_egress_with_cidr_blocks",
            "module.firewall.module.bastion_sg.aws_security_group_rule.computed_egress_with_ipv6_cidr_blocks",
            "module.firewall.module.bastion_sg.aws_security_group_rule.computed_egress_with_prefix_list_ids",
            "module.firewall.module.bastion_sg.aws_security_group_rule.computed_egress_with_self",
            "module.firewall.module.bastion_sg.aws_security_group_rule.computed_egress_with_source_security_group_id",
            "module.firewall.module.bastion_sg.aws_security_group_rule.computed_ingress_rules",
            "module.firewall.module.bastion_sg.aws_security_group_rule.computed_ingress_with_cidr_blocks",
            "module.firewall.module.bastion_sg.aws_security_group_rule.computed_ingress_with_ipv6_cidr_blocks",
            "module.firewall.module.bastion_sg.aws_security_group_rule.computed_ingress_with_prefix_list_ids",
            "module.firewall.module.bastion_sg.aws_security_group_rule.computed_ingress_with_self",
            "module.firewall.module.bastion_sg.aws_security_group_rule.computed_ingress_with_source_security_group_id",
            "module.firewall.module.bastion_sg.aws_security_group_rule.egress_rules",
            "module.firewall.module.bastion_sg.aws_security_group_rule.egress_with_cidr_blocks",
            "module.firewall.module.bastion_sg.aws_security_group_rule.egress_with_ipv6_cidr_blocks",
            "module.firewall.module.bastion_sg.aws_security_group_rule.egress_with_prefix_list_ids",
            "module.firewall.module.bastion_sg.aws_security_group_rule.egress_with_self",
            "module.firewall.module.bastion_sg.aws_security_group_rule.egress_with_source_security_group_id",
            "module.firewall.module.bastion_sg.aws_security_group_rule.ingress_rules",
            "module.firewall.module.bastion_sg.aws_security_group_rule.ingress_with_cidr_blocks",
            "module.firewall.module.bastion_sg.aws_security_group_rule.ingress_with_ipv6_cidr_blocks",
            "module.firewall.module.bastion_sg.aws_security_group_rule.ingress_with_prefix_list_ids",
            "module.firewall.module.bastion_sg.aws_security_group_rule.ingress_with_self",
            "module.firewall.module.bastion_sg.aws_security_group_rule.ingress_with_source_security_group_id",
            "module.firewall.module.documentdb_sg.aws_security_group.this",
            "module.firewall.module.documentdb_sg.aws_security_group.this_name_prefix",
            "module.firewall.module.documentdb_sg.aws_security_group_rule.computed_egress_rules",
            "module.firewall.module.documentdb_sg.aws_security_group_rule.computed_egress_with_cidr_blocks",
            "module.firewall.module.documentdb_sg.aws_security_group_rule.computed_egress_with_ipv6_cidr_blocks",
            "module.firewall.module.documentdb_sg.aws_security_group_rule.computed_egress_with_prefix_list_ids",
            "module.firewall.module.documentdb_sg.aws_security_group_rule.computed_egress_with_self",
            "module.firewall.module.documentdb_sg.aws_security_group_rule.computed_egress_with_source_security_group_id",
            "module.firewall.module.documentdb_sg.aws_security_group_rule.computed_ingress_rules",
            "module.firewall.module.documentdb_sg.aws_security_group_rule.computed_ingress_with_cidr_blocks",
            "module.firewall.module.documentdb_sg.aws_security_group_rule.computed_ingress_with_ipv6_cidr_blocks",
            "module.firewall.module.documentdb_sg.aws_security_group_rule.computed_ingress_with_prefix_list_ids",
            "module.firewall.module.documentdb_sg.aws_security_group_rule.computed_ingress_with_self",
            "module.firewall.module.documentdb_sg.aws_security_group_rule.computed_ingress_with_source_security_group_id",
            "module.firewall.module.documentdb_sg.aws_security_group_rule.egress_rules",
            "module.firewall.module.documentdb_sg.aws_security_group_rule.egress_with_cidr_blocks",
            "module.firewall.module.documentdb_sg.aws_security_group_rule.egress_with_ipv6_cidr_blocks",
            "module.firewall.module.documentdb_sg.aws_security_group_rule.egress_with_prefix_list_ids",
            "module.firewall.module.documentdb_sg.aws_security_group_rule.egress_with_self",
            "module.firewall.module.documentdb_sg.aws_security_group_rule.egress_with_source_security_group_id",
            "module.firewall.module.documentdb_sg.aws_security_group_rule.ingress_rules",
            "module.firewall.module.documentdb_sg.aws_security_group_rule.ingress_with_cidr_blocks",
            "module.firewall.module.documentdb_sg.aws_security_group_rule.ingress_with_ipv6_cidr_blocks",
            "module.firewall.module.documentdb_sg.aws_security_group_rule.ingress_with_prefix_list_ids",
            "module.firewall.module.documentdb_sg.aws_security_group_rule.ingress_with_self",
            "module.firewall.module.documentdb_sg.aws_security_group_rule.ingress_with_source_security_group_id",
            "module.firewall.module.ecs_sg.aws_security_group.this",
            "module.firewall.module.ecs_sg.aws_security_group.this_name_prefix",
            "module.firewall.module.ecs_sg.aws_security_group_rule.computed_egress_rules",
            "module.firewall.module.ecs_sg.aws_security_group_rule.computed_egress_with_cidr_blocks",
            "module.firewall.module.ecs_sg.aws_security_group_rule.computed_egress_with_ipv6_cidr_blocks",
            "module.firewall.module.ecs_sg.aws_security_group_rule.computed_egress_with_prefix_list_ids",
            "module.firewall.module.ecs_sg.aws_security_group_rule.computed_egress_with_self",
            "module.firewall.module.ecs_sg.aws_security_group_rule.computed_egress_with_source_security_group_id",
            "module.firewall.module.ecs_sg.aws_security_group_rule.computed_ingress_rules",
            "module.firewall.module.ecs_sg.aws_security_group_rule.computed_ingress_with_cidr_blocks",
            "module.firewall.module.ecs_sg.aws_security_group_rule.computed_ingress_with_ipv6_cidr_blocks",
            "module.firewall.module.ecs_sg.aws_security_group_rule.computed_ingress_with_prefix_list_ids",
            "module.firewall.module.ecs_sg.aws_security_group_rule.computed_ingress_with_self",
            "module.firewall.module.ecs_sg.aws_security_group_rule.computed_ingress_with_source_security_group_id",
            "module.firewall.module.ecs_sg.aws_security_group_rule.egress_rules",
            "module.firewall.module.ecs_sg.aws_security_group_rule.egress_with_cidr_blocks",
            "module.firewall.module.ecs_sg.aws_security_group_rule.egress_with_ipv6_cidr_blocks",
            "module.firewall.module.ecs_sg.aws_security_group_rule.egress_with_prefix_list_ids",
            "module.firewall.module.ecs_sg.aws_security_group_rule.egress_with_self",
            "module.firewall.module.ecs_sg.aws_security_group_rule.egress_with_source_security_group_id",
            "module.firewall.module.ecs_sg.aws_security_group_rule.ingress_rules",
            "module.firewall.module.ecs_sg.aws_security_group_rule.ingress_with_cidr_blocks",
            "module.firewall.module.ecs_sg.aws_security_group_rule.ingress_with_ipv6_cidr_blocks",
            "module.firewall.module.ecs_sg.aws_security_group_rule.ingress_with_prefix_list_ids",
            "module.firewall.module.ecs_sg.aws_security_group_rule.ingress_with_self",
            "module.firewall.module.ecs_sg.aws_security_group_rule.ingress_with_source_security_group_id",
            "module.firewall.module.load_balancer_sg.aws_security_group.this",
            "module.firewall.module.load_balancer_sg.aws_security_group.this_name_prefix",
            "module.firewall.module.load_balancer_sg.aws_security_group_rule.computed_egress_rules",
            "module.firewall.module.load_balancer_sg.aws_security_group_rule.computed_egress_with_cidr_blocks",
            "module.firewall.module.load_balancer_sg.aws_security_group_rule.computed_egress_with_ipv6_cidr_blocks",
            "module.firewall.module.load_balancer_sg.aws_security_group_rule.computed_egress_with_prefix_list_ids",
            "module.firewall.module.load_balancer_sg.aws_security_group_rule.computed_egress_with_self",
            "module.firewall.module.load_balancer_sg.aws_security_group_rule.computed_egress_with_source_security_group_id",
            "module.firewall.module.load_balancer_sg.aws_security_group_rule.computed_ingress_rules",
            "module.firewall.module.load_balancer_sg.aws_security_group_rule.computed_ingress_with_cidr_blocks",
            "module.firewall.module.load_balancer_sg.aws_security_group_rule.computed_ingress_with_ipv6_cidr_blocks",
            "module.firewall.module.load_balancer_sg.aws_security_group_rule.computed_ingress_with_prefix_list_ids",
            "module.firewall.module.load_balancer_sg.aws_security_group_rule.computed_ingress_with_self",
            "module.firewall.module.load_balancer_sg.aws_security_group_rule.computed_ingress_with_source_security_group_id",
            "module.firewall.module.load_balancer_sg.aws_security_group_rule.egress_rules",
            "module.firewall.module.load_balancer_sg.aws_security_group_rule.egress_with_cidr_blocks",
            "module.firewall.module.load_balancer_sg.aws_security_group_rule.egress_with_ipv6_cidr_blocks",
            "module.firewall.module.load_balancer_sg.aws_security_group_rule.egress_with_prefix_list_ids",
            "module.firewall.module.load_balancer_sg.aws_security_group_rule.egress_with_self",
            "module.firewall.module.load_balancer_sg.aws_security_group_rule.egress_with_source_security_group_id",
            "module.firewall.module.load_balancer_sg.aws_security_group_rule.ingress_rules",
            "module.firewall.module.load_balancer_sg.aws_security_group_rule.ingress_with_cidr_blocks",
            "module.firewall.module.load_balancer_sg.aws_security_group_rule.ingress_with_ipv6_cidr_blocks",
            "module.firewall.module.load_balancer_sg.aws_security_group_rule.ingress_with_prefix_list_ids",
            "module.firewall.module.load_balancer_sg.aws_security_group_rule.ingress_with_self",
            "module.firewall.module.load_balancer_sg.aws_security_group_rule.ingress_with_source_security_group_id",
            "module.firewall.module.service_sg.aws_security_group.this",
            "module.firewall.module.service_sg.aws_security_group.this_name_prefix",
            "module.firewall.module.service_sg.aws_security_group_rule.computed_egress_rules",
            "module.firewall.module.service_sg.aws_security_group_rule.computed_egress_with_cidr_blocks",
            "module.firewall.module.service_sg.aws_security_group_rule.computed_egress_with_ipv6_cidr_blocks",
            "module.firewall.module.service_sg.aws_security_group_rule.computed_egress_with_prefix_list_ids",
            "module.firewall.module.service_sg.aws_security_group_rule.computed_egress_with_self",
            "module.firewall.module.service_sg.aws_security_group_rule.computed_egress_with_source_security_group_id",
            "module.firewall.module.service_sg.aws_security_group_rule.computed_ingress_rules",
            "module.firewall.module.service_sg.aws_security_group_rule.computed_ingress_with_cidr_blocks",
            "module.firewall.module.service_sg.aws_security_group_rule.computed_ingress_with_ipv6_cidr_blocks",
            "module.firewall.module.service_sg.aws_security_group_rule.computed_ingress_with_prefix_list_ids",
            "module.firewall.module.service_sg.aws_security_group_rule.computed_ingress_with_self",
            "module.firewall.module.service_sg.aws_security_group_rule.computed_ingress_with_source_security_group_id",
            "module.firewall.module.service_sg.aws_security_group_rule.egress_rules",
            "module.firewall.module.service_sg.aws_security_group_rule.egress_with_cidr_blocks",
            "module.firewall.module.service_sg.aws_security_group_rule.egress_with_ipv6_cidr_blocks",
            "module.firewall.module.service_sg.aws_security_group_rule.egress_with_prefix_list_ids",
            "module.firewall.module.service_sg.aws_security_group_rule.egress_with_self",
            "module.firewall.module.service_sg.aws_security_group_rule.egress_with_source_security_group_id",
            "module.firewall.module.service_sg.aws_security_group_rule.ingress_rules",
            "module.firewall.module.service_sg.aws_security_group_rule.ingress_with_cidr_blocks",
            "module.firewall.module.service_sg.aws_security_group_rule.ingress_with_ipv6_cidr_blocks",
            "module.firewall.module.service_sg.aws_security_group_rule.ingress_with_prefix_list_ids",
            "module.firewall.module.service_sg.aws_security_group_rule.ingress_with_self",
            "module.firewall.module.service_sg.aws_security_group_rule.ingress_with_source_security_group_id",
            "module.scaling.aws_autoscaling_group.this",
            "module.scaling.aws_iam_instance_profile.ecs_profile",
            "module.scaling.aws_iam_role.role",
            "module.scaling.aws_iam_role_policy.attach_role_policy",
            "module.scaling.aws_iam_role_policy_attachment.ecs_node_role_policy",
            "module.scaling.aws_launch_template.this",
            "module.scaling.data.aws_ami.amazon_linux",
            "module.scaling.data.aws_iam_policy_document.assume_role",
            "module.scaling.data.aws_iam_policy_document.workloads",
            "module.vpc.aws_eip.nat",
            "module.vpc.aws_internet_gateway.gw",
            "module.vpc.aws_nat_gateway.nat",
            "module.vpc.aws_route_table.private",
            "module.vpc.aws_route_table.public",
            "module.vpc.aws_route_table_association.private",
            "module.vpc.aws_route_table_association.public",
            "module.vpc.aws_subnet.private",
            "module.vpc.aws_subnet.public",
            "module.vpc.aws_vpc.this"
          ]
        }
      ]
    },
    {
      "module": "module.firewall.module.bastion_sg",
      "mode": "managed",
      "type": "aws_security_group",
      "name": "this",
      "provider": "provider[\"registry.terraform.io/hashicorp/aws\"]",
      "instances": []
    },
    {
      "module": "module.firewall.module.bastion_sg",
      "mode": "managed",
      "type": "aws_security_group",
      "name": "this_name_prefix",
      "provider": "provider[\"registry.terraform.io/hashicorp/aws\"]",
      "instances": [
        {
          "index_key": 0,
          "schema_version": 1,
          "attributes": {
            "arn": "arn:aws:ec2:us-east-1:654654523718:security-group/sg-014a2a01ed2dae8ec",
            "description": "Security group for BASTION",
            "egress": [
              {
                "cidr_blocks": [
                  "0.0.0.0/0"
                ],
                "description": "Allow all egress traffic",
                "from_port": 0,
                "ipv6_cidr_blocks": [],
                "prefix_list_ids": [],
                "protocol": "-1",
                "security_groups": [],
                "self": false,
                "to_port": 0
              }
            ],
            "id": "sg-014a2a01ed2dae8ec",
            "ingress": [
              {
                "cidr_blocks": [
                  "0.0.0.0/0"
                ],
                "description": "Allow SSH ingress traffic from bastion host",
                "from_port": 22,
                "ipv6_cidr_blocks": [],
                "prefix_list_ids": [],
                "protocol": "tcp",
                "security_groups": [],
                "self": false,
                "to_port": 22
              }
            ],
            "name": "prod-walterwrites-bastion-sg-20250221150612158100000008",
            "name_prefix": "prod-walterwrites-bastion-sg-",
            "owner_id": "654654523718",
            "revoke_rules_on_delete": false,
            "tags": {
              "Environment": "dev",
              "Name": "prod-walterwrites-bastion-sg",
              "Terraform": "true"
            },
            "tags_all": {
              "Environment": "dev",
              "Name": "prod-walterwrites-bastion-sg",
              "Terraform": "true"
            },
            "timeouts": {
              "create": "10m",
              "delete": "15m"
            },
            "vpc_id": "vpc-0ca6a1fee11b317af"
          },
          "sensitive_attributes": [],
          "private": "eyJlMmJmYjczMC1lY2FhLTExZTYtOGY4OC0zNDM2M2JjN2M0YzAiOnsiY3JlYXRlIjo2MDAwMDAwMDAwMDAsImRlbGV0ZSI6OTAwMDAwMDAwMDAwfSwic2NoZW1hX3ZlcnNpb24iOiIxIn0=",
          "dependencies": [
            "module.vpc.aws_vpc.this"
          ],
          "create_before_destroy": true
        }
      ]
    },
    {
      "module": "module.firewall.module.bastion_sg",
      "mode": "managed",
      "type": "aws_security_group_rule",
      "name": "computed_egress_rules",
      "provider": "provider[\"registry.terraform.io/hashicorp/aws\"]",
      "instances": []
    },
    {
      "module": "module.firewall.module.bastion_sg",
      "mode": "managed",
      "type": "aws_security_group_rule",
      "name": "computed_egress_with_cidr_blocks",
      "provider": "provider[\"registry.terraform.io/hashicorp/aws\"]",
      "instances": []
    },
    {
      "module": "module.firewall.module.bastion_sg",
      "mode": "managed",
      "type": "aws_security_group_rule",
      "name": "computed_egress_with_ipv6_cidr_blocks",
      "provider": "provider[\"registry.terraform.io/hashicorp/aws\"]",
      "instances": []
    },
    {
      "module": "module.firewall.module.bastion_sg",
      "mode": "managed",
      "type": "aws_security_group_rule",
      "name": "computed_egress_with_prefix_list_ids",
      "provider": "provider[\"registry.terraform.io/hashicorp/aws\"]",
      "instances": []
    },
    {
      "module": "module.firewall.module.bastion_sg",
      "mode": "managed",
      "type": "aws_security_group_rule",
      "name": "computed_egress_with_self",
      "provider": "provider[\"registry.terraform.io/hashicorp/aws\"]",
      "instances": []
    },
    {
      "module": "module.firewall.module.bastion_sg",
      "mode": "managed",
      "type": "aws_security_group_rule",
      "name": "computed_egress_with_source_security_group_id",
      "provider": "provider[\"registry.terraform.io/hashicorp/aws\"]",
      "instances": []
    },
    {
      "module": "module.firewall.module.bastion_sg",
      "mode": "managed",
      "type": "aws_security_group_rule",
      "name": "computed_ingress_rules",
      "provider": "provider[\"registry.terraform.io/hashicorp/aws\"]",
      "instances": []
    },
    {
      "module": "module.firewall.module.bastion_sg",
      "mode": "managed",
      "type": "aws_security_group_rule",
      "name": "computed_ingress_with_cidr_blocks",
      "provider": "provider[\"registry.terraform.io/hashicorp/aws\"]",
      "instances": []
    },
    {
      "module": "module.firewall.module.bastion_sg",
      "mode": "managed",
      "type": "aws_security_group_rule",
      "name": "computed_ingress_with_ipv6_cidr_blocks",
      "provider": "provider[\"registry.terraform.io/hashicorp/aws\"]",
      "instances": []
    },
    {
      "module": "module.firewall.module.bastion_sg",
      "mode": "managed",
      "type": "aws_security_group_rule",
      "name": "computed_ingress_with_prefix_list_ids",
      "provider": "provider[\"registry.terraform.io/hashicorp/aws\"]",
      "instances": []
    },
    {
      "module": "module.firewall.module.bastion_sg",
      "mode": "managed",
      "type": "aws_security_group_rule",
      "name": "computed_ingress_with_self",
      "provider": "provider[\"registry.terraform.io/hashicorp/aws\"]",
      "instances": []
    },
    {
      "module": "module.firewall.module.bastion_sg",
      "mode": "managed",
      "type": "aws_security_group_rule",
      "name": "computed_ingress_with_source_security_group_id",
      "provider": "provider[\"registry.terraform.io/hashicorp/aws\"]",
      "instances": []
    },
    {
      "module": "module.firewall.module.bastion_sg",
      "mode": "managed",
      "type": "aws_security_group_rule",
      "name": "egress_rules",
      "provider": "provider[\"registry.terraform.io/hashicorp/aws\"]",
      "instances": []
    },
    {
      "module": "module.firewall.module.bastion_sg",
      "mode": "managed",
      "type": "aws_security_group_rule",
      "name": "egress_with_cidr_blocks",
      "provider": "provider[\"registry.terraform.io/hashicorp/aws\"]",
      "instances": [
        {
          "index_key": 0,
          "schema_version": 2,
          "attributes": {
            "cidr_blocks": [
              "0.0.0.0/0"
            ],
            "description": "Allow all egress traffic",
            "from_port": 0,
            "id": "sgrule-1981378916",
            "ipv6_cidr_blocks": null,
            "prefix_list_ids": [],
            "protocol": "-1",
            "security_group_id": "sg-014a2a01ed2dae8ec",
            "security_group_rule_id": "sgr-0950cec7d98973299",
            "self": false,
            "source_security_group_id": null,
            "timeouts": null,
            "to_port": 0,
            "type": "egress"
          },
          "sensitive_attributes": [],
          "private": "eyJlMmJmYjczMC1lY2FhLTExZTYtOGY4OC0zNDM2M2JjN2M0YzAiOnsiY3JlYXRlIjozMDAwMDAwMDAwMDB9LCJzY2hlbWFfdmVyc2lvbiI6IjIifQ==",
          "dependencies": [
            "module.firewall.module.bastion_sg.aws_security_group.this",
            "module.firewall.module.bastion_sg.aws_security_group.this_name_prefix",
            "module.vpc.aws_vpc.this"
          ]
        }
      ]
    },
    {
      "module": "module.firewall.module.bastion_sg",
      "mode": "managed",
      "type": "aws_security_group_rule",
      "name": "egress_with_ipv6_cidr_blocks",
      "provider": "provider[\"registry.terraform.io/hashicorp/aws\"]",
      "instances": []
    },
    {
      "module": "module.firewall.module.bastion_sg",
      "mode": "managed",
      "type": "aws_security_group_rule",
      "name": "egress_with_prefix_list_ids",
      "provider": "provider[\"registry.terraform.io/hashicorp/aws\"]",
      "instances": []
    },
    {
      "module": "module.firewall.module.bastion_sg",
      "mode": "managed",
      "type": "aws_security_group_rule",
      "name": "egress_with_self",
      "provider": "provider[\"registry.terraform.io/hashicorp/aws\"]",
      "instances": []
    },
    {
      "module": "module.firewall.module.bastion_sg",
      "mode": "managed",
      "type": "aws_security_group_rule",
      "name": "egress_with_source_security_group_id",
      "provider": "provider[\"registry.terraform.io/hashicorp/aws\"]",
      "instances": []
    },
    {
      "module": "module.firewall.module.bastion_sg",
      "mode": "managed",
      "type": "aws_security_group_rule",
      "name": "ingress_rules",
      "provider": "provider[\"registry.terraform.io/hashicorp/aws\"]",
      "instances": []
    },
    {
      "module": "module.firewall.module.bastion_sg",
      "mode": "managed",
      "type": "aws_security_group_rule",
      "name": "ingress_with_cidr_blocks",
      "provider": "provider[\"registry.terraform.io/hashicorp/aws\"]",
      "instances": [
        {
          "index_key": 0,
          "schema_version": 2,
          "attributes": {
            "cidr_blocks": [
              "0.0.0.0/0"
            ],
            "description": "Allow SSH ingress traffic from bastion host",
            "from_port": 22,
            "id": "sgrule-29108844",
            "ipv6_cidr_blocks": null,
            "prefix_list_ids": [],
            "protocol": "tcp",
            "security_group_id": "sg-014a2a01ed2dae8ec",
            "security_group_rule_id": "sgr-0443e7d15ea8e201b",
            "self": false,
            "source_security_group_id": null,
            "timeouts": null,
            "to_port": 22,
            "type": "ingress"
          },
          "sensitive_attributes": [],
          "private": "eyJlMmJmYjczMC1lY2FhLTExZTYtOGY4OC0zNDM2M2JjN2M0YzAiOnsiY3JlYXRlIjozMDAwMDAwMDAwMDB9LCJzY2hlbWFfdmVyc2lvbiI6IjIifQ==",
          "dependencies": [
            "module.firewall.module.bastion_sg.aws_security_group.this",
            "module.firewall.module.bastion_sg.aws_security_group.this_name_prefix",
            "module.vpc.aws_vpc.this"
          ]
        }
      ]
    },
    {
      "module": "module.firewall.module.bastion_sg",
      "mode": "managed",
      "type": "aws_security_group_rule",
      "name": "ingress_with_ipv6_cidr_blocks",
      "provider": "provider[\"registry.terraform.io/hashicorp/aws\"]",
      "instances": []
    },
    {
      "module": "module.firewall.module.bastion_sg",
      "mode": "managed",
      "type": "aws_security_group_rule",
      "name": "ingress_with_prefix_list_ids",
      "provider": "provider[\"registry.terraform.io/hashicorp/aws\"]",
      "instances": []
    },
    {
      "module": "module.firewall.module.bastion_sg",
      "mode": "managed",
      "type": "aws_security_group_rule",
      "name": "ingress_with_self",
      "provider": "provider[\"registry.terraform.io/hashicorp/aws\"]",
      "instances": []
    },
    {
      "module": "module.firewall.module.bastion_sg",
      "mode": "managed",
      "type": "aws_security_group_rule",
      "name": "ingress_with_source_security_group_id",
      "provider": "provider[\"registry.terraform.io/hashicorp/aws\"]",
      "instances": []
    },
    {
      "module": "module.firewall.module.documentdb_sg",
      "mode": "managed",
      "type": "aws_security_group",
      "name": "this",
      "provider": "provider[\"registry.terraform.io/hashicorp/aws\"]",
      "instances": []
    },
    {
      "module": "module.firewall.module.documentdb_sg",
      "mode": "managed",
      "type": "aws_security_group",
      "name": "this_name_prefix",
      "provider": "provider[\"registry.terraform.io/hashicorp/aws\"]",
      "instances": [
        {
          "index_key": 0,
          "schema_version": 1,
          "attributes": {
            "arn": "arn:aws:ec2:us-east-1:654654523718:security-group/sg-0addaecdf172149d0",
            "description": "Security group for DocumentdB Service",
            "egress": [
              {
                "cidr_blocks": [
                  "0.0.0.0/0"
                ],
                "description": "Allow all egress traffic",
                "from_port": 0,
                "ipv6_cidr_blocks": [],
                "prefix_list_ids": [],
                "protocol": "-1",
                "security_groups": [],
                "self": false,
                "to_port": 0
              }
            ],
            "id": "sg-0addaecdf172149d0",
            "ingress": [
              {
                "cidr_blocks": [
                  "0.0.0.0/0"
                ],
                "description": "Allow ingress Mongo port",
                "from_port": 27017,
                "ipv6_cidr_blocks": [],
                "prefix_list_ids": [],
                "protocol": "tcp",
                "security_groups": [],
                "self": false,
                "to_port": 27017
              }
            ],
            "name": "prod-walterwrites-documentdb-sg-2025022115061565590000000c",
            "name_prefix": "prod-walterwrites-documentdb-sg-",
            "owner_id": "654654523718",
            "revoke_rules_on_delete": false,
            "tags": {
              "Environment": "dev",
              "Name": "prod-walterwrites-documentdb-sg",
              "Terraform": "true"
            },
            "tags_all": {
              "Environment": "dev",
              "Name": "prod-walterwrites-documentdb-sg",
              "Terraform": "true"
            },
            "timeouts": {
              "create": "10m",
              "delete": "15m"
            },
            "vpc_id": "vpc-0ca6a1fee11b317af"
          },
          "sensitive_attributes": [],
          "private": "eyJlMmJmYjczMC1lY2FhLTExZTYtOGY4OC0zNDM2M2JjN2M0YzAiOnsiY3JlYXRlIjo2MDAwMDAwMDAwMDAsImRlbGV0ZSI6OTAwMDAwMDAwMDAwfSwic2NoZW1hX3ZlcnNpb24iOiIxIn0=",
          "dependencies": [
            "module.vpc.aws_vpc.this"
          ],
          "create_before_destroy": true
        }
      ]
    },
    {
      "module": "module.firewall.module.documentdb_sg",
      "mode": "managed",
      "type": "aws_security_group_rule",
      "name": "computed_egress_rules",
      "provider": "provider[\"registry.terraform.io/hashicorp/aws\"]",
      "instances": []
    },
    {
      "module": "module.firewall.module.documentdb_sg",
      "mode": "managed",
      "type": "aws_security_group_rule",
      "name": "computed_egress_with_cidr_blocks",
      "provider": "provider[\"registry.terraform.io/hashicorp/aws\"]",
      "instances": []
    },
    {
      "module": "module.firewall.module.documentdb_sg",
      "mode": "managed",
      "type": "aws_security_group_rule",
      "name": "computed_egress_with_ipv6_cidr_blocks",
      "provider": "provider[\"registry.terraform.io/hashicorp/aws\"]",
      "instances": []
    },
    {
      "module": "module.firewall.module.documentdb_sg",
      "mode": "managed",
      "type": "aws_security_group_rule",
      "name": "computed_egress_with_prefix_list_ids",
      "provider": "provider[\"registry.terraform.io/hashicorp/aws\"]",
      "instances": []
    },
    {
      "module": "module.firewall.module.documentdb_sg",
      "mode": "managed",
      "type": "aws_security_group_rule",
      "name": "computed_egress_with_self",
      "provider": "provider[\"registry.terraform.io/hashicorp/aws\"]",
      "instances": []
    },
    {
      "module": "module.firewall.module.documentdb_sg",
      "mode": "managed",
      "type": "aws_security_group_rule",
      "name": "computed_egress_with_source_security_group_id",
      "provider": "provider[\"registry.terraform.io/hashicorp/aws\"]",
      "instances": []
    },
    {
      "module": "module.firewall.module.documentdb_sg",
      "mode": "managed",
      "type": "aws_security_group_rule",
      "name": "computed_ingress_rules",
      "provider": "provider[\"registry.terraform.io/hashicorp/aws\"]",
      "instances": []
    },
    {
      "module": "module.firewall.module.documentdb_sg",
      "mode": "managed",
      "type": "aws_security_group_rule",
      "name": "computed_ingress_with_cidr_blocks",
      "provider": "provider[\"registry.terraform.io/hashicorp/aws\"]",
      "instances": []
    },
    {
      "module": "module.firewall.module.documentdb_sg",
      "mode": "managed",
      "type": "aws_security_group_rule",
      "name": "computed_ingress_with_ipv6_cidr_blocks",
      "provider": "provider[\"registry.terraform.io/hashicorp/aws\"]",
      "instances": []
    },
    {
      "module": "module.firewall.module.documentdb_sg",
      "mode": "managed",
      "type": "aws_security_group_rule",
      "name": "computed_ingress_with_prefix_list_ids",
      "provider": "provider[\"registry.terraform.io/hashicorp/aws\"]",
      "instances": []
    },
    {
      "module": "module.firewall.module.documentdb_sg",
      "mode": "managed",
      "type": "aws_security_group_rule",
      "name": "computed_ingress_with_self",
      "provider": "provider[\"registry.terraform.io/hashicorp/aws\"]",
      "instances": []
    },
    {
      "module": "module.firewall.module.documentdb_sg",
      "mode": "managed",
      "type": "aws_security_group_rule",
      "name": "computed_ingress_with_source_security_group_id",
      "provider": "provider[\"registry.terraform.io/hashicorp/aws\"]",
      "instances": []
    },
    {
      "module": "module.firewall.module.documentdb_sg",
      "mode": "managed",
      "type": "aws_security_group_rule",
      "name": "egress_rules",
      "provider": "provider[\"registry.terraform.io/hashicorp/aws\"]",
      "instances": []
    },
    {
      "module": "module.firewall.module.documentdb_sg",
      "mode": "managed",
      "type": "aws_security_group_rule",
      "name": "egress_with_cidr_blocks",
      "provider": "provider[\"registry.terraform.io/hashicorp/aws\"]",
      "instances": [
        {
          "index_key": 0,
          "schema_version": 2,
          "attributes": {
            "cidr_blocks": [
              "0.0.0.0/0"
            ],
            "description": "Allow all egress traffic",
            "from_port": 0,
            "id": "sgrule-233518210",
            "ipv6_cidr_blocks": null,
            "prefix_list_ids": [],
            "protocol": "-1",
            "security_group_id": "sg-0addaecdf172149d0",
            "security_group_rule_id": "sgr-02f41e827165892c0",
            "self": false,
            "source_security_group_id": null,
            "timeouts": null,
            "to_port": 0,
            "type": "egress"
          },
          "sensitive_attributes": [],
          "private": "eyJlMmJmYjczMC1lY2FhLTExZTYtOGY4OC0zNDM2M2JjN2M0YzAiOnsiY3JlYXRlIjozMDAwMDAwMDAwMDB9LCJzY2hlbWFfdmVyc2lvbiI6IjIifQ==",
          "dependencies": [
            "module.firewall.module.documentdb_sg.aws_security_group.this",
            "module.firewall.module.documentdb_sg.aws_security_group.this_name_prefix",
            "module.vpc.aws_vpc.this"
          ]
        }
      ]
    },
    {
      "module": "module.firewall.module.documentdb_sg",
      "mode": "managed",
      "type": "aws_security_group_rule",
      "name": "egress_with_ipv6_cidr_blocks",
      "provider": "provider[\"registry.terraform.io/hashicorp/aws\"]",
      "instances": []
    },
    {
      "module": "module.firewall.module.documentdb_sg",
      "mode": "managed",
      "type": "aws_security_group_rule",
      "name": "egress_with_prefix_list_ids",
      "provider": "provider[\"registry.terraform.io/hashicorp/aws\"]",
      "instances": []
    },
    {
      "module": "module.firewall.module.documentdb_sg",
      "mode": "managed",
      "type": "aws_security_group_rule",
      "name": "egress_with_self",
      "provider": "provider[\"registry.terraform.io/hashicorp/aws\"]",
      "instances": []
    },
    {
      "module": "module.firewall.module.documentdb_sg",
      "mode": "managed",
      "type": "aws_security_group_rule",
      "name": "egress_with_source_security_group_id",
      "provider": "provider[\"registry.terraform.io/hashicorp/aws\"]",
      "instances": []
    },
    {
      "module": "module.firewall.module.documentdb_sg",
      "mode": "managed",
      "type": "aws_security_group_rule",
      "name": "ingress_rules",
      "provider": "provider[\"registry.terraform.io/hashicorp/aws\"]",
      "instances": []
    },
    {
      "module": "module.firewall.module.documentdb_sg",
      "mode": "managed",
      "type": "aws_security_group_rule",
      "name": "ingress_with_cidr_blocks",
      "provider": "provider[\"registry.terraform.io/hashicorp/aws\"]",
      "instances": [
        {
          "index_key": 0,
          "schema_version": 2,
          "attributes": {
            "cidr_blocks": [
              "0.0.0.0/0"
            ],
            "description": "Allow ingress Mongo port",
            "from_port": 27017,
            "id": "sgrule-900084284",
            "ipv6_cidr_blocks": null,
            "prefix_list_ids": [],
            "protocol": "tcp",
            "security_group_id": "sg-0addaecdf172149d0",
            "security_group_rule_id": "sgr-091e7a746ebdafc09",
            "self": false,
            "source_security_group_id": null,
            "timeouts": null,
            "to_port": 27017,
            "type": "ingress"
          },
          "sensitive_attributes": [],
          "private": "eyJlMmJmYjczMC1lY2FhLTExZTYtOGY4OC0zNDM2M2JjN2M0YzAiOnsiY3JlYXRlIjozMDAwMDAwMDAwMDB9LCJzY2hlbWFfdmVyc2lvbiI6IjIifQ==",
          "dependencies": [
            "module.firewall.module.documentdb_sg.aws_security_group.this",
            "module.firewall.module.documentdb_sg.aws_security_group.this_name_prefix",
            "module.vpc.aws_vpc.this"
          ]
        }
      ]
    },
    {
      "module": "module.firewall.module.documentdb_sg",
      "mode": "managed",
      "type": "aws_security_group_rule",
      "name": "ingress_with_ipv6_cidr_blocks",
      "provider": "provider[\"registry.terraform.io/hashicorp/aws\"]",
      "instances": []
    },
    {
      "module": "module.firewall.module.documentdb_sg",
      "mode": "managed",
      "type": "aws_security_group_rule",
      "name": "ingress_with_prefix_list_ids",
      "provider": "provider[\"registry.terraform.io/hashicorp/aws\"]",
      "instances": []
    },
    {
      "module": "module.firewall.module.documentdb_sg",
      "mode": "managed",
      "type": "aws_security_group_rule",
      "name": "ingress_with_self",
      "provider": "provider[\"registry.terraform.io/hashicorp/aws\"]",
      "instances": []
    },
    {
      "module": "module.firewall.module.documentdb_sg",
      "mode": "managed",
      "type": "aws_security_group_rule",
      "name": "ingress_with_source_security_group_id",
      "provider": "provider[\"registry.terraform.io/hashicorp/aws\"]",
      "instances": []
    },
    {
      "module": "module.firewall.module.ecs_sg",
      "mode": "managed",
      "type": "aws_security_group",
      "name": "this",
      "provider": "provider[\"registry.terraform.io/hashicorp/aws\"]",
      "instances": []
    },
    {
      "module": "module.firewall.module.ecs_sg",
      "mode": "managed",
      "type": "aws_security_group",
      "name": "this_name_prefix",
      "provider": "provider[\"registry.terraform.io/hashicorp/aws\"]",
      "instances": [
        {
          "index_key": 0,
          "schema_version": 1,
          "attributes": {
            "arn": "arn:aws:ec2:us-east-1:654654523718:security-group/sg-035e27d61669fc400",
            "description": "Security group for ECS",
            "egress": [
              {
                "cidr_blocks": [
                  "0.0.0.0/0"
                ],
                "description": "Allow all egress traffic",
                "from_port": 0,
                "ipv6_cidr_blocks": [],
                "prefix_list_ids": [],
                "protocol": "-1",
                "security_groups": [],
                "self": false,
                "to_port": 0
              }
            ],
            "id": "sg-035e27d61669fc400",
            "ingress": [
              {
                "cidr_blocks": [
                  "0.0.0.0/0"
                ],
                "description": "",
                "from_port": 443,
                "ipv6_cidr_blocks": [],
                "prefix_list_ids": [],
                "protocol": "tcp",
                "security_groups": [],
                "self": false,
                "to_port": 443
              },
              {
                "cidr_blocks": [
                  "0.0.0.0/0"
                ],
                "description": "",
                "from_port": 80,
                "ipv6_cidr_blocks": [],
                "prefix_list_ids": [],
                "protocol": "tcp",
                "security_groups": [],
                "self": false,
                "to_port": 80
              },
              {
                "cidr_blocks": [
                  "0.0.0.0/0"
                ],
                "description": "Allow SSH ingress traffic from bastion host",
                "from_port": 22,
                "ipv6_cidr_blocks": [],
                "prefix_list_ids": [],
                "protocol": "tcp",
                "security_groups": [],
                "self": false,
                "to_port": 22
              },
              {
                "cidr_blocks": [
                  "10.180.0.0/16"
                ],
                "description": "Allow ingress traffic from ALB on HTTP on ephemeral ports",
                "from_port": 32768,
                "ipv6_cidr_blocks": [],
                "prefix_list_ids": [],
                "protocol": "tcp",
                "security_groups": [],
                "self": false,
                "to_port": 65535
              }
            ],
            "name": "prod-walterwrites-ecs-sg-20250221150614838300000009",
            "name_prefix": "prod-walterwrites-ecs-sg-",
            "owner_id": "654654523718",
            "revoke_rules_on_delete": false,
            "tags": {
              "Environment": "dev",
              "Name": "prod-walterwrites-ecs-sg",
              "Terraform": "true"
            },
            "tags_all": {
              "Environment": "dev",
              "Name": "prod-walterwrites-ecs-sg",
              "Terraform": "true"
            },
            "timeouts": {
              "create": "10m",
              "delete": "15m"
            },
            "vpc_id": "vpc-0ca6a1fee11b317af"
          },
          "sensitive_attributes": [],
          "private": "eyJlMmJmYjczMC1lY2FhLTExZTYtOGY4OC0zNDM2M2JjN2M0YzAiOnsiY3JlYXRlIjo2MDAwMDAwMDAwMDAsImRlbGV0ZSI6OTAwMDAwMDAwMDAwfSwic2NoZW1hX3ZlcnNpb24iOiIxIn0=",
          "dependencies": [
            "module.vpc.aws_vpc.this"
          ],
          "create_before_destroy": true
        }
      ]
    },
    {
      "module": "module.firewall.module.ecs_sg",
      "mode": "managed",
      "type": "aws_security_group_rule",
      "name": "computed_egress_rules",
      "provider": "provider[\"registry.terraform.io/hashicorp/aws\"]",
      "instances": []
    },
    {
      "module": "module.firewall.module.ecs_sg",
      "mode": "managed",
      "type": "aws_security_group_rule",
      "name": "computed_egress_with_cidr_blocks",
      "provider": "provider[\"registry.terraform.io/hashicorp/aws\"]",
      "instances": []
    },
    {
      "module": "module.firewall.module.ecs_sg",
      "mode": "managed",
      "type": "aws_security_group_rule",
      "name": "computed_egress_with_ipv6_cidr_blocks",
      "provider": "provider[\"registry.terraform.io/hashicorp/aws\"]",
      "instances": []
    },
    {
      "module": "module.firewall.module.ecs_sg",
      "mode": "managed",
      "type": "aws_security_group_rule",
      "name": "computed_egress_with_prefix_list_ids",
      "provider": "provider[\"registry.terraform.io/hashicorp/aws\"]",
      "instances": []
    },
    {
      "module": "module.firewall.module.ecs_sg",
      "mode": "managed",
      "type": "aws_security_group_rule",
      "name": "computed_egress_with_self",
      "provider": "provider[\"registry.terraform.io/hashicorp/aws\"]",
      "instances": []
    },
    {
      "module": "module.firewall.module.ecs_sg",
      "mode": "managed",
      "type": "aws_security_group_rule",
      "name": "computed_egress_with_source_security_group_id",
      "provider": "provider[\"registry.terraform.io/hashicorp/aws\"]",
      "instances": []
    },
    {
      "module": "module.firewall.module.ecs_sg",
      "mode": "managed",
      "type": "aws_security_group_rule",
      "name": "computed_ingress_rules",
      "provider": "provider[\"registry.terraform.io/hashicorp/aws\"]",
      "instances": []
    },
    {
      "module": "module.firewall.module.ecs_sg",
      "mode": "managed",
      "type": "aws_security_group_rule",
      "name": "computed_ingress_with_cidr_blocks",
      "provider": "provider[\"registry.terraform.io/hashicorp/aws\"]",
      "instances": []
    },
    {
      "module": "module.firewall.module.ecs_sg",
      "mode": "managed",
      "type": "aws_security_group_rule",
      "name": "computed_ingress_with_ipv6_cidr_blocks",
      "provider": "provider[\"registry.terraform.io/hashicorp/aws\"]",
      "instances": []
    },
    {
      "module": "module.firewall.module.ecs_sg",
      "mode": "managed",
      "type": "aws_security_group_rule",
      "name": "computed_ingress_with_prefix_list_ids",
      "provider": "provider[\"registry.terraform.io/hashicorp/aws\"]",
      "instances": []
    },
    {
      "module": "module.firewall.module.ecs_sg",
      "mode": "managed",
      "type": "aws_security_group_rule",
      "name": "computed_ingress_with_self",
      "provider": "provider[\"registry.terraform.io/hashicorp/aws\"]",
      "instances": []
    },
    {
      "module": "module.firewall.module.ecs_sg",
      "mode": "managed",
      "type": "aws_security_group_rule",
      "name": "computed_ingress_with_source_security_group_id",
      "provider": "provider[\"registry.terraform.io/hashicorp/aws\"]",
      "instances": []
    },
    {
      "module": "module.firewall.module.ecs_sg",
      "mode": "managed",
      "type": "aws_security_group_rule",
      "name": "egress_rules",
      "provider": "provider[\"registry.terraform.io/hashicorp/aws\"]",
      "instances": []
    },
    {
      "module": "module.firewall.module.ecs_sg",
      "mode": "managed",
      "type": "aws_security_group_rule",
      "name": "egress_with_cidr_blocks",
      "provider": "provider[\"registry.terraform.io/hashicorp/aws\"]",
      "instances": [
        {
          "index_key": 0,
          "schema_version": 2,
          "attributes": {
            "cidr_blocks": [
              "0.0.0.0/0"
            ],
            "description": "Allow all egress traffic",
            "from_port": 0,
            "id": "sgrule-1805342841",
            "ipv6_cidr_blocks": null,
            "prefix_list_ids": [],
            "protocol": "-1",
            "security_group_id": "sg-035e27d61669fc400",
            "security_group_rule_id": "sgr-0b65a7fff380cd11f",
            "self": false,
            "source_security_group_id": null,
            "timeouts": null,
            "to_port": 0,
            "type": "egress"
          },
          "sensitive_attributes": [],
          "private": "eyJlMmJmYjczMC1lY2FhLTExZTYtOGY4OC0zNDM2M2JjN2M0YzAiOnsiY3JlYXRlIjozMDAwMDAwMDAwMDB9LCJzY2hlbWFfdmVyc2lvbiI6IjIifQ==",
          "dependencies": [
            "module.firewall.module.ecs_sg.aws_security_group.this",
            "module.firewall.module.ecs_sg.aws_security_group.this_name_prefix",
            "module.vpc.aws_vpc.this"
          ]
        }
      ]
    },
    {
      "module": "module.firewall.module.ecs_sg",
      "mode": "managed",
      "type": "aws_security_group_rule",
      "name": "egress_with_ipv6_cidr_blocks",
      "provider": "provider[\"registry.terraform.io/hashicorp/aws\"]",
      "instances": []
    },
    {
      "module": "module.firewall.module.ecs_sg",
      "mode": "managed",
      "type": "aws_security_group_rule",
      "name": "egress_with_prefix_list_ids",
      "provider": "provider[\"registry.terraform.io/hashicorp/aws\"]",
      "instances": []
    },
    {
      "module": "module.firewall.module.ecs_sg",
      "mode": "managed",
      "type": "aws_security_group_rule",
      "name": "egress_with_self",
      "provider": "provider[\"registry.terraform.io/hashicorp/aws\"]",
      "instances": []
    },
    {
      "module": "module.firewall.module.ecs_sg",
      "mode": "managed",
      "type": "aws_security_group_rule",
      "name": "egress_with_source_security_group_id",
      "provider": "provider[\"registry.terraform.io/hashicorp/aws\"]",
      "instances": []
    },
    {
      "module": "module.firewall.module.ecs_sg",
      "mode": "managed",
      "type": "aws_security_group_rule",
      "name": "ingress_rules",
      "provider": "provider[\"registry.terraform.io/hashicorp/aws\"]",
      "instances": []
    },
    {
      "module": "module.firewall.module.ecs_sg",
      "mode": "managed",
      "type": "aws_security_group_rule",
      "name": "ingress_with_cidr_blocks",
      "provider": "provider[\"registry.terraform.io/hashicorp/aws\"]",
      "instances": [
        {
          "index_key": 0,
          "schema_version": 2,
          "attributes": {
            "cidr_blocks": [
              "0.0.0.0/0"
            ],
            "description": "Allow SSH ingress traffic from bastion host",
            "from_port": 22,
            "id": "sgrule-1999606841",
            "ipv6_cidr_blocks": null,
            "prefix_list_ids": [],
            "protocol": "tcp",
            "security_group_id": "sg-035e27d61669fc400",
            "security_group_rule_id": "sgr-0731fcccd2fa70152",
            "self": false,
            "source_security_group_id": null,
            "timeouts": null,
            "to_port": 22,
            "type": "ingress"
          },
          "sensitive_attributes": [],
          "private": "eyJlMmJmYjczMC1lY2FhLTExZTYtOGY4OC0zNDM2M2JjN2M0YzAiOnsiY3JlYXRlIjozMDAwMDAwMDAwMDB9LCJzY2hlbWFfdmVyc2lvbiI6IjIifQ==",
          "dependencies": [
            "module.firewall.module.ecs_sg.aws_security_group.this",
            "module.firewall.module.ecs_sg.aws_security_group.this_name_prefix",
            "module.firewall.module.load_balancer_sg.aws_security_group.this",
            "module.firewall.module.load_balancer_sg.aws_security_group.this_name_prefix",
            "module.vpc.aws_vpc.this"
          ]
        },
        {
          "index_key": 1,
          "schema_version": 2,
          "attributes": {
            "cidr_blocks": [
              "0.0.0.0/0"
            ],
            "description": "",
            "from_port": 80,
            "id": "sgrule-3248867724",
            "ipv6_cidr_blocks": null,
            "prefix_list_ids": [],
            "protocol": "tcp",
            "security_group_id": "sg-035e27d61669fc400",
            "security_group_rule_id": "sgr-0c95dc6ca54006320",
            "self": false,
            "source_security_group_id": null,
            "timeouts": null,
            "to_port": 80,
            "type": "ingress"
          },
          "sensitive_attributes": [],
          "private": "eyJlMmJmYjczMC1lY2FhLTExZTYtOGY4OC0zNDM2M2JjN2M0YzAiOnsiY3JlYXRlIjozMDAwMDAwMDAwMDB9LCJzY2hlbWFfdmVyc2lvbiI6IjIifQ==",
          "dependencies": [
            "module.firewall.module.ecs_sg.aws_security_group.this",
            "module.firewall.module.ecs_sg.aws_security_group.this_name_prefix",
            "module.firewall.module.load_balancer_sg.aws_security_group.this",
            "module.firewall.module.load_balancer_sg.aws_security_group.this_name_prefix",
            "module.vpc.aws_vpc.this"
          ]
        },
        {
          "index_key": 2,
          "schema_version": 2,
          "attributes": {
            "cidr_blocks": [
              "10.180.0.0/16"
            ],
            "description": "Allow ingress traffic from ALB on HTTP on ephemeral ports",
            "from_port": 32768,
            "id": "sgrule-3185824443",
            "ipv6_cidr_blocks": null,
            "prefix_list_ids": [],
            "protocol": "tcp",
            "security_group_id": "sg-035e27d61669fc400",
            "security_group_rule_id": "sgr-05cec67ac2835042f",
            "self": false,
            "source_security_group_id": null,
            "timeouts": null,
            "to_port": 65535,
            "type": "ingress"
          },
          "sensitive_attributes": [],
          "private": "eyJlMmJmYjczMC1lY2FhLTExZTYtOGY4OC0zNDM2M2JjN2M0YzAiOnsiY3JlYXRlIjozMDAwMDAwMDAwMDB9LCJzY2hlbWFfdmVyc2lvbiI6IjIifQ==",
          "dependencies": [
            "module.firewall.module.ecs_sg.aws_security_group.this",
            "module.firewall.module.ecs_sg.aws_security_group.this_name_prefix",
            "module.firewall.module.load_balancer_sg.aws_security_group.this",
            "module.firewall.module.load_balancer_sg.aws_security_group.this_name_prefix",
            "module.vpc.aws_vpc.this"
          ]
        }
      ]
    },
    {
      "module": "module.firewall.module.ecs_sg",
      "mode": "managed",
      "type": "aws_security_group_rule",
      "name": "ingress_with_ipv6_cidr_blocks",
      "provider": "provider[\"registry.terraform.io/hashicorp/aws\"]",
      "instances": []
    },
    {
      "module": "module.firewall.module.ecs_sg",
      "mode": "managed",
      "type": "aws_security_group_rule",
      "name": "ingress_with_prefix_list_ids",
      "provider": "provider[\"registry.terraform.io/hashicorp/aws\"]",
      "instances": []
    },
    {
      "module": "module.firewall.module.ecs_sg",
      "mode": "managed",
      "type": "aws_security_group_rule",
      "name": "ingress_with_self",
      "provider": "provider[\"registry.terraform.io/hashicorp/aws\"]",
      "instances": []
    },
    {
      "module": "module.firewall.module.ecs_sg",
      "mode": "managed",
      "type": "aws_security_group_rule",
      "name": "ingress_with_source_security_group_id",
      "provider": "provider[\"registry.terraform.io/hashicorp/aws\"]",
      "instances": []
    },
    {
      "module": "module.firewall.module.load_balancer_sg",
      "mode": "managed",
      "type": "aws_security_group",
      "name": "this",
      "provider": "provider[\"registry.terraform.io/hashicorp/aws\"]",
      "instances": []
    },
    {
      "module": "module.firewall.module.load_balancer_sg",
      "mode": "managed",
      "type": "aws_security_group",
      "name": "this_name_prefix",
      "provider": "provider[\"registry.terraform.io/hashicorp/aws\"]",
      "instances": [
        {
          "index_key": 0,
          "schema_version": 1,
          "attributes": {
            "arn": "arn:aws:ec2:us-east-1:654654523718:security-group/sg-0be25beed20e3ed06",
            "description": "Security group for ALB",
            "egress": [
              {
                "cidr_blocks": [
                  "0.0.0.0/0"
                ],
                "description": "Allow all egress traffic",
                "from_port": 0,
                "ipv6_cidr_blocks": [],
                "prefix_list_ids": [],
                "protocol": "-1",
                "security_groups": [],
                "self": false,
                "to_port": 0
              }
            ],
            "id": "sg-0be25beed20e3ed06",
            "ingress": [
              {
                "cidr_blocks": [
                  "0.0.0.0/0"
                ],
                "description": "HTTP",
                "from_port": 80,
                "ipv6_cidr_blocks": [],
                "prefix_list_ids": [],
                "protocol": "tcp",
                "security_groups": [],
                "self": false,
                "to_port": 80
              },
              {
                "cidr_blocks": [
                  "0.0.0.0/0"
                ],
                "description": "HTTPS",
                "from_port": 443,
                "ipv6_cidr_blocks": [],
                "prefix_list_ids": [],
                "protocol": "tcp",
                "security_groups": [],
                "self": false,
                "to_port": 443
              }
            ],
            "name": "prod-walterwrites-lb-sg-2025022115061534830000000b",
            "name_prefix": "prod-walterwrites-lb-sg-",
            "owner_id": "654654523718",
            "revoke_rules_on_delete": false,
            "tags": {
              "Environment": "dev",
              "Name": "prod-walterwrites-lb-sg",
              "Terraform": "true"
            },
            "tags_all": {
              "Environment": "dev",
              "Name": "prod-walterwrites-lb-sg",
              "Terraform": "true"
            },
            "timeouts": {
              "create": "10m",
              "delete": "15m"
            },
            "vpc_id": "vpc-0ca6a1fee11b317af"
          },
          "sensitive_attributes": [],
          "private": "eyJlMmJmYjczMC1lY2FhLTExZTYtOGY4OC0zNDM2M2JjN2M0YzAiOnsiY3JlYXRlIjo2MDAwMDAwMDAwMDAsImRlbGV0ZSI6OTAwMDAwMDAwMDAwfSwic2NoZW1hX3ZlcnNpb24iOiIxIn0=",
          "dependencies": [
            "module.vpc.aws_vpc.this"
          ],
          "create_before_destroy": true
        }
      ]
    },
    {
      "module": "module.firewall.module.load_balancer_sg",
      "mode": "managed",
      "type": "aws_security_group_rule",
      "name": "computed_egress_rules",
      "provider": "provider[\"registry.terraform.io/hashicorp/aws\"]",
      "instances": []
    },
    {
      "module": "module.firewall.module.load_balancer_sg",
      "mode": "managed",
      "type": "aws_security_group_rule",
      "name": "computed_egress_with_cidr_blocks",
      "provider": "provider[\"registry.terraform.io/hashicorp/aws\"]",
      "instances": []
    },
    {
      "module": "module.firewall.module.load_balancer_sg",
      "mode": "managed",
      "type": "aws_security_group_rule",
      "name": "computed_egress_with_ipv6_cidr_blocks",
      "provider": "provider[\"registry.terraform.io/hashicorp/aws\"]",
      "instances": []
    },
    {
      "module": "module.firewall.module.load_balancer_sg",
      "mode": "managed",
      "type": "aws_security_group_rule",
      "name": "computed_egress_with_prefix_list_ids",
      "provider": "provider[\"registry.terraform.io/hashicorp/aws\"]",
      "instances": []
    },
    {
      "module": "module.firewall.module.load_balancer_sg",
      "mode": "managed",
      "type": "aws_security_group_rule",
      "name": "computed_egress_with_self",
      "provider": "provider[\"registry.terraform.io/hashicorp/aws\"]",
      "instances": []
    },
    {
      "module": "module.firewall.module.load_balancer_sg",
      "mode": "managed",
      "type": "aws_security_group_rule",
      "name": "computed_egress_with_source_security_group_id",
      "provider": "provider[\"registry.terraform.io/hashicorp/aws\"]",
      "instances": []
    },
    {
      "module": "module.firewall.module.load_balancer_sg",
      "mode": "managed",
      "type": "aws_security_group_rule",
      "name": "computed_ingress_rules",
      "provider": "provider[\"registry.terraform.io/hashicorp/aws\"]",
      "instances": []
    },
    {
      "module": "module.firewall.module.load_balancer_sg",
      "mode": "managed",
      "type": "aws_security_group_rule",
      "name": "computed_ingress_with_cidr_blocks",
      "provider": "provider[\"registry.terraform.io/hashicorp/aws\"]",
      "instances": []
    },
    {
      "module": "module.firewall.module.load_balancer_sg",
      "mode": "managed",
      "type": "aws_security_group_rule",
      "name": "computed_ingress_with_ipv6_cidr_blocks",
      "provider": "provider[\"registry.terraform.io/hashicorp/aws\"]",
      "instances": []
    },
    {
      "module": "module.firewall.module.load_balancer_sg",
      "mode": "managed",
      "type": "aws_security_group_rule",
      "name": "computed_ingress_with_prefix_list_ids",
      "provider": "provider[\"registry.terraform.io/hashicorp/aws\"]",
      "instances": []
    },
    {
      "module": "module.firewall.module.load_balancer_sg",
      "mode": "managed",
      "type": "aws_security_group_rule",
      "name": "computed_ingress_with_self",
      "provider": "provider[\"registry.terraform.io/hashicorp/aws\"]",
      "instances": []
    },
    {
      "module": "module.firewall.module.load_balancer_sg",
      "mode": "managed",
      "type": "aws_security_group_rule",
      "name": "computed_ingress_with_source_security_group_id",
      "provider": "provider[\"registry.terraform.io/hashicorp/aws\"]",
      "instances": []
    },
    {
      "module": "module.firewall.module.load_balancer_sg",
      "mode": "managed",
      "type": "aws_security_group_rule",
      "name": "egress_rules",
      "provider": "provider[\"registry.terraform.io/hashicorp/aws\"]",
      "instances": []
    },
    {
      "module": "module.firewall.module.load_balancer_sg",
      "mode": "managed",
      "type": "aws_security_group_rule",
      "name": "egress_with_cidr_blocks",
      "provider": "provider[\"registry.terraform.io/hashicorp/aws\"]",
      "instances": [
        {
          "index_key": 0,
          "schema_version": 2,
          "attributes": {
            "cidr_blocks": [
              "0.0.0.0/0"
            ],
            "description": "Allow all egress traffic",
            "from_port": 0,
            "id": "sgrule-4075330012",
            "ipv6_cidr_blocks": null,
            "prefix_list_ids": [],
            "protocol": "-1",
            "security_group_id": "sg-0be25beed20e3ed06",
            "security_group_rule_id": "sgr-06a05d0fc07c3e946",
            "self": false,
            "source_security_group_id": null,
            "timeouts": null,
            "to_port": 0,
            "type": "egress"
          },
          "sensitive_attributes": [],
          "private": "eyJlMmJmYjczMC1lY2FhLTExZTYtOGY4OC0zNDM2M2JjN2M0YzAiOnsiY3JlYXRlIjozMDAwMDAwMDAwMDB9LCJzY2hlbWFfdmVyc2lvbiI6IjIifQ==",
          "dependencies": [
            "module.firewall.module.load_balancer_sg.aws_security_group.this",
            "module.firewall.module.load_balancer_sg.aws_security_group.this_name_prefix",
            "module.vpc.aws_vpc.this"
          ]
        }
      ]
    },
    {
      "module": "module.firewall.module.load_balancer_sg",
      "mode": "managed",
      "type": "aws_security_group_rule",
      "name": "egress_with_ipv6_cidr_blocks",
      "provider": "provider[\"registry.terraform.io/hashicorp/aws\"]",
      "instances": []
    },
    {
      "module": "module.firewall.module.load_balancer_sg",
      "mode": "managed",
      "type": "aws_security_group_rule",
      "name": "egress_with_prefix_list_ids",
      "provider": "provider[\"registry.terraform.io/hashicorp/aws\"]",
      "instances": []
    },
    {
      "module": "module.firewall.module.load_balancer_sg",
      "mode": "managed",
      "type": "aws_security_group_rule",
      "name": "egress_with_self",
      "provider": "provider[\"registry.terraform.io/hashicorp/aws\"]",
      "instances": []
    },
    {
      "module": "module.firewall.module.load_balancer_sg",
      "mode": "managed",
      "type": "aws_security_group_rule",
      "name": "egress_with_source_security_group_id",
      "provider": "provider[\"registry.terraform.io/hashicorp/aws\"]",
      "instances": []
    },
    {
      "module": "module.firewall.module.load_balancer_sg",
      "mode": "managed",
      "type": "aws_security_group_rule",
      "name": "ingress_rules",
      "provider": "provider[\"registry.terraform.io/hashicorp/aws\"]",
      "instances": [
        {
          "index_key": 0,
          "schema_version": 2,
          "attributes": {
            "cidr_blocks": [
              "0.0.0.0/0"
            ],
            "description": "HTTPS",
            "from_port": 443,
            "id": "sgrule-1810857222",
            "ipv6_cidr_blocks": [],
            "prefix_list_ids": [],
            "protocol": "tcp",
            "security_group_id": "sg-0be25beed20e3ed06",
            "security_group_rule_id": "sgr-030167cbfb9325897",
            "self": false,
            "source_security_group_id": null,
            "timeouts": null,
            "to_port": 443,
            "type": "ingress"
          },
          "sensitive_attributes": [],
          "private": "eyJlMmJmYjczMC1lY2FhLTExZTYtOGY4OC0zNDM2M2JjN2M0YzAiOnsiY3JlYXRlIjozMDAwMDAwMDAwMDB9LCJzY2hlbWFfdmVyc2lvbiI6IjIifQ==",
          "dependencies": [
            "module.firewall.module.load_balancer_sg.aws_security_group.this",
            "module.firewall.module.load_balancer_sg.aws_security_group.this_name_prefix",
            "module.vpc.aws_vpc.this"
          ]
        },
        {
          "index_key": 1,
          "schema_version": 2,
          "attributes": {
            "cidr_blocks": [
              "0.0.0.0/0"
            ],
            "description": "HTTP",
            "from_port": 80,
            "id": "sgrule-415403605",
            "ipv6_cidr_blocks": [],
            "prefix_list_ids": [],
            "protocol": "tcp",
            "security_group_id": "sg-0be25beed20e3ed06",
            "security_group_rule_id": "sgr-060ea22cc5b42fedb",
            "self": false,
            "source_security_group_id": null,
            "timeouts": null,
            "to_port": 80,
            "type": "ingress"
          },
          "sensitive_attributes": [],
          "private": "eyJlMmJmYjczMC1lY2FhLTExZTYtOGY4OC0zNDM2M2JjN2M0YzAiOnsiY3JlYXRlIjozMDAwMDAwMDAwMDB9LCJzY2hlbWFfdmVyc2lvbiI6IjIifQ==",
          "dependencies": [
            "module.firewall.module.load_balancer_sg.aws_security_group.this",
            "module.firewall.module.load_balancer_sg.aws_security_group.this_name_prefix",
            "module.vpc.aws_vpc.this"
          ]
        }
      ]
    },
    {
      "module": "module.firewall.module.load_balancer_sg",
      "mode": "managed",
      "type": "aws_security_group_rule",
      "name": "ingress_with_cidr_blocks",
      "provider": "provider[\"registry.terraform.io/hashicorp/aws\"]",
      "instances": []
    },
    {
      "module": "module.firewall.module.load_balancer_sg",
      "mode": "managed",
      "type": "aws_security_group_rule",
      "name": "ingress_with_ipv6_cidr_blocks",
      "provider": "provider[\"registry.terraform.io/hashicorp/aws\"]",
      "instances": []
    },
    {
      "module": "module.firewall.module.load_balancer_sg",
      "mode": "managed",
      "type": "aws_security_group_rule",
      "name": "ingress_with_prefix_list_ids",
      "provider": "provider[\"registry.terraform.io/hashicorp/aws\"]",
      "instances": []
    },
    {
      "module": "module.firewall.module.load_balancer_sg",
      "mode": "managed",
      "type": "aws_security_group_rule",
      "name": "ingress_with_self",
      "provider": "provider[\"registry.terraform.io/hashicorp/aws\"]",
      "instances": []
    },
    {
      "module": "module.firewall.module.load_balancer_sg",
      "mode": "managed",
      "type": "aws_security_group_rule",
      "name": "ingress_with_source_security_group_id",
      "provider": "provider[\"registry.terraform.io/hashicorp/aws\"]",
      "instances": []
    },
    {
      "module": "module.firewall.module.service_sg",
      "mode": "managed",
      "type": "aws_security_group",
      "name": "this",
      "provider": "provider[\"registry.terraform.io/hashicorp/aws\"]",
      "instances": []
    },
    {
      "module": "module.firewall.module.service_sg",
      "mode": "managed",
      "type": "aws_security_group",
      "name": "this_name_prefix",
      "provider": "provider[\"registry.terraform.io/hashicorp/aws\"]",
      "instances": [
        {
          "index_key": 0,
          "schema_version": 1,
          "attributes": {
            "arn": "arn:aws:ec2:us-east-1:654654523718:security-group/sg-01e18d3754b3313b8",
            "description": "Security group for ECS Service",
            "egress": [
              {
                "cidr_blocks": [
                  "0.0.0.0/0"
                ],
                "description": "Allow all egress traffic",
                "from_port": 0,
                "ipv6_cidr_blocks": [],
                "prefix_list_ids": [],
                "protocol": "-1",
                "security_groups": [],
                "self": false,
                "to_port": 0
              }
            ],
            "id": "sg-01e18d3754b3313b8",
            "ingress": [
              {
                "cidr_blocks": [],
                "description": "Allow SSH ingress traffic from bastion host",
                "from_port": 22,
                "ipv6_cidr_blocks": [],
                "prefix_list_ids": [],
                "protocol": "tcp",
                "security_groups": [
                  "sg-014a2a01ed2dae8ec"
                ],
                "self": false,
                "to_port": 22
              },
              {
                "cidr_blocks": [],
                "description": "Allow ingress 80 port",
                "from_port": 80,
                "ipv6_cidr_blocks": [],
                "prefix_list_ids": [],
                "protocol": "tcp",
                "security_groups": [
                  "sg-0be25beed20e3ed06"
                ],
                "self": false,
                "to_port": 80
              },
              {
                "cidr_blocks": [],
                "description": "Allow ingress traffic from ALB on HTTP on ephemeral ports",
                "from_port": 443,
                "ipv6_cidr_blocks": [],
                "prefix_list_ids": [],
                "protocol": "tcp",
                "security_groups": [
                  "sg-0be25beed20e3ed06"
                ],
                "self": false,
                "to_port": 443
              }
            ],
            "name": "prod-walterwrites-service-sg-20250221150612151600000007",
            "name_prefix": "prod-walterwrites-service-sg-",
            "owner_id": "654654523718",
            "revoke_rules_on_delete": false,
            "tags": {
              "Environment": "dev",
              "Name": "prod-walterwrites-service-sg",
              "Terraform": "true"
            },
            "tags_all": {
              "Environment": "dev",
              "Name": "prod-walterwrites-service-sg",
              "Terraform": "true"
            },
            "timeouts": {
              "create": "10m",
              "delete": "15m"
            },
            "vpc_id": "vpc-0ca6a1fee11b317af"
          },
          "sensitive_attributes": [],
          "private": "eyJlMmJmYjczMC1lY2FhLTExZTYtOGY4OC0zNDM2M2JjN2M0YzAiOnsiY3JlYXRlIjo2MDAwMDAwMDAwMDAsImRlbGV0ZSI6OTAwMDAwMDAwMDAwfSwic2NoZW1hX3ZlcnNpb24iOiIxIn0=",
          "dependencies": [
            "module.vpc.aws_vpc.this"
          ],
          "create_before_destroy": true
        }
      ]
    },
    {
      "module": "module.firewall.module.service_sg",
      "mode": "managed",
      "type": "aws_security_group_rule",
      "name": "computed_egress_rules",
      "provider": "provider[\"registry.terraform.io/hashicorp/aws\"]",
      "instances": []
    },
    {
      "module": "module.firewall.module.service_sg",
      "mode": "managed",
      "type": "aws_security_group_rule",
      "name": "computed_egress_with_cidr_blocks",
      "provider": "provider[\"registry.terraform.io/hashicorp/aws\"]",
      "instances": []
    },
    {
      "module": "module.firewall.module.service_sg",
      "mode": "managed",
      "type": "aws_security_group_rule",
      "name": "computed_egress_with_ipv6_cidr_blocks",
      "provider": "provider[\"registry.terraform.io/hashicorp/aws\"]",
      "instances": []
    },
    {
      "module": "module.firewall.module.service_sg",
      "mode": "managed",
      "type": "aws_security_group_rule",
      "name": "computed_egress_with_prefix_list_ids",
      "provider": "provider[\"registry.terraform.io/hashicorp/aws\"]",
      "instances": []
    },
    {
      "module": "module.firewall.module.service_sg",
      "mode": "managed",
      "type": "aws_security_group_rule",
      "name": "computed_egress_with_self",
      "provider": "provider[\"registry.terraform.io/hashicorp/aws\"]",
      "instances": []
    },
    {
      "module": "module.firewall.module.service_sg",
      "mode": "managed",
      "type": "aws_security_group_rule",
      "name": "computed_egress_with_source_security_group_id",
      "provider": "provider[\"registry.terraform.io/hashicorp/aws\"]",
      "instances": []
    },
    {
      "module": "module.firewall.module.service_sg",
      "mode": "managed",
      "type": "aws_security_group_rule",
      "name": "computed_ingress_rules",
      "provider": "provider[\"registry.terraform.io/hashicorp/aws\"]",
      "instances": []
    },
    {
      "module": "module.firewall.module.service_sg",
      "mode": "managed",
      "type": "aws_security_group_rule",
      "name": "computed_ingress_with_cidr_blocks",
      "provider": "provider[\"registry.terraform.io/hashicorp/aws\"]",
      "instances": []
    },
    {
      "module": "module.firewall.module.service_sg",
      "mode": "managed",
      "type": "aws_security_group_rule",
      "name": "computed_ingress_with_ipv6_cidr_blocks",
      "provider": "provider[\"registry.terraform.io/hashicorp/aws\"]",
      "instances": []
    },
    {
      "module": "module.firewall.module.service_sg",
      "mode": "managed",
      "type": "aws_security_group_rule",
      "name": "computed_ingress_with_prefix_list_ids",
      "provider": "provider[\"registry.terraform.io/hashicorp/aws\"]",
      "instances": []
    },
    {
      "module": "module.firewall.module.service_sg",
      "mode": "managed",
      "type": "aws_security_group_rule",
      "name": "computed_ingress_with_self",
      "provider": "provider[\"registry.terraform.io/hashicorp/aws\"]",
      "instances": []
    },
    {
      "module": "module.firewall.module.service_sg",
      "mode": "managed",
      "type": "aws_security_group_rule",
      "name": "computed_ingress_with_source_security_group_id",
      "provider": "provider[\"registry.terraform.io/hashicorp/aws\"]",
      "instances": []
    },
    {
      "module": "module.firewall.module.service_sg",
      "mode": "managed",
      "type": "aws_security_group_rule",
      "name": "egress_rules",
      "provider": "provider[\"registry.terraform.io/hashicorp/aws\"]",
      "instances": []
    },
    {
      "module": "module.firewall.module.service_sg",
      "mode": "managed",
      "type": "aws_security_group_rule",
      "name": "egress_with_cidr_blocks",
      "provider": "provider[\"registry.terraform.io/hashicorp/aws\"]",
      "instances": [
        {
          "index_key": 0,
          "schema_version": 2,
          "attributes": {
            "cidr_blocks": [
              "0.0.0.0/0"
            ],
            "description": "Allow all egress traffic",
            "from_port": 0,
            "id": "sgrule-2460373739",
            "ipv6_cidr_blocks": null,
            "prefix_list_ids": [],
            "protocol": "-1",
            "security_group_id": "sg-01e18d3754b3313b8",
            "security_group_rule_id": "sgr-0384899c8bebb390b",
            "self": false,
            "source_security_group_id": null,
            "timeouts": null,
            "to_port": 0,
            "type": "egress"
          },
          "sensitive_attributes": [],
          "private": "eyJlMmJmYjczMC1lY2FhLTExZTYtOGY4OC0zNDM2M2JjN2M0YzAiOnsiY3JlYXRlIjozMDAwMDAwMDAwMDB9LCJzY2hlbWFfdmVyc2lvbiI6IjIifQ==",
          "dependencies": [
            "module.firewall.module.service_sg.aws_security_group.this",
            "module.firewall.module.service_sg.aws_security_group.this_name_prefix",
            "module.vpc.aws_vpc.this"
          ]
        }
      ]
    },
    {
      "module": "module.firewall.module.service_sg",
      "mode": "managed",
      "type": "aws_security_group_rule",
      "name": "egress_with_ipv6_cidr_blocks",
      "provider": "provider[\"registry.terraform.io/hashicorp/aws\"]",
      "instances": []
    },
    {
      "module": "module.firewall.module.service_sg",
      "mode": "managed",
      "type": "aws_security_group_rule",
      "name": "egress_with_prefix_list_ids",
      "provider": "provider[\"registry.terraform.io/hashicorp/aws\"]",
      "instances": []
    },
    {
      "module": "module.firewall.module.service_sg",
      "mode": "managed",
      "type": "aws_security_group_rule",
      "name": "egress_with_self",
      "provider": "provider[\"registry.terraform.io/hashicorp/aws\"]",
      "instances": []
    },
    {
      "module": "module.firewall.module.service_sg",
      "mode": "managed",
      "type": "aws_security_group_rule",
      "name": "egress_with_source_security_group_id",
      "provider": "provider[\"registry.terraform.io/hashicorp/aws\"]",
      "instances": []
    },
    {
      "module": "module.firewall.module.service_sg",
      "mode": "managed",
      "type": "aws_security_group_rule",
      "name": "ingress_rules",
      "provider": "provider[\"registry.terraform.io/hashicorp/aws\"]",
      "instances": []
    },
    {
      "module": "module.firewall.module.service_sg",
      "mode": "managed",
      "type": "aws_security_group_rule",
      "name": "ingress_with_cidr_blocks",
      "provider": "provider[\"registry.terraform.io/hashicorp/aws\"]",
      "instances": []
    },
    {
      "module": "module.firewall.module.service_sg",
      "mode": "managed",
      "type": "aws_security_group_rule",
      "name": "ingress_with_ipv6_cidr_blocks",
      "provider": "provider[\"registry.terraform.io/hashicorp/aws\"]",
      "instances": []
    },
    {
      "module": "module.firewall.module.service_sg",
      "mode": "managed",
      "type": "aws_security_group_rule",
      "name": "ingress_with_prefix_list_ids",
      "provider": "provider[\"registry.terraform.io/hashicorp/aws\"]",
      "instances": []
    },
    {
      "module": "module.firewall.module.service_sg",
      "mode": "managed",
      "type": "aws_security_group_rule",
      "name": "ingress_with_self",
      "provider": "provider[\"registry.terraform.io/hashicorp/aws\"]",
      "instances": []
    },
    {
      "module": "module.firewall.module.service_sg",
      "mode": "managed",
      "type": "aws_security_group_rule",
      "name": "ingress_with_source_security_group_id",
      "provider": "provider[\"registry.terraform.io/hashicorp/aws\"]",
      "instances": [
        {
          "index_key": 0,
          "schema_version": 2,
          "attributes": {
            "cidr_blocks": null,
            "description": "Allow ingress 80 port",
            "from_port": 80,
            "id": "sgrule-631385178",
            "ipv6_cidr_blocks": null,
            "prefix_list_ids": [],
            "protocol": "tcp",
            "security_group_id": "sg-01e18d3754b3313b8",
            "security_group_rule_id": "sgr-01180d2a90ed0b84a",
            "self": false,
            "source_security_group_id": "sg-0be25beed20e3ed06",
            "timeouts": null,
            "to_port": 80,
            "type": "ingress"
          },
          "sensitive_attributes": [],
          "private": "eyJlMmJmYjczMC1lY2FhLTExZTYtOGY4OC0zNDM2M2JjN2M0YzAiOnsiY3JlYXRlIjozMDAwMDAwMDAwMDB9LCJzY2hlbWFfdmVyc2lvbiI6IjIifQ==",
          "dependencies": [
            "module.firewall.module.bastion_sg.aws_security_group.this",
            "module.firewall.module.bastion_sg.aws_security_group.this_name_prefix",
            "module.firewall.module.load_balancer_sg.aws_security_group.this",
            "module.firewall.module.load_balancer_sg.aws_security_group.this_name_prefix",
            "module.firewall.module.service_sg.aws_security_group.this",
            "module.firewall.module.service_sg.aws_security_group.this_name_prefix",
            "module.vpc.aws_vpc.this"
          ]
        },
        {
          "index_key": 1,
          "schema_version": 2,
          "attributes": {
            "cidr_blocks": null,
            "description": "Allow ingress traffic from ALB on HTTP on ephemeral ports",
            "from_port": 443,
            "id": "sgrule-549313021",
            "ipv6_cidr_blocks": null,
            "prefix_list_ids": [],
            "protocol": "tcp",
            "security_group_id": "sg-01e18d3754b3313b8",
            "security_group_rule_id": "sgr-0ff996ec6fdeaaa6d",
            "self": false,
            "source_security_group_id": "sg-0be25beed20e3ed06",
            "timeouts": null,
            "to_port": 443,
            "type": "ingress"
          },
          "sensitive_attributes": [],
          "private": "eyJlMmJmYjczMC1lY2FhLTExZTYtOGY4OC0zNDM2M2JjN2M0YzAiOnsiY3JlYXRlIjozMDAwMDAwMDAwMDB9LCJzY2hlbWFfdmVyc2lvbiI6IjIifQ==",
          "dependencies": [
            "module.firewall.module.bastion_sg.aws_security_group.this",
            "module.firewall.module.bastion_sg.aws_security_group.this_name_prefix",
            "module.firewall.module.load_balancer_sg.aws_security_group.this",
            "module.firewall.module.load_balancer_sg.aws_security_group.this_name_prefix",
            "module.firewall.module.service_sg.aws_security_group.this",
            "module.firewall.module.service_sg.aws_security_group.this_name_prefix",
            "module.vpc.aws_vpc.this"
          ]
        },
        {
          "index_key": 2,
          "schema_version": 2,
          "attributes": {
            "cidr_blocks": null,
            "description": "Allow SSH ingress traffic from bastion host",
            "from_port": 22,
            "id": "sgrule-1719209868",
            "ipv6_cidr_blocks": null,
            "prefix_list_ids": [],
            "protocol": "tcp",
            "security_group_id": "sg-01e18d3754b3313b8",
            "security_group_rule_id": "sgr-03955566763f36abd",
            "self": false,
            "source_security_group_id": "sg-014a2a01ed2dae8ec",
            "timeouts": null,
            "to_port": 22,
            "type": "ingress"
          },
          "sensitive_attributes": [],
          "private": "eyJlMmJmYjczMC1lY2FhLTExZTYtOGY4OC0zNDM2M2JjN2M0YzAiOnsiY3JlYXRlIjozMDAwMDAwMDAwMDB9LCJzY2hlbWFfdmVyc2lvbiI6IjIifQ==",
          "dependencies": [
            "module.firewall.module.bastion_sg.aws_security_group.this",
            "module.firewall.module.bastion_sg.aws_security_group.this_name_prefix",
            "module.firewall.module.load_balancer_sg.aws_security_group.this",
            "module.firewall.module.load_balancer_sg.aws_security_group.this_name_prefix",
            "module.firewall.module.service_sg.aws_security_group.this",
            "module.firewall.module.service_sg.aws_security_group.this_name_prefix",
            "module.vpc.aws_vpc.this"
          ]
        }
      ]
    },
    {
      "module": "module.https_listener_rules",
      "mode": "managed",
      "type": "aws_lb_target_group",
      "name": "backend",
      "provider": "provider[\"registry.terraform.io/hashicorp/aws\"]",
      "instances": [
        {
          "schema_version": 0,
          "attributes": {
            "arn": "arn:aws:elasticloadbalancing:us-east-1:654654523718:targetgroup/prod-walterwrites-backend-tg/d74578d330009d8e",
            "arn_suffix": "targetgroup/prod-walterwrites-backend-tg/d74578d330009d8e",
            "connection_termination": null,
            "deregistration_delay": "300",
            "health_check": [
              {
                "enabled": true,
                "healthy_threshold": 2,
                "interval": 30,
                "matcher": "200-399",
                "path": "/api/health",
                "port": "traffic-port",
                "protocol": "HTTP",
                "timeout": 5,
                "unhealthy_threshold": 2
              }
            ],
            "id": "arn:aws:elasticloadbalancing:us-east-1:654654523718:targetgroup/prod-walterwrites-backend-tg/d74578d330009d8e",
            "ip_address_type": "ipv4",
            "lambda_multi_value_headers_enabled": false,
            "load_balancer_arns": [
              "arn:aws:elasticloadbalancing:us-east-1:654654523718:loadbalancer/app/prod-walterwrites-alb/61833fb25a4c03d5"
            ],
            "load_balancing_algorithm_type": "round_robin",
            "load_balancing_anomaly_mitigation": "off",
            "load_balancing_cross_zone_enabled": "use_load_balancer_configuration",
            "name": "prod-walterwrites-backend-tg",
            "name_prefix": "",
            "port": 80,
            "preserve_client_ip": null,
            "protocol": "HTTP",
            "protocol_version": "HTTP1",
            "proxy_protocol_v2": false,
            "slow_start": 0,
            "stickiness": [
              {
                "cookie_duration": 86400,
                "cookie_name": "",
                "enabled": false,
                "type": "lb_cookie"
              }
            ],
            "tags": {},
            "tags_all": {},
            "target_failover": [
              {
                "on_deregistration": null,
                "on_unhealthy": null
              }
            ],
            "target_health_state": [
              {
                "enable_unhealthy_connection_termination": null
              }
            ],
            "target_type": "instance",
            "vpc_id": "vpc-0ca6a1fee11b317af"
          },
          "sensitive_attributes": [],
          "private": "bnVsbA=="
        }
      ]
    },
    {
      "module": "module.https_listener_rules",
      "mode": "managed",
      "type": "aws_lb_target_group",
      "name": "frontend",
      "provider": "provider[\"registry.terraform.io/hashicorp/aws\"]",
      "instances": [
        {
          "schema_version": 0,
          "attributes": {
            "arn": "arn:aws:elasticloadbalancing:us-east-1:654654523718:targetgroup/prod-walterwrites-frontend-tg/e2c43d19d788f763",
            "arn_suffix": "targetgroup/prod-walterwrites-frontend-tg/e2c43d19d788f763",
            "connection_termination": null,
            "deregistration_delay": "300",
            "health_check": [
              {
                "enabled": true,
                "healthy_threshold": 2,
                "interval": 30,
                "matcher": "200-399",
                "path": "/",
                "port": "traffic-port",
                "protocol": "HTTP",
                "timeout": 5,
                "unhealthy_threshold": 2
              }
            ],
            "id": "arn:aws:elasticloadbalancing:us-east-1:654654523718:targetgroup/prod-walterwrites-frontend-tg/e2c43d19d788f763",
            "ip_address_type": "ipv4",
            "lambda_multi_value_headers_enabled": false,
            "load_balancer_arns": [
              "arn:aws:elasticloadbalancing:us-east-1:654654523718:loadbalancer/app/prod-walterwrites-alb/61833fb25a4c03d5"
            ],
            "load_balancing_algorithm_type": "round_robin",
            "load_balancing_anomaly_mitigation": "off",
            "load_balancing_cross_zone_enabled": "use_load_balancer_configuration",
            "name": "prod-walterwrites-frontend-tg",
            "name_prefix": "",
            "port": 80,
            "preserve_client_ip": null,
            "protocol": "HTTP",
            "protocol_version": "HTTP1",
            "proxy_protocol_v2": false,
            "slow_start": 0,
            "stickiness": [
              {
                "cookie_duration": 86400,
                "cookie_name": "",
                "enabled": false,
                "type": "lb_cookie"
              }
            ],
            "tags": {},
            "tags_all": {},
            "target_failover": [
              {
                "on_deregistration": null,
                "on_unhealthy": null
              }
            ],
            "target_health_state": [
              {
                "enable_unhealthy_connection_termination": null
              }
            ],
            "target_type": "instance",
            "vpc_id": "vpc-0ca6a1fee11b317af"
          },
          "sensitive_attributes": [],
          "private": "bnVsbA=="
        }
      ]
    },
    {
      "module": "module.https_listener_rules",
      "mode": "managed",
      "type": "aws_lb_target_group",
      "name": "walter_app",
      "provider": "provider[\"registry.terraform.io/hashicorp/aws\"]",
      "instances": [
        {
          "schema_version": 0,
          "attributes": {
            "arn": "arn:aws:elasticloadbalancing:us-east-1:654654523718:targetgroup/prod-walterwrites-walter-app-tg/9c20d5f462a4cd3d",
            "arn_suffix": "targetgroup/prod-walterwrites-walter-app-tg/9c20d5f462a4cd3d",
            "connection_termination": null,
            "deregistration_delay": "300",
            "health_check": [
              {
                "enabled": true,
                "healthy_threshold": 2,
                "interval": 30,
                "matcher": "200-399",
                "path": "/health",
                "port": "traffic-port",
                "protocol": "HTTP",
                "timeout": 5,
                "unhealthy_threshold": 2
              }
            ],
            "id": "arn:aws:elasticloadbalancing:us-east-1:654654523718:targetgroup/prod-walterwrites-walter-app-tg/9c20d5f462a4cd3d",
            "ip_address_type": "ipv4",
            "lambda_multi_value_headers_enabled": false,
            "load_balancer_arns": [
              "arn:aws:elasticloadbalancing:us-east-1:654654523718:loadbalancer/app/prod-walterwrites-alb/61833fb25a4c03d5"
            ],
            "load_balancing_algorithm_type": "round_robin",
            "load_balancing_anomaly_mitigation": "off",
            "load_balancing_cross_zone_enabled": "use_load_balancer_configuration",
            "name": "prod-walterwrites-walter-app-tg",
            "name_prefix": "",
            "port": 80,
            "preserve_client_ip": null,
            "protocol": "HTTP",
            "protocol_version": "HTTP1",
            "proxy_protocol_v2": false,
            "slow_start": 0,
            "stickiness": [
              {
                "cookie_duration": 86400,
                "cookie_name": "",
                "enabled": false,
                "type": "lb_cookie"
              }
            ],
            "tags": {},
            "tags_all": {},
            "target_failover": [
              {
                "on_deregistration": null,
                "on_unhealthy": null
              }
            ],
            "target_health_state": [
              {
                "enable_unhealthy_connection_termination": null
              }
            ],
            "target_type": "instance",
            "vpc_id": "vpc-0ca6a1fee11b317af"
          },
          "sensitive_attributes": [],
          "private": "bnVsbA=="
        }
      ]
    },
    {
      "module": "module.https_listener_rules",
      "mode": "managed",
      "type": "aws_lb_target_group",
      "name": "wds_humanizer",
      "provider": "provider[\"registry.terraform.io/hashicorp/aws\"]",
      "instances": [
        {
          "schema_version": 0,
          "attributes": {
            "arn": "arn:aws:elasticloadbalancing:us-east-1:654654523718:targetgroup/prod-walterwrites-humanizer-tg/e31dbc6ff45942b6",
            "arn_suffix": "targetgroup/prod-walterwrites-humanizer-tg/e31dbc6ff45942b6",
            "connection_termination": null,
            "deregistration_delay": "300",
            "health_check": [
              {
                "enabled": true,
                "healthy_threshold": 2,
                "interval": 30,
                "matcher": "200-399",
                "path": "/health",
                "port": "traffic-port",
                "protocol": "HTTP",
                "timeout": 5,
                "unhealthy_threshold": 2
              }
            ],
            "id": "arn:aws:elasticloadbalancing:us-east-1:654654523718:targetgroup/prod-walterwrites-humanizer-tg/e31dbc6ff45942b6",
            "ip_address_type": "ipv4",
            "lambda_multi_value_headers_enabled": false,
            "load_balancer_arns": [
              "arn:aws:elasticloadbalancing:us-east-1:654654523718:loadbalancer/app/prod-walterwrites-alb/61833fb25a4c03d5"
            ],
            "load_balancing_algorithm_type": "round_robin",
            "load_balancing_anomaly_mitigation": "off",
            "load_balancing_cross_zone_enabled": "use_load_balancer_configuration",
            "name": "prod-walterwrites-humanizer-tg",
            "name_prefix": "",
            "port": 80,
            "preserve_client_ip": null,
            "protocol": "HTTP",
            "protocol_version": "HTTP1",
            "proxy_protocol_v2": false,
            "slow_start": 0,
            "stickiness": [
              {
                "cookie_duration": 86400,
                "cookie_name": "",
                "enabled": false,
                "type": "lb_cookie"
              }
            ],
            "tags": {},
            "tags_all": {},
            "target_failover": [
              {
                "on_deregistration": null,
                "on_unhealthy": null
              }
            ],
            "target_health_state": [
              {
                "enable_unhealthy_connection_termination": null
              }
            ],
            "target_type": "instance",
            "vpc_id": "vpc-0ca6a1fee11b317af"
          },
          "sensitive_attributes": [],
          "private": "bnVsbA=="
        }
      ]
    },
    {
      "module": "module.load_balancer",
      "mode": "managed",
      "type": "aws_lb",
      "name": "main",
      "provider": "provider[\"registry.terraform.io/hashicorp/aws\"]",
      "instances": [
        {
          "schema_version": 0,
          "attributes": {
            "access_logs": [
              {
                "bucket": "",
                "enabled": false,
                "prefix": ""
              }
            ],
            "arn": "arn:aws:elasticloadbalancing:us-east-1:654654523718:loadbalancer/app/prod-walterwrites-alb/61833fb25a4c03d5",
            "arn_suffix": "app/prod-walterwrites-alb/61833fb25a4c03d5",
            "client_keep_alive": 3600,
            "connection_logs": [
              {
                "bucket": "",
                "enabled": false,
                "prefix": ""
              }
            ],
            "customer_owned_ipv4_pool": "",
            "desync_mitigation_mode": "defensive",
            "dns_name": "prod-walterwrites-alb-1452373298.us-east-1.elb.amazonaws.com",
            "dns_record_client_routing_policy": null,
            "drop_invalid_header_fields": false,
            "enable_cross_zone_load_balancing": true,
            "enable_deletion_protection": false,
            "enable_http2": true,
            "enable_tls_version_and_cipher_suite_headers": false,
            "enable_waf_fail_open": false,
            "enable_xff_client_port": false,
            "enforce_security_group_inbound_rules_on_private_link_traffic": "",
            "id": "arn:aws:elasticloadbalancing:us-east-1:654654523718:loadbalancer/app/prod-walterwrites-alb/61833fb25a4c03d5",
            "idle_timeout": 60,
            "internal": false,
            "ip_address_type": "ipv4",
            "load_balancer_type": "application",
            "name": "prod-walterwrites-alb",
            "name_prefix": "",
            "preserve_host_header": false,
            "security_groups": [
              "sg-01e18d3754b3313b8"
            ],
            "subnet_mapping": [
              {
                "allocation_id": "",
                "ipv6_address": "",
                "outpost_id": "",
                "private_ipv4_address": "",
                "subnet_id": "subnet-090c9c9298693e917"
              },
              {
                "allocation_id": "",
                "ipv6_address": "",
                "outpost_id": "",
                "private_ipv4_address": "",
                "subnet_id": "subnet-0fdc7bef58f766d6a"
              }
            ],
            "subnets": [
              "subnet-090c9c9298693e917",
              "subnet-0fdc7bef58f766d6a"
            ],
            "tags": {
              "Name": "prod-walterwrites-alb"
            },
            "tags_all": {
              "Name": "prod-walterwrites-alb"
            },
            "timeouts": null,
            "vpc_id": "vpc-0ca6a1fee11b317af",
            "xff_header_processing_mode": "append",
            "zone_id": "Z35SXDOTRQ7X7K"
          },
          "sensitive_attributes": [],
          "private": "eyJlMmJmYjczMC1lY2FhLTExZTYtOGY4OC0zNDM2M2JjN2M0YzAiOnsiY3JlYXRlIjo2MDAwMDAwMDAwMDAsImRlbGV0ZSI6NjAwMDAwMDAwMDAwLCJ1cGRhdGUiOjYwMDAwMDAwMDAwMH19",
          "dependencies": [
            "data.aws_availability_zones.available",
            "module.firewall.module.service_sg.aws_security_group.this",
            "module.firewall.module.service_sg.aws_security_group.this_name_prefix",
            "module.vpc.aws_subnet.private",
            "module.vpc.aws_vpc.this"
          ]
        }
      ]
    },
    {
      "module": "module.load_balancer",
      "mode": "managed",
      "type": "aws_lb_listener",
      "name": "http_redirect",
      "provider": "provider[\"registry.terraform.io/hashicorp/aws\"]",
      "instances": [
        {
          "schema_version": 0,
          "attributes": {
            "alpn_policy": null,
            "arn": "arn:aws:elasticloadbalancing:us-east-1:654654523718:listener/app/prod-walterwrites-alb/61833fb25a4c03d5/bef13537643ee8d5",
            "certificate_arn": null,
            "default_action": [
              {
                "authenticate_cognito": [],
                "authenticate_oidc": [],
                "fixed_response": [],
                "forward": [],
                "order": 1,
                "redirect": [
                  {
                    "host": "#{host}",
                    "path": "/#{path}",
                    "port": "443",
                    "protocol": "HTTPS",
                    "query": "#{query}",
                    "status_code": "HTTP_301"
                  }
                ],
                "target_group_arn": "",
                "type": "redirect"
              }
            ],
            "id": "arn:aws:elasticloadbalancing:us-east-1:654654523718:listener/app/prod-walterwrites-alb/61833fb25a4c03d5/bef13537643ee8d5",
            "load_balancer_arn": "arn:aws:elasticloadbalancing:us-east-1:654654523718:loadbalancer/app/prod-walterwrites-alb/61833fb25a4c03d5",
            "mutual_authentication": [],
            "port": 80,
            "protocol": "HTTP",
            "ssl_policy": "",
            "tags": {},
            "tags_all": {},
            "timeouts": null
          },
          "sensitive_attributes": [],
          "private": "eyJlMmJmYjczMC1lY2FhLTExZTYtOGY4OC0zNDM2M2JjN2M0YzAiOnsiY3JlYXRlIjozMDAwMDAwMDAwMDAsInVwZGF0ZSI6MzAwMDAwMDAwMDAwfX0=",
          "dependencies": [
            "data.aws_availability_zones.available",
            "module.firewall.module.service_sg.aws_security_group.this",
            "module.firewall.module.service_sg.aws_security_group.this_name_prefix",
            "module.load_balancer.aws_lb.main",
            "module.vpc.aws_subnet.private",
            "module.vpc.aws_vpc.this"
          ]
        }
      ]
    },
    {
      "module": "module.load_balancer",
      "mode": "managed",
      "type": "aws_lb_listener",
      "name": "https",
      "provider": "provider[\"registry.terraform.io/hashicorp/aws\"]",
      "instances": [
        {
          "schema_version": 0,
          "attributes": {
            "alpn_policy": null,
            "arn": "arn:aws:elasticloadbalancing:us-east-1:654654523718:listener/app/prod-walterwrites-alb/61833fb25a4c03d5/387e304099fd2b06",
            "certificate_arn": "arn:aws:acm:us-east-1:654654523718:certificate/ce586be9-fce9-4421-b0f7-dc9f91f5194a",
            "default_action": [
              {
                "authenticate_cognito": [],
                "authenticate_oidc": [],
                "fixed_response": [],
                "forward": [],
                "order": 1,
                "redirect": [],
                "target_group_arn": "arn:aws:elasticloadbalancing:us-east-1:654654523718:targetgroup/prod-walterwrites-tg/f926109a915a7b9d",
                "type": "forward"
              }
            ],
            "id": "arn:aws:elasticloadbalancing:us-east-1:654654523718:listener/app/prod-walterwrites-alb/61833fb25a4c03d5/387e304099fd2b06",
            "load_balancer_arn": "arn:aws:elasticloadbalancing:us-east-1:654654523718:loadbalancer/app/prod-walterwrites-alb/61833fb25a4c03d5",
            "mutual_authentication": [
              {
                "ignore_client_certificate_expiry": false,
                "mode": "off",
                "trust_store_arn": ""
              }
            ],
            "port": 443,
            "protocol": "HTTPS",
            "ssl_policy": "ELBSecurityPolicy-2016-08",
            "tags": {},
            "tags_all": {},
            "timeouts": null
          },
          "sensitive_attributes": [],
          "private": "eyJlMmJmYjczMC1lY2FhLTExZTYtOGY4OC0zNDM2M2JjN2M0YzAiOnsiY3JlYXRlIjozMDAwMDAwMDAwMDAsInVwZGF0ZSI6MzAwMDAwMDAwMDAwfX0=",
          "dependencies": [
            "data.aws_availability_zones.available",
            "module.firewall.module.service_sg.aws_security_group.this",
            "module.firewall.module.service_sg.aws_security_group.this_name_prefix",
            "module.load_balancer.aws_lb.main",
            "module.load_balancer.aws_lb_target_group.main",
            "module.vpc.aws_subnet.private",
            "module.vpc.aws_vpc.this"
          ]
        }
      ]
    },
    {
      "module": "module.load_balancer",
      "mode": "managed",
      "type": "aws_lb_listener_rule",
      "name": "app_rule",
      "provider": "provider[\"registry.terraform.io/hashicorp/aws\"]",
      "instances": [
        {
          "schema_version": 0,
          "attributes": {
            "action": [
              {
                "authenticate_cognito": [],
                "authenticate_oidc": [],
                "fixed_response": [],
                "forward": [],
                "order": 1,
                "redirect": [],
                "target_group_arn": "arn:aws:elasticloadbalancing:us-east-1:654654523718:targetgroup/prod-walterwrites-walter-app-tg/9c20d5f462a4cd3d",
                "type": "forward"
              }
            ],
            "arn": "arn:aws:elasticloadbalancing:us-east-1:654654523718:listener-rule/app/prod-walterwrites-alb/61833fb25a4c03d5/387e304099fd2b06/0f4e0a6c6631614b",
            "condition": [
              {
                "host_header": [],
                "http_header": [],
                "http_request_method": [],
                "path_pattern": [
                  {
                    "values": [
                      "/app/*"
                    ]
                  }
                ],
                "query_string": [],
                "source_ip": []
              }
            ],
            "id": "arn:aws:elasticloadbalancing:us-east-1:654654523718:listener-rule/app/prod-walterwrites-alb/61833fb25a4c03d5/387e304099fd2b06/0f4e0a6c6631614b",
            "listener_arn": "arn:aws:elasticloadbalancing:us-east-1:654654523718:listener/app/prod-walterwrites-alb/61833fb25a4c03d5/387e304099fd2b06",
            "priority": 300,
            "tags": {},
            "tags_all": {}
          },
          "sensitive_attributes": [],
          "private": "bnVsbA==",
          "dependencies": [
            "data.aws_availability_zones.available",
            "module.firewall.module.service_sg.aws_security_group.this",
            "module.firewall.module.service_sg.aws_security_group.this_name_prefix",
            "module.load_balancer.aws_lb.main",
            "module.load_balancer.aws_lb_listener.https",
            "module.load_balancer.aws_lb_target_group.main",
            "module.load_balancer.aws_lb_target_group.walter_app",
            "module.vpc.aws_subnet.private",
            "module.vpc.aws_vpc.this"
          ]
        }
      ]
    },
    {
      "module": "module.load_balancer",
      "mode": "managed",
      "type": "aws_lb_listener_rule",
      "name": "backend_rule",
      "provider": "provider[\"registry.terraform.io/hashicorp/aws\"]",
      "instances": [
        {
          "schema_version": 0,
          "attributes": {
            "action": [
              {
                "authenticate_cognito": [],
                "authenticate_oidc": [],
                "fixed_response": [],
                "forward": [],
                "order": 1,
                "redirect": [],
                "target_group_arn": "arn:aws:elasticloadbalancing:us-east-1:654654523718:targetgroup/prod-walterwrites-backend-tg/d74578d330009d8e",
                "type": "forward"
              }
            ],
            "arn": "arn:aws:elasticloadbalancing:us-east-1:654654523718:listener-rule/app/prod-walterwrites-alb/61833fb25a4c03d5/387e304099fd2b06/37a4fbd08676c8be",
            "condition": [
              {
                "host_header": [],
                "http_header": [],
                "http_request_method": [],
                "path_pattern": [
                  {
                    "values": [
                      "/api/*"
                    ]
                  }
                ],
                "query_string": [],
                "source_ip": []
              }
            ],
            "id": "arn:aws:elasticloadbalancing:us-east-1:654654523718:listener-rule/app/prod-walterwrites-alb/61833fb25a4c03d5/387e304099fd2b06/37a4fbd08676c8be",
            "listener_arn": "arn:aws:elasticloadbalancing:us-east-1:654654523718:listener/app/prod-walterwrites-alb/61833fb25a4c03d5/387e304099fd2b06",
            "priority": 100,
            "tags": {},
            "tags_all": {}
          },
          "sensitive_attributes": [],
          "private": "bnVsbA==",
          "dependencies": [
            "data.aws_availability_zones.available",
            "module.firewall.module.service_sg.aws_security_group.this",
            "module.firewall.module.service_sg.aws_security_group.this_name_prefix",
            "module.load_balancer.aws_lb.main",
            "module.load_balancer.aws_lb_listener.https",
            "module.load_balancer.aws_lb_target_group.backend",
            "module.load_balancer.aws_lb_target_group.main",
            "module.vpc.aws_subnet.private",
            "module.vpc.aws_vpc.this"
          ]
        }
      ]
    },
    {
      "module": "module.load_balancer",
      "mode": "managed",
      "type": "aws_lb_listener_rule",
      "name": "frontend_rule",
      "provider": "provider[\"registry.terraform.io/hashicorp/aws\"]",
      "instances": [
        {
          "schema_version": 0,
          "attributes": {
            "action": [
              {
                "authenticate_cognito": [],
                "authenticate_oidc": [],
                "fixed_response": [],
                "forward": [],
                "order": 1,
                "redirect": [],
                "target_group_arn": "arn:aws:elasticloadbalancing:us-east-1:654654523718:targetgroup/prod-walterwrites-frontend-tg/e2c43d19d788f763",
                "type": "forward"
              }
            ],
            "arn": "arn:aws:elasticloadbalancing:us-east-1:654654523718:listener-rule/app/prod-walterwrites-alb/61833fb25a4c03d5/387e304099fd2b06/fcb4a4a74272c9f3",
            "condition": [
              {
                "host_header": [],
                "http_header": [],
                "http_request_method": [],
                "path_pattern": [
                  {
                    "values": [
                      "/*"
                    ]
                  }
                ],
                "query_string": [],
                "source_ip": []
              }
            ],
            "id": "arn:aws:elasticloadbalancing:us-east-1:654654523718:listener-rule/app/prod-walterwrites-alb/61833fb25a4c03d5/387e304099fd2b06/fcb4a4a74272c9f3",
            "listener_arn": "arn:aws:elasticloadbalancing:us-east-1:654654523718:listener/app/prod-walterwrites-alb/61833fb25a4c03d5/387e304099fd2b06",
            "priority": 200,
            "tags": {},
            "tags_all": {}
          },
          "sensitive_attributes": [],
          "private": "bnVsbA==",
          "dependencies": [
            "data.aws_availability_zones.available",
            "module.firewall.module.service_sg.aws_security_group.this",
            "module.firewall.module.service_sg.aws_security_group.this_name_prefix",
            "module.load_balancer.aws_lb.main",
            "module.load_balancer.aws_lb_listener.https",
            "module.load_balancer.aws_lb_target_group.frontend",
            "module.load_balancer.aws_lb_target_group.main",
            "module.vpc.aws_subnet.private",
            "module.vpc.aws_vpc.this"
          ]
        }
      ]
    },
    {
      "module": "module.load_balancer",
      "mode": "managed",
      "type": "aws_lb_listener_rule",
      "name": "humanizer_rule",
      "provider": "provider[\"registry.terraform.io/hashicorp/aws\"]",
      "instances": [
        {
          "schema_version": 0,
          "attributes": {
            "action": [
              {
                "authenticate_cognito": [],
                "authenticate_oidc": [],
                "fixed_response": [],
                "forward": [],
                "order": 1,
                "redirect": [],
                "target_group_arn": "arn:aws:elasticloadbalancing:us-east-1:654654523718:targetgroup/prod-walterwrites-humanizer-tg/e31dbc6ff45942b6",
                "type": "forward"
              }
            ],
            "arn": "arn:aws:elasticloadbalancing:us-east-1:654654523718:listener-rule/app/prod-walterwrites-alb/61833fb25a4c03d5/387e304099fd2b06/33d1b0bbb1d69773",
            "condition": [
              {
                "host_header": [],
                "http_header": [],
                "http_request_method": [],
                "path_pattern": [
                  {
                    "values": [
                      "/humanizer/*"
                    ]
                  }
                ],
                "query_string": [],
                "source_ip": []
              }
            ],
            "id": "arn:aws:elasticloadbalancing:us-east-1:654654523718:listener-rule/app/prod-walterwrites-alb/61833fb25a4c03d5/387e304099fd2b06/33d1b0bbb1d69773",
            "listener_arn": "arn:aws:elasticloadbalancing:us-east-1:654654523718:listener/app/prod-walterwrites-alb/61833fb25a4c03d5/387e304099fd2b06",
            "priority": 400,
            "tags": {},
            "tags_all": {}
          },
          "sensitive_attributes": [],
          "private": "bnVsbA==",
          "dependencies": [
            "data.aws_availability_zones.available",
            "module.firewall.module.service_sg.aws_security_group.this",
            "module.firewall.module.service_sg.aws_security_group.this_name_prefix",
            "module.load_balancer.aws_lb.main",
            "module.load_balancer.aws_lb_listener.https",
            "module.load_balancer.aws_lb_target_group.main",
            "module.load_balancer.aws_lb_target_group.wds_humanizer",
            "module.vpc.aws_subnet.private",
            "module.vpc.aws_vpc.this"
          ]
        }
      ]
    },
    {
      "module": "module.load_balancer",
      "mode": "managed",
      "type": "aws_lb_target_group",
      "name": "backend",
      "provider": "provider[\"registry.terraform.io/hashicorp/aws\"]",
      "instances": [
        {
          "schema_version": 0,
          "attributes": {
            "arn": "arn:aws:elasticloadbalancing:us-east-1:654654523718:targetgroup/prod-walterwrites-backend-tg/d74578d330009d8e",
            "arn_suffix": "targetgroup/prod-walterwrites-backend-tg/d74578d330009d8e",
            "connection_termination": null,
            "deregistration_delay": "300",
            "health_check": [
              {
                "enabled": true,
                "healthy_threshold": 2,
                "interval": 30,
                "matcher": "200-399",
                "path": "/api/health",
                "port": "traffic-port",
                "protocol": "HTTP",
                "timeout": 5,
                "unhealthy_threshold": 2
              }
            ],
            "id": "arn:aws:elasticloadbalancing:us-east-1:654654523718:targetgroup/prod-walterwrites-backend-tg/d74578d330009d8e",
            "ip_address_type": "ipv4",
            "lambda_multi_value_headers_enabled": false,
            "load_balancer_arns": [
              "arn:aws:elasticloadbalancing:us-east-1:654654523718:loadbalancer/app/prod-walterwrites-alb/61833fb25a4c03d5"
            ],
            "load_balancing_algorithm_type": "round_robin",
            "load_balancing_anomaly_mitigation": "off",
            "load_balancing_cross_zone_enabled": "use_load_balancer_configuration",
            "name": "prod-walterwrites-backend-tg",
            "name_prefix": "",
            "port": 80,
            "preserve_client_ip": null,
            "protocol": "HTTP",
            "protocol_version": "HTTP1",
            "proxy_protocol_v2": false,
            "slow_start": 0,
            "stickiness": [
              {
                "cookie_duration": 86400,
                "cookie_name": "",
                "enabled": false,
                "type": "lb_cookie"
              }
            ],
            "tags": {},
            "tags_all": {},
            "target_failover": [
              {
                "on_deregistration": null,
                "on_unhealthy": null
              }
            ],
            "target_health_state": [
              {
                "enable_unhealthy_connection_termination": null
              }
            ],
            "target_type": "instance",
            "vpc_id": "vpc-0ca6a1fee11b317af"
          },
          "sensitive_attributes": [],
          "private": "bnVsbA==",
          "dependencies": [
            "module.vpc.aws_vpc.this"
          ],
          "create_before_destroy": true
        }
      ]
    },
    {
      "module": "module.load_balancer",
      "mode": "managed",
      "type": "aws_lb_target_group",
      "name": "frontend",
      "provider": "provider[\"registry.terraform.io/hashicorp/aws\"]",
      "instances": [
        {
          "schema_version": 0,
          "attributes": {
            "arn": "arn:aws:elasticloadbalancing:us-east-1:654654523718:targetgroup/prod-walterwrites-frontend-tg/e2c43d19d788f763",
            "arn_suffix": "targetgroup/prod-walterwrites-frontend-tg/e2c43d19d788f763",
            "connection_termination": null,
            "deregistration_delay": "300",
            "health_check": [
              {
                "enabled": true,
                "healthy_threshold": 2,
                "interval": 30,
                "matcher": "200-399",
                "path": "/",
                "port": "traffic-port",
                "protocol": "HTTP",
                "timeout": 5,
                "unhealthy_threshold": 2
              }
            ],
            "id": "arn:aws:elasticloadbalancing:us-east-1:654654523718:targetgroup/prod-walterwrites-frontend-tg/e2c43d19d788f763",
            "ip_address_type": "ipv4",
            "lambda_multi_value_headers_enabled": false,
            "load_balancer_arns": [
              "arn:aws:elasticloadbalancing:us-east-1:654654523718:loadbalancer/app/prod-walterwrites-alb/61833fb25a4c03d5"
            ],
            "load_balancing_algorithm_type": "round_robin",
            "load_balancing_anomaly_mitigation": "off",
            "load_balancing_cross_zone_enabled": "use_load_balancer_configuration",
            "name": "prod-walterwrites-frontend-tg",
            "name_prefix": "",
            "port": 80,
            "preserve_client_ip": null,
            "protocol": "HTTP",
            "protocol_version": "HTTP1",
            "proxy_protocol_v2": false,
            "slow_start": 0,
            "stickiness": [
              {
                "cookie_duration": 86400,
                "cookie_name": "",
                "enabled": false,
                "type": "lb_cookie"
              }
            ],
            "tags": {},
            "tags_all": {},
            "target_failover": [
              {
                "on_deregistration": null,
                "on_unhealthy": null
              }
            ],
            "target_health_state": [
              {
                "enable_unhealthy_connection_termination": null
              }
            ],
            "target_type": "instance",
            "vpc_id": "vpc-0ca6a1fee11b317af"
          },
          "sensitive_attributes": [],
          "private": "bnVsbA==",
          "dependencies": [
            "module.vpc.aws_vpc.this"
          ],
          "create_before_destroy": true
        }
      ]
    },
    {
      "module": "module.load_balancer",
      "mode": "managed",
      "type": "aws_lb_target_group",
      "name": "main",
      "provider": "provider[\"registry.terraform.io/hashicorp/aws\"]",
      "instances": [
        {
          "schema_version": 0,
          "attributes": {
            "arn": "arn:aws:elasticloadbalancing:us-east-1:654654523718:targetgroup/prod-walterwrites-tg/f926109a915a7b9d",
            "arn_suffix": "targetgroup/prod-walterwrites-tg/f926109a915a7b9d",
            "connection_termination": null,
            "deregistration_delay": "300",
            "health_check": [
              {
                "enabled": true,
                "healthy_threshold": 2,
                "interval": 30,
                "matcher": "200-399",
                "path": "/health",
                "port": "80",
                "protocol": "HTTP",
                "timeout": 5,
                "unhealthy_threshold": 2
              }
            ],
            "id": "arn:aws:elasticloadbalancing:us-east-1:654654523718:targetgroup/prod-walterwrites-tg/f926109a915a7b9d",
            "ip_address_type": "ipv4",
            "lambda_multi_value_headers_enabled": false,
            "load_balancer_arns": [
              "arn:aws:elasticloadbalancing:us-east-1:654654523718:loadbalancer/app/prod-walterwrites-alb/61833fb25a4c03d5"
            ],
            "load_balancing_algorithm_type": "round_robin",
            "load_balancing_anomaly_mitigation": "off",
            "load_balancing_cross_zone_enabled": "use_load_balancer_configuration",
            "name": "prod-walterwrites-tg",
            "name_prefix": "",
            "port": 80,
            "preserve_client_ip": null,
            "protocol": "HTTP",
            "protocol_version": "HTTP1",
            "proxy_protocol_v2": false,
            "slow_start": 0,
            "stickiness": [
              {
                "cookie_duration": 86400,
                "cookie_name": "",
                "enabled": false,
                "type": "lb_cookie"
              }
            ],
            "tags": {},
            "tags_all": {},
            "target_failover": [
              {
                "on_deregistration": null,
                "on_unhealthy": null
              }
            ],
            "target_health_state": [
              {
                "enable_unhealthy_connection_termination": null
              }
            ],
            "target_type": "ip",
            "vpc_id": "vpc-0ca6a1fee11b317af"
          },
          "sensitive_attributes": [],
          "private": "bnVsbA==",
          "dependencies": [
            "module.vpc.aws_vpc.this"
          ],
          "create_before_destroy": true
        }
      ]
    },
    {
      "module": "module.load_balancer",
      "mode": "managed",
      "type": "aws_lb_target_group",
      "name": "walter_app",
      "provider": "provider[\"registry.terraform.io/hashicorp/aws\"]",
      "instances": [
        {
          "schema_version": 0,
          "attributes": {
            "arn": "arn:aws:elasticloadbalancing:us-east-1:654654523718:targetgroup/prod-walterwrites-walter-app-tg/9c20d5f462a4cd3d",
            "arn_suffix": "targetgroup/prod-walterwrites-walter-app-tg/9c20d5f462a4cd3d",
            "connection_termination": null,
            "deregistration_delay": "300",
            "health_check": [
              {
                "enabled": true,
                "healthy_threshold": 2,
                "interval": 30,
                "matcher": "200-399",
                "path": "/health",
                "port": "traffic-port",
                "protocol": "HTTP",
                "timeout": 5,
                "unhealthy_threshold": 2
              }
            ],
            "id": "arn:aws:elasticloadbalancing:us-east-1:654654523718:targetgroup/prod-walterwrites-walter-app-tg/9c20d5f462a4cd3d",
            "ip_address_type": "ipv4",
            "lambda_multi_value_headers_enabled": false,
            "load_balancer_arns": [
              "arn:aws:elasticloadbalancing:us-east-1:654654523718:loadbalancer/app/prod-walterwrites-alb/61833fb25a4c03d5"
            ],
            "load_balancing_algorithm_type": "round_robin",
            "load_balancing_anomaly_mitigation": "off",
            "load_balancing_cross_zone_enabled": "use_load_balancer_configuration",
            "name": "prod-walterwrites-walter-app-tg",
            "name_prefix": "",
            "port": 80,
            "preserve_client_ip": null,
            "protocol": "HTTP",
            "protocol_version": "HTTP1",
            "proxy_protocol_v2": false,
            "slow_start": 0,
            "stickiness": [
              {
                "cookie_duration": 86400,
                "cookie_name": "",
                "enabled": false,
                "type": "lb_cookie"
              }
            ],
            "tags": {},
            "tags_all": {},
            "target_failover": [
              {
                "on_deregistration": null,
                "on_unhealthy": null
              }
            ],
            "target_health_state": [
              {
                "enable_unhealthy_connection_termination": null
              }
            ],
            "target_type": "instance",
            "vpc_id": "vpc-0ca6a1fee11b317af"
          },
          "sensitive_attributes": [],
          "private": "bnVsbA==",
          "dependencies": [
            "module.vpc.aws_vpc.this"
          ],
          "create_before_destroy": true
        }
      ]
    },
    {
      "module": "module.load_balancer",
      "mode": "managed",
      "type": "aws_lb_target_group",
      "name": "wds_humanizer",
      "provider": "provider[\"registry.terraform.io/hashicorp/aws\"]",
      "instances": [
        {
          "schema_version": 0,
          "attributes": {
            "arn": "arn:aws:elasticloadbalancing:us-east-1:654654523718:targetgroup/prod-walterwrites-humanizer-tg/e31dbc6ff45942b6",
            "arn_suffix": "targetgroup/prod-walterwrites-humanizer-tg/e31dbc6ff45942b6",
            "connection_termination": null,
            "deregistration_delay": "300",
            "health_check": [
              {
                "enabled": true,
                "healthy_threshold": 2,
                "interval": 30,
                "matcher": "200-399",
                "path": "/health",
                "port": "traffic-port",
                "protocol": "HTTP",
                "timeout": 5,
                "unhealthy_threshold": 2
              }
            ],
            "id": "arn:aws:elasticloadbalancing:us-east-1:654654523718:targetgroup/prod-walterwrites-humanizer-tg/e31dbc6ff45942b6",
            "ip_address_type": "ipv4",
            "lambda_multi_value_headers_enabled": false,
            "load_balancer_arns": [
              "arn:aws:elasticloadbalancing:us-east-1:654654523718:loadbalancer/app/prod-walterwrites-alb/61833fb25a4c03d5"
            ],
            "load_balancing_algorithm_type": "round_robin",
            "load_balancing_anomaly_mitigation": "off",
            "load_balancing_cross_zone_enabled": "use_load_balancer_configuration",
            "name": "prod-walterwrites-humanizer-tg",
            "name_prefix": "",
            "port": 80,
            "preserve_client_ip": null,
            "protocol": "HTTP",
            "protocol_version": "HTTP1",
            "proxy_protocol_v2": false,
            "slow_start": 0,
            "stickiness": [
              {
                "cookie_duration": 86400,
                "cookie_name": "",
                "enabled": false,
                "type": "lb_cookie"
              }
            ],
            "tags": {},
            "tags_all": {},
            "target_failover": [
              {
                "on_deregistration": null,
                "on_unhealthy": null
              }
            ],
            "target_health_state": [
              {
                "enable_unhealthy_connection_termination": null
              }
            ],
            "target_type": "instance",
            "vpc_id": "vpc-0ca6a1fee11b317af"
          },
          "sensitive_attributes": [],
          "private": "bnVsbA==",
          "dependencies": [
            "module.vpc.aws_vpc.this"
          ],
          "create_before_destroy": true
        }
      ]
    },
    {
      "module": "module.rds",
      "mode": "managed",
      "type": "aws_db_instance",
      "name": "this",
      "provider": "provider[\"registry.terraform.io/hashicorp/aws\"]",
      "instances": [
        {
          "schema_version": 2,
          "attributes": {
            "address": "prod-walterwrites-database.cpciu6uiclhs.us-east-1.rds.amazonaws.com",
            "allocated_storage": 20,
            "allow_major_version_upgrade": null,
            "apply_immediately": false,
            "arn": "arn:aws:rds:us-east-1:654654523718:db:prod-walterwrites-database",
            "auto_minor_version_upgrade": true,
            "availability_zone": "us-east-1a",
            "backup_retention_period": 0,
            "backup_target": "region",
            "backup_window": "10:00-10:30",
            "blue_green_update": [],
            "ca_cert_identifier": "rds-ca-rsa2048-g1",
            "character_set_name": "",
            "copy_tags_to_snapshot": false,
            "custom_iam_instance_profile": "",
            "customer_owned_ip_enabled": false,
            "db_name": "walterai_stable",
            "db_subnet_group_name": "prod-walterwrites-database-subnet-group",
            "dedicated_log_volume": false,
            "delete_automated_backups": true,
            "deletion_protection": false,
            "domain": "",
            "domain_auth_secret_arn": "",
            "domain_dns_ips": [],
            "domain_fqdn": "",
            "domain_iam_role_name": "",
            "domain_ou": "",
            "enabled_cloudwatch_logs_exports": [],
            "endpoint": "prod-walterwrites-database.cpciu6uiclhs.us-east-1.rds.amazonaws.com:5432",
            "engine": "postgres",
            "engine_version": "15",
            "engine_version_actual": "15.7",
            "final_snapshot_identifier": null,
            "hosted_zone_id": "Z2R2ITUGPM61AM",
            "iam_database_authentication_enabled": false,
            "id": "db-NHHODHSIWQMOQ7PZQNAEYIFH6M",
            "identifier": "prod-walterwrites-database",
            "identifier_prefix": "",
            "instance_class": "db.t3.small",
            "iops": 0,
            "kms_key_id": "",
            "latest_restorable_time": "",
            "license_model": "postgresql-license",
            "listener_endpoint": [],
            "maintenance_window": "thu:07:44-thu:08:14",
            "manage_master_user_password": null,
            "master_user_secret": [],
            "master_user_secret_kms_key_id": null,
            "max_allocated_storage": 0,
            "monitoring_interval": 0,
            "monitoring_role_arn": "",
            "multi_az": false,
            "nchar_character_set_name": "",
            "network_type": "IPV4",
            "option_group_name": "default:postgres-15",
            "parameter_group_name": "default.postgres15",
            "password": "Ezops2025",
            "performance_insights_enabled": false,
            "performance_insights_kms_key_id": "",
            "performance_insights_retention_period": 0,
            "port": 5432,
            "publicly_accessible": false,
            "replica_mode": "",
            "replicas": [],
            "replicate_source_db": "",
            "resource_id": "db-NHHODHSIWQMOQ7PZQNAEYIFH6M",
            "restore_to_point_in_time": [],
            "s3_import": [],
            "skip_final_snapshot": true,
            "snapshot_identifier": null,
            "status": "available",
            "storage_encrypted": false,
            "storage_throughput": 0,
            "storage_type": "gp2",
            "tags": {
              "Name": "prod-walterwrites-database"
            },
            "tags_all": {
              "Name": "prod-walterwrites-database"
            },
            "timeouts": null,
            "timezone": "",
            "username": "postgres",
            "vpc_security_group_ids": [
              "sg-0addaecdf172149d0"
            ]
          },
          "sensitive_attributes": [
            [
              {
                "type": "get_attr",
                "value": "password"
              }
            ]
          ],
          "private": "eyJlMmJmYjczMC1lY2FhLTExZTYtOGY4OC0zNDM2M2JjN2M0YzAiOnsiY3JlYXRlIjoyNDAwMDAwMDAwMDAwLCJkZWxldGUiOjM2MDAwMDAwMDAwMDAsInVwZGF0ZSI6NDgwMDAwMDAwMDAwMH0sInNjaGVtYV92ZXJzaW9uIjoiMiJ9",
          "dependencies": [
            "data.aws_availability_zones.available",
            "module.firewall.module.bastion_sg.aws_security_group.this",
            "module.firewall.module.bastion_sg.aws_security_group.this_name_prefix",
            "module.firewall.module.bastion_sg.aws_security_group_rule.computed_egress_rules",
            "module.firewall.module.bastion_sg.aws_security_group_rule.computed_egress_with_cidr_blocks",
            "module.firewall.module.bastion_sg.aws_security_group_rule.computed_egress_with_ipv6_cidr_blocks",
            "module.firewall.module.bastion_sg.aws_security_group_rule.computed_egress_with_prefix_list_ids",
            "module.firewall.module.bastion_sg.aws_security_group_rule.computed_egress_with_self",
            "module.firewall.module.bastion_sg.aws_security_group_rule.computed_egress_with_source_security_group_id",
            "module.firewall.module.bastion_sg.aws_security_group_rule.computed_ingress_rules",
            "module.firewall.module.bastion_sg.aws_security_group_rule.computed_ingress_with_cidr_blocks",
            "module.firewall.module.bastion_sg.aws_security_group_rule.computed_ingress_with_ipv6_cidr_blocks",
            "module.firewall.module.bastion_sg.aws_security_group_rule.computed_ingress_with_prefix_list_ids",
            "module.firewall.module.bastion_sg.aws_security_group_rule.computed_ingress_with_self",
            "module.firewall.module.bastion_sg.aws_security_group_rule.computed_ingress_with_source_security_group_id",
            "module.firewall.module.bastion_sg.aws_security_group_rule.egress_rules",
            "module.firewall.module.bastion_sg.aws_security_group_rule.egress_with_cidr_blocks",
            "module.firewall.module.bastion_sg.aws_security_group_rule.egress_with_ipv6_cidr_blocks",
            "module.firewall.module.bastion_sg.aws_security_group_rule.egress_with_prefix_list_ids",
            "module.firewall.module.bastion_sg.aws_security_group_rule.egress_with_self",
            "module.firewall.module.bastion_sg.aws_security_group_rule.egress_with_source_security_group_id",
            "module.firewall.module.bastion_sg.aws_security_group_rule.ingress_rules",
            "module.firewall.module.bastion_sg.aws_security_group_rule.ingress_with_cidr_blocks",
            "module.firewall.module.bastion_sg.aws_security_group_rule.ingress_with_ipv6_cidr_blocks",
            "module.firewall.module.bastion_sg.aws_security_group_rule.ingress_with_prefix_list_ids",
            "module.firewall.module.bastion_sg.aws_security_group_rule.ingress_with_self",
            "module.firewall.module.bastion_sg.aws_security_group_rule.ingress_with_source_security_group_id",
            "module.firewall.module.documentdb_sg.aws_security_group.this",
            "module.firewall.module.documentdb_sg.aws_security_group.this_name_prefix",
            "module.firewall.module.documentdb_sg.aws_security_group_rule.computed_egress_rules",
            "module.firewall.module.documentdb_sg.aws_security_group_rule.computed_egress_with_cidr_blocks",
            "module.firewall.module.documentdb_sg.aws_security_group_rule.computed_egress_with_ipv6_cidr_blocks",
            "module.firewall.module.documentdb_sg.aws_security_group_rule.computed_egress_with_prefix_list_ids",
            "module.firewall.module.documentdb_sg.aws_security_group_rule.computed_egress_with_self",
            "module.firewall.module.documentdb_sg.aws_security_group_rule.computed_egress_with_source_security_group_id",
            "module.firewall.module.documentdb_sg.aws_security_group_rule.computed_ingress_rules",
            "module.firewall.module.documentdb_sg.aws_security_group_rule.computed_ingress_with_cidr_blocks",
            "module.firewall.module.documentdb_sg.aws_security_group_rule.computed_ingress_with_ipv6_cidr_blocks",
            "module.firewall.module.documentdb_sg.aws_security_group_rule.computed_ingress_with_prefix_list_ids",
            "module.firewall.module.documentdb_sg.aws_security_group_rule.computed_ingress_with_self",
            "module.firewall.module.documentdb_sg.aws_security_group_rule.computed_ingress_with_source_security_group_id",
            "module.firewall.module.documentdb_sg.aws_security_group_rule.egress_rules",
            "module.firewall.module.documentdb_sg.aws_security_group_rule.egress_with_cidr_blocks",
            "module.firewall.module.documentdb_sg.aws_security_group_rule.egress_with_ipv6_cidr_blocks",
            "module.firewall.module.documentdb_sg.aws_security_group_rule.egress_with_prefix_list_ids",
            "module.firewall.module.documentdb_sg.aws_security_group_rule.egress_with_self",
            "module.firewall.module.documentdb_sg.aws_security_group_rule.egress_with_source_security_group_id",
            "module.firewall.module.documentdb_sg.aws_security_group_rule.ingress_rules",
            "module.firewall.module.documentdb_sg.aws_security_group_rule.ingress_with_cidr_blocks",
            "module.firewall.module.documentdb_sg.aws_security_group_rule.ingress_with_ipv6_cidr_blocks",
            "module.firewall.module.documentdb_sg.aws_security_group_rule.ingress_with_prefix_list_ids",
            "module.firewall.module.documentdb_sg.aws_security_group_rule.ingress_with_self",
            "module.firewall.module.documentdb_sg.aws_security_group_rule.ingress_with_source_security_group_id",
            "module.firewall.module.ecs_sg.aws_security_group.this",
            "module.firewall.module.ecs_sg.aws_security_group.this_name_prefix",
            "module.firewall.module.ecs_sg.aws_security_group_rule.computed_egress_rules",
            "module.firewall.module.ecs_sg.aws_security_group_rule.computed_egress_with_cidr_blocks",
            "module.firewall.module.ecs_sg.aws_security_group_rule.computed_egress_with_ipv6_cidr_blocks",
            "module.firewall.module.ecs_sg.aws_security_group_rule.computed_egress_with_prefix_list_ids",
            "module.firewall.module.ecs_sg.aws_security_group_rule.computed_egress_with_self",
            "module.firewall.module.ecs_sg.aws_security_group_rule.computed_egress_with_source_security_group_id",
            "module.firewall.module.ecs_sg.aws_security_group_rule.computed_ingress_rules",
            "module.firewall.module.ecs_sg.aws_security_group_rule.computed_ingress_with_cidr_blocks",
            "module.firewall.module.ecs_sg.aws_security_group_rule.computed_ingress_with_ipv6_cidr_blocks",
            "module.firewall.module.ecs_sg.aws_security_group_rule.computed_ingress_with_prefix_list_ids",
            "module.firewall.module.ecs_sg.aws_security_group_rule.computed_ingress_with_self",
            "module.firewall.module.ecs_sg.aws_security_group_rule.computed_ingress_with_source_security_group_id",
            "module.firewall.module.ecs_sg.aws_security_group_rule.egress_rules",
            "module.firewall.module.ecs_sg.aws_security_group_rule.egress_with_cidr_blocks",
            "module.firewall.module.ecs_sg.aws_security_group_rule.egress_with_ipv6_cidr_blocks",
            "module.firewall.module.ecs_sg.aws_security_group_rule.egress_with_prefix_list_ids",
            "module.firewall.module.ecs_sg.aws_security_group_rule.egress_with_self",
            "module.firewall.module.ecs_sg.aws_security_group_rule.egress_with_source_security_group_id",
            "module.firewall.module.ecs_sg.aws_security_group_rule.ingress_rules",
            "module.firewall.module.ecs_sg.aws_security_group_rule.ingress_with_cidr_blocks",
            "module.firewall.module.ecs_sg.aws_security_group_rule.ingress_with_ipv6_cidr_blocks",
            "module.firewall.module.ecs_sg.aws_security_group_rule.ingress_with_prefix_list_ids",
            "module.firewall.module.ecs_sg.aws_security_group_rule.ingress_with_self",
            "module.firewall.module.ecs_sg.aws_security_group_rule.ingress_with_source_security_group_id",
            "module.firewall.module.load_balancer_sg.aws_security_group.this",
            "module.firewall.module.load_balancer_sg.aws_security_group.this_name_prefix",
            "module.firewall.module.load_balancer_sg.aws_security_group_rule.computed_egress_rules",
            "module.firewall.module.load_balancer_sg.aws_security_group_rule.computed_egress_with_cidr_blocks",
            "module.firewall.module.load_balancer_sg.aws_security_group_rule.computed_egress_with_ipv6_cidr_blocks",
            "module.firewall.module.load_balancer_sg.aws_security_group_rule.computed_egress_with_prefix_list_ids",
            "module.firewall.module.load_balancer_sg.aws_security_group_rule.computed_egress_with_self",
            "module.firewall.module.load_balancer_sg.aws_security_group_rule.computed_egress_with_source_security_group_id",
            "module.firewall.module.load_balancer_sg.aws_security_group_rule.computed_ingress_rules",
            "module.firewall.module.load_balancer_sg.aws_security_group_rule.computed_ingress_with_cidr_blocks",
            "module.firewall.module.load_balancer_sg.aws_security_group_rule.computed_ingress_with_ipv6_cidr_blocks",
            "module.firewall.module.load_balancer_sg.aws_security_group_rule.computed_ingress_with_prefix_list_ids",
            "module.firewall.module.load_balancer_sg.aws_security_group_rule.computed_ingress_with_self",
            "module.firewall.module.load_balancer_sg.aws_security_group_rule.computed_ingress_with_source_security_group_id",
            "module.firewall.module.load_balancer_sg.aws_security_group_rule.egress_rules",
            "module.firewall.module.load_balancer_sg.aws_security_group_rule.egress_with_cidr_blocks",
            "module.firewall.module.load_balancer_sg.aws_security_group_rule.egress_with_ipv6_cidr_blocks",
            "module.firewall.module.load_balancer_sg.aws_security_group_rule.egress_with_prefix_list_ids",
            "module.firewall.module.load_balancer_sg.aws_security_group_rule.egress_with_self",
            "module.firewall.module.load_balancer_sg.aws_security_group_rule.egress_with_source_security_group_id",
            "module.firewall.module.load_balancer_sg.aws_security_group_rule.ingress_rules",
            "module.firewall.module.load_balancer_sg.aws_security_group_rule.ingress_with_cidr_blocks",
            "module.firewall.module.load_balancer_sg.aws_security_group_rule.ingress_with_ipv6_cidr_blocks",
            "module.firewall.module.load_balancer_sg.aws_security_group_rule.ingress_with_prefix_list_ids",
            "module.firewall.module.load_balancer_sg.aws_security_group_rule.ingress_with_self",
            "module.firewall.module.load_balancer_sg.aws_security_group_rule.ingress_with_source_security_group_id",
            "module.firewall.module.service_sg.aws_security_group.this",
            "module.firewall.module.service_sg.aws_security_group.this_name_prefix",
            "module.firewall.module.service_sg.aws_security_group_rule.computed_egress_rules",
            "module.firewall.module.service_sg.aws_security_group_rule.computed_egress_with_cidr_blocks",
            "module.firewall.module.service_sg.aws_security_group_rule.computed_egress_with_ipv6_cidr_blocks",
            "module.firewall.module.service_sg.aws_security_group_rule.computed_egress_with_prefix_list_ids",
            "module.firewall.module.service_sg.aws_security_group_rule.computed_egress_with_self",
            "module.firewall.module.service_sg.aws_security_group_rule.computed_egress_with_source_security_group_id",
            "module.firewall.module.service_sg.aws_security_group_rule.computed_ingress_rules",
            "module.firewall.module.service_sg.aws_security_group_rule.computed_ingress_with_cidr_blocks",
            "module.firewall.module.service_sg.aws_security_group_rule.computed_ingress_with_ipv6_cidr_blocks",
            "module.firewall.module.service_sg.aws_security_group_rule.computed_ingress_with_prefix_list_ids",
            "module.firewall.module.service_sg.aws_security_group_rule.computed_ingress_with_self",
            "module.firewall.module.service_sg.aws_security_group_rule.computed_ingress_with_source_security_group_id",
            "module.firewall.module.service_sg.aws_security_group_rule.egress_rules",
            "module.firewall.module.service_sg.aws_security_group_rule.egress_with_cidr_blocks",
            "module.firewall.module.service_sg.aws_security_group_rule.egress_with_ipv6_cidr_blocks",
            "module.firewall.module.service_sg.aws_security_group_rule.egress_with_prefix_list_ids",
            "module.firewall.module.service_sg.aws_security_group_rule.egress_with_self",
            "module.firewall.module.service_sg.aws_security_group_rule.egress_with_source_security_group_id",
            "module.firewall.module.service_sg.aws_security_group_rule.ingress_rules",
            "module.firewall.module.service_sg.aws_security_group_rule.ingress_with_cidr_blocks",
            "module.firewall.module.service_sg.aws_security_group_rule.ingress_with_ipv6_cidr_blocks",
            "module.firewall.module.service_sg.aws_security_group_rule.ingress_with_prefix_list_ids",
            "module.firewall.module.service_sg.aws_security_group_rule.ingress_with_self",
            "module.firewall.module.service_sg.aws_security_group_rule.ingress_with_source_security_group_id",
            "module.rds.aws_db_subnet_group.this",
            "module.vpc.aws_eip.nat",
            "module.vpc.aws_internet_gateway.gw",
            "module.vpc.aws_nat_gateway.nat",
            "module.vpc.aws_route_table.private",
            "module.vpc.aws_route_table.public",
            "module.vpc.aws_route_table_association.private",
            "module.vpc.aws_route_table_association.public",
            "module.vpc.aws_subnet.private",
            "module.vpc.aws_subnet.public",
            "module.vpc.aws_vpc.this"
          ]
        }
      ]
    },
    {
      "module": "module.rds",
      "mode": "managed",
      "type": "aws_db_subnet_group",
      "name": "this",
      "provider": "provider[\"registry.terraform.io/hashicorp/aws\"]",
      "instances": [
        {
          "schema_version": 0,
          "attributes": {
            "arn": "arn:aws:rds:us-east-1:654654523718:subgrp:prod-walterwrites-database-subnet-group",
            "description": "Managed by Terraform",
            "id": "prod-walterwrites-database-subnet-group",
            "name": "prod-walterwrites-database-subnet-group",
            "name_prefix": "",
            "subnet_ids": [
              "subnet-090c9c9298693e917",
              "subnet-0fdc7bef58f766d6a"
            ],
            "supported_network_types": [
              "IPV4"
            ],
            "tags": {
              "Name": "prod-walterwrites-database-subnet-group"
            },
            "tags_all": {
              "Name": "prod-walterwrites-database-subnet-group"
            },
            "vpc_id": "vpc-0ca6a1fee11b317af"
          },
          "sensitive_attributes": [],
          "private": "bnVsbA==",
          "dependencies": [
            "data.aws_availability_zones.available",
            "module.firewall.module.bastion_sg.aws_security_group.this",
            "module.firewall.module.bastion_sg.aws_security_group.this_name_prefix",
            "module.firewall.module.bastion_sg.aws_security_group_rule.computed_egress_rules",
            "module.firewall.module.bastion_sg.aws_security_group_rule.computed_egress_with_cidr_blocks",
            "module.firewall.module.bastion_sg.aws_security_group_rule.computed_egress_with_ipv6_cidr_blocks",
            "module.firewall.module.bastion_sg.aws_security_group_rule.computed_egress_with_prefix_list_ids",
            "module.firewall.module.bastion_sg.aws_security_group_rule.computed_egress_with_self",
            "module.firewall.module.bastion_sg.aws_security_group_rule.computed_egress_with_source_security_group_id",
            "module.firewall.module.bastion_sg.aws_security_group_rule.computed_ingress_rules",
            "module.firewall.module.bastion_sg.aws_security_group_rule.computed_ingress_with_cidr_blocks",
            "module.firewall.module.bastion_sg.aws_security_group_rule.computed_ingress_with_ipv6_cidr_blocks",
            "module.firewall.module.bastion_sg.aws_security_group_rule.computed_ingress_with_prefix_list_ids",
            "module.firewall.module.bastion_sg.aws_security_group_rule.computed_ingress_with_self",
            "module.firewall.module.bastion_sg.aws_security_group_rule.computed_ingress_with_source_security_group_id",
            "module.firewall.module.bastion_sg.aws_security_group_rule.egress_rules",
            "module.firewall.module.bastion_sg.aws_security_group_rule.egress_with_cidr_blocks",
            "module.firewall.module.bastion_sg.aws_security_group_rule.egress_with_ipv6_cidr_blocks",
            "module.firewall.module.bastion_sg.aws_security_group_rule.egress_with_prefix_list_ids",
            "module.firewall.module.bastion_sg.aws_security_group_rule.egress_with_self",
            "module.firewall.module.bastion_sg.aws_security_group_rule.egress_with_source_security_group_id",
            "module.firewall.module.bastion_sg.aws_security_group_rule.ingress_rules",
            "module.firewall.module.bastion_sg.aws_security_group_rule.ingress_with_cidr_blocks",
            "module.firewall.module.bastion_sg.aws_security_group_rule.ingress_with_ipv6_cidr_blocks",
            "module.firewall.module.bastion_sg.aws_security_group_rule.ingress_with_prefix_list_ids",
            "module.firewall.module.bastion_sg.aws_security_group_rule.ingress_with_self",
            "module.firewall.module.bastion_sg.aws_security_group_rule.ingress_with_source_security_group_id",
            "module.firewall.module.documentdb_sg.aws_security_group.this",
            "module.firewall.module.documentdb_sg.aws_security_group.this_name_prefix",
            "module.firewall.module.documentdb_sg.aws_security_group_rule.computed_egress_rules",
            "module.firewall.module.documentdb_sg.aws_security_group_rule.computed_egress_with_cidr_blocks",
            "module.firewall.module.documentdb_sg.aws_security_group_rule.computed_egress_with_ipv6_cidr_blocks",
            "module.firewall.module.documentdb_sg.aws_security_group_rule.computed_egress_with_prefix_list_ids",
            "module.firewall.module.documentdb_sg.aws_security_group_rule.computed_egress_with_self",
            "module.firewall.module.documentdb_sg.aws_security_group_rule.computed_egress_with_source_security_group_id",
            "module.firewall.module.documentdb_sg.aws_security_group_rule.computed_ingress_rules",
            "module.firewall.module.documentdb_sg.aws_security_group_rule.computed_ingress_with_cidr_blocks",
            "module.firewall.module.documentdb_sg.aws_security_group_rule.computed_ingress_with_ipv6_cidr_blocks",
            "module.firewall.module.documentdb_sg.aws_security_group_rule.computed_ingress_with_prefix_list_ids",
            "module.firewall.module.documentdb_sg.aws_security_group_rule.computed_ingress_with_self",
            "module.firewall.module.documentdb_sg.aws_security_group_rule.computed_ingress_with_source_security_group_id",
            "module.firewall.module.documentdb_sg.aws_security_group_rule.egress_rules",
            "module.firewall.module.documentdb_sg.aws_security_group_rule.egress_with_cidr_blocks",
            "module.firewall.module.documentdb_sg.aws_security_group_rule.egress_with_ipv6_cidr_blocks",
            "module.firewall.module.documentdb_sg.aws_security_group_rule.egress_with_prefix_list_ids",
            "module.firewall.module.documentdb_sg.aws_security_group_rule.egress_with_self",
            "module.firewall.module.documentdb_sg.aws_security_group_rule.egress_with_source_security_group_id",
            "module.firewall.module.documentdb_sg.aws_security_group_rule.ingress_rules",
            "module.firewall.module.documentdb_sg.aws_security_group_rule.ingress_with_cidr_blocks",
            "module.firewall.module.documentdb_sg.aws_security_group_rule.ingress_with_ipv6_cidr_blocks",
            "module.firewall.module.documentdb_sg.aws_security_group_rule.ingress_with_prefix_list_ids",
            "module.firewall.module.documentdb_sg.aws_security_group_rule.ingress_with_self",
            "module.firewall.module.documentdb_sg.aws_security_group_rule.ingress_with_source_security_group_id",
            "module.firewall.module.ecs_sg.aws_security_group.this",
            "module.firewall.module.ecs_sg.aws_security_group.this_name_prefix",
            "module.firewall.module.ecs_sg.aws_security_group_rule.computed_egress_rules",
            "module.firewall.module.ecs_sg.aws_security_group_rule.computed_egress_with_cidr_blocks",
            "module.firewall.module.ecs_sg.aws_security_group_rule.computed_egress_with_ipv6_cidr_blocks",
            "module.firewall.module.ecs_sg.aws_security_group_rule.computed_egress_with_prefix_list_ids",
            "module.firewall.module.ecs_sg.aws_security_group_rule.computed_egress_with_self",
            "module.firewall.module.ecs_sg.aws_security_group_rule.computed_egress_with_source_security_group_id",
            "module.firewall.module.ecs_sg.aws_security_group_rule.computed_ingress_rules",
            "module.firewall.module.ecs_sg.aws_security_group_rule.computed_ingress_with_cidr_blocks",
            "module.firewall.module.ecs_sg.aws_security_group_rule.computed_ingress_with_ipv6_cidr_blocks",
            "module.firewall.module.ecs_sg.aws_security_group_rule.computed_ingress_with_prefix_list_ids",
            "module.firewall.module.ecs_sg.aws_security_group_rule.computed_ingress_with_self",
            "module.firewall.module.ecs_sg.aws_security_group_rule.computed_ingress_with_source_security_group_id",
            "module.firewall.module.ecs_sg.aws_security_group_rule.egress_rules",
            "module.firewall.module.ecs_sg.aws_security_group_rule.egress_with_cidr_blocks",
            "module.firewall.module.ecs_sg.aws_security_group_rule.egress_with_ipv6_cidr_blocks",
            "module.firewall.module.ecs_sg.aws_security_group_rule.egress_with_prefix_list_ids",
            "module.firewall.module.ecs_sg.aws_security_group_rule.egress_with_self",
            "module.firewall.module.ecs_sg.aws_security_group_rule.egress_with_source_security_group_id",
            "module.firewall.module.ecs_sg.aws_security_group_rule.ingress_rules",
            "module.firewall.module.ecs_sg.aws_security_group_rule.ingress_with_cidr_blocks",
            "module.firewall.module.ecs_sg.aws_security_group_rule.ingress_with_ipv6_cidr_blocks",
            "module.firewall.module.ecs_sg.aws_security_group_rule.ingress_with_prefix_list_ids",
            "module.firewall.module.ecs_sg.aws_security_group_rule.ingress_with_self",
            "module.firewall.module.ecs_sg.aws_security_group_rule.ingress_with_source_security_group_id",
            "module.firewall.module.load_balancer_sg.aws_security_group.this",
            "module.firewall.module.load_balancer_sg.aws_security_group.this_name_prefix",
            "module.firewall.module.load_balancer_sg.aws_security_group_rule.computed_egress_rules",
            "module.firewall.module.load_balancer_sg.aws_security_group_rule.computed_egress_with_cidr_blocks",
            "module.firewall.module.load_balancer_sg.aws_security_group_rule.computed_egress_with_ipv6_cidr_blocks",
            "module.firewall.module.load_balancer_sg.aws_security_group_rule.computed_egress_with_prefix_list_ids",
            "module.firewall.module.load_balancer_sg.aws_security_group_rule.computed_egress_with_self",
            "module.firewall.module.load_balancer_sg.aws_security_group_rule.computed_egress_with_source_security_group_id",
            "module.firewall.module.load_balancer_sg.aws_security_group_rule.computed_ingress_rules",
            "module.firewall.module.load_balancer_sg.aws_security_group_rule.computed_ingress_with_cidr_blocks",
            "module.firewall.module.load_balancer_sg.aws_security_group_rule.computed_ingress_with_ipv6_cidr_blocks",
            "module.firewall.module.load_balancer_sg.aws_security_group_rule.computed_ingress_with_prefix_list_ids",
            "module.firewall.module.load_balancer_sg.aws_security_group_rule.computed_ingress_with_self",
            "module.firewall.module.load_balancer_sg.aws_security_group_rule.computed_ingress_with_source_security_group_id",
            "module.firewall.module.load_balancer_sg.aws_security_group_rule.egress_rules",
            "module.firewall.module.load_balancer_sg.aws_security_group_rule.egress_with_cidr_blocks",
            "module.firewall.module.load_balancer_sg.aws_security_group_rule.egress_with_ipv6_cidr_blocks",
            "module.firewall.module.load_balancer_sg.aws_security_group_rule.egress_with_prefix_list_ids",
            "module.firewall.module.load_balancer_sg.aws_security_group_rule.egress_with_self",
            "module.firewall.module.load_balancer_sg.aws_security_group_rule.egress_with_source_security_group_id",
            "module.firewall.module.load_balancer_sg.aws_security_group_rule.ingress_rules",
            "module.firewall.module.load_balancer_sg.aws_security_group_rule.ingress_with_cidr_blocks",
            "module.firewall.module.load_balancer_sg.aws_security_group_rule.ingress_with_ipv6_cidr_blocks",
            "module.firewall.module.load_balancer_sg.aws_security_group_rule.ingress_with_prefix_list_ids",
            "module.firewall.module.load_balancer_sg.aws_security_group_rule.ingress_with_self",
            "module.firewall.module.load_balancer_sg.aws_security_group_rule.ingress_with_source_security_group_id",
            "module.firewall.module.service_sg.aws_security_group.this",
            "module.firewall.module.service_sg.aws_security_group.this_name_prefix",
            "module.firewall.module.service_sg.aws_security_group_rule.computed_egress_rules",
            "module.firewall.module.service_sg.aws_security_group_rule.computed_egress_with_cidr_blocks",
            "module.firewall.module.service_sg.aws_security_group_rule.computed_egress_with_ipv6_cidr_blocks",
            "module.firewall.module.service_sg.aws_security_group_rule.computed_egress_with_prefix_list_ids",
            "module.firewall.module.service_sg.aws_security_group_rule.computed_egress_with_self",
            "module.firewall.module.service_sg.aws_security_group_rule.computed_egress_with_source_security_group_id",
            "module.firewall.module.service_sg.aws_security_group_rule.computed_ingress_rules",
            "module.firewall.module.service_sg.aws_security_group_rule.computed_ingress_with_cidr_blocks",
            "module.firewall.module.service_sg.aws_security_group_rule.computed_ingress_with_ipv6_cidr_blocks",
            "module.firewall.module.service_sg.aws_security_group_rule.computed_ingress_with_prefix_list_ids",
            "module.firewall.module.service_sg.aws_security_group_rule.computed_ingress_with_self",
            "module.firewall.module.service_sg.aws_security_group_rule.computed_ingress_with_source_security_group_id",
            "module.firewall.module.service_sg.aws_security_group_rule.egress_rules",
            "module.firewall.module.service_sg.aws_security_group_rule.egress_with_cidr_blocks",
            "module.firewall.module.service_sg.aws_security_group_rule.egress_with_ipv6_cidr_blocks",
            "module.firewall.module.service_sg.aws_security_group_rule.egress_with_prefix_list_ids",
            "module.firewall.module.service_sg.aws_security_group_rule.egress_with_self",
            "module.firewall.module.service_sg.aws_security_group_rule.egress_with_source_security_group_id",
            "module.firewall.module.service_sg.aws_security_group_rule.ingress_rules",
            "module.firewall.module.service_sg.aws_security_group_rule.ingress_with_cidr_blocks",
            "module.firewall.module.service_sg.aws_security_group_rule.ingress_with_ipv6_cidr_blocks",
            "module.firewall.module.service_sg.aws_security_group_rule.ingress_with_prefix_list_ids",
            "module.firewall.module.service_sg.aws_security_group_rule.ingress_with_self",
            "module.firewall.module.service_sg.aws_security_group_rule.ingress_with_source_security_group_id",
            "module.vpc.aws_eip.nat",
            "module.vpc.aws_internet_gateway.gw",
            "module.vpc.aws_nat_gateway.nat",
            "module.vpc.aws_route_table.private",
            "module.vpc.aws_route_table.public",
            "module.vpc.aws_route_table_association.private",
            "module.vpc.aws_route_table_association.public",
            "module.vpc.aws_subnet.private",
            "module.vpc.aws_subnet.public",
            "module.vpc.aws_vpc.this"
          ]
        }
      ]
    },
    {
      "module": "module.route53",
      "mode": "managed",
      "type": "aws_route53_record",
      "name": "app",
      "provider": "provider[\"registry.terraform.io/hashicorp/aws\"]",
      "instances": [
        {
          "schema_version": 2,
          "attributes": {
            "alias": [
              {
                "evaluate_target_health": true,
                "name": "prod-walterwrites-alb-1452373298.us-east-1.elb.amazonaws.com",
                "zone_id": "Z35SXDOTRQ7X7K"
              }
            ],
            "allow_overwrite": null,
            "cidr_routing_policy": [],
            "failover_routing_policy": [],
            "fqdn": "app.walterwrites.ai",
            "geolocation_routing_policy": [],
            "geoproximity_routing_policy": [],
            "health_check_id": "",
            "id": "Z0635259226WBF84QY0EJ_app.walterwrites.ai_A",
            "latency_routing_policy": [],
            "multivalue_answer_routing_policy": false,
            "name": "app.walterwrites.ai",
            "records": [],
            "set_identifier": "",
            "ttl": 0,
            "type": "A",
            "weighted_routing_policy": [],
            "zone_id": "Z0635259226WBF84QY0EJ"
          },
          "sensitive_attributes": [],
          "private": "eyJzY2hlbWFfdmVyc2lvbiI6IjIifQ==",
          "dependencies": [
            "data.aws_availability_zones.available",
            "module.firewall.module.service_sg.aws_security_group.this",
            "module.firewall.module.service_sg.aws_security_group.this_name_prefix",
            "module.load_balancer.aws_lb.main",
            "module.route53.aws_route53_zone.primary",
            "module.vpc.aws_subnet.private",
            "module.vpc.aws_vpc.this"
          ]
        }
      ]
    },
    {
      "module": "module.route53",
      "mode": "managed",
      "type": "aws_route53_record",
      "name": "backend",
      "provider": "provider[\"registry.terraform.io/hashicorp/aws\"]",
      "instances": [
        {
          "schema_version": 2,
          "attributes": {
            "alias": [
              {
                "evaluate_target_health": true,
                "name": "prod-walterwrites-alb-1452373298.us-east-1.elb.amazonaws.com",
                "zone_id": "Z35SXDOTRQ7X7K"
              }
            ],
            "allow_overwrite": null,
            "cidr_routing_policy": [],
            "failover_routing_policy": [],
            "fqdn": "api.walterwrites.ai",
            "geolocation_routing_policy": [],
            "geoproximity_routing_policy": [],
            "health_check_id": "",
            "id": "Z0635259226WBF84QY0EJ_api.walterwrites.ai_A",
            "latency_routing_policy": [],
            "multivalue_answer_routing_policy": false,
            "name": "api.walterwrites.ai",
            "records": [],
            "set_identifier": "",
            "ttl": 0,
            "type": "A",
            "weighted_routing_policy": [],
            "zone_id": "Z0635259226WBF84QY0EJ"
          },
          "sensitive_attributes": [],
          "private": "eyJzY2hlbWFfdmVyc2lvbiI6IjIifQ==",
          "dependencies": [
            "data.aws_availability_zones.available",
            "module.firewall.module.service_sg.aws_security_group.this",
            "module.firewall.module.service_sg.aws_security_group.this_name_prefix",
            "module.load_balancer.aws_lb.main",
            "module.route53.aws_route53_zone.primary",
            "module.vpc.aws_subnet.private",
            "module.vpc.aws_vpc.this"
          ]
        }
      ]
    },
    {
      "module": "module.route53",
      "mode": "managed",
      "type": "aws_route53_record",
      "name": "frontend",
      "provider": "provider[\"registry.terraform.io/hashicorp/aws\"]",
      "instances": [
        {
          "schema_version": 2,
          "attributes": {
            "alias": [
              {
                "evaluate_target_health": true,
                "name": "prod-walterwrites-alb-1452373298.us-east-1.elb.amazonaws.com",
                "zone_id": "Z35SXDOTRQ7X7K"
              }
            ],
            "allow_overwrite": null,
            "cidr_routing_policy": [],
            "failover_routing_policy": [],
            "fqdn": "frontend.walterwrites.ai",
            "geolocation_routing_policy": [],
            "geoproximity_routing_policy": [],
            "health_check_id": "",
            "id": "Z0635259226WBF84QY0EJ_frontend.walterwrites.ai_A",
            "latency_routing_policy": [],
            "multivalue_answer_routing_policy": false,
            "name": "frontend.walterwrites.ai",
            "records": [],
            "set_identifier": "",
            "ttl": 0,
            "type": "A",
            "weighted_routing_policy": [],
            "zone_id": "Z0635259226WBF84QY0EJ"
          },
          "sensitive_attributes": [],
          "private": "eyJzY2hlbWFfdmVyc2lvbiI6IjIifQ==",
          "dependencies": [
            "data.aws_availability_zones.available",
            "module.firewall.module.service_sg.aws_security_group.this",
            "module.firewall.module.service_sg.aws_security_group.this_name_prefix",
            "module.load_balancer.aws_lb.main",
            "module.route53.aws_route53_zone.primary",
            "module.vpc.aws_subnet.private",
            "module.vpc.aws_vpc.this"
          ]
        }
      ]
    },
    {
      "module": "module.route53",
      "mode": "managed",
      "type": "aws_route53_record",
      "name": "humanizer",
      "provider": "provider[\"registry.terraform.io/hashicorp/aws\"]",
      "instances": [
        {
          "schema_version": 2,
          "attributes": {
            "alias": [
              {
                "evaluate_target_health": true,
                "name": "prod-walterwrites-alb-1452373298.us-east-1.elb.amazonaws.com",
                "zone_id": "Z35SXDOTRQ7X7K"
              }
            ],
            "allow_overwrite": null,
            "cidr_routing_policy": [],
            "failover_routing_policy": [],
            "fqdn": "humanizer.walterwrites.ai",
            "geolocation_routing_policy": [],
            "geoproximity_routing_policy": [],
            "health_check_id": "",
            "id": "Z0635259226WBF84QY0EJ_humanizer.walterwrites.ai_A",
            "latency_routing_policy": [],
            "multivalue_answer_routing_policy": false,
            "name": "humanizer.walterwrites.ai",
            "records": [],
            "set_identifier": "",
            "ttl": 0,
            "type": "A",
            "weighted_routing_policy": [],
            "zone_id": "Z0635259226WBF84QY0EJ"
          },
          "sensitive_attributes": [],
          "private": "eyJzY2hlbWFfdmVyc2lvbiI6IjIifQ==",
          "dependencies": [
            "data.aws_availability_zones.available",
            "module.firewall.module.service_sg.aws_security_group.this",
            "module.firewall.module.service_sg.aws_security_group.this_name_prefix",
            "module.load_balancer.aws_lb.main",
            "module.route53.aws_route53_zone.primary",
            "module.vpc.aws_subnet.private",
            "module.vpc.aws_vpc.this"
          ]
        }
      ]
    },
    {
      "module": "module.route53",
      "mode": "managed",
      "type": "aws_route53_zone",
      "name": "primary",
      "provider": "provider[\"registry.terraform.io/hashicorp/aws\"]",
      "instances": [
        {
          "index_key": 0,
          "schema_version": 0,
          "attributes": {
            "arn": "arn:aws:route53:::hostedzone/Z0635259226WBF84QY0EJ",
            "comment": "Managed by Terraform",
            "delegation_set_id": "",
            "force_destroy": false,
            "id": "Z0635259226WBF84QY0EJ",
            "name": "walterwrites.ai",
            "name_servers": [
              "ns-1256.awsdns-29.org",
              "ns-1759.awsdns-27.co.uk",
              "ns-379.awsdns-47.com",
              "ns-679.awsdns-20.net"
            ],
            "primary_name_server": "ns-679.awsdns-20.net",
            "tags": {},
            "tags_all": {},
            "vpc": [],
            "zone_id": "Z0635259226WBF84QY0EJ"
          },
          "sensitive_attributes": [],
          "private": "bnVsbA=="
        }
      ]
    },
    {
      "module": "module.scaling",
      "mode": "data",
      "type": "aws_ami",
      "name": "amazon_linux",
      "provider": "provider[\"registry.terraform.io/hashicorp/aws\"]",
      "instances": [
        {
          "schema_version": 0,
          "attributes": {
            "architecture": "x86_64",
            "arn": "arn:aws:ec2:us-east-1::image/ami-0b41be9076563b64a",
            "block_device_mappings": [
              {
                "device_name": "/dev/xvda",
                "ebs": {
                  "delete_on_termination": "true",
                  "encrypted": "false",
                  "iops": "0",
                  "snapshot_id": "snap-0f2d2b4c16ca6922a",
                  "throughput": "0",
                  "volume_size": "30",
                  "volume_type": "gp2"
                },
                "no_device": "",
                "virtual_name": ""
              }
            ],
            "boot_mode": "",
            "creation_date": "2025-02-12T00:30:15.000Z",
            "deprecation_time": "2027-02-12T00:30:15.000Z",
            "description": "Amazon Linux AMI 2.0.20250211 x86_64 ECS HVM GP2",
            "ena_support": true,
            "executable_users": null,
            "filter": [
              {
                "name": "name",
                "values": [
                  "amzn2-ami-ecs-hvm-*-x86_64-ebs"
                ]
              },
              {
                "name": "virtualization-type",
                "values": [
                  "hvm"
                ]
              }
            ],
            "hypervisor": "xen",
            "id": "ami-0b41be9076563b64a",
            "image_id": "ami-0b41be9076563b64a",
            "image_location": "amazon/amzn2-ami-ecs-hvm-2.0.20250211-x86_64-ebs",
            "image_owner_alias": "amazon",
            "image_type": "machine",
            "imds_support": "",
            "include_deprecated": false,
            "kernel_id": "",
            "most_recent": true,
            "name": "amzn2-ami-ecs-hvm-2.0.20250211-x86_64-ebs",
            "name_regex": null,
            "owner_id": "591542846629",
            "owners": [
              "amazon"
            ],
            "platform": "",
            "platform_details": "Linux/UNIX",
            "product_codes": [],
            "public": true,
            "ramdisk_id": "",
            "root_device_name": "/dev/xvda",
            "root_device_type": "ebs",
            "root_snapshot_id": "snap-0f2d2b4c16ca6922a",
            "sriov_net_support": "simple",
            "state": "available",
            "state_reason": {
              "code": "UNSET",
              "message": "UNSET"
            },
            "tags": {},
            "timeouts": null,
            "tpm_support": "",
            "usage_operation": "RunInstances",
            "virtualization_type": "hvm"
          },
          "sensitive_attributes": []
        }
      ]
    },
    {
      "module": "module.scaling",
      "mode": "data",
      "type": "aws_iam_policy_document",
      "name": "assume_role",
      "provider": "provider[\"registry.terraform.io/hashicorp/aws\"]",
      "instances": [
        {
          "schema_version": 0,
          "attributes": {
            "id": "83011331",
            "json": "{\n  \"Version\": \"2012-10-17\",\n  \"Statement\": [\n    {\n      \"Effect\": \"Allow\",\n      \"Action\": \"sts:AssumeRole\",\n      \"Principal\": {\n        \"Service\": [\n          \"ecs.amazonaws.com\",\n          \"ec2.amazonaws.com\"\n        ]\n      }\n    }\n  ]\n}",
            "override_json": null,
            "override_policy_documents": null,
            "policy_id": null,
            "source_json": null,
            "source_policy_documents": null,
            "statement": [
              {
                "actions": [
                  "sts:AssumeRole"
                ],
                "condition": [],
                "effect": "Allow",
                "not_actions": [],
                "not_principals": [],
                "not_resources": [],
                "principals": [
                  {
                    "identifiers": [
                      "ec2.amazonaws.com",
                      "ecs.amazonaws.com"
                    ],
                    "type": "Service"
                  }
                ],
                "resources": [],
                "sid": ""
              }
            ],
            "version": "2012-10-17"
          },
          "sensitive_attributes": []
        }
      ]
    },
    {
      "module": "module.scaling",
      "mode": "data",
      "type": "aws_iam_policy_document",
      "name": "workloads",
      "provider": "provider[\"registry.terraform.io/hashicorp/aws\"]",
      "instances": [
        {
          "schema_version": 0,
          "attributes": {
            "id": "2095441731",
            "json": "{\n  \"Version\": \"2012-10-17\",\n  \"Statement\": [\n    {\n      \"Sid\": \"RoleForECSWorkloads\",\n      \"Effect\": \"Allow\",\n      \"Action\": [\n        \"ssmmessages:*\",\n        \"ssm:*\",\n        \"sns:*\",\n        \"servicediscovery:*\",\n        \"route53:*\",\n        \"logs:*\",\n        \"lambda:ListFunctions\",\n        \"iam:*\",\n        \"events:*\",\n        \"elasticloadbalancing:*\",\n        \"elasticfilesystem:*\",\n        \"ecs:*\",\n        \"ec2messages:*\",\n        \"ec2:*\",\n        \"ds:*\",\n        \"codedeploy:*\",\n        \"cloudwatch:*\",\n        \"cloudformation:*\",\n        \"autoscaling:*\",\n        \"appmesh:*\",\n        \"application-autoscaling:DeleteScalingPolicy\",\n        \"application-autoscaling:*\"\n      ],\n      \"Resource\": \"*\"\n    }\n  ]\n}",
            "override_json": null,
            "override_policy_documents": null,
            "policy_id": null,
            "source_json": null,
            "source_policy_documents": null,
            "statement": [
              {
                "actions": [
                  "application-autoscaling:*",
                  "application-autoscaling:DeleteScalingPolicy",
                  "appmesh:*",
                  "autoscaling:*",
                  "cloudformation:*",
                  "cloudwatch:*",
                  "codedeploy:*",
                  "ds:*",
                  "ec2:*",
                  "ec2messages:*",
                  "ecs:*",
                  "elasticfilesystem:*",
                  "elasticloadbalancing:*",
                  "events:*",
                  "iam:*",
                  "lambda:ListFunctions",
                  "logs:*",
                  "route53:*",
                  "servicediscovery:*",
                  "sns:*",
                  "ssm:*",
                  "ssmmessages:*"
                ],
                "condition": [],
                "effect": "Allow",
                "not_actions": [],
                "not_principals": [],
                "not_resources": [],
                "principals": [],
                "resources": [
                  "*"
                ],
                "sid": "RoleForECSWorkloads"
              }
            ],
            "version": "2012-10-17"
          },
          "sensitive_attributes": []
        }
      ]
    },
    {
      "module": "module.scaling",
      "mode": "managed",
      "type": "aws_autoscaling_group",
      "name": "this",
      "provider": "provider[\"registry.terraform.io/hashicorp/aws\"]",
      "instances": [
        {
          "index_key": 0,
          "schema_version": 1,
          "attributes": {
            "arn": "arn:aws:autoscaling:us-east-1:654654523718:autoScalingGroup:40226ecc-ead0-4189-a0fe-9f8fdfe888d0:autoScalingGroupName/walterwrites",
            "availability_zones": [
              "us-east-1a",
              "us-east-1b"
            ],
            "capacity_rebalance": false,
            "context": "",
            "default_cooldown": 300,
            "default_instance_warmup": 0,
            "desired_capacity": 4,
            "desired_capacity_type": "",
            "enabled_metrics": [],
            "force_delete": false,
            "force_delete_warm_pool": false,
            "health_check_grace_period": 10,
            "health_check_type": "EC2",
            "id": "walterwrites",
            "ignore_failed_scaling_activities": false,
            "initial_lifecycle_hook": [],
            "instance_maintenance_policy": [],
            "instance_refresh": [],
            "launch_configuration": "",
            "launch_template": [
              {
                "id": "lt-0789291c9c88a3b80",
                "name": "ecs-launch-template20250221150558137900000001",
                "version": "$Latest"
              }
            ],
            "load_balancers": [],
            "max_instance_lifetime": 0,
            "max_size": 4,
            "metrics_granularity": "1Minute",
            "min_elb_capacity": null,
            "min_size": 4,
            "mixed_instances_policy": [],
            "name": "walterwrites",
            "name_prefix": "",
            "placement_group": "",
            "predicted_capacity": 0,
            "protect_from_scale_in": true,
            "service_linked_role_arn": "arn:aws:iam::654654523718:role/aws-service-role/autoscaling.amazonaws.com/AWSServiceRoleForAutoScaling",
            "suspended_processes": [],
            "tag": [],
            "target_group_arns": [
              "arn:aws:elasticloadbalancing:us-east-1:654654523718:targetgroup/PROD-walterwrites-backend-tg/09d8cbb94018c1f7",
              "arn:aws:elasticloadbalancing:us-east-1:654654523718:targetgroup/PROD-walterwrites-frontend-tg/e9912095b20968ee",
              "arn:aws:elasticloadbalancing:us-east-1:654654523718:targetgroup/PROD-walterwrites-humanizer-tg/6bd7c669b437eefc",
              "arn:aws:elasticloadbalancing:us-east-1:654654523718:targetgroup/PROD-walterwrites-walter-app-tg/23e0bc74a97a4789"
            ],
            "termination_policies": [],
            "timeouts": null,
            "traffic_source": [
              {
                "identifier": "arn:aws:elasticloadbalancing:us-east-1:654654523718:targetgroup/PROD-walterwrites-backend-tg/09d8cbb94018c1f7",
                "type": "elbv2"
              },
              {
                "identifier": "arn:aws:elasticloadbalancing:us-east-1:654654523718:targetgroup/PROD-walterwrites-frontend-tg/e9912095b20968ee",
                "type": "elbv2"
              },
              {
                "identifier": "arn:aws:elasticloadbalancing:us-east-1:654654523718:targetgroup/PROD-walterwrites-humanizer-tg/6bd7c669b437eefc",
                "type": "elbv2"
              },
              {
                "identifier": "arn:aws:elasticloadbalancing:us-east-1:654654523718:targetgroup/PROD-walterwrites-walter-app-tg/23e0bc74a97a4789",
                "type": "elbv2"
              }
            ],
            "vpc_zone_identifier": [
              "subnet-090c9c9298693e917",
              "subnet-0fdc7bef58f766d6a"
            ],
            "wait_for_capacity_timeout": "10m",
            "wait_for_elb_capacity": null,
            "warm_pool": [],
            "warm_pool_size": 0
          },
          "sensitive_attributes": [],
          "private": "eyJlMmJmYjczMC1lY2FhLTExZTYtOGY4OC0zNDM2M2JjN2M0YzAiOnsiZGVsZXRlIjo2MDAwMDAwMDAwMDAsInVwZGF0ZSI6NjAwMDAwMDAwMDAwfSwic2NoZW1hX3ZlcnNpb24iOiIxIn0=",
          "dependencies": [
            "data.aws_availability_zones.available",
            "module.firewall.module.bastion_sg.aws_security_group.this",
            "module.firewall.module.bastion_sg.aws_security_group.this_name_prefix",
            "module.firewall.module.bastion_sg.aws_security_group_rule.computed_egress_rules",
            "module.firewall.module.bastion_sg.aws_security_group_rule.computed_egress_with_cidr_blocks",
            "module.firewall.module.bastion_sg.aws_security_group_rule.computed_egress_with_ipv6_cidr_blocks",
            "module.firewall.module.bastion_sg.aws_security_group_rule.computed_egress_with_prefix_list_ids",
            "module.firewall.module.bastion_sg.aws_security_group_rule.computed_egress_with_self",
            "module.firewall.module.bastion_sg.aws_security_group_rule.computed_egress_with_source_security_group_id",
            "module.firewall.module.bastion_sg.aws_security_group_rule.computed_ingress_rules",
            "module.firewall.module.bastion_sg.aws_security_group_rule.computed_ingress_with_cidr_blocks",
            "module.firewall.module.bastion_sg.aws_security_group_rule.computed_ingress_with_ipv6_cidr_blocks",
            "module.firewall.module.bastion_sg.aws_security_group_rule.computed_ingress_with_prefix_list_ids",
            "module.firewall.module.bastion_sg.aws_security_group_rule.computed_ingress_with_self",
            "module.firewall.module.bastion_sg.aws_security_group_rule.computed_ingress_with_source_security_group_id",
            "module.firewall.module.bastion_sg.aws_security_group_rule.egress_rules",
            "module.firewall.module.bastion_sg.aws_security_group_rule.egress_with_cidr_blocks",
            "module.firewall.module.bastion_sg.aws_security_group_rule.egress_with_ipv6_cidr_blocks",
            "module.firewall.module.bastion_sg.aws_security_group_rule.egress_with_prefix_list_ids",
            "module.firewall.module.bastion_sg.aws_security_group_rule.egress_with_self",
            "module.firewall.module.bastion_sg.aws_security_group_rule.egress_with_source_security_group_id",
            "module.firewall.module.bastion_sg.aws_security_group_rule.ingress_rules",
            "module.firewall.module.bastion_sg.aws_security_group_rule.ingress_with_cidr_blocks",
            "module.firewall.module.bastion_sg.aws_security_group_rule.ingress_with_ipv6_cidr_blocks",
            "module.firewall.module.bastion_sg.aws_security_group_rule.ingress_with_prefix_list_ids",
            "module.firewall.module.bastion_sg.aws_security_group_rule.ingress_with_self",
            "module.firewall.module.bastion_sg.aws_security_group_rule.ingress_with_source_security_group_id",
            "module.firewall.module.documentdb_sg.aws_security_group.this",
            "module.firewall.module.documentdb_sg.aws_security_group.this_name_prefix",
            "module.firewall.module.documentdb_sg.aws_security_group_rule.computed_egress_rules",
            "module.firewall.module.documentdb_sg.aws_security_group_rule.computed_egress_with_cidr_blocks",
            "module.firewall.module.documentdb_sg.aws_security_group_rule.computed_egress_with_ipv6_cidr_blocks",
            "module.firewall.module.documentdb_sg.aws_security_group_rule.computed_egress_with_prefix_list_ids",
            "module.firewall.module.documentdb_sg.aws_security_group_rule.computed_egress_with_self",
            "module.firewall.module.documentdb_sg.aws_security_group_rule.computed_egress_with_source_security_group_id",
            "module.firewall.module.documentdb_sg.aws_security_group_rule.computed_ingress_rules",
            "module.firewall.module.documentdb_sg.aws_security_group_rule.computed_ingress_with_cidr_blocks",
            "module.firewall.module.documentdb_sg.aws_security_group_rule.computed_ingress_with_ipv6_cidr_blocks",
            "module.firewall.module.documentdb_sg.aws_security_group_rule.computed_ingress_with_prefix_list_ids",
            "module.firewall.module.documentdb_sg.aws_security_group_rule.computed_ingress_with_self",
            "module.firewall.module.documentdb_sg.aws_security_group_rule.computed_ingress_with_source_security_group_id",
            "module.firewall.module.documentdb_sg.aws_security_group_rule.egress_rules",
            "module.firewall.module.documentdb_sg.aws_security_group_rule.egress_with_cidr_blocks",
            "module.firewall.module.documentdb_sg.aws_security_group_rule.egress_with_ipv6_cidr_blocks",
            "module.firewall.module.documentdb_sg.aws_security_group_rule.egress_with_prefix_list_ids",
            "module.firewall.module.documentdb_sg.aws_security_group_rule.egress_with_self",
            "module.firewall.module.documentdb_sg.aws_security_group_rule.egress_with_source_security_group_id",
            "module.firewall.module.documentdb_sg.aws_security_group_rule.ingress_rules",
            "module.firewall.module.documentdb_sg.aws_security_group_rule.ingress_with_cidr_blocks",
            "module.firewall.module.documentdb_sg.aws_security_group_rule.ingress_with_ipv6_cidr_blocks",
            "module.firewall.module.documentdb_sg.aws_security_group_rule.ingress_with_prefix_list_ids",
            "module.firewall.module.documentdb_sg.aws_security_group_rule.ingress_with_self",
            "module.firewall.module.documentdb_sg.aws_security_group_rule.ingress_with_source_security_group_id",
            "module.firewall.module.ecs_sg.aws_security_group.this",
            "module.firewall.module.ecs_sg.aws_security_group.this_name_prefix",
            "module.firewall.module.ecs_sg.aws_security_group_rule.computed_egress_rules",
            "module.firewall.module.ecs_sg.aws_security_group_rule.computed_egress_with_cidr_blocks",
            "module.firewall.module.ecs_sg.aws_security_group_rule.computed_egress_with_ipv6_cidr_blocks",
            "module.firewall.module.ecs_sg.aws_security_group_rule.computed_egress_with_prefix_list_ids",
            "module.firewall.module.ecs_sg.aws_security_group_rule.computed_egress_with_self",
            "module.firewall.module.ecs_sg.aws_security_group_rule.computed_egress_with_source_security_group_id",
            "module.firewall.module.ecs_sg.aws_security_group_rule.computed_ingress_rules",
            "module.firewall.module.ecs_sg.aws_security_group_rule.computed_ingress_with_cidr_blocks",
            "module.firewall.module.ecs_sg.aws_security_group_rule.computed_ingress_with_ipv6_cidr_blocks",
            "module.firewall.module.ecs_sg.aws_security_group_rule.computed_ingress_with_prefix_list_ids",
            "module.firewall.module.ecs_sg.aws_security_group_rule.computed_ingress_with_self",
            "module.firewall.module.ecs_sg.aws_security_group_rule.computed_ingress_with_source_security_group_id",
            "module.firewall.module.ecs_sg.aws_security_group_rule.egress_rules",
            "module.firewall.module.ecs_sg.aws_security_group_rule.egress_with_cidr_blocks",
            "module.firewall.module.ecs_sg.aws_security_group_rule.egress_with_ipv6_cidr_blocks",
            "module.firewall.module.ecs_sg.aws_security_group_rule.egress_with_prefix_list_ids",
            "module.firewall.module.ecs_sg.aws_security_group_rule.egress_with_self",
            "module.firewall.module.ecs_sg.aws_security_group_rule.egress_with_source_security_group_id",
            "module.firewall.module.ecs_sg.aws_security_group_rule.ingress_rules",
            "module.firewall.module.ecs_sg.aws_security_group_rule.ingress_with_cidr_blocks",
            "module.firewall.module.ecs_sg.aws_security_group_rule.ingress_with_ipv6_cidr_blocks",
            "module.firewall.module.ecs_sg.aws_security_group_rule.ingress_with_prefix_list_ids",
            "module.firewall.module.ecs_sg.aws_security_group_rule.ingress_with_self",
            "module.firewall.module.ecs_sg.aws_security_group_rule.ingress_with_source_security_group_id",
            "module.firewall.module.load_balancer_sg.aws_security_group.this",
            "module.firewall.module.load_balancer_sg.aws_security_group.this_name_prefix",
            "module.firewall.module.load_balancer_sg.aws_security_group_rule.computed_egress_rules",
            "module.firewall.module.load_balancer_sg.aws_security_group_rule.computed_egress_with_cidr_blocks",
            "module.firewall.module.load_balancer_sg.aws_security_group_rule.computed_egress_with_ipv6_cidr_blocks",
            "module.firewall.module.load_balancer_sg.aws_security_group_rule.computed_egress_with_prefix_list_ids",
            "module.firewall.module.load_balancer_sg.aws_security_group_rule.computed_egress_with_self",
            "module.firewall.module.load_balancer_sg.aws_security_group_rule.computed_egress_with_source_security_group_id",
            "module.firewall.module.load_balancer_sg.aws_security_group_rule.computed_ingress_rules",
            "module.firewall.module.load_balancer_sg.aws_security_group_rule.computed_ingress_with_cidr_blocks",
            "module.firewall.module.load_balancer_sg.aws_security_group_rule.computed_ingress_with_ipv6_cidr_blocks",
            "module.firewall.module.load_balancer_sg.aws_security_group_rule.computed_ingress_with_prefix_list_ids",
            "module.firewall.module.load_balancer_sg.aws_security_group_rule.computed_ingress_with_self",
            "module.firewall.module.load_balancer_sg.aws_security_group_rule.computed_ingress_with_source_security_group_id",
            "module.firewall.module.load_balancer_sg.aws_security_group_rule.egress_rules",
            "module.firewall.module.load_balancer_sg.aws_security_group_rule.egress_with_cidr_blocks",
            "module.firewall.module.load_balancer_sg.aws_security_group_rule.egress_with_ipv6_cidr_blocks",
            "module.firewall.module.load_balancer_sg.aws_security_group_rule.egress_with_prefix_list_ids",
            "module.firewall.module.load_balancer_sg.aws_security_group_rule.egress_with_self",
            "module.firewall.module.load_balancer_sg.aws_security_group_rule.egress_with_source_security_group_id",
            "module.firewall.module.load_balancer_sg.aws_security_group_rule.ingress_rules",
            "module.firewall.module.load_balancer_sg.aws_security_group_rule.ingress_with_cidr_blocks",
            "module.firewall.module.load_balancer_sg.aws_security_group_rule.ingress_with_ipv6_cidr_blocks",
            "module.firewall.module.load_balancer_sg.aws_security_group_rule.ingress_with_prefix_list_ids",
            "module.firewall.module.load_balancer_sg.aws_security_group_rule.ingress_with_self",
            "module.firewall.module.load_balancer_sg.aws_security_group_rule.ingress_with_source_security_group_id",
            "module.firewall.module.service_sg.aws_security_group.this",
            "module.firewall.module.service_sg.aws_security_group.this_name_prefix",
            "module.firewall.module.service_sg.aws_security_group_rule.computed_egress_rules",
            "module.firewall.module.service_sg.aws_security_group_rule.computed_egress_with_cidr_blocks",
            "module.firewall.module.service_sg.aws_security_group_rule.computed_egress_with_ipv6_cidr_blocks",
            "module.firewall.module.service_sg.aws_security_group_rule.computed_egress_with_prefix_list_ids",
            "module.firewall.module.service_sg.aws_security_group_rule.computed_egress_with_self",
            "module.firewall.module.service_sg.aws_security_group_rule.computed_egress_with_source_security_group_id",
            "module.firewall.module.service_sg.aws_security_group_rule.computed_ingress_rules",
            "module.firewall.module.service_sg.aws_security_group_rule.computed_ingress_with_cidr_blocks",
            "module.firewall.module.service_sg.aws_security_group_rule.computed_ingress_with_ipv6_cidr_blocks",
            "module.firewall.module.service_sg.aws_security_group_rule.computed_ingress_with_prefix_list_ids",
            "module.firewall.module.service_sg.aws_security_group_rule.computed_ingress_with_self",
            "module.firewall.module.service_sg.aws_security_group_rule.computed_ingress_with_source_security_group_id",
            "module.firewall.module.service_sg.aws_security_group_rule.egress_rules",
            "module.firewall.module.service_sg.aws_security_group_rule.egress_with_cidr_blocks",
            "module.firewall.module.service_sg.aws_security_group_rule.egress_with_ipv6_cidr_blocks",
            "module.firewall.module.service_sg.aws_security_group_rule.egress_with_prefix_list_ids",
            "module.firewall.module.service_sg.aws_security_group_rule.egress_with_self",
            "module.firewall.module.service_sg.aws_security_group_rule.egress_with_source_security_group_id",
            "module.firewall.module.service_sg.aws_security_group_rule.ingress_rules",
            "module.firewall.module.service_sg.aws_security_group_rule.ingress_with_cidr_blocks",
            "module.firewall.module.service_sg.aws_security_group_rule.ingress_with_ipv6_cidr_blocks",
            "module.firewall.module.service_sg.aws_security_group_rule.ingress_with_prefix_list_ids",
            "module.firewall.module.service_sg.aws_security_group_rule.ingress_with_self",
            "module.firewall.module.service_sg.aws_security_group_rule.ingress_with_source_security_group_id",
            "module.scaling.aws_launch_template.this",
            "module.scaling.data.aws_ami.amazon_linux",
            "module.vpc.aws_eip.nat",
            "module.vpc.aws_internet_gateway.gw",
            "module.vpc.aws_nat_gateway.nat",
            "module.vpc.aws_route_table.private",
            "module.vpc.aws_route_table.public",
            "module.vpc.aws_route_table_association.private",
            "module.vpc.aws_route_table_association.public",
            "module.vpc.aws_subnet.private",
            "module.vpc.aws_subnet.public",
            "module.vpc.aws_vpc.this"
          ]
        }
      ]
    },
    {
      "module": "module.scaling",
      "mode": "managed",
      "type": "aws_iam_instance_profile",
      "name": "ecs_profile",
      "provider": "provider[\"registry.terraform.io/hashicorp/aws\"]",
      "instances": [
        {
          "schema_version": 0,
          "attributes": {
            "arn": "arn:aws:iam::654654523718:instance-profile/aws_ipr_role-1a84692b",
            "create_date": "2025-02-21T15:05:59Z",
            "id": "aws_ipr_role-1a84692b",
            "name": "aws_ipr_role-1a84692b",
            "name_prefix": "",
            "path": "/",
            "role": "aws_ltr-69d9bb42",
            "tags": {},
            "tags_all": {},
            "unique_id": "AIPAZQ3DTJFDOPJTL6UFB"
          },
          "sensitive_attributes": [],
          "private": "bnVsbA==",
          "dependencies": [
            "data.aws_availability_zones.available",
            "module.firewall.module.bastion_sg.aws_security_group.this",
            "module.firewall.module.bastion_sg.aws_security_group.this_name_prefix",
            "module.firewall.module.bastion_sg.aws_security_group_rule.computed_egress_rules",
            "module.firewall.module.bastion_sg.aws_security_group_rule.computed_egress_with_cidr_blocks",
            "module.firewall.module.bastion_sg.aws_security_group_rule.computed_egress_with_ipv6_cidr_blocks",
            "module.firewall.module.bastion_sg.aws_security_group_rule.computed_egress_with_prefix_list_ids",
            "module.firewall.module.bastion_sg.aws_security_group_rule.computed_egress_with_self",
            "module.firewall.module.bastion_sg.aws_security_group_rule.computed_egress_with_source_security_group_id",
            "module.firewall.module.bastion_sg.aws_security_group_rule.computed_ingress_rules",
            "module.firewall.module.bastion_sg.aws_security_group_rule.computed_ingress_with_cidr_blocks",
            "module.firewall.module.bastion_sg.aws_security_group_rule.computed_ingress_with_ipv6_cidr_blocks",
            "module.firewall.module.bastion_sg.aws_security_group_rule.computed_ingress_with_prefix_list_ids",
            "module.firewall.module.bastion_sg.aws_security_group_rule.computed_ingress_with_self",
            "module.firewall.module.bastion_sg.aws_security_group_rule.computed_ingress_with_source_security_group_id",
            "module.firewall.module.bastion_sg.aws_security_group_rule.egress_rules",
            "module.firewall.module.bastion_sg.aws_security_group_rule.egress_with_cidr_blocks",
            "module.firewall.module.bastion_sg.aws_security_group_rule.egress_with_ipv6_cidr_blocks",
            "module.firewall.module.bastion_sg.aws_security_group_rule.egress_with_prefix_list_ids",
            "module.firewall.module.bastion_sg.aws_security_group_rule.egress_with_self",
            "module.firewall.module.bastion_sg.aws_security_group_rule.egress_with_source_security_group_id",
            "module.firewall.module.bastion_sg.aws_security_group_rule.ingress_rules",
            "module.firewall.module.bastion_sg.aws_security_group_rule.ingress_with_cidr_blocks",
            "module.firewall.module.bastion_sg.aws_security_group_rule.ingress_with_ipv6_cidr_blocks",
            "module.firewall.module.bastion_sg.aws_security_group_rule.ingress_with_prefix_list_ids",
            "module.firewall.module.bastion_sg.aws_security_group_rule.ingress_with_self",
            "module.firewall.module.bastion_sg.aws_security_group_rule.ingress_with_source_security_group_id",
            "module.firewall.module.documentdb_sg.aws_security_group.this",
            "module.firewall.module.documentdb_sg.aws_security_group.this_name_prefix",
            "module.firewall.module.documentdb_sg.aws_security_group_rule.computed_egress_rules",
            "module.firewall.module.documentdb_sg.aws_security_group_rule.computed_egress_with_cidr_blocks",
            "module.firewall.module.documentdb_sg.aws_security_group_rule.computed_egress_with_ipv6_cidr_blocks",
            "module.firewall.module.documentdb_sg.aws_security_group_rule.computed_egress_with_prefix_list_ids",
            "module.firewall.module.documentdb_sg.aws_security_group_rule.computed_egress_with_self",
            "module.firewall.module.documentdb_sg.aws_security_group_rule.computed_egress_with_source_security_group_id",
            "module.firewall.module.documentdb_sg.aws_security_group_rule.computed_ingress_rules",
            "module.firewall.module.documentdb_sg.aws_security_group_rule.computed_ingress_with_cidr_blocks",
            "module.firewall.module.documentdb_sg.aws_security_group_rule.computed_ingress_with_ipv6_cidr_blocks",
            "module.firewall.module.documentdb_sg.aws_security_group_rule.computed_ingress_with_prefix_list_ids",
            "module.firewall.module.documentdb_sg.aws_security_group_rule.computed_ingress_with_self",
            "module.firewall.module.documentdb_sg.aws_security_group_rule.computed_ingress_with_source_security_group_id",
            "module.firewall.module.documentdb_sg.aws_security_group_rule.egress_rules",
            "module.firewall.module.documentdb_sg.aws_security_group_rule.egress_with_cidr_blocks",
            "module.firewall.module.documentdb_sg.aws_security_group_rule.egress_with_ipv6_cidr_blocks",
            "module.firewall.module.documentdb_sg.aws_security_group_rule.egress_with_prefix_list_ids",
            "module.firewall.module.documentdb_sg.aws_security_group_rule.egress_with_self",
            "module.firewall.module.documentdb_sg.aws_security_group_rule.egress_with_source_security_group_id",
            "module.firewall.module.documentdb_sg.aws_security_group_rule.ingress_rules",
            "module.firewall.module.documentdb_sg.aws_security_group_rule.ingress_with_cidr_blocks",
            "module.firewall.module.documentdb_sg.aws_security_group_rule.ingress_with_ipv6_cidr_blocks",
            "module.firewall.module.documentdb_sg.aws_security_group_rule.ingress_with_prefix_list_ids",
            "module.firewall.module.documentdb_sg.aws_security_group_rule.ingress_with_self",
            "module.firewall.module.documentdb_sg.aws_security_group_rule.ingress_with_source_security_group_id",
            "module.firewall.module.ecs_sg.aws_security_group.this",
            "module.firewall.module.ecs_sg.aws_security_group.this_name_prefix",
            "module.firewall.module.ecs_sg.aws_security_group_rule.computed_egress_rules",
            "module.firewall.module.ecs_sg.aws_security_group_rule.computed_egress_with_cidr_blocks",
            "module.firewall.module.ecs_sg.aws_security_group_rule.computed_egress_with_ipv6_cidr_blocks",
            "module.firewall.module.ecs_sg.aws_security_group_rule.computed_egress_with_prefix_list_ids",
            "module.firewall.module.ecs_sg.aws_security_group_rule.computed_egress_with_self",
            "module.firewall.module.ecs_sg.aws_security_group_rule.computed_egress_with_source_security_group_id",
            "module.firewall.module.ecs_sg.aws_security_group_rule.computed_ingress_rules",
            "module.firewall.module.ecs_sg.aws_security_group_rule.computed_ingress_with_cidr_blocks",
            "module.firewall.module.ecs_sg.aws_security_group_rule.computed_ingress_with_ipv6_cidr_blocks",
            "module.firewall.module.ecs_sg.aws_security_group_rule.computed_ingress_with_prefix_list_ids",
            "module.firewall.module.ecs_sg.aws_security_group_rule.computed_ingress_with_self",
            "module.firewall.module.ecs_sg.aws_security_group_rule.computed_ingress_with_source_security_group_id",
            "module.firewall.module.ecs_sg.aws_security_group_rule.egress_rules",
            "module.firewall.module.ecs_sg.aws_security_group_rule.egress_with_cidr_blocks",
            "module.firewall.module.ecs_sg.aws_security_group_rule.egress_with_ipv6_cidr_blocks",
            "module.firewall.module.ecs_sg.aws_security_group_rule.egress_with_prefix_list_ids",
            "module.firewall.module.ecs_sg.aws_security_group_rule.egress_with_self",
            "module.firewall.module.ecs_sg.aws_security_group_rule.egress_with_source_security_group_id",
            "module.firewall.module.ecs_sg.aws_security_group_rule.ingress_rules",
            "module.firewall.module.ecs_sg.aws_security_group_rule.ingress_with_cidr_blocks",
            "module.firewall.module.ecs_sg.aws_security_group_rule.ingress_with_ipv6_cidr_blocks",
            "module.firewall.module.ecs_sg.aws_security_group_rule.ingress_with_prefix_list_ids",
            "module.firewall.module.ecs_sg.aws_security_group_rule.ingress_with_self",
            "module.firewall.module.ecs_sg.aws_security_group_rule.ingress_with_source_security_group_id",
            "module.firewall.module.load_balancer_sg.aws_security_group.this",
            "module.firewall.module.load_balancer_sg.aws_security_group.this_name_prefix",
            "module.firewall.module.load_balancer_sg.aws_security_group_rule.computed_egress_rules",
            "module.firewall.module.load_balancer_sg.aws_security_group_rule.computed_egress_with_cidr_blocks",
            "module.firewall.module.load_balancer_sg.aws_security_group_rule.computed_egress_with_ipv6_cidr_blocks",
            "module.firewall.module.load_balancer_sg.aws_security_group_rule.computed_egress_with_prefix_list_ids",
            "module.firewall.module.load_balancer_sg.aws_security_group_rule.computed_egress_with_self",
            "module.firewall.module.load_balancer_sg.aws_security_group_rule.computed_egress_with_source_security_group_id",
            "module.firewall.module.load_balancer_sg.aws_security_group_rule.computed_ingress_rules",
            "module.firewall.module.load_balancer_sg.aws_security_group_rule.computed_ingress_with_cidr_blocks",
            "module.firewall.module.load_balancer_sg.aws_security_group_rule.computed_ingress_with_ipv6_cidr_blocks",
            "module.firewall.module.load_balancer_sg.aws_security_group_rule.computed_ingress_with_prefix_list_ids",
            "module.firewall.module.load_balancer_sg.aws_security_group_rule.computed_ingress_with_self",
            "module.firewall.module.load_balancer_sg.aws_security_group_rule.computed_ingress_with_source_security_group_id",
            "module.firewall.module.load_balancer_sg.aws_security_group_rule.egress_rules",
            "module.firewall.module.load_balancer_sg.aws_security_group_rule.egress_with_cidr_blocks",
            "module.firewall.module.load_balancer_sg.aws_security_group_rule.egress_with_ipv6_cidr_blocks",
            "module.firewall.module.load_balancer_sg.aws_security_group_rule.egress_with_prefix_list_ids",
            "module.firewall.module.load_balancer_sg.aws_security_group_rule.egress_with_self",
            "module.firewall.module.load_balancer_sg.aws_security_group_rule.egress_with_source_security_group_id",
            "module.firewall.module.load_balancer_sg.aws_security_group_rule.ingress_rules",
            "module.firewall.module.load_balancer_sg.aws_security_group_rule.ingress_with_cidr_blocks",
            "module.firewall.module.load_balancer_sg.aws_security_group_rule.ingress_with_ipv6_cidr_blocks",
            "module.firewall.module.load_balancer_sg.aws_security_group_rule.ingress_with_prefix_list_ids",
            "module.firewall.module.load_balancer_sg.aws_security_group_rule.ingress_with_self",
            "module.firewall.module.load_balancer_sg.aws_security_group_rule.ingress_with_source_security_group_id",
            "module.firewall.module.service_sg.aws_security_group.this",
            "module.firewall.module.service_sg.aws_security_group.this_name_prefix",
            "module.firewall.module.service_sg.aws_security_group_rule.computed_egress_rules",
            "module.firewall.module.service_sg.aws_security_group_rule.computed_egress_with_cidr_blocks",
            "module.firewall.module.service_sg.aws_security_group_rule.computed_egress_with_ipv6_cidr_blocks",
            "module.firewall.module.service_sg.aws_security_group_rule.computed_egress_with_prefix_list_ids",
            "module.firewall.module.service_sg.aws_security_group_rule.computed_egress_with_self",
            "module.firewall.module.service_sg.aws_security_group_rule.computed_egress_with_source_security_group_id",
            "module.firewall.module.service_sg.aws_security_group_rule.computed_ingress_rules",
            "module.firewall.module.service_sg.aws_security_group_rule.computed_ingress_with_cidr_blocks",
            "module.firewall.module.service_sg.aws_security_group_rule.computed_ingress_with_ipv6_cidr_blocks",
            "module.firewall.module.service_sg.aws_security_group_rule.computed_ingress_with_prefix_list_ids",
            "module.firewall.module.service_sg.aws_security_group_rule.computed_ingress_with_self",
            "module.firewall.module.service_sg.aws_security_group_rule.computed_ingress_with_source_security_group_id",
            "module.firewall.module.service_sg.aws_security_group_rule.egress_rules",
            "module.firewall.module.service_sg.aws_security_group_rule.egress_with_cidr_blocks",
            "module.firewall.module.service_sg.aws_security_group_rule.egress_with_ipv6_cidr_blocks",
            "module.firewall.module.service_sg.aws_security_group_rule.egress_with_prefix_list_ids",
            "module.firewall.module.service_sg.aws_security_group_rule.egress_with_self",
            "module.firewall.module.service_sg.aws_security_group_rule.egress_with_source_security_group_id",
            "module.firewall.module.service_sg.aws_security_group_rule.ingress_rules",
            "module.firewall.module.service_sg.aws_security_group_rule.ingress_with_cidr_blocks",
            "module.firewall.module.service_sg.aws_security_group_rule.ingress_with_ipv6_cidr_blocks",
            "module.firewall.module.service_sg.aws_security_group_rule.ingress_with_prefix_list_ids",
            "module.firewall.module.service_sg.aws_security_group_rule.ingress_with_self",
            "module.firewall.module.service_sg.aws_security_group_rule.ingress_with_source_security_group_id",
            "module.scaling.aws_iam_role.role",
            "module.scaling.data.aws_iam_policy_document.assume_role",
            "module.vpc.aws_eip.nat",
            "module.vpc.aws_internet_gateway.gw",
            "module.vpc.aws_nat_gateway.nat",
            "module.vpc.aws_route_table.private",
            "module.vpc.aws_route_table.public",
            "module.vpc.aws_route_table_association.private",
            "module.vpc.aws_route_table_association.public",
            "module.vpc.aws_subnet.private",
            "module.vpc.aws_subnet.public",
            "module.vpc.aws_vpc.this"
          ]
        }
      ]
    },
    {
      "module": "module.scaling",
      "mode": "managed",
      "type": "aws_iam_role",
      "name": "role",
      "provider": "provider[\"registry.terraform.io/hashicorp/aws\"]",
      "instances": [
        {
          "schema_version": 0,
          "attributes": {
            "arn": "arn:aws:iam::654654523718:role/aws_ltr-69d9bb42",
            "assume_role_policy": "{\"Statement\":[{\"Action\":\"sts:AssumeRole\",\"Effect\":\"Allow\",\"Principal\":{\"Service\":[\"ecs.amazonaws.com\",\"ec2.amazonaws.com\"]}}],\"Version\":\"2012-10-17\"}",
            "create_date": "2025-02-21T15:05:58Z",
            "description": "",
            "force_detach_policies": false,
            "id": "aws_ltr-69d9bb42",
            "inline_policy": [
              {
                "name": "terraform-20250221150559535200000004",
                "policy": "{\"Version\":\"2012-10-17\",\"Statement\":[{\"Action\":[\"ssmmessages:*\",\"ssm:*\",\"sns:*\",\"servicediscovery:*\",\"route53:*\",\"logs:*\",\"lambda:ListFunctions\",\"iam:*\",\"events:*\",\"elasticloadbalancing:*\",\"elasticfilesystem:*\",\"ecs:*\",\"ec2messages:*\",\"ec2:*\",\"ds:*\",\"codedeploy:*\",\"cloudwatch:*\",\"cloudformation:*\",\"autoscaling:*\",\"appmesh:*\",\"application-autoscaling:DeleteScalingPolicy\",\"application-autoscaling:*\"],\"Effect\":\"Allow\",\"Resource\":\"*\",\"Sid\":\"RoleForECSWorkloads\"}]}"
              }
            ],
            "managed_policy_arns": [
              "arn:aws:iam::aws:policy/service-role/AmazonEC2ContainerServiceforEC2Role"
            ],
            "max_session_duration": 3600,
            "name": "aws_ltr-69d9bb42",
            "name_prefix": "",
            "path": "/",
            "permissions_boundary": "",
            "tags": {},
            "tags_all": {},
            "unique_id": "AROAZQ3DTJFDDYG6FCWBP"
          },
          "sensitive_attributes": [],
          "private": "bnVsbA==",
          "dependencies": [
            "data.aws_availability_zones.available",
            "module.firewall.module.bastion_sg.aws_security_group.this",
            "module.firewall.module.bastion_sg.aws_security_group.this_name_prefix",
            "module.firewall.module.bastion_sg.aws_security_group_rule.computed_egress_rules",
            "module.firewall.module.bastion_sg.aws_security_group_rule.computed_egress_with_cidr_blocks",
            "module.firewall.module.bastion_sg.aws_security_group_rule.computed_egress_with_ipv6_cidr_blocks",
            "module.firewall.module.bastion_sg.aws_security_group_rule.computed_egress_with_prefix_list_ids",
            "module.firewall.module.bastion_sg.aws_security_group_rule.computed_egress_with_self",
            "module.firewall.module.bastion_sg.aws_security_group_rule.computed_egress_with_source_security_group_id",
            "module.firewall.module.bastion_sg.aws_security_group_rule.computed_ingress_rules",
            "module.firewall.module.bastion_sg.aws_security_group_rule.computed_ingress_with_cidr_blocks",
            "module.firewall.module.bastion_sg.aws_security_group_rule.computed_ingress_with_ipv6_cidr_blocks",
            "module.firewall.module.bastion_sg.aws_security_group_rule.computed_ingress_with_prefix_list_ids",
            "module.firewall.module.bastion_sg.aws_security_group_rule.computed_ingress_with_self",
            "module.firewall.module.bastion_sg.aws_security_group_rule.computed_ingress_with_source_security_group_id",
            "module.firewall.module.bastion_sg.aws_security_group_rule.egress_rules",
            "module.firewall.module.bastion_sg.aws_security_group_rule.egress_with_cidr_blocks",
            "module.firewall.module.bastion_sg.aws_security_group_rule.egress_with_ipv6_cidr_blocks",
            "module.firewall.module.bastion_sg.aws_security_group_rule.egress_with_prefix_list_ids",
            "module.firewall.module.bastion_sg.aws_security_group_rule.egress_with_self",
            "module.firewall.module.bastion_sg.aws_security_group_rule.egress_with_source_security_group_id",
            "module.firewall.module.bastion_sg.aws_security_group_rule.ingress_rules",
            "module.firewall.module.bastion_sg.aws_security_group_rule.ingress_with_cidr_blocks",
            "module.firewall.module.bastion_sg.aws_security_group_rule.ingress_with_ipv6_cidr_blocks",
            "module.firewall.module.bastion_sg.aws_security_group_rule.ingress_with_prefix_list_ids",
            "module.firewall.module.bastion_sg.aws_security_group_rule.ingress_with_self",
            "module.firewall.module.bastion_sg.aws_security_group_rule.ingress_with_source_security_group_id",
            "module.firewall.module.documentdb_sg.aws_security_group.this",
            "module.firewall.module.documentdb_sg.aws_security_group.this_name_prefix",
            "module.firewall.module.documentdb_sg.aws_security_group_rule.computed_egress_rules",
            "module.firewall.module.documentdb_sg.aws_security_group_rule.computed_egress_with_cidr_blocks",
            "module.firewall.module.documentdb_sg.aws_security_group_rule.computed_egress_with_ipv6_cidr_blocks",
            "module.firewall.module.documentdb_sg.aws_security_group_rule.computed_egress_with_prefix_list_ids",
            "module.firewall.module.documentdb_sg.aws_security_group_rule.computed_egress_with_self",
            "module.firewall.module.documentdb_sg.aws_security_group_rule.computed_egress_with_source_security_group_id",
            "module.firewall.module.documentdb_sg.aws_security_group_rule.computed_ingress_rules",
            "module.firewall.module.documentdb_sg.aws_security_group_rule.computed_ingress_with_cidr_blocks",
            "module.firewall.module.documentdb_sg.aws_security_group_rule.computed_ingress_with_ipv6_cidr_blocks",
            "module.firewall.module.documentdb_sg.aws_security_group_rule.computed_ingress_with_prefix_list_ids",
            "module.firewall.module.documentdb_sg.aws_security_group_rule.computed_ingress_with_self",
            "module.firewall.module.documentdb_sg.aws_security_group_rule.computed_ingress_with_source_security_group_id",
            "module.firewall.module.documentdb_sg.aws_security_group_rule.egress_rules",
            "module.firewall.module.documentdb_sg.aws_security_group_rule.egress_with_cidr_blocks",
            "module.firewall.module.documentdb_sg.aws_security_group_rule.egress_with_ipv6_cidr_blocks",
            "module.firewall.module.documentdb_sg.aws_security_group_rule.egress_with_prefix_list_ids",
            "module.firewall.module.documentdb_sg.aws_security_group_rule.egress_with_self",
            "module.firewall.module.documentdb_sg.aws_security_group_rule.egress_with_source_security_group_id",
            "module.firewall.module.documentdb_sg.aws_security_group_rule.ingress_rules",
            "module.firewall.module.documentdb_sg.aws_security_group_rule.ingress_with_cidr_blocks",
            "module.firewall.module.documentdb_sg.aws_security_group_rule.ingress_with_ipv6_cidr_blocks",
            "module.firewall.module.documentdb_sg.aws_security_group_rule.ingress_with_prefix_list_ids",
            "module.firewall.module.documentdb_sg.aws_security_group_rule.ingress_with_self",
            "module.firewall.module.documentdb_sg.aws_security_group_rule.ingress_with_source_security_group_id",
            "module.firewall.module.ecs_sg.aws_security_group.this",
            "module.firewall.module.ecs_sg.aws_security_group.this_name_prefix",
            "module.firewall.module.ecs_sg.aws_security_group_rule.computed_egress_rules",
            "module.firewall.module.ecs_sg.aws_security_group_rule.computed_egress_with_cidr_blocks",
            "module.firewall.module.ecs_sg.aws_security_group_rule.computed_egress_with_ipv6_cidr_blocks",
            "module.firewall.module.ecs_sg.aws_security_group_rule.computed_egress_with_prefix_list_ids",
            "module.firewall.module.ecs_sg.aws_security_group_rule.computed_egress_with_self",
            "module.firewall.module.ecs_sg.aws_security_group_rule.computed_egress_with_source_security_group_id",
            "module.firewall.module.ecs_sg.aws_security_group_rule.computed_ingress_rules",
            "module.firewall.module.ecs_sg.aws_security_group_rule.computed_ingress_with_cidr_blocks",
            "module.firewall.module.ecs_sg.aws_security_group_rule.computed_ingress_with_ipv6_cidr_blocks",
            "module.firewall.module.ecs_sg.aws_security_group_rule.computed_ingress_with_prefix_list_ids",
            "module.firewall.module.ecs_sg.aws_security_group_rule.computed_ingress_with_self",
            "module.firewall.module.ecs_sg.aws_security_group_rule.computed_ingress_with_source_security_group_id",
            "module.firewall.module.ecs_sg.aws_security_group_rule.egress_rules",
            "module.firewall.module.ecs_sg.aws_security_group_rule.egress_with_cidr_blocks",
            "module.firewall.module.ecs_sg.aws_security_group_rule.egress_with_ipv6_cidr_blocks",
            "module.firewall.module.ecs_sg.aws_security_group_rule.egress_with_prefix_list_ids",
            "module.firewall.module.ecs_sg.aws_security_group_rule.egress_with_self",
            "module.firewall.module.ecs_sg.aws_security_group_rule.egress_with_source_security_group_id",
            "module.firewall.module.ecs_sg.aws_security_group_rule.ingress_rules",
            "module.firewall.module.ecs_sg.aws_security_group_rule.ingress_with_cidr_blocks",
            "module.firewall.module.ecs_sg.aws_security_group_rule.ingress_with_ipv6_cidr_blocks",
            "module.firewall.module.ecs_sg.aws_security_group_rule.ingress_with_prefix_list_ids",
            "module.firewall.module.ecs_sg.aws_security_group_rule.ingress_with_self",
            "module.firewall.module.ecs_sg.aws_security_group_rule.ingress_with_source_security_group_id",
            "module.firewall.module.load_balancer_sg.aws_security_group.this",
            "module.firewall.module.load_balancer_sg.aws_security_group.this_name_prefix",
            "module.firewall.module.load_balancer_sg.aws_security_group_rule.computed_egress_rules",
            "module.firewall.module.load_balancer_sg.aws_security_group_rule.computed_egress_with_cidr_blocks",
            "module.firewall.module.load_balancer_sg.aws_security_group_rule.computed_egress_with_ipv6_cidr_blocks",
            "module.firewall.module.load_balancer_sg.aws_security_group_rule.computed_egress_with_prefix_list_ids",
            "module.firewall.module.load_balancer_sg.aws_security_group_rule.computed_egress_with_self",
            "module.firewall.module.load_balancer_sg.aws_security_group_rule.computed_egress_with_source_security_group_id",
            "module.firewall.module.load_balancer_sg.aws_security_group_rule.computed_ingress_rules",
            "module.firewall.module.load_balancer_sg.aws_security_group_rule.computed_ingress_with_cidr_blocks",
            "module.firewall.module.load_balancer_sg.aws_security_group_rule.computed_ingress_with_ipv6_cidr_blocks",
            "module.firewall.module.load_balancer_sg.aws_security_group_rule.computed_ingress_with_prefix_list_ids",
            "module.firewall.module.load_balancer_sg.aws_security_group_rule.computed_ingress_with_self",
            "module.firewall.module.load_balancer_sg.aws_security_group_rule.computed_ingress_with_source_security_group_id",
            "module.firewall.module.load_balancer_sg.aws_security_group_rule.egress_rules",
            "module.firewall.module.load_balancer_sg.aws_security_group_rule.egress_with_cidr_blocks",
            "module.firewall.module.load_balancer_sg.aws_security_group_rule.egress_with_ipv6_cidr_blocks",
            "module.firewall.module.load_balancer_sg.aws_security_group_rule.egress_with_prefix_list_ids",
            "module.firewall.module.load_balancer_sg.aws_security_group_rule.egress_with_self",
            "module.firewall.module.load_balancer_sg.aws_security_group_rule.egress_with_source_security_group_id",
            "module.firewall.module.load_balancer_sg.aws_security_group_rule.ingress_rules",
            "module.firewall.module.load_balancer_sg.aws_security_group_rule.ingress_with_cidr_blocks",
            "module.firewall.module.load_balancer_sg.aws_security_group_rule.ingress_with_ipv6_cidr_blocks",
            "module.firewall.module.load_balancer_sg.aws_security_group_rule.ingress_with_prefix_list_ids",
            "module.firewall.module.load_balancer_sg.aws_security_group_rule.ingress_with_self",
            "module.firewall.module.load_balancer_sg.aws_security_group_rule.ingress_with_source_security_group_id",
            "module.firewall.module.service_sg.aws_security_group.this",
            "module.firewall.module.service_sg.aws_security_group.this_name_prefix",
            "module.firewall.module.service_sg.aws_security_group_rule.computed_egress_rules",
            "module.firewall.module.service_sg.aws_security_group_rule.computed_egress_with_cidr_blocks",
            "module.firewall.module.service_sg.aws_security_group_rule.computed_egress_with_ipv6_cidr_blocks",
            "module.firewall.module.service_sg.aws_security_group_rule.computed_egress_with_prefix_list_ids",
            "module.firewall.module.service_sg.aws_security_group_rule.computed_egress_with_self",
            "module.firewall.module.service_sg.aws_security_group_rule.computed_egress_with_source_security_group_id",
            "module.firewall.module.service_sg.aws_security_group_rule.computed_ingress_rules",
            "module.firewall.module.service_sg.aws_security_group_rule.computed_ingress_with_cidr_blocks",
            "module.firewall.module.service_sg.aws_security_group_rule.computed_ingress_with_ipv6_cidr_blocks",
            "module.firewall.module.service_sg.aws_security_group_rule.computed_ingress_with_prefix_list_ids",
            "module.firewall.module.service_sg.aws_security_group_rule.computed_ingress_with_self",
            "module.firewall.module.service_sg.aws_security_group_rule.computed_ingress_with_source_security_group_id",
            "module.firewall.module.service_sg.aws_security_group_rule.egress_rules",
            "module.firewall.module.service_sg.aws_security_group_rule.egress_with_cidr_blocks",
            "module.firewall.module.service_sg.aws_security_group_rule.egress_with_ipv6_cidr_blocks",
            "module.firewall.module.service_sg.aws_security_group_rule.egress_with_prefix_list_ids",
            "module.firewall.module.service_sg.aws_security_group_rule.egress_with_self",
            "module.firewall.module.service_sg.aws_security_group_rule.egress_with_source_security_group_id",
            "module.firewall.module.service_sg.aws_security_group_rule.ingress_rules",
            "module.firewall.module.service_sg.aws_security_group_rule.ingress_with_cidr_blocks",
            "module.firewall.module.service_sg.aws_security_group_rule.ingress_with_ipv6_cidr_blocks",
            "module.firewall.module.service_sg.aws_security_group_rule.ingress_with_prefix_list_ids",
            "module.firewall.module.service_sg.aws_security_group_rule.ingress_with_self",
            "module.firewall.module.service_sg.aws_security_group_rule.ingress_with_source_security_group_id",
            "module.scaling.data.aws_iam_policy_document.assume_role",
            "module.vpc.aws_eip.nat",
            "module.vpc.aws_internet_gateway.gw",
            "module.vpc.aws_nat_gateway.nat",
            "module.vpc.aws_route_table.private",
            "module.vpc.aws_route_table.public",
            "module.vpc.aws_route_table_association.private",
            "module.vpc.aws_route_table_association.public",
            "module.vpc.aws_subnet.private",
            "module.vpc.aws_subnet.public",
            "module.vpc.aws_vpc.this"
          ]
        }
      ]
    },
    {
      "module": "module.scaling",
      "mode": "managed",
      "type": "aws_iam_role_policy",
      "name": "attach_role_policy",
      "provider": "provider[\"registry.terraform.io/hashicorp/aws\"]",
      "instances": [
        {
          "schema_version": 0,
          "attributes": {
            "id": "aws_ltr-69d9bb42:terraform-20250221150559535200000004",
            "name": "terraform-20250221150559535200000004",
            "name_prefix": "terraform-",
            "policy": "{\"Version\":\"2012-10-17\",\"Statement\":[{\"Action\":[\"ssmmessages:*\",\"ssm:*\",\"sns:*\",\"servicediscovery:*\",\"route53:*\",\"logs:*\",\"lambda:ListFunctions\",\"iam:*\",\"events:*\",\"elasticloadbalancing:*\",\"elasticfilesystem:*\",\"ecs:*\",\"ec2messages:*\",\"ec2:*\",\"ds:*\",\"codedeploy:*\",\"cloudwatch:*\",\"cloudformation:*\",\"autoscaling:*\",\"appmesh:*\",\"application-autoscaling:DeleteScalingPolicy\",\"application-autoscaling:*\"],\"Effect\":\"Allow\",\"Resource\":\"*\",\"Sid\":\"RoleForECSWorkloads\"}]}",
            "role": "aws_ltr-69d9bb42"
          },
          "sensitive_attributes": [],
          "private": "bnVsbA==",
          "dependencies": [
            "data.aws_availability_zones.available",
            "module.firewall.module.bastion_sg.aws_security_group.this",
            "module.firewall.module.bastion_sg.aws_security_group.this_name_prefix",
            "module.firewall.module.bastion_sg.aws_security_group_rule.computed_egress_rules",
            "module.firewall.module.bastion_sg.aws_security_group_rule.computed_egress_with_cidr_blocks",
            "module.firewall.module.bastion_sg.aws_security_group_rule.computed_egress_with_ipv6_cidr_blocks",
            "module.firewall.module.bastion_sg.aws_security_group_rule.computed_egress_with_prefix_list_ids",
            "module.firewall.module.bastion_sg.aws_security_group_rule.computed_egress_with_self",
            "module.firewall.module.bastion_sg.aws_security_group_rule.computed_egress_with_source_security_group_id",
            "module.firewall.module.bastion_sg.aws_security_group_rule.computed_ingress_rules",
            "module.firewall.module.bastion_sg.aws_security_group_rule.computed_ingress_with_cidr_blocks",
            "module.firewall.module.bastion_sg.aws_security_group_rule.computed_ingress_with_ipv6_cidr_blocks",
            "module.firewall.module.bastion_sg.aws_security_group_rule.computed_ingress_with_prefix_list_ids",
            "module.firewall.module.bastion_sg.aws_security_group_rule.computed_ingress_with_self",
            "module.firewall.module.bastion_sg.aws_security_group_rule.computed_ingress_with_source_security_group_id",
            "module.firewall.module.bastion_sg.aws_security_group_rule.egress_rules",
            "module.firewall.module.bastion_sg.aws_security_group_rule.egress_with_cidr_blocks",
            "module.firewall.module.bastion_sg.aws_security_group_rule.egress_with_ipv6_cidr_blocks",
            "module.firewall.module.bastion_sg.aws_security_group_rule.egress_with_prefix_list_ids",
            "module.firewall.module.bastion_sg.aws_security_group_rule.egress_with_self",
            "module.firewall.module.bastion_sg.aws_security_group_rule.egress_with_source_security_group_id",
            "module.firewall.module.bastion_sg.aws_security_group_rule.ingress_rules",
            "module.firewall.module.bastion_sg.aws_security_group_rule.ingress_with_cidr_blocks",
            "module.firewall.module.bastion_sg.aws_security_group_rule.ingress_with_ipv6_cidr_blocks",
            "module.firewall.module.bastion_sg.aws_security_group_rule.ingress_with_prefix_list_ids",
            "module.firewall.module.bastion_sg.aws_security_group_rule.ingress_with_self",
            "module.firewall.module.bastion_sg.aws_security_group_rule.ingress_with_source_security_group_id",
            "module.firewall.module.documentdb_sg.aws_security_group.this",
            "module.firewall.module.documentdb_sg.aws_security_group.this_name_prefix",
            "module.firewall.module.documentdb_sg.aws_security_group_rule.computed_egress_rules",
            "module.firewall.module.documentdb_sg.aws_security_group_rule.computed_egress_with_cidr_blocks",
            "module.firewall.module.documentdb_sg.aws_security_group_rule.computed_egress_with_ipv6_cidr_blocks",
            "module.firewall.module.documentdb_sg.aws_security_group_rule.computed_egress_with_prefix_list_ids",
            "module.firewall.module.documentdb_sg.aws_security_group_rule.computed_egress_with_self",
            "module.firewall.module.documentdb_sg.aws_security_group_rule.computed_egress_with_source_security_group_id",
            "module.firewall.module.documentdb_sg.aws_security_group_rule.computed_ingress_rules",
            "module.firewall.module.documentdb_sg.aws_security_group_rule.computed_ingress_with_cidr_blocks",
            "module.firewall.module.documentdb_sg.aws_security_group_rule.computed_ingress_with_ipv6_cidr_blocks",
            "module.firewall.module.documentdb_sg.aws_security_group_rule.computed_ingress_with_prefix_list_ids",
            "module.firewall.module.documentdb_sg.aws_security_group_rule.computed_ingress_with_self",
            "module.firewall.module.documentdb_sg.aws_security_group_rule.computed_ingress_with_source_security_group_id",
            "module.firewall.module.documentdb_sg.aws_security_group_rule.egress_rules",
            "module.firewall.module.documentdb_sg.aws_security_group_rule.egress_with_cidr_blocks",
            "module.firewall.module.documentdb_sg.aws_security_group_rule.egress_with_ipv6_cidr_blocks",
            "module.firewall.module.documentdb_sg.aws_security_group_rule.egress_with_prefix_list_ids",
            "module.firewall.module.documentdb_sg.aws_security_group_rule.egress_with_self",
            "module.firewall.module.documentdb_sg.aws_security_group_rule.egress_with_source_security_group_id",
            "module.firewall.module.documentdb_sg.aws_security_group_rule.ingress_rules",
            "module.firewall.module.documentdb_sg.aws_security_group_rule.ingress_with_cidr_blocks",
            "module.firewall.module.documentdb_sg.aws_security_group_rule.ingress_with_ipv6_cidr_blocks",
            "module.firewall.module.documentdb_sg.aws_security_group_rule.ingress_with_prefix_list_ids",
            "module.firewall.module.documentdb_sg.aws_security_group_rule.ingress_with_self",
            "module.firewall.module.documentdb_sg.aws_security_group_rule.ingress_with_source_security_group_id",
            "module.firewall.module.ecs_sg.aws_security_group.this",
            "module.firewall.module.ecs_sg.aws_security_group.this_name_prefix",
            "module.firewall.module.ecs_sg.aws_security_group_rule.computed_egress_rules",
            "module.firewall.module.ecs_sg.aws_security_group_rule.computed_egress_with_cidr_blocks",
            "module.firewall.module.ecs_sg.aws_security_group_rule.computed_egress_with_ipv6_cidr_blocks",
            "module.firewall.module.ecs_sg.aws_security_group_rule.computed_egress_with_prefix_list_ids",
            "module.firewall.module.ecs_sg.aws_security_group_rule.computed_egress_with_self",
            "module.firewall.module.ecs_sg.aws_security_group_rule.computed_egress_with_source_security_group_id",
            "module.firewall.module.ecs_sg.aws_security_group_rule.computed_ingress_rules",
            "module.firewall.module.ecs_sg.aws_security_group_rule.computed_ingress_with_cidr_blocks",
            "module.firewall.module.ecs_sg.aws_security_group_rule.computed_ingress_with_ipv6_cidr_blocks",
            "module.firewall.module.ecs_sg.aws_security_group_rule.computed_ingress_with_prefix_list_ids",
            "module.firewall.module.ecs_sg.aws_security_group_rule.computed_ingress_with_self",
            "module.firewall.module.ecs_sg.aws_security_group_rule.computed_ingress_with_source_security_group_id",
            "module.firewall.module.ecs_sg.aws_security_group_rule.egress_rules",
            "module.firewall.module.ecs_sg.aws_security_group_rule.egress_with_cidr_blocks",
            "module.firewall.module.ecs_sg.aws_security_group_rule.egress_with_ipv6_cidr_blocks",
            "module.firewall.module.ecs_sg.aws_security_group_rule.egress_with_prefix_list_ids",
            "module.firewall.module.ecs_sg.aws_security_group_rule.egress_with_self",
            "module.firewall.module.ecs_sg.aws_security_group_rule.egress_with_source_security_group_id",
            "module.firewall.module.ecs_sg.aws_security_group_rule.ingress_rules",
            "module.firewall.module.ecs_sg.aws_security_group_rule.ingress_with_cidr_blocks",
            "module.firewall.module.ecs_sg.aws_security_group_rule.ingress_with_ipv6_cidr_blocks",
            "module.firewall.module.ecs_sg.aws_security_group_rule.ingress_with_prefix_list_ids",
            "module.firewall.module.ecs_sg.aws_security_group_rule.ingress_with_self",
            "module.firewall.module.ecs_sg.aws_security_group_rule.ingress_with_source_security_group_id",
            "module.firewall.module.load_balancer_sg.aws_security_group.this",
            "module.firewall.module.load_balancer_sg.aws_security_group.this_name_prefix",
            "module.firewall.module.load_balancer_sg.aws_security_group_rule.computed_egress_rules",
            "module.firewall.module.load_balancer_sg.aws_security_group_rule.computed_egress_with_cidr_blocks",
            "module.firewall.module.load_balancer_sg.aws_security_group_rule.computed_egress_with_ipv6_cidr_blocks",
            "module.firewall.module.load_balancer_sg.aws_security_group_rule.computed_egress_with_prefix_list_ids",
            "module.firewall.module.load_balancer_sg.aws_security_group_rule.computed_egress_with_self",
            "module.firewall.module.load_balancer_sg.aws_security_group_rule.computed_egress_with_source_security_group_id",
            "module.firewall.module.load_balancer_sg.aws_security_group_rule.computed_ingress_rules",
            "module.firewall.module.load_balancer_sg.aws_security_group_rule.computed_ingress_with_cidr_blocks",
            "module.firewall.module.load_balancer_sg.aws_security_group_rule.computed_ingress_with_ipv6_cidr_blocks",
            "module.firewall.module.load_balancer_sg.aws_security_group_rule.computed_ingress_with_prefix_list_ids",
            "module.firewall.module.load_balancer_sg.aws_security_group_rule.computed_ingress_with_self",
            "module.firewall.module.load_balancer_sg.aws_security_group_rule.computed_ingress_with_source_security_group_id",
            "module.firewall.module.load_balancer_sg.aws_security_group_rule.egress_rules",
            "module.firewall.module.load_balancer_sg.aws_security_group_rule.egress_with_cidr_blocks",
            "module.firewall.module.load_balancer_sg.aws_security_group_rule.egress_with_ipv6_cidr_blocks",
            "module.firewall.module.load_balancer_sg.aws_security_group_rule.egress_with_prefix_list_ids",
            "module.firewall.module.load_balancer_sg.aws_security_group_rule.egress_with_self",
            "module.firewall.module.load_balancer_sg.aws_security_group_rule.egress_with_source_security_group_id",
            "module.firewall.module.load_balancer_sg.aws_security_group_rule.ingress_rules",
            "module.firewall.module.load_balancer_sg.aws_security_group_rule.ingress_with_cidr_blocks",
            "module.firewall.module.load_balancer_sg.aws_security_group_rule.ingress_with_ipv6_cidr_blocks",
            "module.firewall.module.load_balancer_sg.aws_security_group_rule.ingress_with_prefix_list_ids",
            "module.firewall.module.load_balancer_sg.aws_security_group_rule.ingress_with_self",
            "module.firewall.module.load_balancer_sg.aws_security_group_rule.ingress_with_source_security_group_id",
            "module.firewall.module.service_sg.aws_security_group.this",
            "module.firewall.module.service_sg.aws_security_group.this_name_prefix",
            "module.firewall.module.service_sg.aws_security_group_rule.computed_egress_rules",
            "module.firewall.module.service_sg.aws_security_group_rule.computed_egress_with_cidr_blocks",
            "module.firewall.module.service_sg.aws_security_group_rule.computed_egress_with_ipv6_cidr_blocks",
            "module.firewall.module.service_sg.aws_security_group_rule.computed_egress_with_prefix_list_ids",
            "module.firewall.module.service_sg.aws_security_group_rule.computed_egress_with_self",
            "module.firewall.module.service_sg.aws_security_group_rule.computed_egress_with_source_security_group_id",
            "module.firewall.module.service_sg.aws_security_group_rule.computed_ingress_rules",
            "module.firewall.module.service_sg.aws_security_group_rule.computed_ingress_with_cidr_blocks",
            "module.firewall.module.service_sg.aws_security_group_rule.computed_ingress_with_ipv6_cidr_blocks",
            "module.firewall.module.service_sg.aws_security_group_rule.computed_ingress_with_prefix_list_ids",
            "module.firewall.module.service_sg.aws_security_group_rule.computed_ingress_with_self",
            "module.firewall.module.service_sg.aws_security_group_rule.computed_ingress_with_source_security_group_id",
            "module.firewall.module.service_sg.aws_security_group_rule.egress_rules",
            "module.firewall.module.service_sg.aws_security_group_rule.egress_with_cidr_blocks",
            "module.firewall.module.service_sg.aws_security_group_rule.egress_with_ipv6_cidr_blocks",
            "module.firewall.module.service_sg.aws_security_group_rule.egress_with_prefix_list_ids",
            "module.firewall.module.service_sg.aws_security_group_rule.egress_with_self",
            "module.firewall.module.service_sg.aws_security_group_rule.egress_with_source_security_group_id",
            "module.firewall.module.service_sg.aws_security_group_rule.ingress_rules",
            "module.firewall.module.service_sg.aws_security_group_rule.ingress_with_cidr_blocks",
            "module.firewall.module.service_sg.aws_security_group_rule.ingress_with_ipv6_cidr_blocks",
            "module.firewall.module.service_sg.aws_security_group_rule.ingress_with_prefix_list_ids",
            "module.firewall.module.service_sg.aws_security_group_rule.ingress_with_self",
            "module.firewall.module.service_sg.aws_security_group_rule.ingress_with_source_security_group_id",
            "module.scaling.aws_iam_role.role",
            "module.scaling.data.aws_iam_policy_document.assume_role",
            "module.scaling.data.aws_iam_policy_document.workloads",
            "module.vpc.aws_eip.nat",
            "module.vpc.aws_internet_gateway.gw",
            "module.vpc.aws_nat_gateway.nat",
            "module.vpc.aws_route_table.private",
            "module.vpc.aws_route_table.public",
            "module.vpc.aws_route_table_association.private",
            "module.vpc.aws_route_table_association.public",
            "module.vpc.aws_subnet.private",
            "module.vpc.aws_subnet.public",
            "module.vpc.aws_vpc.this"
          ]
        }
      ]
    },
    {
      "module": "module.scaling",
      "mode": "managed",
      "type": "aws_iam_role_policy_attachment",
      "name": "ecs_node_role_policy",
      "provider": "provider[\"registry.terraform.io/hashicorp/aws\"]",
      "instances": [
        {
          "schema_version": 0,
          "attributes": {
            "id": "aws_ltr-69d9bb42-20250221150559776600000005",
            "policy_arn": "arn:aws:iam::aws:policy/service-role/AmazonEC2ContainerServiceforEC2Role",
            "role": "aws_ltr-69d9bb42"
          },
          "sensitive_attributes": [],
          "private": "bnVsbA==",
          "dependencies": [
            "data.aws_availability_zones.available",
            "module.firewall.module.bastion_sg.aws_security_group.this",
            "module.firewall.module.bastion_sg.aws_security_group.this_name_prefix",
            "module.firewall.module.bastion_sg.aws_security_group_rule.computed_egress_rules",
            "module.firewall.module.bastion_sg.aws_security_group_rule.computed_egress_with_cidr_blocks",
            "module.firewall.module.bastion_sg.aws_security_group_rule.computed_egress_with_ipv6_cidr_blocks",
            "module.firewall.module.bastion_sg.aws_security_group_rule.computed_egress_with_prefix_list_ids",
            "module.firewall.module.bastion_sg.aws_security_group_rule.computed_egress_with_self",
            "module.firewall.module.bastion_sg.aws_security_group_rule.computed_egress_with_source_security_group_id",
            "module.firewall.module.bastion_sg.aws_security_group_rule.computed_ingress_rules",
            "module.firewall.module.bastion_sg.aws_security_group_rule.computed_ingress_with_cidr_blocks",
            "module.firewall.module.bastion_sg.aws_security_group_rule.computed_ingress_with_ipv6_cidr_blocks",
            "module.firewall.module.bastion_sg.aws_security_group_rule.computed_ingress_with_prefix_list_ids",
            "module.firewall.module.bastion_sg.aws_security_group_rule.computed_ingress_with_self",
            "module.firewall.module.bastion_sg.aws_security_group_rule.computed_ingress_with_source_security_group_id",
            "module.firewall.module.bastion_sg.aws_security_group_rule.egress_rules",
            "module.firewall.module.bastion_sg.aws_security_group_rule.egress_with_cidr_blocks",
            "module.firewall.module.bastion_sg.aws_security_group_rule.egress_with_ipv6_cidr_blocks",
            "module.firewall.module.bastion_sg.aws_security_group_rule.egress_with_prefix_list_ids",
            "module.firewall.module.bastion_sg.aws_security_group_rule.egress_with_self",
            "module.firewall.module.bastion_sg.aws_security_group_rule.egress_with_source_security_group_id",
            "module.firewall.module.bastion_sg.aws_security_group_rule.ingress_rules",
            "module.firewall.module.bastion_sg.aws_security_group_rule.ingress_with_cidr_blocks",
            "module.firewall.module.bastion_sg.aws_security_group_rule.ingress_with_ipv6_cidr_blocks",
            "module.firewall.module.bastion_sg.aws_security_group_rule.ingress_with_prefix_list_ids",
            "module.firewall.module.bastion_sg.aws_security_group_rule.ingress_with_self",
            "module.firewall.module.bastion_sg.aws_security_group_rule.ingress_with_source_security_group_id",
            "module.firewall.module.documentdb_sg.aws_security_group.this",
            "module.firewall.module.documentdb_sg.aws_security_group.this_name_prefix",
            "module.firewall.module.documentdb_sg.aws_security_group_rule.computed_egress_rules",
            "module.firewall.module.documentdb_sg.aws_security_group_rule.computed_egress_with_cidr_blocks",
            "module.firewall.module.documentdb_sg.aws_security_group_rule.computed_egress_with_ipv6_cidr_blocks",
            "module.firewall.module.documentdb_sg.aws_security_group_rule.computed_egress_with_prefix_list_ids",
            "module.firewall.module.documentdb_sg.aws_security_group_rule.computed_egress_with_self",
            "module.firewall.module.documentdb_sg.aws_security_group_rule.computed_egress_with_source_security_group_id",
            "module.firewall.module.documentdb_sg.aws_security_group_rule.computed_ingress_rules",
            "module.firewall.module.documentdb_sg.aws_security_group_rule.computed_ingress_with_cidr_blocks",
            "module.firewall.module.documentdb_sg.aws_security_group_rule.computed_ingress_with_ipv6_cidr_blocks",
            "module.firewall.module.documentdb_sg.aws_security_group_rule.computed_ingress_with_prefix_list_ids",
            "module.firewall.module.documentdb_sg.aws_security_group_rule.computed_ingress_with_self",
            "module.firewall.module.documentdb_sg.aws_security_group_rule.computed_ingress_with_source_security_group_id",
            "module.firewall.module.documentdb_sg.aws_security_group_rule.egress_rules",
            "module.firewall.module.documentdb_sg.aws_security_group_rule.egress_with_cidr_blocks",
            "module.firewall.module.documentdb_sg.aws_security_group_rule.egress_with_ipv6_cidr_blocks",
            "module.firewall.module.documentdb_sg.aws_security_group_rule.egress_with_prefix_list_ids",
            "module.firewall.module.documentdb_sg.aws_security_group_rule.egress_with_self",
            "module.firewall.module.documentdb_sg.aws_security_group_rule.egress_with_source_security_group_id",
            "module.firewall.module.documentdb_sg.aws_security_group_rule.ingress_rules",
            "module.firewall.module.documentdb_sg.aws_security_group_rule.ingress_with_cidr_blocks",
            "module.firewall.module.documentdb_sg.aws_security_group_rule.ingress_with_ipv6_cidr_blocks",
            "module.firewall.module.documentdb_sg.aws_security_group_rule.ingress_with_prefix_list_ids",
            "module.firewall.module.documentdb_sg.aws_security_group_rule.ingress_with_self",
            "module.firewall.module.documentdb_sg.aws_security_group_rule.ingress_with_source_security_group_id",
            "module.firewall.module.ecs_sg.aws_security_group.this",
            "module.firewall.module.ecs_sg.aws_security_group.this_name_prefix",
            "module.firewall.module.ecs_sg.aws_security_group_rule.computed_egress_rules",
            "module.firewall.module.ecs_sg.aws_security_group_rule.computed_egress_with_cidr_blocks",
            "module.firewall.module.ecs_sg.aws_security_group_rule.computed_egress_with_ipv6_cidr_blocks",
            "module.firewall.module.ecs_sg.aws_security_group_rule.computed_egress_with_prefix_list_ids",
            "module.firewall.module.ecs_sg.aws_security_group_rule.computed_egress_with_self",
            "module.firewall.module.ecs_sg.aws_security_group_rule.computed_egress_with_source_security_group_id",
            "module.firewall.module.ecs_sg.aws_security_group_rule.computed_ingress_rules",
            "module.firewall.module.ecs_sg.aws_security_group_rule.computed_ingress_with_cidr_blocks",
            "module.firewall.module.ecs_sg.aws_security_group_rule.computed_ingress_with_ipv6_cidr_blocks",
            "module.firewall.module.ecs_sg.aws_security_group_rule.computed_ingress_with_prefix_list_ids",
            "module.firewall.module.ecs_sg.aws_security_group_rule.computed_ingress_with_self",
            "module.firewall.module.ecs_sg.aws_security_group_rule.computed_ingress_with_source_security_group_id",
            "module.firewall.module.ecs_sg.aws_security_group_rule.egress_rules",
            "module.firewall.module.ecs_sg.aws_security_group_rule.egress_with_cidr_blocks",
            "module.firewall.module.ecs_sg.aws_security_group_rule.egress_with_ipv6_cidr_blocks",
            "module.firewall.module.ecs_sg.aws_security_group_rule.egress_with_prefix_list_ids",
            "module.firewall.module.ecs_sg.aws_security_group_rule.egress_with_self",
            "module.firewall.module.ecs_sg.aws_security_group_rule.egress_with_source_security_group_id",
            "module.firewall.module.ecs_sg.aws_security_group_rule.ingress_rules",
            "module.firewall.module.ecs_sg.aws_security_group_rule.ingress_with_cidr_blocks",
            "module.firewall.module.ecs_sg.aws_security_group_rule.ingress_with_ipv6_cidr_blocks",
            "module.firewall.module.ecs_sg.aws_security_group_rule.ingress_with_prefix_list_ids",
            "module.firewall.module.ecs_sg.aws_security_group_rule.ingress_with_self",
            "module.firewall.module.ecs_sg.aws_security_group_rule.ingress_with_source_security_group_id",
            "module.firewall.module.load_balancer_sg.aws_security_group.this",
            "module.firewall.module.load_balancer_sg.aws_security_group.this_name_prefix",
            "module.firewall.module.load_balancer_sg.aws_security_group_rule.computed_egress_rules",
            "module.firewall.module.load_balancer_sg.aws_security_group_rule.computed_egress_with_cidr_blocks",
            "module.firewall.module.load_balancer_sg.aws_security_group_rule.computed_egress_with_ipv6_cidr_blocks",
            "module.firewall.module.load_balancer_sg.aws_security_group_rule.computed_egress_with_prefix_list_ids",
            "module.firewall.module.load_balancer_sg.aws_security_group_rule.computed_egress_with_self",
            "module.firewall.module.load_balancer_sg.aws_security_group_rule.computed_egress_with_source_security_group_id",
            "module.firewall.module.load_balancer_sg.aws_security_group_rule.computed_ingress_rules",
            "module.firewall.module.load_balancer_sg.aws_security_group_rule.computed_ingress_with_cidr_blocks",
            "module.firewall.module.load_balancer_sg.aws_security_group_rule.computed_ingress_with_ipv6_cidr_blocks",
            "module.firewall.module.load_balancer_sg.aws_security_group_rule.computed_ingress_with_prefix_list_ids",
            "module.firewall.module.load_balancer_sg.aws_security_group_rule.computed_ingress_with_self",
            "module.firewall.module.load_balancer_sg.aws_security_group_rule.computed_ingress_with_source_security_group_id",
            "module.firewall.module.load_balancer_sg.aws_security_group_rule.egress_rules",
            "module.firewall.module.load_balancer_sg.aws_security_group_rule.egress_with_cidr_blocks",
            "module.firewall.module.load_balancer_sg.aws_security_group_rule.egress_with_ipv6_cidr_blocks",
            "module.firewall.module.load_balancer_sg.aws_security_group_rule.egress_with_prefix_list_ids",
            "module.firewall.module.load_balancer_sg.aws_security_group_rule.egress_with_self",
            "module.firewall.module.load_balancer_sg.aws_security_group_rule.egress_with_source_security_group_id",
            "module.firewall.module.load_balancer_sg.aws_security_group_rule.ingress_rules",
            "module.firewall.module.load_balancer_sg.aws_security_group_rule.ingress_with_cidr_blocks",
            "module.firewall.module.load_balancer_sg.aws_security_group_rule.ingress_with_ipv6_cidr_blocks",
            "module.firewall.module.load_balancer_sg.aws_security_group_rule.ingress_with_prefix_list_ids",
            "module.firewall.module.load_balancer_sg.aws_security_group_rule.ingress_with_self",
            "module.firewall.module.load_balancer_sg.aws_security_group_rule.ingress_with_source_security_group_id",
            "module.firewall.module.service_sg.aws_security_group.this",
            "module.firewall.module.service_sg.aws_security_group.this_name_prefix",
            "module.firewall.module.service_sg.aws_security_group_rule.computed_egress_rules",
            "module.firewall.module.service_sg.aws_security_group_rule.computed_egress_with_cidr_blocks",
            "module.firewall.module.service_sg.aws_security_group_rule.computed_egress_with_ipv6_cidr_blocks",
            "module.firewall.module.service_sg.aws_security_group_rule.computed_egress_with_prefix_list_ids",
            "module.firewall.module.service_sg.aws_security_group_rule.computed_egress_with_self",
            "module.firewall.module.service_sg.aws_security_group_rule.computed_egress_with_source_security_group_id",
            "module.firewall.module.service_sg.aws_security_group_rule.computed_ingress_rules",
            "module.firewall.module.service_sg.aws_security_group_rule.computed_ingress_with_cidr_blocks",
            "module.firewall.module.service_sg.aws_security_group_rule.computed_ingress_with_ipv6_cidr_blocks",
            "module.firewall.module.service_sg.aws_security_group_rule.computed_ingress_with_prefix_list_ids",
            "module.firewall.module.service_sg.aws_security_group_rule.computed_ingress_with_self",
            "module.firewall.module.service_sg.aws_security_group_rule.computed_ingress_with_source_security_group_id",
            "module.firewall.module.service_sg.aws_security_group_rule.egress_rules",
            "module.firewall.module.service_sg.aws_security_group_rule.egress_with_cidr_blocks",
            "module.firewall.module.service_sg.aws_security_group_rule.egress_with_ipv6_cidr_blocks",
            "module.firewall.module.service_sg.aws_security_group_rule.egress_with_prefix_list_ids",
            "module.firewall.module.service_sg.aws_security_group_rule.egress_with_self",
            "module.firewall.module.service_sg.aws_security_group_rule.egress_with_source_security_group_id",
            "module.firewall.module.service_sg.aws_security_group_rule.ingress_rules",
            "module.firewall.module.service_sg.aws_security_group_rule.ingress_with_cidr_blocks",
            "module.firewall.module.service_sg.aws_security_group_rule.ingress_with_ipv6_cidr_blocks",
            "module.firewall.module.service_sg.aws_security_group_rule.ingress_with_prefix_list_ids",
            "module.firewall.module.service_sg.aws_security_group_rule.ingress_with_self",
            "module.firewall.module.service_sg.aws_security_group_rule.ingress_with_source_security_group_id",
            "module.scaling.aws_iam_role.role",
            "module.scaling.data.aws_iam_policy_document.assume_role",
            "module.vpc.aws_eip.nat",
            "module.vpc.aws_internet_gateway.gw",
            "module.vpc.aws_nat_gateway.nat",
            "module.vpc.aws_route_table.private",
            "module.vpc.aws_route_table.public",
            "module.vpc.aws_route_table_association.private",
            "module.vpc.aws_route_table_association.public",
            "module.vpc.aws_subnet.private",
            "module.vpc.aws_subnet.public",
            "module.vpc.aws_vpc.this"
          ]
        }
      ]
    },
    {
      "module": "module.scaling",
      "mode": "managed",
      "type": "aws_launch_template",
      "name": "this",
      "provider": "provider[\"registry.terraform.io/hashicorp/aws\"]",
      "instances": [
        {
          "schema_version": 0,
          "attributes": {
            "arn": "arn:aws:ec2:us-east-1:654654523718:launch-template/lt-0789291c9c88a3b80",
            "block_device_mappings": [],
            "capacity_reservation_specification": [],
            "cpu_options": [],
            "credit_specification": [],
            "default_version": 10,
            "description": "",
            "disable_api_stop": false,
            "disable_api_termination": false,
            "ebs_optimized": "",
            "elastic_gpu_specifications": [],
            "elastic_inference_accelerator": [],
            "enclave_options": [],
            "hibernation_options": [],
            "iam_instance_profile": [],
            "id": "lt-0789291c9c88a3b80",
            "image_id": "ami-0b41be9076563b64a",
            "instance_initiated_shutdown_behavior": "",
            "instance_market_options": [],
            "instance_requirements": [],
            "instance_type": "t3a.medium",
            "kernel_id": "",
            "key_name": "",
            "latest_version": 12,
            "license_specification": [],
            "maintenance_options": [],
            "metadata_options": [],
            "monitoring": [],
            "name": "ecs-launch-template20250221150558137900000001",
            "name_prefix": "ecs-launch-template",
            "network_interfaces": [],
            "placement": [],
            "private_dns_name_options": [],
            "ram_disk_id": "",
            "security_group_names": [],
            "tag_specifications": [],
            "tags": {},
            "tags_all": {},
            "update_default_version": null,
            "user_data": "",
            "vpc_security_group_ids": []
          },
          "sensitive_attributes": [],
          "private": "bnVsbA==",
          "dependencies": [
            "data.aws_availability_zones.available",
            "module.firewall.module.bastion_sg.aws_security_group.this",
            "module.firewall.module.bastion_sg.aws_security_group.this_name_prefix",
            "module.firewall.module.bastion_sg.aws_security_group_rule.computed_egress_rules",
            "module.firewall.module.bastion_sg.aws_security_group_rule.computed_egress_with_cidr_blocks",
            "module.firewall.module.bastion_sg.aws_security_group_rule.computed_egress_with_ipv6_cidr_blocks",
            "module.firewall.module.bastion_sg.aws_security_group_rule.computed_egress_with_prefix_list_ids",
            "module.firewall.module.bastion_sg.aws_security_group_rule.computed_egress_with_self",
            "module.firewall.module.bastion_sg.aws_security_group_rule.computed_egress_with_source_security_group_id",
            "module.firewall.module.bastion_sg.aws_security_group_rule.computed_ingress_rules",
            "module.firewall.module.bastion_sg.aws_security_group_rule.computed_ingress_with_cidr_blocks",
            "module.firewall.module.bastion_sg.aws_security_group_rule.computed_ingress_with_ipv6_cidr_blocks",
            "module.firewall.module.bastion_sg.aws_security_group_rule.computed_ingress_with_prefix_list_ids",
            "module.firewall.module.bastion_sg.aws_security_group_rule.computed_ingress_with_self",
            "module.firewall.module.bastion_sg.aws_security_group_rule.computed_ingress_with_source_security_group_id",
            "module.firewall.module.bastion_sg.aws_security_group_rule.egress_rules",
            "module.firewall.module.bastion_sg.aws_security_group_rule.egress_with_cidr_blocks",
            "module.firewall.module.bastion_sg.aws_security_group_rule.egress_with_ipv6_cidr_blocks",
            "module.firewall.module.bastion_sg.aws_security_group_rule.egress_with_prefix_list_ids",
            "module.firewall.module.bastion_sg.aws_security_group_rule.egress_with_self",
            "module.firewall.module.bastion_sg.aws_security_group_rule.egress_with_source_security_group_id",
            "module.firewall.module.bastion_sg.aws_security_group_rule.ingress_rules",
            "module.firewall.module.bastion_sg.aws_security_group_rule.ingress_with_cidr_blocks",
            "module.firewall.module.bastion_sg.aws_security_group_rule.ingress_with_ipv6_cidr_blocks",
            "module.firewall.module.bastion_sg.aws_security_group_rule.ingress_with_prefix_list_ids",
            "module.firewall.module.bastion_sg.aws_security_group_rule.ingress_with_self",
            "module.firewall.module.bastion_sg.aws_security_group_rule.ingress_with_source_security_group_id",
            "module.firewall.module.documentdb_sg.aws_security_group.this",
            "module.firewall.module.documentdb_sg.aws_security_group.this_name_prefix",
            "module.firewall.module.documentdb_sg.aws_security_group_rule.computed_egress_rules",
            "module.firewall.module.documentdb_sg.aws_security_group_rule.computed_egress_with_cidr_blocks",
            "module.firewall.module.documentdb_sg.aws_security_group_rule.computed_egress_with_ipv6_cidr_blocks",
            "module.firewall.module.documentdb_sg.aws_security_group_rule.computed_egress_with_prefix_list_ids",
            "module.firewall.module.documentdb_sg.aws_security_group_rule.computed_egress_with_self",
            "module.firewall.module.documentdb_sg.aws_security_group_rule.computed_egress_with_source_security_group_id",
            "module.firewall.module.documentdb_sg.aws_security_group_rule.computed_ingress_rules",
            "module.firewall.module.documentdb_sg.aws_security_group_rule.computed_ingress_with_cidr_blocks",
            "module.firewall.module.documentdb_sg.aws_security_group_rule.computed_ingress_with_ipv6_cidr_blocks",
            "module.firewall.module.documentdb_sg.aws_security_group_rule.computed_ingress_with_prefix_list_ids",
            "module.firewall.module.documentdb_sg.aws_security_group_rule.computed_ingress_with_self",
            "module.firewall.module.documentdb_sg.aws_security_group_rule.computed_ingress_with_source_security_group_id",
            "module.firewall.module.documentdb_sg.aws_security_group_rule.egress_rules",
            "module.firewall.module.documentdb_sg.aws_security_group_rule.egress_with_cidr_blocks",
            "module.firewall.module.documentdb_sg.aws_security_group_rule.egress_with_ipv6_cidr_blocks",
            "module.firewall.module.documentdb_sg.aws_security_group_rule.egress_with_prefix_list_ids",
            "module.firewall.module.documentdb_sg.aws_security_group_rule.egress_with_self",
            "module.firewall.module.documentdb_sg.aws_security_group_rule.egress_with_source_security_group_id",
            "module.firewall.module.documentdb_sg.aws_security_group_rule.ingress_rules",
            "module.firewall.module.documentdb_sg.aws_security_group_rule.ingress_with_cidr_blocks",
            "module.firewall.module.documentdb_sg.aws_security_group_rule.ingress_with_ipv6_cidr_blocks",
            "module.firewall.module.documentdb_sg.aws_security_group_rule.ingress_with_prefix_list_ids",
            "module.firewall.module.documentdb_sg.aws_security_group_rule.ingress_with_self",
            "module.firewall.module.documentdb_sg.aws_security_group_rule.ingress_with_source_security_group_id",
            "module.firewall.module.ecs_sg.aws_security_group.this",
            "module.firewall.module.ecs_sg.aws_security_group.this_name_prefix",
            "module.firewall.module.ecs_sg.aws_security_group_rule.computed_egress_rules",
            "module.firewall.module.ecs_sg.aws_security_group_rule.computed_egress_with_cidr_blocks",
            "module.firewall.module.ecs_sg.aws_security_group_rule.computed_egress_with_ipv6_cidr_blocks",
            "module.firewall.module.ecs_sg.aws_security_group_rule.computed_egress_with_prefix_list_ids",
            "module.firewall.module.ecs_sg.aws_security_group_rule.computed_egress_with_self",
            "module.firewall.module.ecs_sg.aws_security_group_rule.computed_egress_with_source_security_group_id",
            "module.firewall.module.ecs_sg.aws_security_group_rule.computed_ingress_rules",
            "module.firewall.module.ecs_sg.aws_security_group_rule.computed_ingress_with_cidr_blocks",
            "module.firewall.module.ecs_sg.aws_security_group_rule.computed_ingress_with_ipv6_cidr_blocks",
            "module.firewall.module.ecs_sg.aws_security_group_rule.computed_ingress_with_prefix_list_ids",
            "module.firewall.module.ecs_sg.aws_security_group_rule.computed_ingress_with_self",
            "module.firewall.module.ecs_sg.aws_security_group_rule.computed_ingress_with_source_security_group_id",
            "module.firewall.module.ecs_sg.aws_security_group_rule.egress_rules",
            "module.firewall.module.ecs_sg.aws_security_group_rule.egress_with_cidr_blocks",
            "module.firewall.module.ecs_sg.aws_security_group_rule.egress_with_ipv6_cidr_blocks",
            "module.firewall.module.ecs_sg.aws_security_group_rule.egress_with_prefix_list_ids",
            "module.firewall.module.ecs_sg.aws_security_group_rule.egress_with_self",
            "module.firewall.module.ecs_sg.aws_security_group_rule.egress_with_source_security_group_id",
            "module.firewall.module.ecs_sg.aws_security_group_rule.ingress_rules",
            "module.firewall.module.ecs_sg.aws_security_group_rule.ingress_with_cidr_blocks",
            "module.firewall.module.ecs_sg.aws_security_group_rule.ingress_with_ipv6_cidr_blocks",
            "module.firewall.module.ecs_sg.aws_security_group_rule.ingress_with_prefix_list_ids",
            "module.firewall.module.ecs_sg.aws_security_group_rule.ingress_with_self",
            "module.firewall.module.ecs_sg.aws_security_group_rule.ingress_with_source_security_group_id",
            "module.firewall.module.load_balancer_sg.aws_security_group.this",
            "module.firewall.module.load_balancer_sg.aws_security_group.this_name_prefix",
            "module.firewall.module.load_balancer_sg.aws_security_group_rule.computed_egress_rules",
            "module.firewall.module.load_balancer_sg.aws_security_group_rule.computed_egress_with_cidr_blocks",
            "module.firewall.module.load_balancer_sg.aws_security_group_rule.computed_egress_with_ipv6_cidr_blocks",
            "module.firewall.module.load_balancer_sg.aws_security_group_rule.computed_egress_with_prefix_list_ids",
            "module.firewall.module.load_balancer_sg.aws_security_group_rule.computed_egress_with_self",
            "module.firewall.module.load_balancer_sg.aws_security_group_rule.computed_egress_with_source_security_group_id",
            "module.firewall.module.load_balancer_sg.aws_security_group_rule.computed_ingress_rules",
            "module.firewall.module.load_balancer_sg.aws_security_group_rule.computed_ingress_with_cidr_blocks",
            "module.firewall.module.load_balancer_sg.aws_security_group_rule.computed_ingress_with_ipv6_cidr_blocks",
            "module.firewall.module.load_balancer_sg.aws_security_group_rule.computed_ingress_with_prefix_list_ids",
            "module.firewall.module.load_balancer_sg.aws_security_group_rule.computed_ingress_with_self",
            "module.firewall.module.load_balancer_sg.aws_security_group_rule.computed_ingress_with_source_security_group_id",
            "module.firewall.module.load_balancer_sg.aws_security_group_rule.egress_rules",
            "module.firewall.module.load_balancer_sg.aws_security_group_rule.egress_with_cidr_blocks",
            "module.firewall.module.load_balancer_sg.aws_security_group_rule.egress_with_ipv6_cidr_blocks",
            "module.firewall.module.load_balancer_sg.aws_security_group_rule.egress_with_prefix_list_ids",
            "module.firewall.module.load_balancer_sg.aws_security_group_rule.egress_with_self",
            "module.firewall.module.load_balancer_sg.aws_security_group_rule.egress_with_source_security_group_id",
            "module.firewall.module.load_balancer_sg.aws_security_group_rule.ingress_rules",
            "module.firewall.module.load_balancer_sg.aws_security_group_rule.ingress_with_cidr_blocks",
            "module.firewall.module.load_balancer_sg.aws_security_group_rule.ingress_with_ipv6_cidr_blocks",
            "module.firewall.module.load_balancer_sg.aws_security_group_rule.ingress_with_prefix_list_ids",
            "module.firewall.module.load_balancer_sg.aws_security_group_rule.ingress_with_self",
            "module.firewall.module.load_balancer_sg.aws_security_group_rule.ingress_with_source_security_group_id",
            "module.firewall.module.service_sg.aws_security_group.this",
            "module.firewall.module.service_sg.aws_security_group.this_name_prefix",
            "module.firewall.module.service_sg.aws_security_group_rule.computed_egress_rules",
            "module.firewall.module.service_sg.aws_security_group_rule.computed_egress_with_cidr_blocks",
            "module.firewall.module.service_sg.aws_security_group_rule.computed_egress_with_ipv6_cidr_blocks",
            "module.firewall.module.service_sg.aws_security_group_rule.computed_egress_with_prefix_list_ids",
            "module.firewall.module.service_sg.aws_security_group_rule.computed_egress_with_self",
            "module.firewall.module.service_sg.aws_security_group_rule.computed_egress_with_source_security_group_id",
            "module.firewall.module.service_sg.aws_security_group_rule.computed_ingress_rules",
            "module.firewall.module.service_sg.aws_security_group_rule.computed_ingress_with_cidr_blocks",
            "module.firewall.module.service_sg.aws_security_group_rule.computed_ingress_with_ipv6_cidr_blocks",
            "module.firewall.module.service_sg.aws_security_group_rule.computed_ingress_with_prefix_list_ids",
            "module.firewall.module.service_sg.aws_security_group_rule.computed_ingress_with_self",
            "module.firewall.module.service_sg.aws_security_group_rule.computed_ingress_with_source_security_group_id",
            "module.firewall.module.service_sg.aws_security_group_rule.egress_rules",
            "module.firewall.module.service_sg.aws_security_group_rule.egress_with_cidr_blocks",
            "module.firewall.module.service_sg.aws_security_group_rule.egress_with_ipv6_cidr_blocks",
            "module.firewall.module.service_sg.aws_security_group_rule.egress_with_prefix_list_ids",
            "module.firewall.module.service_sg.aws_security_group_rule.egress_with_self",
            "module.firewall.module.service_sg.aws_security_group_rule.egress_with_source_security_group_id",
            "module.firewall.module.service_sg.aws_security_group_rule.ingress_rules",
            "module.firewall.module.service_sg.aws_security_group_rule.ingress_with_cidr_blocks",
            "module.firewall.module.service_sg.aws_security_group_rule.ingress_with_ipv6_cidr_blocks",
            "module.firewall.module.service_sg.aws_security_group_rule.ingress_with_prefix_list_ids",
            "module.firewall.module.service_sg.aws_security_group_rule.ingress_with_self",
            "module.firewall.module.service_sg.aws_security_group_rule.ingress_with_source_security_group_id",
            "module.scaling.data.aws_ami.amazon_linux",
            "module.vpc.aws_eip.nat",
            "module.vpc.aws_internet_gateway.gw",
            "module.vpc.aws_nat_gateway.nat",
            "module.vpc.aws_route_table.private",
            "module.vpc.aws_route_table.public",
            "module.vpc.aws_route_table_association.private",
            "module.vpc.aws_route_table_association.public",
            "module.vpc.aws_subnet.private",
            "module.vpc.aws_subnet.public",
            "module.vpc.aws_vpc.this"
          ]
        }
      ]
    },
    {
      "module": "module.vpc",
      "mode": "managed",
      "type": "aws_eip",
      "name": "nat",
      "provider": "provider[\"registry.terraform.io/hashicorp/aws\"]",
      "instances": [
        {
          "schema_version": 0,
          "attributes": {
            "address": null,
            "allocation_id": "eipalloc-028f8668867810f6a",
            "arn": "arn:aws:ec2:us-east-1:654654523718:elastic-ip/eipalloc-028f8668867810f6a",
            "associate_with_private_ip": null,
            "association_id": "eipassoc-0015aff05548648d8",
            "carrier_ip": "",
            "customer_owned_ip": "",
            "customer_owned_ipv4_pool": "",
            "domain": "vpc",
            "id": "eipalloc-028f8668867810f6a",
            "instance": "",
            "network_border_group": "us-east-1",
            "network_interface": "eni-0f9987991d773ae61",
            "private_dns": "ip-10-180-10-27.ec2.internal",
            "private_ip": "10.180.10.27",
            "ptr_record": "",
            "public_dns": "ec2-98-82-71-233.compute-1.amazonaws.com",
            "public_ip": "98.82.71.233",
            "public_ipv4_pool": "amazon",
            "tags": {
              "Environment": "PROD",
              "ManagedBy": "Terraform",
              "Name": "prod-walterwrites-eip-nat",
              "Project": "walterwrites"
            },
            "tags_all": {
              "Environment": "PROD",
              "ManagedBy": "Terraform",
              "Name": "prod-walterwrites-eip-nat",
              "Project": "walterwrites"
            },
            "timeouts": null,
            "vpc": true
          },
          "sensitive_attributes": [],
          "private": "eyJlMmJmYjczMC1lY2FhLTExZTYtOGY4OC0zNDM2M2JjN2M0YzAiOnsiZGVsZXRlIjoxODAwMDAwMDAwMDAsInJlYWQiOjkwMDAwMDAwMDAwMCwidXBkYXRlIjozMDAwMDAwMDAwMDB9fQ==",
          "dependencies": [
            "module.vpc.aws_internet_gateway.gw",
            "module.vpc.aws_vpc.this"
          ]
        }
      ]
    },
    {
      "module": "module.vpc",
      "mode": "managed",
      "type": "aws_internet_gateway",
      "name": "gw",
      "provider": "provider[\"registry.terraform.io/hashicorp/aws\"]",
      "instances": [
        {
          "schema_version": 0,
          "attributes": {
            "arn": "arn:aws:ec2:us-east-1:654654523718:internet-gateway/igw-0f3818b7140255cf8",
            "id": "igw-0f3818b7140255cf8",
            "owner_id": "654654523718",
            "tags": {
              "Environment": "PROD",
              "ManagedBy": "Terraform",
              "Name": "prod-walterwrites-ig-vpc",
              "Project": "walterwrites"
            },
            "tags_all": {
              "Environment": "PROD",
              "ManagedBy": "Terraform",
              "Name": "prod-walterwrites-ig-vpc",
              "Project": "walterwrites"
            },
            "timeouts": null,
            "vpc_id": "vpc-0ca6a1fee11b317af"
          },
          "sensitive_attributes": [],
          "private": "eyJlMmJmYjczMC1lY2FhLTExZTYtOGY4OC0zNDM2M2JjN2M0YzAiOnsiY3JlYXRlIjoxMjAwMDAwMDAwMDAwLCJkZWxldGUiOjEyMDAwMDAwMDAwMDAsInVwZGF0ZSI6MTIwMDAwMDAwMDAwMH19",
          "dependencies": [
            "module.vpc.aws_vpc.this"
          ]
        }
      ]
    },
    {
      "module": "module.vpc",
      "mode": "managed",
      "type": "aws_nat_gateway",
      "name": "nat",
      "provider": "provider[\"registry.terraform.io/hashicorp/aws\"]",
      "instances": [
        {
          "schema_version": 0,
          "attributes": {
            "allocation_id": "eipalloc-028f8668867810f6a",
            "association_id": "eipassoc-0015aff05548648d8",
            "connectivity_type": "public",
            "id": "nat-0a0f59b66bff8ba4c",
            "network_interface_id": "eni-0f9987991d773ae61",
            "private_ip": "10.180.10.27",
            "public_ip": "98.82.71.233",
            "secondary_allocation_ids": [],
            "secondary_private_ip_address_count": 0,
            "secondary_private_ip_addresses": [],
            "subnet_id": "subnet-07fbbab7f0ea890c5",
            "tags": {
              "Environment": "PROD",
              "ManagedBy": "Terraform",
              "Name": "prod-walterwrites-nat",
              "Project": "walterwrites"
            },
            "tags_all": {
              "Environment": "PROD",
              "ManagedBy": "Terraform",
              "Name": "prod-walterwrites-nat",
              "Project": "walterwrites"
            },
            "timeouts": null
          },
          "sensitive_attributes": [],
          "private": "eyJlMmJmYjczMC1lY2FhLTExZTYtOGY4OC0zNDM2M2JjN2M0YzAiOnsiY3JlYXRlIjo2MDAwMDAwMDAwMDAsImRlbGV0ZSI6MTgwMDAwMDAwMDAwMCwidXBkYXRlIjo2MDAwMDAwMDAwMDB9fQ==",
          "dependencies": [
            "data.aws_availability_zones.available",
            "module.vpc.aws_eip.nat",
            "module.vpc.aws_internet_gateway.gw",
            "module.vpc.aws_subnet.public",
            "module.vpc.aws_vpc.this"
          ]
        }
      ]
    },
    {
      "module": "module.vpc",
      "mode": "managed",
      "type": "aws_route_table",
      "name": "private",
      "provider": "provider[\"registry.terraform.io/hashicorp/aws\"]",
      "instances": [
        {
          "schema_version": 0,
          "attributes": {
            "arn": "arn:aws:ec2:us-east-1:654654523718:route-table/rtb-0a3d5aaa247e42641",
            "id": "rtb-0a3d5aaa247e42641",
            "owner_id": "654654523718",
            "propagating_vgws": [],
            "route": [
              {
                "carrier_gateway_id": "",
                "cidr_block": "0.0.0.0/0",
                "core_network_arn": "",
                "destination_prefix_list_id": "",
                "egress_only_gateway_id": "",
                "gateway_id": "",
                "ipv6_cidr_block": "",
                "local_gateway_id": "",
                "nat_gateway_id": "nat-0a0f59b66bff8ba4c",
                "network_interface_id": "",
                "transit_gateway_id": "",
                "vpc_endpoint_id": "",
                "vpc_peering_connection_id": ""
              }
            ],
            "tags": {
              "Environment": "PROD",
              "ManagedBy": "Terraform",
              "Name": "prod-walterwrites-private-route-table",
              "Project": "walterwrites"
            },
            "tags_all": {
              "Environment": "PROD",
              "ManagedBy": "Terraform",
              "Name": "prod-walterwrites-private-route-table",
              "Project": "walterwrites"
            },
            "timeouts": null,
            "vpc_id": "vpc-0ca6a1fee11b317af"
          },
          "sensitive_attributes": [],
          "private": "eyJlMmJmYjczMC1lY2FhLTExZTYtOGY4OC0zNDM2M2JjN2M0YzAiOnsiY3JlYXRlIjozMDAwMDAwMDAwMDAsImRlbGV0ZSI6MzAwMDAwMDAwMDAwLCJ1cGRhdGUiOjEyMDAwMDAwMDAwMH19",
          "dependencies": [
            "data.aws_availability_zones.available",
            "module.vpc.aws_eip.nat",
            "module.vpc.aws_internet_gateway.gw",
            "module.vpc.aws_nat_gateway.nat",
            "module.vpc.aws_subnet.public",
            "module.vpc.aws_vpc.this"
          ]
        }
      ]
    },
    {
      "module": "module.vpc",
      "mode": "managed",
      "type": "aws_route_table",
      "name": "public",
      "provider": "provider[\"registry.terraform.io/hashicorp/aws\"]",
      "instances": [
        {
          "schema_version": 0,
          "attributes": {
            "arn": "arn:aws:ec2:us-east-1:654654523718:route-table/rtb-0df0f941a8bbb7a1f",
            "id": "rtb-0df0f941a8bbb7a1f",
            "owner_id": "654654523718",
            "propagating_vgws": [],
            "route": [
              {
                "carrier_gateway_id": "",
                "cidr_block": "0.0.0.0/0",
                "core_network_arn": "",
                "destination_prefix_list_id": "",
                "egress_only_gateway_id": "",
                "gateway_id": "igw-0f3818b7140255cf8",
                "ipv6_cidr_block": "",
                "local_gateway_id": "",
                "nat_gateway_id": "",
                "network_interface_id": "",
                "transit_gateway_id": "",
                "vpc_endpoint_id": "",
                "vpc_peering_connection_id": ""
              }
            ],
            "tags": {
              "Environment": "PROD",
              "ManagedBy": "Terraform",
              "Name": "prod-walterwrites-public-route-table",
              "Project": "walterwrites"
            },
            "tags_all": {
              "Environment": "PROD",
              "ManagedBy": "Terraform",
              "Name": "prod-walterwrites-public-route-table",
              "Project": "walterwrites"
            },
            "timeouts": null,
            "vpc_id": "vpc-0ca6a1fee11b317af"
          },
          "sensitive_attributes": [],
          "private": "eyJlMmJmYjczMC1lY2FhLTExZTYtOGY4OC0zNDM2M2JjN2M0YzAiOnsiY3JlYXRlIjozMDAwMDAwMDAwMDAsImRlbGV0ZSI6MzAwMDAwMDAwMDAwLCJ1cGRhdGUiOjEyMDAwMDAwMDAwMH19",
          "dependencies": [
            "module.vpc.aws_internet_gateway.gw",
            "module.vpc.aws_vpc.this"
          ]
        }
      ]
    },
    {
      "module": "module.vpc",
      "mode": "managed",
      "type": "aws_route_table_association",
      "name": "private",
      "provider": "provider[\"registry.terraform.io/hashicorp/aws\"]",
      "instances": [
        {
          "index_key": 0,
          "schema_version": 0,
          "attributes": {
            "gateway_id": "",
            "id": "rtbassoc-0d48ce2dd36ae9482",
            "route_table_id": "rtb-0a3d5aaa247e42641",
            "subnet_id": "subnet-090c9c9298693e917",
            "timeouts": null
          },
          "sensitive_attributes": [],
          "private": "eyJlMmJmYjczMC1lY2FhLTExZTYtOGY4OC0zNDM2M2JjN2M0YzAiOnsiY3JlYXRlIjozMDAwMDAwMDAwMDAsImRlbGV0ZSI6MzAwMDAwMDAwMDAwLCJ1cGRhdGUiOjEyMDAwMDAwMDAwMH19",
          "dependencies": [
            "data.aws_availability_zones.available",
            "module.vpc.aws_eip.nat",
            "module.vpc.aws_internet_gateway.gw",
            "module.vpc.aws_nat_gateway.nat",
            "module.vpc.aws_route_table.private",
            "module.vpc.aws_subnet.private",
            "module.vpc.aws_subnet.public",
            "module.vpc.aws_vpc.this"
          ]
        },
        {
          "index_key": 1,
          "schema_version": 0,
          "attributes": {
            "gateway_id": "",
            "id": "rtbassoc-0de67fbd2031619e2",
            "route_table_id": "rtb-0a3d5aaa247e42641",
            "subnet_id": "subnet-0fdc7bef58f766d6a",
            "timeouts": null
          },
          "sensitive_attributes": [],
          "private": "eyJlMmJmYjczMC1lY2FhLTExZTYtOGY4OC0zNDM2M2JjN2M0YzAiOnsiY3JlYXRlIjozMDAwMDAwMDAwMDAsImRlbGV0ZSI6MzAwMDAwMDAwMDAwLCJ1cGRhdGUiOjEyMDAwMDAwMDAwMH19",
          "dependencies": [
            "data.aws_availability_zones.available",
            "module.vpc.aws_eip.nat",
            "module.vpc.aws_internet_gateway.gw",
            "module.vpc.aws_nat_gateway.nat",
            "module.vpc.aws_route_table.private",
            "module.vpc.aws_subnet.private",
            "module.vpc.aws_subnet.public",
            "module.vpc.aws_vpc.this"
          ]
        }
      ]
    },
    {
      "module": "module.vpc",
      "mode": "managed",
      "type": "aws_route_table_association",
      "name": "public",
      "provider": "provider[\"registry.terraform.io/hashicorp/aws\"]",
      "instances": [
        {
          "index_key": 0,
          "schema_version": 0,
          "attributes": {
            "gateway_id": "",
            "id": "rtbassoc-05f812258524460f6",
            "route_table_id": "rtb-0df0f941a8bbb7a1f",
            "subnet_id": "subnet-07fbbab7f0ea890c5",
            "timeouts": null
          },
          "sensitive_attributes": [],
          "private": "eyJlMmJmYjczMC1lY2FhLTExZTYtOGY4OC0zNDM2M2JjN2M0YzAiOnsiY3JlYXRlIjozMDAwMDAwMDAwMDAsImRlbGV0ZSI6MzAwMDAwMDAwMDAwLCJ1cGRhdGUiOjEyMDAwMDAwMDAwMH19",
          "dependencies": [
            "data.aws_availability_zones.available",
            "module.vpc.aws_internet_gateway.gw",
            "module.vpc.aws_route_table.public",
            "module.vpc.aws_subnet.public",
            "module.vpc.aws_vpc.this"
          ]
        },
        {
          "index_key": 1,
          "schema_version": 0,
          "attributes": {
            "gateway_id": "",
            "id": "rtbassoc-0dfa655555e0e6a63",
            "route_table_id": "rtb-0df0f941a8bbb7a1f",
            "subnet_id": "subnet-0ccfa8bda1d469e86",
            "timeouts": null
          },
          "sensitive_attributes": [],
          "private": "eyJlMmJmYjczMC1lY2FhLTExZTYtOGY4OC0zNDM2M2JjN2M0YzAiOnsiY3JlYXRlIjozMDAwMDAwMDAwMDAsImRlbGV0ZSI6MzAwMDAwMDAwMDAwLCJ1cGRhdGUiOjEyMDAwMDAwMDAwMH19",
          "dependencies": [
            "data.aws_availability_zones.available",
            "module.vpc.aws_internet_gateway.gw",
            "module.vpc.aws_route_table.public",
            "module.vpc.aws_subnet.public",
            "module.vpc.aws_vpc.this"
          ]
        }
      ]
    },
    {
      "module": "module.vpc",
      "mode": "managed",
      "type": "aws_subnet",
      "name": "private",
      "provider": "provider[\"registry.terraform.io/hashicorp/aws\"]",
      "instances": [
        {
          "index_key": 0,
          "schema_version": 1,
          "attributes": {
            "arn": "arn:aws:ec2:us-east-1:654654523718:subnet/subnet-090c9c9298693e917",
            "assign_ipv6_address_on_creation": false,
            "availability_zone": "us-east-1a",
            "availability_zone_id": "use1-az6",
            "cidr_block": "10.180.100.0/24",
            "customer_owned_ipv4_pool": "",
            "enable_dns64": false,
            "enable_lni_at_device_index": 0,
            "enable_resource_name_dns_a_record_on_launch": false,
            "enable_resource_name_dns_aaaa_record_on_launch": false,
            "id": "subnet-090c9c9298693e917",
            "ipv6_cidr_block": "",
            "ipv6_cidr_block_association_id": "",
            "ipv6_native": false,
            "map_customer_owned_ip_on_launch": false,
            "map_public_ip_on_launch": false,
            "outpost_arn": "",
            "owner_id": "654654523718",
            "private_dns_hostname_type_on_launch": "ip-name",
            "tags": {
              "Environment": "PROD",
              "ManagedBy": "Terraform",
              "Name": "prod-walterwrites-private-subnet-01",
              "Project": "walterwrites",
              "Type": "Private"
            },
            "tags_all": {
              "Environment": "PROD",
              "ManagedBy": "Terraform",
              "Name": "prod-walterwrites-private-subnet-01",
              "Project": "walterwrites",
              "Type": "Private"
            },
            "timeouts": null,
            "vpc_id": "vpc-0ca6a1fee11b317af"
          },
          "sensitive_attributes": [],
          "private": "eyJlMmJmYjczMC1lY2FhLTExZTYtOGY4OC0zNDM2M2JjN2M0YzAiOnsiY3JlYXRlIjo2MDAwMDAwMDAwMDAsImRlbGV0ZSI6MTIwMDAwMDAwMDAwMH0sInNjaGVtYV92ZXJzaW9uIjoiMSJ9",
          "dependencies": [
            "data.aws_availability_zones.available",
            "module.vpc.aws_vpc.this"
          ]
        },
        {
          "index_key": 1,
          "schema_version": 1,
          "attributes": {
            "arn": "arn:aws:ec2:us-east-1:654654523718:subnet/subnet-0fdc7bef58f766d6a",
            "assign_ipv6_address_on_creation": false,
            "availability_zone": "us-east-1b",
            "availability_zone_id": "use1-az1",
            "cidr_block": "10.180.200.0/24",
            "customer_owned_ipv4_pool": "",
            "enable_dns64": false,
            "enable_lni_at_device_index": 0,
            "enable_resource_name_dns_a_record_on_launch": false,
            "enable_resource_name_dns_aaaa_record_on_launch": false,
            "id": "subnet-0fdc7bef58f766d6a",
            "ipv6_cidr_block": "",
            "ipv6_cidr_block_association_id": "",
            "ipv6_native": false,
            "map_customer_owned_ip_on_launch": false,
            "map_public_ip_on_launch": false,
            "outpost_arn": "",
            "owner_id": "654654523718",
            "private_dns_hostname_type_on_launch": "ip-name",
            "tags": {
              "Environment": "PROD",
              "ManagedBy": "Terraform",
              "Name": "prod-walterwrites-private-subnet-02",
              "Project": "walterwrites",
              "Type": "Private"
            },
            "tags_all": {
              "Environment": "PROD",
              "ManagedBy": "Terraform",
              "Name": "prod-walterwrites-private-subnet-02",
              "Project": "walterwrites",
              "Type": "Private"
            },
            "timeouts": null,
            "vpc_id": "vpc-0ca6a1fee11b317af"
          },
          "sensitive_attributes": [],
          "private": "eyJlMmJmYjczMC1lY2FhLTExZTYtOGY4OC0zNDM2M2JjN2M0YzAiOnsiY3JlYXRlIjo2MDAwMDAwMDAwMDAsImRlbGV0ZSI6MTIwMDAwMDAwMDAwMH0sInNjaGVtYV92ZXJzaW9uIjoiMSJ9",
          "dependencies": [
            "data.aws_availability_zones.available",
            "module.vpc.aws_vpc.this"
          ]
        }
      ]
    },
    {
      "module": "module.vpc",
      "mode": "managed",
      "type": "aws_subnet",
      "name": "public",
      "provider": "provider[\"registry.terraform.io/hashicorp/aws\"]",
      "instances": [
        {
          "index_key": 0,
          "schema_version": 1,
          "attributes": {
            "arn": "arn:aws:ec2:us-east-1:654654523718:subnet/subnet-07fbbab7f0ea890c5",
            "assign_ipv6_address_on_creation": false,
            "availability_zone": "us-east-1a",
            "availability_zone_id": "use1-az6",
            "cidr_block": "10.180.10.0/24",
            "customer_owned_ipv4_pool": "",
            "enable_dns64": false,
            "enable_lni_at_device_index": 0,
            "enable_resource_name_dns_a_record_on_launch": false,
            "enable_resource_name_dns_aaaa_record_on_launch": false,
            "id": "subnet-07fbbab7f0ea890c5",
            "ipv6_cidr_block": "",
            "ipv6_cidr_block_association_id": "",
            "ipv6_native": false,
            "map_customer_owned_ip_on_launch": false,
            "map_public_ip_on_launch": true,
            "outpost_arn": "",
            "owner_id": "654654523718",
            "private_dns_hostname_type_on_launch": "ip-name",
            "tags": {
              "Environment": "PROD",
              "ManagedBy": "Terraform",
              "Name": "prod-walterwrites-public-subnet-01",
              "Project": "walterwrites",
              "Type": "Public"
            },
            "tags_all": {
              "Environment": "PROD",
              "ManagedBy": "Terraform",
              "Name": "prod-walterwrites-public-subnet-01",
              "Project": "walterwrites",
              "Type": "Public"
            },
            "timeouts": null,
            "vpc_id": "vpc-0ca6a1fee11b317af"
          },
          "sensitive_attributes": [],
          "private": "eyJlMmJmYjczMC1lY2FhLTExZTYtOGY4OC0zNDM2M2JjN2M0YzAiOnsiY3JlYXRlIjo2MDAwMDAwMDAwMDAsImRlbGV0ZSI6MTIwMDAwMDAwMDAwMH0sInNjaGVtYV92ZXJzaW9uIjoiMSJ9",
          "dependencies": [
            "data.aws_availability_zones.available",
            "module.vpc.aws_vpc.this"
          ]
        },
        {
          "index_key": 1,
          "schema_version": 1,
          "attributes": {
            "arn": "arn:aws:ec2:us-east-1:654654523718:subnet/subnet-0ccfa8bda1d469e86",
            "assign_ipv6_address_on_creation": false,
            "availability_zone": "us-east-1b",
            "availability_zone_id": "use1-az1",
            "cidr_block": "10.180.20.0/24",
            "customer_owned_ipv4_pool": "",
            "enable_dns64": false,
            "enable_lni_at_device_index": 0,
            "enable_resource_name_dns_a_record_on_launch": false,
            "enable_resource_name_dns_aaaa_record_on_launch": false,
            "id": "subnet-0ccfa8bda1d469e86",
            "ipv6_cidr_block": "",
            "ipv6_cidr_block_association_id": "",
            "ipv6_native": false,
            "map_customer_owned_ip_on_launch": false,
            "map_public_ip_on_launch": true,
            "outpost_arn": "",
            "owner_id": "654654523718",
            "private_dns_hostname_type_on_launch": "ip-name",
            "tags": {
              "Environment": "PROD",
              "ManagedBy": "Terraform",
              "Name": "prod-walterwrites-public-subnet-02",
              "Project": "walterwrites",
              "Type": "Public"
            },
            "tags_all": {
              "Environment": "PROD",
              "ManagedBy": "Terraform",
              "Name": "prod-walterwrites-public-subnet-02",
              "Project": "walterwrites",
              "Type": "Public"
            },
            "timeouts": null,
            "vpc_id": "vpc-0ca6a1fee11b317af"
          },
          "sensitive_attributes": [],
          "private": "eyJlMmJmYjczMC1lY2FhLTExZTYtOGY4OC0zNDM2M2JjN2M0YzAiOnsiY3JlYXRlIjo2MDAwMDAwMDAwMDAsImRlbGV0ZSI6MTIwMDAwMDAwMDAwMH0sInNjaGVtYV92ZXJzaW9uIjoiMSJ9",
          "dependencies": [
            "data.aws_availability_zones.available",
            "module.vpc.aws_vpc.this"
          ]
        }
      ]
    },
    {
      "module": "module.vpc",
      "mode": "managed",
      "type": "aws_vpc",
      "name": "this",
      "provider": "provider[\"registry.terraform.io/hashicorp/aws\"]",
      "instances": [
        {
          "schema_version": 1,
          "attributes": {
            "arn": "arn:aws:ec2:us-east-1:654654523718:vpc/vpc-0ca6a1fee11b317af",
            "assign_generated_ipv6_cidr_block": false,
            "cidr_block": "10.180.0.0/16",
            "default_network_acl_id": "acl-0245267eb77b86876",
            "default_route_table_id": "rtb-0513d7e5e27f03317",
            "default_security_group_id": "sg-05ad5b6c1d60a7f0a",
            "dhcp_options_id": "dopt-0c62d807b2c04b619",
            "enable_dns_hostnames": true,
            "enable_dns_support": true,
            "enable_network_address_usage_metrics": false,
            "id": "vpc-0ca6a1fee11b317af",
            "instance_tenancy": "default",
            "ipv4_ipam_pool_id": null,
            "ipv4_netmask_length": null,
            "ipv6_association_id": "",
            "ipv6_cidr_block": "",
            "ipv6_cidr_block_network_border_group": "",
            "ipv6_ipam_pool_id": "",
            "ipv6_netmask_length": 0,
            "main_route_table_id": "rtb-0513d7e5e27f03317",
            "owner_id": "654654523718",
            "tags": {
              "Environment": "PROD",
              "ManagedBy": "Terraform",
              "Name": "prod-walterwrites-vpc",
              "Project": "walterwrites"
            },
            "tags_all": {
              "Environment": "PROD",
              "ManagedBy": "Terraform",
              "Name": "prod-walterwrites-vpc",
              "Project": "walterwrites"
            }
          },
          "sensitive_attributes": [],
          "private": "eyJzY2hlbWFfdmVyc2lvbiI6IjEifQ==",
          "create_before_destroy": true
        }
      ]
    }
  ],
  "check_results": null
}
